{
  "version": 4,
  "terraform_version": "1.3.9",
  "serial": 18,
  "lineage": "41d92bf1-0ca9-8eb2-273d-80ee6f2ccea9",
  "outputs": {},
  "resources": [
    {
      "mode": "data",
      "type": "azuread_group",
      "name": "admin-group-dev",
      "provider": "provider[\"registry.terraform.io/hashicorp/azuread\"]",
      "instances": [
        {
          "schema_version": 0,
          "attributes": {
            "assignable_to_role": false,
            "behaviors": [],
            "description": "Groupe des admins du cluster KUB_DEV",
            "display_name": "GRP_KUB_DEV",
            "dynamic_membership": [],
            "id": "52303a55-fa21-4d3b-9836-68df23639aca",
            "mail": "",
            "mail_enabled": false,
            "mail_nickname": "35e2777b-6",
            "members": [
              "1ba95921-2fe7-495e-97a6-17392a522ecb",
              "5ae4e0f3-8dbe-4f83-99a0-462ce87de55b",
              "a57cb414-42a0-48bf-b035-a952dffa71c6",
              "40cf3213-82c0-4063-b2c2-2472a678f0de",
              "600771f5-37c7-406c-b267-b9a17384e88c",
              "73dc1609-989b-45e2-9d93-c3229996ceca"
            ],
            "object_id": "52303a55-fa21-4d3b-9836-68df23639aca",
            "onpremises_domain_name": "",
            "onpremises_netbios_name": "",
            "onpremises_sam_account_name": "",
            "onpremises_security_identifier": "",
            "onpremises_sync_enabled": false,
            "owners": [],
            "preferred_language": "",
            "provisioning_options": [],
            "proxy_addresses": [],
            "security_enabled": true,
            "theme": "",
            "timeouts": null,
            "types": [],
            "visibility": ""
          },
          "sensitive_attributes": []
        }
      ]
    },
    {
      "mode": "data",
      "type": "azurerm_client_config",
      "name": "current",
      "provider": "provider[\"registry.terraform.io/hashicorp/azurerm\"]",
      "instances": [
        {
          "schema_version": 0,
          "attributes": {
            "client_id": "04b07795-8ddb-461a-bbee-02f9e1bf7b46",
            "id": "Y2xpZW50Q29uZmlncy9jbGllbnRJZD0wNGIwNzc5NS04ZGRiLTQ2MWEtYmJlZS0wMmY5ZTFiZjdiNDY7b2JqZWN0SWQ9NzNkYzE2MDktOTg5Yi00NWUyLTlkOTMtYzMyMjk5OTZjZWNhO3N1YnNjcmlwdGlvbklkPTc0NmQwMmE4LThjNTYtNDZjMC04MmU3LTdjNzM2ZjVjYTZjMzt0ZW5hbnRJZD1lOTFhMzUwNi04MmJiLTRmNGItYWM0Yi05MmRjNmI0OTFmZjA=",
            "object_id": "73dc1609-989b-45e2-9d93-c3229996ceca",
            "subscription_id": "746d02a8-8c56-46c0-82e7-7c736f5ca6c3",
            "tenant_id": "e91a3506-82bb-4f4b-ac4b-92dc6b491ff0",
            "timeouts": null
          },
          "sensitive_attributes": []
        }
      ]
    },
    {
      "mode": "data",
      "type": "azurerm_subnet",
      "name": "subnet_dev",
      "provider": "provider[\"registry.terraform.io/hashicorp/azurerm\"]",
      "instances": [
        {
          "schema_version": 0,
          "attributes": {
            "address_prefix": "",
            "address_prefixes": [
              "10.110.0.0/24"
            ],
            "default_outbound_access_enabled": true,
            "id": "/subscriptions/746d02a8-8c56-46c0-82e7-7c736f5ca6c3/resourceGroups/RG-KUB-DEV/providers/Microsoft.Network/virtualNetworks/VNET-KUB-DEV/subnets/default",
            "name": "default",
            "network_security_group_id": "",
            "private_endpoint_network_policies": "Disabled",
            "private_link_service_network_policies_enabled": true,
            "resource_group_name": "RG-KUB-DEV",
            "route_table_id": "",
            "service_endpoints": [],
            "timeouts": null,
            "virtual_network_name": "VNET-KUB-DEV"
          },
          "sensitive_attributes": []
        }
      ]
    },
    {
      "mode": "data",
      "type": "azurerm_subscription",
      "name": "current",
      "provider": "provider[\"registry.terraform.io/hashicorp/azurerm\"]",
      "instances": [
        {
          "schema_version": 0,
          "attributes": {
            "display_name": "Global Subscription BOA HOLDING CSP",
            "id": "/subscriptions/746d02a8-8c56-46c0-82e7-7c736f5ca6c3",
            "location_placement_id": "Public_2014-09-01",
            "quota_id": "CSP_2015-05-01",
            "spending_limit": "Off",
            "state": "Enabled",
            "subscription_id": "746d02a8-8c56-46c0-82e7-7c736f5ca6c3",
            "tags": {},
            "tenant_id": "e91a3506-82bb-4f4b-ac4b-92dc6b491ff0",
            "timeouts": null
          },
          "sensitive_attributes": []
        }
      ]
    },
    {
      "mode": "data",
      "type": "azurerm_virtual_network",
      "name": "vnet_dev",
      "provider": "provider[\"registry.terraform.io/hashicorp/azurerm\"]",
      "instances": [
        {
          "schema_version": 0,
          "attributes": {
            "address_space": [
              "10.110.0.0/24",
              "10.110.1.0/26"
            ],
            "dns_servers": null,
            "guid": "80319dd1-0e23-4eec-9055-443db981d83a",
            "id": "/subscriptions/746d02a8-8c56-46c0-82e7-7c736f5ca6c3/resourceGroups/RG-KUB-DEV/providers/Microsoft.Network/virtualNetworks/VNET-KUB-DEV",
            "location": "northeurope",
            "name": "VNET-KUB-DEV",
            "resource_group_name": "RG-KUB-DEV",
            "subnets": [
              "AzureBastionSubnet",
              "default"
            ],
            "tags": {
              "PROJECT": "KUB-DEV"
            },
            "timeouts": null,
            "vnet_peerings": {
              "TRANSIT-KUB-DEV": "/subscriptions/9b46dd23-8ea2-4bb3-b250-ad4485cf7409/resourceGroups/RG_SECURITY_AZ/providers/Microsoft.Network/virtualNetworks/VNET_TRANSIT"
            },
            "vnet_peerings_addresses": [
              "10.220.0.0/16"
            ]
          },
          "sensitive_attributes": []
        }
      ]
    },
    {
      "module": "module.acr",
      "mode": "managed",
      "type": "azurerm_container_registry",
      "name": "acr",
      "provider": "module.acr.provider[\"registry.terraform.io/hashicorp/azurerm\"]",
      "instances": [
        {
          "index_key": 0,
          "schema_version": 2,
          "attributes": {
            "admin_enabled": true,
            "admin_password": "UIp9cgrLGzgfJ8u6fpJds7JJuLsZa5FPaFKXPUZtTKjdVkgMMWGSJQQJ99CFACi5YpzEqg7NAAACAZCRoUPT",
            "admin_username": "kubacrdev",
            "anonymous_pull_enabled": false,
            "data_endpoint_enabled": false,
            "data_endpoint_host_names": [],
            "encryption": [],
            "export_policy_enabled": true,
            "georeplications": [],
            "id": "/subscriptions/746d02a8-8c56-46c0-82e7-7c736f5ca6c3/resourceGroups/RG-KUB-DEV/providers/Microsoft.ContainerRegistry/registries/kubacrdev",
            "identity": [
              {
                "identity_ids": [
                  "/subscriptions/746d02a8-8c56-46c0-82e7-7c736f5ca6c3/resourceGroups/RG-KUB-DEV/providers/Microsoft.ManagedIdentity/userAssignedIdentities/kub-acr-uia-dev"
                ],
                "principal_id": "",
                "tenant_id": "",
                "type": "UserAssigned"
              }
            ],
            "location": "northeurope",
            "login_server": "kubacrdev.azurecr.io",
            "name": "kubacrdev",
            "network_rule_bypass_option": "AzureServices",
            "network_rule_set": [
              {
                "default_action": "Allow",
                "ip_rule": [
                  {
                    "action": "Allow",
                    "ip_range": "192.16.0.0/16"
                  }
                ]
              }
            ],
            "public_network_access_enabled": true,
            "quarantine_policy_enabled": false,
            "resource_group_name": "RG-KUB-DEV",
            "retention_policy_in_days": 5,
            "sku": "Premium",
            "tags": null,
            "timeouts": null,
            "trust_policy_enabled": false,
            "zone_redundancy_enabled": false
          },
          "sensitive_attributes": [],
          "private": "eyJlMmJmYjczMC1lY2FhLTExZTYtOGY4OC0zNDM2M2JjN2M0YzAiOnsiY3JlYXRlIjoxODAwMDAwMDAwMDAwLCJkZWxldGUiOjE4MDAwMDAwMDAwMDAsInJlYWQiOjMwMDAwMDAwMDAwMCwidXBkYXRlIjoxODAwMDAwMDAwMDAwfSwic2NoZW1hX3ZlcnNpb24iOiIyIn0=",
          "dependencies": [
            "module.acr.azurerm_user_assigned_identity.acr-uia"
          ]
        }
      ]
    },
    {
      "module": "module.acr",
      "mode": "managed",
      "type": "azurerm_private_dns_zone",
      "name": "dnszone1",
      "provider": "module.acr.provider[\"registry.terraform.io/hashicorp/azurerm\"]",
      "instances": [
        {
          "index_key": 0,
          "schema_version": 0,
          "attributes": {
            "id": "/subscriptions/746d02a8-8c56-46c0-82e7-7c736f5ca6c3/resourceGroups/RG-KUB-DEV/providers/Microsoft.Network/privateDnsZones/privatelink.azurecr.io",
            "max_number_of_record_sets": 25000,
            "max_number_of_virtual_network_links": 1000,
            "max_number_of_virtual_network_links_with_registration": 100,
            "name": "privatelink.azurecr.io",
            "number_of_record_sets": 1,
            "resource_group_name": "RG-KUB-DEV",
            "soa_record": [
              {
                "email": "azureprivatedns-host.microsoft.com",
                "expire_time": 2419200,
                "fqdn": "privatelink.azurecr.io.",
                "host_name": "azureprivatedns.net",
                "minimum_ttl": 10,
                "refresh_time": 3600,
                "retry_time": 300,
                "serial_number": 1,
                "tags": {},
                "ttl": 3600
              }
            ],
            "tags": {
              "company": "boa",
              "environment": "Dev"
            },
            "timeouts": null
          },
          "sensitive_attributes": [],
          "private": "eyJlMmJmYjczMC1lY2FhLTExZTYtOGY4OC0zNDM2M2JjN2M0YzAiOnsiY3JlYXRlIjoxODAwMDAwMDAwMDAwLCJkZWxldGUiOjE4MDAwMDAwMDAwMDAsInJlYWQiOjMwMDAwMDAwMDAwMCwidXBkYXRlIjoxODAwMDAwMDAwMDAwfX0="
        }
      ]
    },
    {
      "module": "module.acr",
      "mode": "managed",
      "type": "azurerm_private_endpoint",
      "name": "pe_acr",
      "provider": "module.acr.provider[\"registry.terraform.io/hashicorp/azurerm\"]",
      "instances": [
        {
          "index_key": 0,
          "schema_version": 0,
          "attributes": {
            "custom_dns_configs": [],
            "custom_network_interface_name": "",
            "id": "/subscriptions/746d02a8-8c56-46c0-82e7-7c736f5ca6c3/resourceGroups/RG-KUB-DEV/providers/Microsoft.Network/privateEndpoints/pe-acr-dev",
            "ip_configuration": [],
            "location": "northeurope",
            "name": "pe-acr-dev",
            "network_interface": [
              {
                "id": "/subscriptions/746d02a8-8c56-46c0-82e7-7c736f5ca6c3/resourceGroups/RG-KUB-DEV/providers/Microsoft.Network/networkInterfaces/pe-acr-dev.nic.3240d73b-c3f7-4c9b-ad25-d67d75736970",
                "name": "pe-acr-dev.nic.3240d73b-c3f7-4c9b-ad25-d67d75736970"
              }
            ],
            "private_dns_zone_configs": [
              {
                "id": "/subscriptions/746d02a8-8c56-46c0-82e7-7c736f5ca6c3/resourceGroups/RG-KUB-DEV/providers/Microsoft.Network/privateEndpoints/pe-acr-dev/privateDnsZoneGroups/acr-dns-zone-group-dev/privateDnsZoneConfigs/privatelink.azurecr.io",
                "name": "privatelink.azurecr.io",
                "private_dns_zone_id": "/subscriptions/746d02a8-8c56-46c0-82e7-7c736f5ca6c3/resourceGroups/RG-KUB-DEV/providers/Microsoft.Network/privateDnsZones/privatelink.azurecr.io",
                "record_sets": [
                  {
                    "fqdn": "kubacrdev.northeurope.data.privatelink.azurecr.io",
                    "ip_addresses": [
                      "10.110.0.7"
                    ],
                    "name": "kubacrdev.northeurope.data",
                    "ttl": 10,
                    "type": "A"
                  },
                  {
                    "fqdn": "kubacrdev.privatelink.azurecr.io",
                    "ip_addresses": [
                      "10.110.0.8"
                    ],
                    "name": "kubacrdev",
                    "ttl": 10,
                    "type": "A"
                  }
                ]
              }
            ],
            "private_dns_zone_group": [
              {
                "id": "/subscriptions/746d02a8-8c56-46c0-82e7-7c736f5ca6c3/resourceGroups/RG-KUB-DEV/providers/Microsoft.Network/privateEndpoints/pe-acr-dev/privateDnsZoneGroups/acr-dns-zone-group-dev",
                "name": "acr-dns-zone-group-dev",
                "private_dns_zone_ids": [
                  "/subscriptions/746d02a8-8c56-46c0-82e7-7c736f5ca6c3/resourceGroups/RG-KUB-DEV/providers/Microsoft.Network/privateDnsZones/privatelink.azurecr.io"
                ]
              }
            ],
            "private_service_connection": [
              {
                "is_manual_connection": false,
                "name": "acr-psc-dev",
                "private_connection_resource_alias": "",
                "private_connection_resource_id": "/subscriptions/746d02a8-8c56-46c0-82e7-7c736f5ca6c3/resourceGroups/RG-KUB-DEV/providers/Microsoft.ContainerRegistry/registries/kubacrdev",
                "private_ip_address": "10.110.0.7",
                "request_message": "",
                "subresource_names": [
                  "registry"
                ]
              }
            ],
            "resource_group_name": "RG-KUB-DEV",
            "subnet_id": "/subscriptions/746d02a8-8c56-46c0-82e7-7c736f5ca6c3/resourceGroups/RG-KUB-DEV/providers/Microsoft.Network/virtualNetworks/VNET-KUB-DEV/subnets/default",
            "tags": null,
            "timeouts": null
          },
          "sensitive_attributes": [],
          "private": "eyJlMmJmYjczMC1lY2FhLTExZTYtOGY4OC0zNDM2M2JjN2M0YzAiOnsiY3JlYXRlIjozNjAwMDAwMDAwMDAwLCJkZWxldGUiOjM2MDAwMDAwMDAwMDAsInJlYWQiOjMwMDAwMDAwMDAwMCwidXBkYXRlIjozNjAwMDAwMDAwMDAwfX0=",
          "dependencies": [
            "data.azurerm_subnet.subnet_dev",
            "module.acr.azurerm_container_registry.acr",
            "module.acr.azurerm_private_dns_zone.dnszone1",
            "module.acr.azurerm_user_assigned_identity.acr-uia"
          ]
        }
      ]
    },
    {
      "module": "module.acr",
      "mode": "managed",
      "type": "azurerm_user_assigned_identity",
      "name": "acr-uia",
      "provider": "module.acr.provider[\"registry.terraform.io/hashicorp/azurerm\"]",
      "instances": [
        {
          "schema_version": 1,
          "attributes": {
            "client_id": "3ce44a5d-6275-4cbf-bfb8-5c7cbc99a10f",
            "id": "/subscriptions/746d02a8-8c56-46c0-82e7-7c736f5ca6c3/resourceGroups/RG-KUB-DEV/providers/Microsoft.ManagedIdentity/userAssignedIdentities/kub-acr-uia-dev",
            "isolation_scope": "",
            "location": "northeurope",
            "name": "kub-acr-uia-dev",
            "principal_id": "ef330312-9aad-4f5f-85d0-02db4541be92",
            "resource_group_name": "RG-KUB-DEV",
            "tags": {
              "company": "boa",
              "environment": "Dev"
            },
            "tenant_id": "e91a3506-82bb-4f4b-ac4b-92dc6b491ff0",
            "timeouts": null
          },
          "sensitive_attributes": [],
          "private": "eyJlMmJmYjczMC1lY2FhLTExZTYtOGY4OC0zNDM2M2JjN2M0YzAiOnsiY3JlYXRlIjoxODAwMDAwMDAwMDAwLCJkZWxldGUiOjE4MDAwMDAwMDAwMDAsInJlYWQiOjMwMDAwMDAwMDAwMCwidXBkYXRlIjoxODAwMDAwMDAwMDAwfSwic2NoZW1hX3ZlcnNpb24iOiIxIn0="
        }
      ]
    },
    {
      "module": "module.aks",
      "mode": "data",
      "type": "azuread_group",
      "name": "admin-group-dev",
      "provider": "provider[\"registry.terraform.io/hashicorp/azuread\"]",
      "instances": [
        {
          "schema_version": 0,
          "attributes": {
            "assignable_to_role": false,
            "behaviors": [],
            "description": "Groupe des admins du cluster KUB_DEV",
            "display_name": "GRP_KUB_DEV",
            "dynamic_membership": [],
            "id": "52303a55-fa21-4d3b-9836-68df23639aca",
            "mail": "",
            "mail_enabled": false,
            "mail_nickname": "35e2777b-6",
            "members": [
              "1ba95921-2fe7-495e-97a6-17392a522ecb",
              "5ae4e0f3-8dbe-4f83-99a0-462ce87de55b",
              "a57cb414-42a0-48bf-b035-a952dffa71c6",
              "40cf3213-82c0-4063-b2c2-2472a678f0de",
              "600771f5-37c7-406c-b267-b9a17384e88c",
              "73dc1609-989b-45e2-9d93-c3229996ceca"
            ],
            "object_id": "52303a55-fa21-4d3b-9836-68df23639aca",
            "onpremises_domain_name": "",
            "onpremises_netbios_name": "",
            "onpremises_sam_account_name": "",
            "onpremises_security_identifier": "",
            "onpremises_sync_enabled": false,
            "owners": [],
            "preferred_language": "",
            "provisioning_options": [],
            "proxy_addresses": [],
            "security_enabled": true,
            "theme": "",
            "timeouts": null,
            "types": [],
            "visibility": ""
          },
          "sensitive_attributes": []
        }
      ]
    },
    {
      "module": "module.aks",
      "mode": "data",
      "type": "azuread_group",
      "name": "admin-group-preprod",
      "provider": "provider[\"registry.terraform.io/hashicorp/azuread\"]",
      "instances": [
        {
          "schema_version": 0,
          "attributes": {
            "assignable_to_role": false,
            "behaviors": [],
            "description": "Groupe des admins du cluster KUB_PREPROD",
            "display_name": "GRP_KUB_PREPROD",
            "dynamic_membership": [],
            "id": "823a4f62-5eba-4272-bf82-7a750d4e5f13",
            "mail": "",
            "mail_enabled": false,
            "mail_nickname": "501cf71e-8",
            "members": [
              "1ba95921-2fe7-495e-97a6-17392a522ecb",
              "5ae4e0f3-8dbe-4f83-99a0-462ce87de55b",
              "a57cb414-42a0-48bf-b035-a952dffa71c6",
              "40cf3213-82c0-4063-b2c2-2472a678f0de",
              "600771f5-37c7-406c-b267-b9a17384e88c",
              "73dc1609-989b-45e2-9d93-c3229996ceca"
            ],
            "object_id": "823a4f62-5eba-4272-bf82-7a750d4e5f13",
            "onpremises_domain_name": "",
            "onpremises_netbios_name": "",
            "onpremises_sam_account_name": "",
            "onpremises_security_identifier": "",
            "onpremises_sync_enabled": false,
            "owners": [],
            "preferred_language": "",
            "provisioning_options": [],
            "proxy_addresses": [],
            "security_enabled": true,
            "theme": "",
            "timeouts": null,
            "types": [],
            "visibility": ""
          },
          "sensitive_attributes": []
        }
      ]
    },
    {
      "module": "module.aks",
      "mode": "data",
      "type": "azuread_group",
      "name": "admin-group-prod",
      "provider": "provider[\"registry.terraform.io/hashicorp/azuread\"]",
      "instances": [
        {
          "schema_version": 0,
          "attributes": {
            "assignable_to_role": false,
            "behaviors": [],
            "description": "Groupe des admins du cluster KUB_PROD",
            "display_name": "GRP_KUB_PROD",
            "dynamic_membership": [],
            "id": "16305d0e-8159-47da-9d33-2073128b3783",
            "mail": "",
            "mail_enabled": false,
            "mail_nickname": "a3b73949-6",
            "members": [
              "1ba95921-2fe7-495e-97a6-17392a522ecb",
              "5ae4e0f3-8dbe-4f83-99a0-462ce87de55b",
              "a57cb414-42a0-48bf-b035-a952dffa71c6",
              "40cf3213-82c0-4063-b2c2-2472a678f0de",
              "600771f5-37c7-406c-b267-b9a17384e88c",
              "73dc1609-989b-45e2-9d93-c3229996ceca"
            ],
            "object_id": "16305d0e-8159-47da-9d33-2073128b3783",
            "onpremises_domain_name": "",
            "onpremises_netbios_name": "",
            "onpremises_sam_account_name": "",
            "onpremises_security_identifier": "",
            "onpremises_sync_enabled": false,
            "owners": [],
            "preferred_language": "",
            "provisioning_options": [],
            "proxy_addresses": [],
            "security_enabled": true,
            "theme": "",
            "timeouts": null,
            "types": [],
            "visibility": ""
          },
          "sensitive_attributes": []
        }
      ]
    },
    {
      "module": "module.aks",
      "mode": "data",
      "type": "azurerm_client_config",
      "name": "current",
      "provider": "module.aks.provider[\"registry.terraform.io/hashicorp/azurerm\"]",
      "instances": [
        {
          "schema_version": 0,
          "attributes": {
            "client_id": "04b07795-8ddb-461a-bbee-02f9e1bf7b46",
            "id": "Y2xpZW50Q29uZmlncy9jbGllbnRJZD0wNGIwNzc5NS04ZGRiLTQ2MWEtYmJlZS0wMmY5ZTFiZjdiNDY7b2JqZWN0SWQ9NzNkYzE2MDktOTg5Yi00NWUyLTlkOTMtYzMyMjk5OTZjZWNhO3N1YnNjcmlwdGlvbklkPTc0NmQwMmE4LThjNTYtNDZjMC04MmU3LTdjNzM2ZjVjYTZjMzt0ZW5hbnRJZD1lOTFhMzUwNi04MmJiLTRmNGItYWM0Yi05MmRjNmI0OTFmZjA=",
            "object_id": "73dc1609-989b-45e2-9d93-c3229996ceca",
            "subscription_id": "746d02a8-8c56-46c0-82e7-7c736f5ca6c3",
            "tenant_id": "e91a3506-82bb-4f4b-ac4b-92dc6b491ff0",
            "timeouts": null
          },
          "sensitive_attributes": []
        }
      ]
    },
    {
      "module": "module.aks",
      "mode": "data",
      "type": "azurerm_subnet",
      "name": "kub-vnet-dev",
      "provider": "module.aks.provider[\"registry.terraform.io/hashicorp/azurerm\"]",
      "instances": [
        {
          "schema_version": 0,
          "attributes": {
            "address_prefix": "",
            "address_prefixes": [
              "10.110.0.0/24"
            ],
            "default_outbound_access_enabled": true,
            "id": "/subscriptions/746d02a8-8c56-46c0-82e7-7c736f5ca6c3/resourceGroups/RG-KUB-DEV/providers/Microsoft.Network/virtualNetworks/VNET-KUB-DEV/subnets/default",
            "name": "default",
            "network_security_group_id": "",
            "private_endpoint_network_policies": "Disabled",
            "private_link_service_network_policies_enabled": true,
            "resource_group_name": "RG-KUB-DEV",
            "route_table_id": "",
            "service_endpoints": [],
            "timeouts": null,
            "virtual_network_name": "VNET-KUB-DEV"
          },
          "sensitive_attributes": []
        }
      ]
    },
    {
      "module": "module.aks",
      "mode": "data",
      "type": "azurerm_subnet",
      "name": "kub-vnet-preprod",
      "provider": "module.aks.provider[\"registry.terraform.io/hashicorp/azurerm\"]",
      "instances": [
        {
          "schema_version": 0,
          "attributes": {
            "address_prefix": "",
            "address_prefixes": [
              "10.111.0.0/24"
            ],
            "default_outbound_access_enabled": false,
            "id": "/subscriptions/746d02a8-8c56-46c0-82e7-7c736f5ca6c3/resourceGroups/RG-KUB-PREPROD/providers/Microsoft.Network/virtualNetworks/VNET-KUB-PRPEPROD/subnets/default",
            "name": "default",
            "network_security_group_id": "",
            "private_endpoint_network_policies": "Disabled",
            "private_link_service_network_policies_enabled": true,
            "resource_group_name": "RG-KUB-PREPROD",
            "route_table_id": "/subscriptions/746d02a8-8c56-46c0-82e7-7c736f5ca6c3/resourceGroups/RG-KUB-PREPROD/providers/Microsoft.Network/routeTables/RT--KUB-PREPROD-TO-PALOALTO",
            "service_endpoints": [],
            "timeouts": null,
            "virtual_network_name": "VNET-KUB-PRPEPROD"
          },
          "sensitive_attributes": []
        }
      ]
    },
    {
      "module": "module.aks",
      "mode": "data",
      "type": "azurerm_subnet",
      "name": "kub-vnet-prod",
      "provider": "module.aks.provider[\"registry.terraform.io/hashicorp/azurerm\"]",
      "instances": [
        {
          "schema_version": 0,
          "attributes": {
            "address_prefix": "",
            "address_prefixes": [
              "10.118.0.0/24"
            ],
            "default_outbound_access_enabled": false,
            "id": "/subscriptions/746d02a8-8c56-46c0-82e7-7c736f5ca6c3/resourceGroups/RG-KUB-PROD/providers/Microsoft.Network/virtualNetworks/VNET-KUB-PROD/subnets/default",
            "name": "default",
            "network_security_group_id": "",
            "private_endpoint_network_policies": "Disabled",
            "private_link_service_network_policies_enabled": true,
            "resource_group_name": "RG-KUB-PROD",
            "route_table_id": "/subscriptions/746d02a8-8c56-46c0-82e7-7c736f5ca6c3/resourceGroups/RG-KUB-PROD/providers/Microsoft.Network/routeTables/RT--KUB-PROD-TO-PALOALTO",
            "service_endpoints": [],
            "timeouts": null,
            "virtual_network_name": "VNET-KUB-PROD"
          },
          "sensitive_attributes": []
        }
      ]
    },
    {
      "module": "module.aks",
      "mode": "data",
      "type": "azurerm_subscription",
      "name": "current",
      "provider": "module.aks.provider[\"registry.terraform.io/hashicorp/azurerm\"]",
      "instances": [
        {
          "schema_version": 0,
          "attributes": {
            "display_name": "Global Subscription BOA HOLDING CSP",
            "id": "/subscriptions/746d02a8-8c56-46c0-82e7-7c736f5ca6c3",
            "location_placement_id": "Public_2014-09-01",
            "quota_id": "CSP_2015-05-01",
            "spending_limit": "Off",
            "state": "Enabled",
            "subscription_id": "746d02a8-8c56-46c0-82e7-7c736f5ca6c3",
            "tags": {},
            "tenant_id": "e91a3506-82bb-4f4b-ac4b-92dc6b491ff0",
            "timeouts": null
          },
          "sensitive_attributes": []
        }
      ]
    },
    {
      "module": "module.aks",
      "mode": "data",
      "type": "azurerm_virtual_network",
      "name": "vnet_dev",
      "provider": "module.aks.provider[\"registry.terraform.io/hashicorp/azurerm\"]",
      "instances": [
        {
          "schema_version": 0,
          "attributes": {
            "address_space": [
              "10.110.0.0/24",
              "10.110.1.0/26"
            ],
            "dns_servers": null,
            "guid": "80319dd1-0e23-4eec-9055-443db981d83a",
            "id": "/subscriptions/746d02a8-8c56-46c0-82e7-7c736f5ca6c3/resourceGroups/RG-KUB-DEV/providers/Microsoft.Network/virtualNetworks/VNET-KUB-DEV",
            "location": "northeurope",
            "name": "VNET-KUB-DEV",
            "resource_group_name": "RG-KUB-DEV",
            "subnets": [
              "AzureBastionSubnet",
              "default"
            ],
            "tags": {
              "PROJECT": "KUB-DEV"
            },
            "timeouts": null,
            "vnet_peerings": {
              "TRANSIT-KUB-DEV": "/subscriptions/9b46dd23-8ea2-4bb3-b250-ad4485cf7409/resourceGroups/RG_SECURITY_AZ/providers/Microsoft.Network/virtualNetworks/VNET_TRANSIT"
            },
            "vnet_peerings_addresses": [
              "10.220.0.0/16"
            ]
          },
          "sensitive_attributes": []
        }
      ]
    },
    {
      "module": "module.aks",
      "mode": "data",
      "type": "azurerm_virtual_network",
      "name": "vnet_preprod",
      "provider": "module.aks.provider[\"registry.terraform.io/hashicorp/azurerm\"]",
      "instances": [
        {
          "schema_version": 0,
          "attributes": {
            "address_space": [
              "10.111.0.0/24",
              "10.111.1.0/26"
            ],
            "dns_servers": null,
            "guid": "29a758cf-bca8-4bbd-9fed-1f262978cd6f",
            "id": "/subscriptions/746d02a8-8c56-46c0-82e7-7c736f5ca6c3/resourceGroups/RG-KUB-PREPROD/providers/Microsoft.Network/virtualNetworks/VNET-KUB-PRPEPROD",
            "location": "northeurope",
            "name": "VNET-KUB-PRPEPROD",
            "resource_group_name": "RG-KUB-PREPROD",
            "subnets": [
              "AzureBastionSubnet",
              "default"
            ],
            "tags": {
              "PROJECT": "KUB-PREPROD"
            },
            "timeouts": null,
            "vnet_peerings": {
              "TRANSIT_KUB_PREPROD": "/subscriptions/9b46dd23-8ea2-4bb3-b250-ad4485cf7409/resourceGroups/RG_SECURITY_AZ/providers/Microsoft.Network/virtualNetworks/VNET_TRANSIT"
            },
            "vnet_peerings_addresses": [
              "10.220.0.0/16"
            ]
          },
          "sensitive_attributes": []
        }
      ]
    },
    {
      "module": "module.aks",
      "mode": "data",
      "type": "azurerm_virtual_network",
      "name": "vnet_prod",
      "provider": "module.aks.provider[\"registry.terraform.io/hashicorp/azurerm\"]",
      "instances": [
        {
          "schema_version": 0,
          "attributes": {
            "address_space": [
              "10.118.0.0/24",
              "10.118.1.0/26"
            ],
            "dns_servers": null,
            "guid": "5468d379-5281-4cdb-a039-151a76dd13b0",
            "id": "/subscriptions/746d02a8-8c56-46c0-82e7-7c736f5ca6c3/resourceGroups/RG-KUB-PROD/providers/Microsoft.Network/virtualNetworks/VNET-KUB-PROD",
            "location": "northeurope",
            "name": "VNET-KUB-PROD",
            "resource_group_name": "RG-KUB-PROD",
            "subnets": [
              "AzureBastionSubnet",
              "default"
            ],
            "tags": {
              "PROJECT": "KUB-PROD"
            },
            "timeouts": null,
            "vnet_peerings": {
              "TRANSIT_TO_KUB_PROD": "/subscriptions/9b46dd23-8ea2-4bb3-b250-ad4485cf7409/resourceGroups/RG_SECURITY_AZ/providers/Microsoft.Network/virtualNetworks/VNET_TRANSIT"
            },
            "vnet_peerings_addresses": [
              "10.220.0.0/16"
            ]
          },
          "sensitive_attributes": []
        }
      ]
    },
    {
      "module": "module.aks",
      "mode": "managed",
      "type": "azurerm_kubernetes_cluster",
      "name": "aks",
      "provider": "module.aks.provider[\"registry.terraform.io/hashicorp/azurerm\"]",
      "instances": [
        {
          "schema_version": 2,
          "attributes": {
            "aci_connector_linux": [],
            "ai_toolchain_operator_enabled": false,
            "api_server_access_profile": [],
            "auto_scaler_profile": [],
            "automatic_upgrade_channel": "",
            "azure_active_directory_role_based_access_control": [
              {
                "admin_group_object_ids": [
                  "52303a55-fa21-4d3b-9836-68df23639aca"
                ],
                "azure_rbac_enabled": true,
                "tenant_id": "e91a3506-82bb-4f4b-ac4b-92dc6b491ff0"
              }
            ],
            "azure_policy_enabled": false,
            "bootstrap_profile": [
              {
                "artifact_source": "Direct",
                "container_registry_id": ""
              }
            ],
            "confidential_computing": [],
            "cost_analysis_enabled": false,
            "current_kubernetes_version": "1.33.5",
            "custom_ca_trust_certificates_base64": [],
            "default_node_pool": [
              {
                "auto_scaling_enabled": false,
                "capacity_reservation_group_id": "",
                "fips_enabled": false,
                "gpu_driver": "",
                "gpu_instance": "",
                "host_encryption_enabled": false,
                "host_group_id": "",
                "kubelet_config": [],
                "kubelet_disk_type": "OS",
                "linux_os_config": [],
                "max_count": 0,
                "max_pods": 110,
                "min_count": 0,
                "name": "defaultpool",
                "node_count": 2,
                "node_labels": {
                  "environment": "dev",
                  "role": "system",
                  "workload": "system"
                },
                "node_network_profile": [],
                "node_public_ip_enabled": false,
                "node_public_ip_prefix_id": "",
                "only_critical_addons_enabled": false,
                "orchestrator_version": "1.33.5",
                "os_disk_size_gb": 50,
                "os_disk_type": "Managed",
                "os_sku": "Ubuntu",
                "pod_subnet_id": "",
                "proximity_placement_group_id": "",
                "scale_down_mode": "Delete",
                "snapshot_id": "",
                "tags": {
                  "nodepool": "default",
                  "owner": "BOA",
                  "platform": "Azure"
                },
                "temporary_name_for_rotation": "",
                "type": "VirtualMachineScaleSets",
                "ultra_ssd_enabled": false,
                "upgrade_settings": [
                  {
                    "drain_timeout_in_minutes": 30,
                    "max_surge": "50%",
                    "node_soak_duration_in_minutes": 5,
                    "undrainable_node_behavior": ""
                  }
                ],
                "vm_size": "Standard_D4s_v5",
                "vnet_subnet_id": "/subscriptions/746d02a8-8c56-46c0-82e7-7c736f5ca6c3/resourceGroups/RG-KUB-DEV/providers/Microsoft.Network/virtualNetworks/VNET-KUB-DEV/subnets/default",
                "workload_runtime": "",
                "zones": [
                  "1",
                  "2",
                  "3"
                ]
              }
            ],
            "disk_encryption_set_id": "",
            "dns_prefix": "kub",
            "dns_prefix_private_cluster": "",
            "edge_zone": "",
            "fqdn": "",
            "http_application_routing_enabled": false,
            "http_application_routing_zone_name": "",
            "http_proxy_config": [],
            "id": "/subscriptions/746d02a8-8c56-46c0-82e7-7c736f5ca6c3/resourceGroups/RG-KUB-DEV/providers/Microsoft.ContainerService/managedClusters/kub-dev",
            "identity": [
              {
                "identity_ids": [
                  "/subscriptions/746d02a8-8c56-46c0-82e7-7c736f5ca6c3/resourceGroups/RG-KUB-DEV/providers/Microsoft.ManagedIdentity/userAssignedIdentities/kub-uia-dev"
                ],
                "principal_id": "",
                "tenant_id": "",
                "type": "UserAssigned"
              }
            ],
            "image_cleaner_enabled": null,
            "image_cleaner_interval_hours": null,
            "ingress_application_gateway": [],
            "key_management_service": [],
            "key_vault_secrets_provider": [],
            "kube_admin_config": [
              {
                "client_certificate": "LS0tLS1CRUdJTiBDRVJUSUZJQ0FURS0tLS0tCk1JSUZIakNDQXdhZ0F3SUJBZ0lSQUxXNnJ1UVBiaTJqYmlrQ2FCL2N4L1V3RFFZSktvWklodmNOQVFFTEJRQXcKRFRFTE1Ba0dBMVVFQXhNQ1kyRXdIaGNOTWpZd05qRTRNRFl3TkRVMldoY05Namd3TmpFNE1EWXhORFUyV2pBdwpNUmN3RlFZRFZRUUtFdzV6ZVhOMFpXMDZiV0Z6ZEdWeWN6RVZNQk1HQTFVRUF4TU1iV0Z6ZEdWeVkyeHBaVzUwCk1JSUNJakFOQmdrcWhraUc5dzBCQVFFRkFBT0NBZzhBTUlJQ0NnS0NBZ0VBeGVKSDZ5YW4zS2hxbjRPaUd3cFMKRTlMTTNscWljVVlMZ1E5RTJlSnBxcllZbGdMSVRLNi9lZ01EOUJUcHNLaXpnWDZMSlJsSkdzUUJ1eit0eElSaApNZnpod3RUM1lQMFVJbmRHaWxzRW5xK1hBQzEyUGxCYVB0OGVEbVJUcDhvWGdzUjArVXhpLzNybDgycXJEWGg0CnNXUDlnOFNJOEZXaHFPSnFBdDNiaGlPbGZBQ1Jkb0N4Nmk0bmlMY3FkU0wvRzhRMjBNc3g5dXdtbGZncjc2QjgKOVQ5aG8yeHFXZ3Q0M243TnJYcWVzdjVDb0FpU1lBblJ1TG5aT1MvSzI5MzhHRk1VRnpSNk5JL0l6aVZoRi9DNgpIbTJzSmhxc0t5ZVMybTJpUEduQnNkKzRDdWF5a2ZKWTJVdkRpWE5zVXNoZUhXa3laeG5wY2RWVlpPT1c0eHRFCitydzRneiszMGIzV3hrRXJPV3FGZ3pZN0NrU0hPK3pGbVp1TDlOT2pLYjJBN0NpWEVkZU9aY28wdjlmRXM3S3AKczZ5YmxPNWxJakhneENiWWRPb041eXc4alNnUTRMR2tDQVpOOHdodjNYYk9rOXBzSmlJc0NhN1d6M09SUHFxVgpUNFVQZjlMc2E3QU4yVXVGTXBhWkd5aCtHekw3c0VWcWJFRjVaRHZoZGJXUjFuSTJtK2Rrby94K3FBZEhoems0CjAvemdsUFgrR00vWmQyWS8rWTVlOUlOeDBTNm9SSTlBZGROSEJnYVI4NXFBUzZxQkZlRjBQUEJIMzl3YlRKZ2gKOVJlWUxaakk5Tm5Wc1czVWNjTHZTejlWZkh4bE1TTUZuMzNhZ1pwcEdiZGc3KzloczlCYnpidUl3K3piZjVIYQpjeUJhVXRrbWdUZjQ0cFd5djVXbFdUc0NBd0VBQWFOV01GUXdEZ1lEVlIwUEFRSC9CQVFEQWdXZ01CTUdBMVVkCkpRUU1NQW9HQ0NzR0FRVUZCd01DTUF3R0ExVWRFd0VCL3dRQ01BQXdId1lEVlIwakJCZ3dGb0FVT2ozYXFxenIKSzhzcnBNTSsxRm52cG8rY3Vqb3dEUVlKS29aSWh2Y05BUUVMQlFBRGdnSUJBSllRTHowS2V6MlA5bGlVejZlbApEdk5XZzIyNWJvR05uSVJrbllqb00xVGpTd3dGV1V3bWlKQWNyUVdjbXZjZko2TEFKVWE1NzNmQUw5VnNEb3VNCnlJOExsQTN4d0htc0JZcHpqdG1uWFYwZmVoME9ycWNHUzhYOENIY3RYVWoyaUZsVC9TaElMNXdoWXROYWZHVmQKQ0tXNGZIdnVraHd4SVAxQUt2b1pzQzVGYjRxNUl1T0NaUVRvNC9zZTF4a0hDWWVoSmg2UTJjSUJwd09QTUwrWApTRXFFVmQvMXZHdksrSlh3VkZGdjd3UHY1c3dQWHVmZitLRnZrMy8zb3YrbTh1WldlZ052eWNHbEpQd1JEN2MrCkFYS0FhNHBWdWpZS3ROc1luNjNnRVNLTUtubTJEL2w2ckREeklwRnI3QUY3NmUzaElrMHkxSHZHVnhKT3kvSEUKaGUxRHRwM0dNbVZiNDM0a01CWW1xWHNleXBTb29kdG9ZU1FNVVI0ZG9scE1za0JjeG0vZllPWk8zYlFQN1dZOQpLU08rUkpUOFFLRnJzekVGbjh5ckJaWWsxYS92WXQ3aXh4SUgzVjlXanNwSVZjY0IvZFkrYnIzamVmcG9aRHd5Ck8xK1QrRUlranBtVE5WOGxrM1BOOURUM1JJTGFwbmZEd1hXbXV1K0JzTmtkRXhEQkR1ZHI5QjRIS1UwSTNiOUQKSFB4U3k5dEVnS2M5VGlxdXpxSG1hTE4ybHJ2LzJTNzhVUVlBejg3NE15V0dleGk0V0VMNUp1TzF6NFJya2FRMQpEMkQ2YlRUd05HRlFvY0VrbVdyM3Fua3dpM1dmbUNmVlVMMkg5cUpyQ29RamJ0SXd2VDNOSE9WYXd2UVhnMmFGCkJ4KzlpR0NPRmV5VVRydG5KWkpPWTZuNgotLS0tLUVORCBDRVJUSUZJQ0FURS0tLS0tCg==",
                "client_key": "LS0tLS1CRUdJTiBSU0EgUFJJVkFURSBLRVktLS0tLQpNSUlKS1FJQkFBS0NBZ0VBeGVKSDZ5YW4zS2hxbjRPaUd3cFNFOUxNM2xxaWNVWUxnUTlFMmVKcHFyWVlsZ0xJClRLNi9lZ01EOUJUcHNLaXpnWDZMSlJsSkdzUUJ1eit0eElSaE1memh3dFQzWVAwVUluZEdpbHNFbnErWEFDMTIKUGxCYVB0OGVEbVJUcDhvWGdzUjArVXhpLzNybDgycXJEWGg0c1dQOWc4U0k4RldocU9KcUF0M2JoaU9sZkFDUgpkb0N4Nmk0bmlMY3FkU0wvRzhRMjBNc3g5dXdtbGZncjc2Qjg5VDlobzJ4cVdndDQzbjdOclhxZXN2NUNvQWlTCllBblJ1TG5aT1MvSzI5MzhHRk1VRnpSNk5JL0l6aVZoRi9DNkhtMnNKaHFzS3llUzJtMmlQR25Cc2QrNEN1YXkKa2ZKWTJVdkRpWE5zVXNoZUhXa3laeG5wY2RWVlpPT1c0eHRFK3J3NGd6KzMwYjNXeGtFck9XcUZnelk3Q2tTSApPK3pGbVp1TDlOT2pLYjJBN0NpWEVkZU9aY28wdjlmRXM3S3BzNnlibE81bElqSGd4Q2JZZE9vTjV5dzhqU2dRCjRMR2tDQVpOOHdodjNYYk9rOXBzSmlJc0NhN1d6M09SUHFxVlQ0VVBmOUxzYTdBTjJVdUZNcGFaR3loK0d6TDcKc0VWcWJFRjVaRHZoZGJXUjFuSTJtK2Rrby94K3FBZEhoems0MC96Z2xQWCtHTS9aZDJZLytZNWU5SU54MFM2bwpSSTlBZGROSEJnYVI4NXFBUzZxQkZlRjBQUEJIMzl3YlRKZ2g5UmVZTFpqSTlOblZzVzNVY2NMdlN6OVZmSHhsCk1TTUZuMzNhZ1pwcEdiZGc3KzloczlCYnpidUl3K3piZjVIYWN5QmFVdGttZ1RmNDRwV3l2NVdsV1RzQ0F3RUEKQVFLQ0FnQlBuUFZ3WHpJRDdlSlA0UWJVT0RmRGIva3FzRzVRZ216WWRNc3ZtZzhITnBIM3NKRGpnUjdhT09KYgpUaHFqRDR5QTJlZWplbVBXRit2V2FRMUJWajFBZmt4YU5aSjllL1NnMVRvVktmOVcxTEE4eXcyYWpudHdkaFhDCmxveXRvZm9KaTM3QVdnSXVaVVNreFZLaWJjaXBIZUIrSmhFdUdGV2MrOUxJNm5lS3BVYkw5L0tPS2NMcXc3ejIKSFROQXcxNjl6aGg3c25TY3NtL253RnYwNGEzRWdjYUhtSFBGWEg0NWpleTBFZlJOY1V4ZTFIUUhuWXU1OVZPMgoxVXFaWU5zdThpWFFIRFhhZGNyRlhYYU55alVuVHRxR3pnNWNvbVJMNnZYdHRtTE9iSUxBS0FiSi95WE43dFJ4CnRYVnNiTjZvbUkxRnU4QVhJMHhpOWNuYi96bWxyV0VUdDNxNU01aXhLMmVGREM1UXdRbVJ2NWNPTnpSMmJvaSsKSkdRcU1seTA1b0Y5WkY0WVM2WW5ab1VDa3RJL1hPOTdOVytEL3diQ3hZcElKNjhtMDU5SjZybFRkTUo4OVdwRQpQUGdEbEtBT3kzNTBUSytUSkViSnlRd0EyZFVWcjRieXg4QUpsMExKZEtIby9kSGljK2xZK1R3RHcvZytDRFZXClhaL25aTlRJbW0wbVRYaFpGQWJRdGkwOFphdUxTZTczWTJUOEQwR2wyczFqOFhWU2RRa0owR1pEM3ZQdEVIbEsKdmpVZDhzNWRLdWMxWTMrYkZIb1Q5MGFsbzlmazNPY1ZSU2dLRXVjekhLeGE3bWxNdGlTWTZPditLWXdtVUNYNQpYSFFWSkJBMmhUbXRvMGVzZDVIRFZkcERJUlBXNmlLZ2ZOaHRXdVhjNzViTFExTUVlUUtDQVFFQXowR0NGbXJLCk4yTDEyQWJKTDA1MktIdzVaQ2pRMjRacC9ReFFJQzBSU21PL1pnOWFhNkZHakVzYXgvS3ZpdFQxMXZ6RkpqSXYKUjc0MlkraUJUSlRlSmowZEdWclRpNmtPMHRsemxyMjdXQUthMGRSUEhobTZrZTZvbk5GMkNuK2JuM2VOaWxabgpkOGxieGt6TDFRZ2wxUWhtZk1DWmtXVFcvd0xPV2V4R0x6YjBsUTlCaCtFekxncGtHRDJOMHRyVmpxRkt2MXoyCmdDclBVbDQybHI3M2taZGpZelVLUmMveWVuNkx6UzgwRXo5RHRyUlpjZFphTUdwK01oMU0zaENXbzdZSW1VcEsKWDBnUkhiWEVMTkkySVQ3UnBsTXZ5QVJKMlA4RCsvand6MWFCb2lJOW9xKy9ZMnYvdlZsNy84YVBObWMzUzNkRApMME55ejJxTUJVOVJiUUtDQVFFQTlHeUEwaXJIWFVSMGtrTnZhTEJnYWFPUWhkOUZDTVlkOHRjRXpPcGxLbmlyCndML2s5V3dCQUI2Ymd0NktRbWdWekJQcjVvRDZEaU9CMkhGRktZaUxvZXpJQXhzODZCaFdKYTkwYzMxVWI3ZEoKenRkSC9WMGVqeUtabFNxTHg2dGZqci9IcDE0NWdwdERhc0pyaENYTDEwcStoYWdCWkZIV25mQlhnSU81ajg5WgpOMFF1bHJhTnc5elF5S2pNeHhsOG4vNkViM2FCczIwK3h5MTB6UDFjZ2d4T1Y3bjhLbmdzWTE5T2FXMkJHL2NpCm85eHNWRG8zVlp0Vit3UzM3RmliaG1FM00wVTcvVm9GcldHSGM0Y0w1amduVFVvVmt3WVM3Z2c1cmgwd2tNTWMKbjk3V2d6ZEwrYWp5aFdyK2ErYmNDajhmdHMydHJRWUdHS01sNXVaVVJ3S0NBUUFTZlo2MGoweUJTb1B5aFJCMwo5d0VWdFplTk54TURNdWZMMnNoZlJvWVBZL3pVaHpRaS9CMkdNTUV2NjVmN3crbzNCeEF6eXpCcXJ5NjlGU1pNCkJkQVlDMFhJV0ZFZFdiVG4zTnl5S3pWR3Nkek1NYXZwWEpSSHBzcEdTMjNEbkFUdllrUXZmbXYyeFBFNkxPblcKbE1hRFRoK09xOFJIczM1MisvSWJGYmhoUi83a09aczRHMEJzc0NLa0F3SGZPUVRxbDd0S2ZXbkVuNDBscFNBcgpyTmY3bGswWXNjZTcyTVNpWngzajdYMHc1bWtOS09QK0F3akMzdzFwUFRINWNmTnVvYlA4c1NNWGd4OTd6aGExCmhQK3RVYVIwdVdFKzhCc0NrQ1h6Mmc3cUFLYktKMUhtYk5XZmNpZzc1WHJwby9acy9TSnl5aTRsVGxnMDV5V2MKNTZtMUFvSUJBUURWRGZkRU96SElwTEVRQldRSlZ5VFRNRlg3dTJDTGcxWDdwVjF6MlNVUjNsbW9EQnpocUtFKwpuMjlpcGVUU2ViUDJUYThsSDJ2WUF5OWRvVzV1QTYzakdXaEcvT2tjVG9wWkV4Vm96ZWhaOE9TUFBheHN0MHk1CjY2a0FFelFBZWVzem5RdkZZaWF6SisrZUVaWnlmQmV3dEdCYVZOWFJ3bHhYRTNiU2VQKzQwVDZ0SSt1UVI5Uk8KMUIzUnF3SEUwdnlFNGZCQzBJUENDUW5keUV1MW0ydVZtSEI1bTQ2bzNsT2kweUtnVjJsaEhReSsxSlpBM1BYNgowd29oWWoySDhMeXdaL0ViNmMrZXlXZUZlQ3Yva2NuWGhUOE02ZlRnVVQwUzYyeUx6cm5VbFo1UDVJZ0xuSm5ICkozTXV4Tks4NzJFQ05YL0pjb05lL0k4M3pvNXROSHhsQW9JQkFRQ3N4M0tUV3ZNSy8zUEZuTXZsT3gvdEtKVzMKZGplb0N5YVZ0UlRzUXBGdW5sb25tSmgxWEZjQ3V3blBpTUl0Mnp5bEg3bVR3RFRJUkk5dXFWQjVoeUZJR1ZKVQp2dWJQS09uNmZ2blp5ODRnYzZDdytDYTJXNm9vOERzWFFkcktUWWtVc3lxeDcyZXFRc0FybWNkcEQvSGJjOG5XCmx5aWZwcWJRbG1CZkUyeDd5dzlLdVA4b0dSRjlNbzhERjJvWmZ6VWE5aEs0NFRWVHQ0VjdEcW1OUm1uN0ROaFkKRXp0SW9PdVJTZ2ZoejY5UXpZTk5HVHNzNjRUYVV3bmE4QnMwZ2NFbVlTQWVKUVZKa09xVWZzb2I5OUl1eUo3QQpUOE12YmpBZHJYMk9xd3lpSHdRZGRVRGNiMGhlQUlJOEErK0RvV3pPS2hqUzM1Y1k4R2FicmRsMEdyQU0KLS0tLS1FTkQgUlNBIFBSSVZBVEUgS0VZLS0tLS0K",
                "cluster_ca_certificate": "LS0tLS1CRUdJTiBDRVJUSUZJQ0FURS0tLS0tCk1JSUU2VENDQXRHZ0F3SUJBZ0lSQU5YMEtERDJBOEllUjJucWFTcWJ4Qjh3RFFZSktvWklodmNOQVFFTEJRQXcKRFRFTE1Ba0dBMVVFQXhNQ1kyRXdJQmNOTWpZd05qRTRNRFl3TkRVMldoZ1BNakExTmpBMk1UZ3dOakUwTlRaYQpNQTB4Q3pBSkJnTlZCQU1UQW1OaE1JSUNJakFOQmdrcWhraUc5dzBCQVFFRkFBT0NBZzhBTUlJQ0NnS0NBZ0VBCnJaNzUySTFucWFoaFBicDRWeEh4aVdJc21rSEYydHlOTGsyTDlxNEpycXdoMWVDTXRlcWJweGxVYW1DS3lmd08KMmswRFVFQ3VNd0J3dzYxb3ppQ2hOd25EaVBNR1pzUjZiVmFhQ21sSDVFUW42QkpVZ2NuekdvTFI5L0dRbC9JTApXdzRBQUV3QVgwdnFka09GQmUvbHdFZjJDWEJoRHY0SzNqVXBqaEJURjJRNTN4aWJZVkhzU3N5N1M1M0QrUWxzCkdEV0VDdzJkWElFNHdzQWJpT01WMlYzUGU5SE5nMkQ1ZUo5RjZkb240MnNOUWs0Z25zV1VYOWJFcG51Z21vc1oKb0crdGVIUnBkYVdkcDFKVnRIM2VrRWZEUzdaQXpFK0ZzMWxuRkgwUHlsN2t3eTQwaGNpd3k3WitFVC9qVzlaMgpKZGpDdjZaZUVvcnhER0diVndXN2lCb1NBZjhCOWRjVG5ueDRrSUUyUVRNSlBCSHdzaFhTQ3ZVakFNUDN1WVczCjNPRnBaRXlWb0lvZCtYSVh1NVpLamo5SFcwZE85Tlg3bU1oa3RMbkZtbCtlcTZ3eWlxQ0VINGVyaFFWN3VJcXIKZTA2RThjZTNUZlRkK0JEY2NSY2dpWHlJQWNNbCsrcndLbEQxTmNJTVcvZVhoRnJUWlVrQko2Wlpzb2VsbFZxKwpBSGcra3N1c2NuT0d6UlQzWm5vM1RScGxyaWRmUGdWN3BKZUpGWHRUd0h3aHdCU05URFNnSzcxb3VZd2hsaTloCnFDWDBvcG9TK1pucFZ6cmJHd0M0SER3QXVsUzEzUU1DMlhlYldvUVlYSmtoVkd3Zi91bS90UWJ0UzFjZ1BiaTgKZko3SUp2SkQ5cFZRbGFhNWowcUJnT2hVakYyZU5mK2pXVFF6SW5IZ1BWY0NBd0VBQWFOQ01FQXdEZ1lEVlIwUApBUUgvQkFRREFnS2tNQThHQTFVZEV3RUIvd1FGTUFNQkFmOHdIUVlEVlIwT0JCWUVGRG85MnFxczZ5dkxLNlREClB0Ulo3NmFQbkxvNk1BMEdDU3FHU0liM0RRRUJDd1VBQTRJQ0FRQktuOWNRbU9sSVAza1M3aUsrZnBKUE96NFcKcDYrdEpXRTV2T2lPYy9WSVFtSm1vbXdJeVhsM0dnTnJZRHBOeGpRL20rU004VytSaUZCbGg3ZGZMS3dSNktlUwp3eWdUaU9DRVpNSGFSK0llaVhKU0tsS0JDSXB0VHRocDlMZytGcWx2M2crcmRMS3YxOGV2RElETGNHK3NZeG5VCjJLRGR5N2QrdXN3SzhDTVZKZ016bzAyYS9oY2VVVTdHbUVlNkI3NTNEL2FBRXpBUGZpdGhXL1YrRDlwQU5LdGUKTWZUM1BPbDV1ZnExZzB3RndDYitGcmZDamZZUm1nWWcwVldpaTBlcjd3dWloN0w5MjZPeGsrOUlWc3RndVdxdwp0aUE3ZlRPSno2aGgrcks5K2cybFR3UU9kQjhGMXJUYW5HNjRYajVnSUlqRjhpWm40ZjlScDk2S0pCamxMd2trCklmK2dYYzJkeVpxYmRqRUpnM1hPd2VSU0hHNUczNXJLd0xHN20zWkNpQ3k4bERlREszT0YzSUlBN29sVm9zYXcKNUFVOWJicWN4OXVmajBvUDR1UURHTDZjc2R6Z0hXS0ZIQ3hhdHVIMGFoSnNFb29WdkpzbXd2aXljRkdxTGZ5WQpIcVhGbjNTczd5aUdKMkVaTUpyTFMwQXg5MkhBdENiK0huTGtnZVJVdWUzdG9EeUhoK2ZTNW1iUG8wdnRhQVB5CkNObHBxN3Qvakd1dmRtQmozbmQ0RG00cDhmT3AxMHZsR0t4Z2hldXV3K2diRnNELyttdS9YNmRyOUQ0MGI2ZGgKczB2Qm4rV2E1anFuaExyZ2JIMXVNSGVoOVlTMVdxc1VhZU5JMERaZUxFRDFPUVAxeXBGZ1Qybi84alNFemU5VApZWjQvSVhtbTNyY1Z5MGU2L0E9PQotLS0tLUVORCBDRVJUSUZJQ0FURS0tLS0tCg==",
                "host": "https://kub-k51dsz1e.privatelink.northeurope.azmk8s.io:443",
                "password": "dyh0lrd5be1j7kbmy8m0m6ojsmagm21yx2p9bgptid3kodinmjnzxy3x9gx2ya2tf5vjlalti7u2n4wap4mhrve4nuc1lx2wxx3v016fjdpqu2pivitporpiljeio44k",
                "username": "clusterAdmin_RG-KUB-DEV_kub-dev"
              }
            ],
            "kube_admin_config_raw": "apiVersion: v1\nclusters:\n- cluster:\n    certificate-authority-data: LS0tLS1CRUdJTiBDRVJUSUZJQ0FURS0tLS0tCk1JSUU2VENDQXRHZ0F3SUJBZ0lSQU5YMEtERDJBOEllUjJucWFTcWJ4Qjh3RFFZSktvWklodmNOQVFFTEJRQXcKRFRFTE1Ba0dBMVVFQXhNQ1kyRXdJQmNOTWpZd05qRTRNRFl3TkRVMldoZ1BNakExTmpBMk1UZ3dOakUwTlRaYQpNQTB4Q3pBSkJnTlZCQU1UQW1OaE1JSUNJakFOQmdrcWhraUc5dzBCQVFFRkFBT0NBZzhBTUlJQ0NnS0NBZ0VBCnJaNzUySTFucWFoaFBicDRWeEh4aVdJc21rSEYydHlOTGsyTDlxNEpycXdoMWVDTXRlcWJweGxVYW1DS3lmd08KMmswRFVFQ3VNd0J3dzYxb3ppQ2hOd25EaVBNR1pzUjZiVmFhQ21sSDVFUW42QkpVZ2NuekdvTFI5L0dRbC9JTApXdzRBQUV3QVgwdnFka09GQmUvbHdFZjJDWEJoRHY0SzNqVXBqaEJURjJRNTN4aWJZVkhzU3N5N1M1M0QrUWxzCkdEV0VDdzJkWElFNHdzQWJpT01WMlYzUGU5SE5nMkQ1ZUo5RjZkb240MnNOUWs0Z25zV1VYOWJFcG51Z21vc1oKb0crdGVIUnBkYVdkcDFKVnRIM2VrRWZEUzdaQXpFK0ZzMWxuRkgwUHlsN2t3eTQwaGNpd3k3WitFVC9qVzlaMgpKZGpDdjZaZUVvcnhER0diVndXN2lCb1NBZjhCOWRjVG5ueDRrSUUyUVRNSlBCSHdzaFhTQ3ZVakFNUDN1WVczCjNPRnBaRXlWb0lvZCtYSVh1NVpLamo5SFcwZE85Tlg3bU1oa3RMbkZtbCtlcTZ3eWlxQ0VINGVyaFFWN3VJcXIKZTA2RThjZTNUZlRkK0JEY2NSY2dpWHlJQWNNbCsrcndLbEQxTmNJTVcvZVhoRnJUWlVrQko2Wlpzb2VsbFZxKwpBSGcra3N1c2NuT0d6UlQzWm5vM1RScGxyaWRmUGdWN3BKZUpGWHRUd0h3aHdCU05URFNnSzcxb3VZd2hsaTloCnFDWDBvcG9TK1pucFZ6cmJHd0M0SER3QXVsUzEzUU1DMlhlYldvUVlYSmtoVkd3Zi91bS90UWJ0UzFjZ1BiaTgKZko3SUp2SkQ5cFZRbGFhNWowcUJnT2hVakYyZU5mK2pXVFF6SW5IZ1BWY0NBd0VBQWFOQ01FQXdEZ1lEVlIwUApBUUgvQkFRREFnS2tNQThHQTFVZEV3RUIvd1FGTUFNQkFmOHdIUVlEVlIwT0JCWUVGRG85MnFxczZ5dkxLNlREClB0Ulo3NmFQbkxvNk1BMEdDU3FHU0liM0RRRUJDd1VBQTRJQ0FRQktuOWNRbU9sSVAza1M3aUsrZnBKUE96NFcKcDYrdEpXRTV2T2lPYy9WSVFtSm1vbXdJeVhsM0dnTnJZRHBOeGpRL20rU004VytSaUZCbGg3ZGZMS3dSNktlUwp3eWdUaU9DRVpNSGFSK0llaVhKU0tsS0JDSXB0VHRocDlMZytGcWx2M2crcmRMS3YxOGV2RElETGNHK3NZeG5VCjJLRGR5N2QrdXN3SzhDTVZKZ016bzAyYS9oY2VVVTdHbUVlNkI3NTNEL2FBRXpBUGZpdGhXL1YrRDlwQU5LdGUKTWZUM1BPbDV1ZnExZzB3RndDYitGcmZDamZZUm1nWWcwVldpaTBlcjd3dWloN0w5MjZPeGsrOUlWc3RndVdxdwp0aUE3ZlRPSno2aGgrcks5K2cybFR3UU9kQjhGMXJUYW5HNjRYajVnSUlqRjhpWm40ZjlScDk2S0pCamxMd2trCklmK2dYYzJkeVpxYmRqRUpnM1hPd2VSU0hHNUczNXJLd0xHN20zWkNpQ3k4bERlREszT0YzSUlBN29sVm9zYXcKNUFVOWJicWN4OXVmajBvUDR1UURHTDZjc2R6Z0hXS0ZIQ3hhdHVIMGFoSnNFb29WdkpzbXd2aXljRkdxTGZ5WQpIcVhGbjNTczd5aUdKMkVaTUpyTFMwQXg5MkhBdENiK0huTGtnZVJVdWUzdG9EeUhoK2ZTNW1iUG8wdnRhQVB5CkNObHBxN3Qvakd1dmRtQmozbmQ0RG00cDhmT3AxMHZsR0t4Z2hldXV3K2diRnNELyttdS9YNmRyOUQ0MGI2ZGgKczB2Qm4rV2E1anFuaExyZ2JIMXVNSGVoOVlTMVdxc1VhZU5JMERaZUxFRDFPUVAxeXBGZ1Qybi84alNFemU5VApZWjQvSVhtbTNyY1Z5MGU2L0E9PQotLS0tLUVORCBDRVJUSUZJQ0FURS0tLS0tCg==\n    server: https://kub-k51dsz1e.privatelink.northeurope.azmk8s.io:443\n  name: kub-dev\ncontexts:\n- context:\n    cluster: kub-dev\n    user: clusterAdmin_RG-KUB-DEV_kub-dev\n  name: kub-dev\ncurrent-context: kub-dev\nkind: Config\nusers:\n- name: clusterAdmin_RG-KUB-DEV_kub-dev\n  user:\n    client-certificate-data: LS0tLS1CRUdJTiBDRVJUSUZJQ0FURS0tLS0tCk1JSUZIakNDQXdhZ0F3SUJBZ0lSQUxXNnJ1UVBiaTJqYmlrQ2FCL2N4L1V3RFFZSktvWklodmNOQVFFTEJRQXcKRFRFTE1Ba0dBMVVFQXhNQ1kyRXdIaGNOTWpZd05qRTRNRFl3TkRVMldoY05Namd3TmpFNE1EWXhORFUyV2pBdwpNUmN3RlFZRFZRUUtFdzV6ZVhOMFpXMDZiV0Z6ZEdWeWN6RVZNQk1HQTFVRUF4TU1iV0Z6ZEdWeVkyeHBaVzUwCk1JSUNJakFOQmdrcWhraUc5dzBCQVFFRkFBT0NBZzhBTUlJQ0NnS0NBZ0VBeGVKSDZ5YW4zS2hxbjRPaUd3cFMKRTlMTTNscWljVVlMZ1E5RTJlSnBxcllZbGdMSVRLNi9lZ01EOUJUcHNLaXpnWDZMSlJsSkdzUUJ1eit0eElSaApNZnpod3RUM1lQMFVJbmRHaWxzRW5xK1hBQzEyUGxCYVB0OGVEbVJUcDhvWGdzUjArVXhpLzNybDgycXJEWGg0CnNXUDlnOFNJOEZXaHFPSnFBdDNiaGlPbGZBQ1Jkb0N4Nmk0bmlMY3FkU0wvRzhRMjBNc3g5dXdtbGZncjc2QjgKOVQ5aG8yeHFXZ3Q0M243TnJYcWVzdjVDb0FpU1lBblJ1TG5aT1MvSzI5MzhHRk1VRnpSNk5JL0l6aVZoRi9DNgpIbTJzSmhxc0t5ZVMybTJpUEduQnNkKzRDdWF5a2ZKWTJVdkRpWE5zVXNoZUhXa3laeG5wY2RWVlpPT1c0eHRFCitydzRneiszMGIzV3hrRXJPV3FGZ3pZN0NrU0hPK3pGbVp1TDlOT2pLYjJBN0NpWEVkZU9aY28wdjlmRXM3S3AKczZ5YmxPNWxJakhneENiWWRPb041eXc4alNnUTRMR2tDQVpOOHdodjNYYk9rOXBzSmlJc0NhN1d6M09SUHFxVgpUNFVQZjlMc2E3QU4yVXVGTXBhWkd5aCtHekw3c0VWcWJFRjVaRHZoZGJXUjFuSTJtK2Rrby94K3FBZEhoems0CjAvemdsUFgrR00vWmQyWS8rWTVlOUlOeDBTNm9SSTlBZGROSEJnYVI4NXFBUzZxQkZlRjBQUEJIMzl3YlRKZ2gKOVJlWUxaakk5Tm5Wc1czVWNjTHZTejlWZkh4bE1TTUZuMzNhZ1pwcEdiZGc3KzloczlCYnpidUl3K3piZjVIYQpjeUJhVXRrbWdUZjQ0cFd5djVXbFdUc0NBd0VBQWFOV01GUXdEZ1lEVlIwUEFRSC9CQVFEQWdXZ01CTUdBMVVkCkpRUU1NQW9HQ0NzR0FRVUZCd01DTUF3R0ExVWRFd0VCL3dRQ01BQXdId1lEVlIwakJCZ3dGb0FVT2ozYXFxenIKSzhzcnBNTSsxRm52cG8rY3Vqb3dEUVlKS29aSWh2Y05BUUVMQlFBRGdnSUJBSllRTHowS2V6MlA5bGlVejZlbApEdk5XZzIyNWJvR05uSVJrbllqb00xVGpTd3dGV1V3bWlKQWNyUVdjbXZjZko2TEFKVWE1NzNmQUw5VnNEb3VNCnlJOExsQTN4d0htc0JZcHpqdG1uWFYwZmVoME9ycWNHUzhYOENIY3RYVWoyaUZsVC9TaElMNXdoWXROYWZHVmQKQ0tXNGZIdnVraHd4SVAxQUt2b1pzQzVGYjRxNUl1T0NaUVRvNC9zZTF4a0hDWWVoSmg2UTJjSUJwd09QTUwrWApTRXFFVmQvMXZHdksrSlh3VkZGdjd3UHY1c3dQWHVmZitLRnZrMy8zb3YrbTh1WldlZ052eWNHbEpQd1JEN2MrCkFYS0FhNHBWdWpZS3ROc1luNjNnRVNLTUtubTJEL2w2ckREeklwRnI3QUY3NmUzaElrMHkxSHZHVnhKT3kvSEUKaGUxRHRwM0dNbVZiNDM0a01CWW1xWHNleXBTb29kdG9ZU1FNVVI0ZG9scE1za0JjeG0vZllPWk8zYlFQN1dZOQpLU08rUkpUOFFLRnJzekVGbjh5ckJaWWsxYS92WXQ3aXh4SUgzVjlXanNwSVZjY0IvZFkrYnIzamVmcG9aRHd5Ck8xK1QrRUlranBtVE5WOGxrM1BOOURUM1JJTGFwbmZEd1hXbXV1K0JzTmtkRXhEQkR1ZHI5QjRIS1UwSTNiOUQKSFB4U3k5dEVnS2M5VGlxdXpxSG1hTE4ybHJ2LzJTNzhVUVlBejg3NE15V0dleGk0V0VMNUp1TzF6NFJya2FRMQpEMkQ2YlRUd05HRlFvY0VrbVdyM3Fua3dpM1dmbUNmVlVMMkg5cUpyQ29RamJ0SXd2VDNOSE9WYXd2UVhnMmFGCkJ4KzlpR0NPRmV5VVRydG5KWkpPWTZuNgotLS0tLUVORCBDRVJUSUZJQ0FURS0tLS0tCg==\n    client-key-data: LS0tLS1CRUdJTiBSU0EgUFJJVkFURSBLRVktLS0tLQpNSUlKS1FJQkFBS0NBZ0VBeGVKSDZ5YW4zS2hxbjRPaUd3cFNFOUxNM2xxaWNVWUxnUTlFMmVKcHFyWVlsZ0xJClRLNi9lZ01EOUJUcHNLaXpnWDZMSlJsSkdzUUJ1eit0eElSaE1memh3dFQzWVAwVUluZEdpbHNFbnErWEFDMTIKUGxCYVB0OGVEbVJUcDhvWGdzUjArVXhpLzNybDgycXJEWGg0c1dQOWc4U0k4RldocU9KcUF0M2JoaU9sZkFDUgpkb0N4Nmk0bmlMY3FkU0wvRzhRMjBNc3g5dXdtbGZncjc2Qjg5VDlobzJ4cVdndDQzbjdOclhxZXN2NUNvQWlTCllBblJ1TG5aT1MvSzI5MzhHRk1VRnpSNk5JL0l6aVZoRi9DNkhtMnNKaHFzS3llUzJtMmlQR25Cc2QrNEN1YXkKa2ZKWTJVdkRpWE5zVXNoZUhXa3laeG5wY2RWVlpPT1c0eHRFK3J3NGd6KzMwYjNXeGtFck9XcUZnelk3Q2tTSApPK3pGbVp1TDlOT2pLYjJBN0NpWEVkZU9aY28wdjlmRXM3S3BzNnlibE81bElqSGd4Q2JZZE9vTjV5dzhqU2dRCjRMR2tDQVpOOHdodjNYYk9rOXBzSmlJc0NhN1d6M09SUHFxVlQ0VVBmOUxzYTdBTjJVdUZNcGFaR3loK0d6TDcKc0VWcWJFRjVaRHZoZGJXUjFuSTJtK2Rrby94K3FBZEhoems0MC96Z2xQWCtHTS9aZDJZLytZNWU5SU54MFM2bwpSSTlBZGROSEJnYVI4NXFBUzZxQkZlRjBQUEJIMzl3YlRKZ2g5UmVZTFpqSTlOblZzVzNVY2NMdlN6OVZmSHhsCk1TTUZuMzNhZ1pwcEdiZGc3KzloczlCYnpidUl3K3piZjVIYWN5QmFVdGttZ1RmNDRwV3l2NVdsV1RzQ0F3RUEKQVFLQ0FnQlBuUFZ3WHpJRDdlSlA0UWJVT0RmRGIva3FzRzVRZ216WWRNc3ZtZzhITnBIM3NKRGpnUjdhT09KYgpUaHFqRDR5QTJlZWplbVBXRit2V2FRMUJWajFBZmt4YU5aSjllL1NnMVRvVktmOVcxTEE4eXcyYWpudHdkaFhDCmxveXRvZm9KaTM3QVdnSXVaVVNreFZLaWJjaXBIZUIrSmhFdUdGV2MrOUxJNm5lS3BVYkw5L0tPS2NMcXc3ejIKSFROQXcxNjl6aGg3c25TY3NtL253RnYwNGEzRWdjYUhtSFBGWEg0NWpleTBFZlJOY1V4ZTFIUUhuWXU1OVZPMgoxVXFaWU5zdThpWFFIRFhhZGNyRlhYYU55alVuVHRxR3pnNWNvbVJMNnZYdHRtTE9iSUxBS0FiSi95WE43dFJ4CnRYVnNiTjZvbUkxRnU4QVhJMHhpOWNuYi96bWxyV0VUdDNxNU01aXhLMmVGREM1UXdRbVJ2NWNPTnpSMmJvaSsKSkdRcU1seTA1b0Y5WkY0WVM2WW5ab1VDa3RJL1hPOTdOVytEL3diQ3hZcElKNjhtMDU5SjZybFRkTUo4OVdwRQpQUGdEbEtBT3kzNTBUSytUSkViSnlRd0EyZFVWcjRieXg4QUpsMExKZEtIby9kSGljK2xZK1R3RHcvZytDRFZXClhaL25aTlRJbW0wbVRYaFpGQWJRdGkwOFphdUxTZTczWTJUOEQwR2wyczFqOFhWU2RRa0owR1pEM3ZQdEVIbEsKdmpVZDhzNWRLdWMxWTMrYkZIb1Q5MGFsbzlmazNPY1ZSU2dLRXVjekhLeGE3bWxNdGlTWTZPditLWXdtVUNYNQpYSFFWSkJBMmhUbXRvMGVzZDVIRFZkcERJUlBXNmlLZ2ZOaHRXdVhjNzViTFExTUVlUUtDQVFFQXowR0NGbXJLCk4yTDEyQWJKTDA1MktIdzVaQ2pRMjRacC9ReFFJQzBSU21PL1pnOWFhNkZHakVzYXgvS3ZpdFQxMXZ6RkpqSXYKUjc0MlkraUJUSlRlSmowZEdWclRpNmtPMHRsemxyMjdXQUthMGRSUEhobTZrZTZvbk5GMkNuK2JuM2VOaWxabgpkOGxieGt6TDFRZ2wxUWhtZk1DWmtXVFcvd0xPV2V4R0x6YjBsUTlCaCtFekxncGtHRDJOMHRyVmpxRkt2MXoyCmdDclBVbDQybHI3M2taZGpZelVLUmMveWVuNkx6UzgwRXo5RHRyUlpjZFphTUdwK01oMU0zaENXbzdZSW1VcEsKWDBnUkhiWEVMTkkySVQ3UnBsTXZ5QVJKMlA4RCsvand6MWFCb2lJOW9xKy9ZMnYvdlZsNy84YVBObWMzUzNkRApMME55ejJxTUJVOVJiUUtDQVFFQTlHeUEwaXJIWFVSMGtrTnZhTEJnYWFPUWhkOUZDTVlkOHRjRXpPcGxLbmlyCndML2s5V3dCQUI2Ymd0NktRbWdWekJQcjVvRDZEaU9CMkhGRktZaUxvZXpJQXhzODZCaFdKYTkwYzMxVWI3ZEoKenRkSC9WMGVqeUtabFNxTHg2dGZqci9IcDE0NWdwdERhc0pyaENYTDEwcStoYWdCWkZIV25mQlhnSU81ajg5WgpOMFF1bHJhTnc5elF5S2pNeHhsOG4vNkViM2FCczIwK3h5MTB6UDFjZ2d4T1Y3bjhLbmdzWTE5T2FXMkJHL2NpCm85eHNWRG8zVlp0Vit3UzM3RmliaG1FM00wVTcvVm9GcldHSGM0Y0w1amduVFVvVmt3WVM3Z2c1cmgwd2tNTWMKbjk3V2d6ZEwrYWp5aFdyK2ErYmNDajhmdHMydHJRWUdHS01sNXVaVVJ3S0NBUUFTZlo2MGoweUJTb1B5aFJCMwo5d0VWdFplTk54TURNdWZMMnNoZlJvWVBZL3pVaHpRaS9CMkdNTUV2NjVmN3crbzNCeEF6eXpCcXJ5NjlGU1pNCkJkQVlDMFhJV0ZFZFdiVG4zTnl5S3pWR3Nkek1NYXZwWEpSSHBzcEdTMjNEbkFUdllrUXZmbXYyeFBFNkxPblcKbE1hRFRoK09xOFJIczM1MisvSWJGYmhoUi83a09aczRHMEJzc0NLa0F3SGZPUVRxbDd0S2ZXbkVuNDBscFNBcgpyTmY3bGswWXNjZTcyTVNpWngzajdYMHc1bWtOS09QK0F3akMzdzFwUFRINWNmTnVvYlA4c1NNWGd4OTd6aGExCmhQK3RVYVIwdVdFKzhCc0NrQ1h6Mmc3cUFLYktKMUhtYk5XZmNpZzc1WHJwby9acy9TSnl5aTRsVGxnMDV5V2MKNTZtMUFvSUJBUURWRGZkRU96SElwTEVRQldRSlZ5VFRNRlg3dTJDTGcxWDdwVjF6MlNVUjNsbW9EQnpocUtFKwpuMjlpcGVUU2ViUDJUYThsSDJ2WUF5OWRvVzV1QTYzakdXaEcvT2tjVG9wWkV4Vm96ZWhaOE9TUFBheHN0MHk1CjY2a0FFelFBZWVzem5RdkZZaWF6SisrZUVaWnlmQmV3dEdCYVZOWFJ3bHhYRTNiU2VQKzQwVDZ0SSt1UVI5Uk8KMUIzUnF3SEUwdnlFNGZCQzBJUENDUW5keUV1MW0ydVZtSEI1bTQ2bzNsT2kweUtnVjJsaEhReSsxSlpBM1BYNgowd29oWWoySDhMeXdaL0ViNmMrZXlXZUZlQ3Yva2NuWGhUOE02ZlRnVVQwUzYyeUx6cm5VbFo1UDVJZ0xuSm5ICkozTXV4Tks4NzJFQ05YL0pjb05lL0k4M3pvNXROSHhsQW9JQkFRQ3N4M0tUV3ZNSy8zUEZuTXZsT3gvdEtKVzMKZGplb0N5YVZ0UlRzUXBGdW5sb25tSmgxWEZjQ3V3blBpTUl0Mnp5bEg3bVR3RFRJUkk5dXFWQjVoeUZJR1ZKVQp2dWJQS09uNmZ2blp5ODRnYzZDdytDYTJXNm9vOERzWFFkcktUWWtVc3lxeDcyZXFRc0FybWNkcEQvSGJjOG5XCmx5aWZwcWJRbG1CZkUyeDd5dzlLdVA4b0dSRjlNbzhERjJvWmZ6VWE5aEs0NFRWVHQ0VjdEcW1OUm1uN0ROaFkKRXp0SW9PdVJTZ2ZoejY5UXpZTk5HVHNzNjRUYVV3bmE4QnMwZ2NFbVlTQWVKUVZKa09xVWZzb2I5OUl1eUo3QQpUOE12YmpBZHJYMk9xd3lpSHdRZGRVRGNiMGhlQUlJOEErK0RvV3pPS2hqUzM1Y1k4R2FicmRsMEdyQU0KLS0tLS1FTkQgUlNBIFBSSVZBVEUgS0VZLS0tLS0K\n    token: dyh0lrd5be1j7kbmy8m0m6ojsmagm21yx2p9bgptid3kodinmjnzxy3x9gx2ya2tf5vjlalti7u2n4wap4mhrve4nuc1lx2wxx3v016fjdpqu2pivitporpiljeio44k\n",
            "kube_config": [
              {
                "client_certificate": "",
                "client_key": "",
                "cluster_ca_certificate": "LS0tLS1CRUdJTiBDRVJUSUZJQ0FURS0tLS0tCk1JSUU2VENDQXRHZ0F3SUJBZ0lSQU5YMEtERDJBOEllUjJucWFTcWJ4Qjh3RFFZSktvWklodmNOQVFFTEJRQXcKRFRFTE1Ba0dBMVVFQXhNQ1kyRXdJQmNOTWpZd05qRTRNRFl3TkRVMldoZ1BNakExTmpBMk1UZ3dOakUwTlRaYQpNQTB4Q3pBSkJnTlZCQU1UQW1OaE1JSUNJakFOQmdrcWhraUc5dzBCQVFFRkFBT0NBZzhBTUlJQ0NnS0NBZ0VBCnJaNzUySTFucWFoaFBicDRWeEh4aVdJc21rSEYydHlOTGsyTDlxNEpycXdoMWVDTXRlcWJweGxVYW1DS3lmd08KMmswRFVFQ3VNd0J3dzYxb3ppQ2hOd25EaVBNR1pzUjZiVmFhQ21sSDVFUW42QkpVZ2NuekdvTFI5L0dRbC9JTApXdzRBQUV3QVgwdnFka09GQmUvbHdFZjJDWEJoRHY0SzNqVXBqaEJURjJRNTN4aWJZVkhzU3N5N1M1M0QrUWxzCkdEV0VDdzJkWElFNHdzQWJpT01WMlYzUGU5SE5nMkQ1ZUo5RjZkb240MnNOUWs0Z25zV1VYOWJFcG51Z21vc1oKb0crdGVIUnBkYVdkcDFKVnRIM2VrRWZEUzdaQXpFK0ZzMWxuRkgwUHlsN2t3eTQwaGNpd3k3WitFVC9qVzlaMgpKZGpDdjZaZUVvcnhER0diVndXN2lCb1NBZjhCOWRjVG5ueDRrSUUyUVRNSlBCSHdzaFhTQ3ZVakFNUDN1WVczCjNPRnBaRXlWb0lvZCtYSVh1NVpLamo5SFcwZE85Tlg3bU1oa3RMbkZtbCtlcTZ3eWlxQ0VINGVyaFFWN3VJcXIKZTA2RThjZTNUZlRkK0JEY2NSY2dpWHlJQWNNbCsrcndLbEQxTmNJTVcvZVhoRnJUWlVrQko2Wlpzb2VsbFZxKwpBSGcra3N1c2NuT0d6UlQzWm5vM1RScGxyaWRmUGdWN3BKZUpGWHRUd0h3aHdCU05URFNnSzcxb3VZd2hsaTloCnFDWDBvcG9TK1pucFZ6cmJHd0M0SER3QXVsUzEzUU1DMlhlYldvUVlYSmtoVkd3Zi91bS90UWJ0UzFjZ1BiaTgKZko3SUp2SkQ5cFZRbGFhNWowcUJnT2hVakYyZU5mK2pXVFF6SW5IZ1BWY0NBd0VBQWFOQ01FQXdEZ1lEVlIwUApBUUgvQkFRREFnS2tNQThHQTFVZEV3RUIvd1FGTUFNQkFmOHdIUVlEVlIwT0JCWUVGRG85MnFxczZ5dkxLNlREClB0Ulo3NmFQbkxvNk1BMEdDU3FHU0liM0RRRUJDd1VBQTRJQ0FRQktuOWNRbU9sSVAza1M3aUsrZnBKUE96NFcKcDYrdEpXRTV2T2lPYy9WSVFtSm1vbXdJeVhsM0dnTnJZRHBOeGpRL20rU004VytSaUZCbGg3ZGZMS3dSNktlUwp3eWdUaU9DRVpNSGFSK0llaVhKU0tsS0JDSXB0VHRocDlMZytGcWx2M2crcmRMS3YxOGV2RElETGNHK3NZeG5VCjJLRGR5N2QrdXN3SzhDTVZKZ016bzAyYS9oY2VVVTdHbUVlNkI3NTNEL2FBRXpBUGZpdGhXL1YrRDlwQU5LdGUKTWZUM1BPbDV1ZnExZzB3RndDYitGcmZDamZZUm1nWWcwVldpaTBlcjd3dWloN0w5MjZPeGsrOUlWc3RndVdxdwp0aUE3ZlRPSno2aGgrcks5K2cybFR3UU9kQjhGMXJUYW5HNjRYajVnSUlqRjhpWm40ZjlScDk2S0pCamxMd2trCklmK2dYYzJkeVpxYmRqRUpnM1hPd2VSU0hHNUczNXJLd0xHN20zWkNpQ3k4bERlREszT0YzSUlBN29sVm9zYXcKNUFVOWJicWN4OXVmajBvUDR1UURHTDZjc2R6Z0hXS0ZIQ3hhdHVIMGFoSnNFb29WdkpzbXd2aXljRkdxTGZ5WQpIcVhGbjNTczd5aUdKMkVaTUpyTFMwQXg5MkhBdENiK0huTGtnZVJVdWUzdG9EeUhoK2ZTNW1iUG8wdnRhQVB5CkNObHBxN3Qvakd1dmRtQmozbmQ0RG00cDhmT3AxMHZsR0t4Z2hldXV3K2diRnNELyttdS9YNmRyOUQ0MGI2ZGgKczB2Qm4rV2E1anFuaExyZ2JIMXVNSGVoOVlTMVdxc1VhZU5JMERaZUxFRDFPUVAxeXBGZ1Qybi84alNFemU5VApZWjQvSVhtbTNyY1Z5MGU2L0E9PQotLS0tLUVORCBDRVJUSUZJQ0FURS0tLS0tCg==",
                "host": "https://kub-k51dsz1e.privatelink.northeurope.azmk8s.io:443",
                "password": "",
                "username": "clusterUser_RG-KUB-DEV_kub-dev"
              }
            ],
            "kube_config_raw": "apiVersion: v1\nclusters:\n- cluster:\n    certificate-authority-data: LS0tLS1CRUdJTiBDRVJUSUZJQ0FURS0tLS0tCk1JSUU2VENDQXRHZ0F3SUJBZ0lSQU5YMEtERDJBOEllUjJucWFTcWJ4Qjh3RFFZSktvWklodmNOQVFFTEJRQXcKRFRFTE1Ba0dBMVVFQXhNQ1kyRXdJQmNOTWpZd05qRTRNRFl3TkRVMldoZ1BNakExTmpBMk1UZ3dOakUwTlRaYQpNQTB4Q3pBSkJnTlZCQU1UQW1OaE1JSUNJakFOQmdrcWhraUc5dzBCQVFFRkFBT0NBZzhBTUlJQ0NnS0NBZ0VBCnJaNzUySTFucWFoaFBicDRWeEh4aVdJc21rSEYydHlOTGsyTDlxNEpycXdoMWVDTXRlcWJweGxVYW1DS3lmd08KMmswRFVFQ3VNd0J3dzYxb3ppQ2hOd25EaVBNR1pzUjZiVmFhQ21sSDVFUW42QkpVZ2NuekdvTFI5L0dRbC9JTApXdzRBQUV3QVgwdnFka09GQmUvbHdFZjJDWEJoRHY0SzNqVXBqaEJURjJRNTN4aWJZVkhzU3N5N1M1M0QrUWxzCkdEV0VDdzJkWElFNHdzQWJpT01WMlYzUGU5SE5nMkQ1ZUo5RjZkb240MnNOUWs0Z25zV1VYOWJFcG51Z21vc1oKb0crdGVIUnBkYVdkcDFKVnRIM2VrRWZEUzdaQXpFK0ZzMWxuRkgwUHlsN2t3eTQwaGNpd3k3WitFVC9qVzlaMgpKZGpDdjZaZUVvcnhER0diVndXN2lCb1NBZjhCOWRjVG5ueDRrSUUyUVRNSlBCSHdzaFhTQ3ZVakFNUDN1WVczCjNPRnBaRXlWb0lvZCtYSVh1NVpLamo5SFcwZE85Tlg3bU1oa3RMbkZtbCtlcTZ3eWlxQ0VINGVyaFFWN3VJcXIKZTA2RThjZTNUZlRkK0JEY2NSY2dpWHlJQWNNbCsrcndLbEQxTmNJTVcvZVhoRnJUWlVrQko2Wlpzb2VsbFZxKwpBSGcra3N1c2NuT0d6UlQzWm5vM1RScGxyaWRmUGdWN3BKZUpGWHRUd0h3aHdCU05URFNnSzcxb3VZd2hsaTloCnFDWDBvcG9TK1pucFZ6cmJHd0M0SER3QXVsUzEzUU1DMlhlYldvUVlYSmtoVkd3Zi91bS90UWJ0UzFjZ1BiaTgKZko3SUp2SkQ5cFZRbGFhNWowcUJnT2hVakYyZU5mK2pXVFF6SW5IZ1BWY0NBd0VBQWFOQ01FQXdEZ1lEVlIwUApBUUgvQkFRREFnS2tNQThHQTFVZEV3RUIvd1FGTUFNQkFmOHdIUVlEVlIwT0JCWUVGRG85MnFxczZ5dkxLNlREClB0Ulo3NmFQbkxvNk1BMEdDU3FHU0liM0RRRUJDd1VBQTRJQ0FRQktuOWNRbU9sSVAza1M3aUsrZnBKUE96NFcKcDYrdEpXRTV2T2lPYy9WSVFtSm1vbXdJeVhsM0dnTnJZRHBOeGpRL20rU004VytSaUZCbGg3ZGZMS3dSNktlUwp3eWdUaU9DRVpNSGFSK0llaVhKU0tsS0JDSXB0VHRocDlMZytGcWx2M2crcmRMS3YxOGV2RElETGNHK3NZeG5VCjJLRGR5N2QrdXN3SzhDTVZKZ016bzAyYS9oY2VVVTdHbUVlNkI3NTNEL2FBRXpBUGZpdGhXL1YrRDlwQU5LdGUKTWZUM1BPbDV1ZnExZzB3RndDYitGcmZDamZZUm1nWWcwVldpaTBlcjd3dWloN0w5MjZPeGsrOUlWc3RndVdxdwp0aUE3ZlRPSno2aGgrcks5K2cybFR3UU9kQjhGMXJUYW5HNjRYajVnSUlqRjhpWm40ZjlScDk2S0pCamxMd2trCklmK2dYYzJkeVpxYmRqRUpnM1hPd2VSU0hHNUczNXJLd0xHN20zWkNpQ3k4bERlREszT0YzSUlBN29sVm9zYXcKNUFVOWJicWN4OXVmajBvUDR1UURHTDZjc2R6Z0hXS0ZIQ3hhdHVIMGFoSnNFb29WdkpzbXd2aXljRkdxTGZ5WQpIcVhGbjNTczd5aUdKMkVaTUpyTFMwQXg5MkhBdENiK0huTGtnZVJVdWUzdG9EeUhoK2ZTNW1iUG8wdnRhQVB5CkNObHBxN3Qvakd1dmRtQmozbmQ0RG00cDhmT3AxMHZsR0t4Z2hldXV3K2diRnNELyttdS9YNmRyOUQ0MGI2ZGgKczB2Qm4rV2E1anFuaExyZ2JIMXVNSGVoOVlTMVdxc1VhZU5JMERaZUxFRDFPUVAxeXBGZ1Qybi84alNFemU5VApZWjQvSVhtbTNyY1Z5MGU2L0E9PQotLS0tLUVORCBDRVJUSUZJQ0FURS0tLS0tCg==\n    server: https://kub-k51dsz1e.privatelink.northeurope.azmk8s.io:443\n  name: kub-dev\ncontexts:\n- context:\n    cluster: kub-dev\n    user: clusterUser_RG-KUB-DEV_kub-dev\n  name: kub-dev\ncurrent-context: kub-dev\nkind: Config\nusers:\n- name: clusterUser_RG-KUB-DEV_kub-dev\n  user:\n    exec:\n      apiVersion: client.authentication.k8s.io/v1beta1\n      args:\n      - get-token\n      - --environment\n      - AzurePublicCloud\n      - --server-id\n      - 6dae42f8-4368-4678-94ff-3960e28e3630\n      - --client-id\n      - 80faf920-1908-4b52-b5ef-a8e7bedfc67a\n      - --tenant-id\n      - e91a3506-82bb-4f4b-ac4b-92dc6b491ff0\n      - --login\n      - devicecode\n      command: kubelogin\n      env: null\n      installHint: |2\n\n        kubelogin is not installed which is required to connect to AAD enabled cluster.\n\n        To learn more, please go to https://aka.ms/aks/kubelogin\n      provideClusterInfo: false\n",
            "kubelet_identity": [
              {
                "client_id": "cc23caac-140f-4e08-9c08-f343580f63ab",
                "object_id": "c6b045a7-d0c9-4f81-804a-3b3f6d4fdfd3",
                "user_assigned_identity_id": "/subscriptions/746d02a8-8c56-46c0-82e7-7c736f5ca6c3/resourceGroups/MC_RG-KUB-DEV_kub-dev_northeurope/providers/Microsoft.ManagedIdentity/userAssignedIdentities/kub-dev-agentpool"
              }
            ],
            "kubernetes_version": "1.33.5",
            "linux_profile": [
              {
                "admin_username": "azureuser",
                "ssh_key": [
                  {
                    "key_data": "ssh-rsa AAAAB3NzaC1yc2EAAAADAQABAAACAQDWOTZxgX/S9s0uhTU7881aOfcID8KYxcMrO2wP4HKmsVhQKDBDPIljPcaka25pwy1LnuTMQiz6KIjR5LFkRF2lOrxf/ZitQADR79M+ewb7g5/uHKLu3x3EkiQ/Slz1COvNooi394XqdbcEEo6Pw0puxntzURz8TWlAU7NZlTEsOHNekBkr2UD0FGLyk/1PXvDv4rWHYgpxtKyWfbBJaW4kqu+4+DnXQDeqZxmVygP1/xcqk7AHbtlWwbNS5YvRNuJR/8EeUDnwR303P/MPUaCkIo+5pDZyFUNhFXlvj+8nQ9iPc+DDkvWjU9DpYSBAbtI9znebakM/OcBoUWOB7I3wzYaRAqgQTATepZQkHVEKb1wm9K32COhb2Ublmg/RYzHD1+a3JHKIuDGTkVAlKYubttKnkEZA+URVhxvAG7fmNxaLF9KCq33Om9oiYLJP7vSmYa9COTzroBKh/nZh96eFWDgm+pAkzmSlZuhKziSyWMqf2PfY001JHW1iXoavbJ8GM5P57uKm/vg7Sie9SfpenrngQARl7HhxocrafpaRwjfMuMPmlI+1FCPWT21exptxNQc9PU02YDMxwTz0Hg6Zl1SsM6fYVBVBfR2WJrMnE9kgINnlFTHo9+SFRN/HrBl2sl87mSJDKcXa/xS3QGdGavefsjbJrn+BZPOjI8ZXbQ==\n"
                  }
                ]
              }
            ],
            "local_account_disabled": false,
            "location": "northeurope",
            "maintenance_window": [],
            "maintenance_window_auto_upgrade": [],
            "maintenance_window_node_os": [
              {
                "day_of_month": 0,
                "day_of_week": "Sunday",
                "duration": 5,
                "frequency": "Weekly",
                "interval": 1,
                "not_allowed": [],
                "start_date": "2026-06-18T00:00:00Z",
                "start_time": "00:00",
                "utc_offset": "+00:00",
                "week_index": ""
              }
            ],
            "microsoft_defender": [],
            "monitor_metrics": [],
            "name": "kub-dev",
            "network_profile": [
              {
                "advanced_networking": [],
                "dns_service_ip": "198.10.0.10",
                "ip_versions": [
                  "IPv4"
                ],
                "load_balancer_profile": [
                  {
                    "backend_pool_type": "NodeIPConfiguration",
                    "effective_outbound_ips": [
                      "/subscriptions/746d02a8-8c56-46c0-82e7-7c736f5ca6c3/resourceGroups/MC_RG-KUB-DEV_kub-dev_northeurope/providers/Microsoft.Network/publicIPAddresses/3af0313b-362d-4f6f-9780-8987dd8a36f2"
                    ],
                    "idle_timeout_in_minutes": 0,
                    "managed_outbound_ip_count": 1,
                    "managed_outbound_ipv6_count": 0,
                    "outbound_ip_address_ids": [],
                    "outbound_ip_prefix_ids": [],
                    "outbound_ports_allocated": 0
                  }
                ],
                "load_balancer_sku": "standard",
                "nat_gateway_profile": [],
                "network_data_plane": "azure",
                "network_mode": "",
                "network_plugin": "azure",
                "network_plugin_mode": "overlay",
                "network_policy": "",
                "outbound_type": "loadBalancer",
                "pod_cidr": "188.10.0.0/16",
                "pod_cidrs": [
                  "188.10.0.0/16"
                ],
                "service_cidr": "198.10.0.0/16",
                "service_cidrs": [
                  "198.10.0.0/16"
                ]
              }
            ],
            "node_os_upgrade_channel": "NodeImage",
            "node_provisioning_profile": [
              {
                "default_node_pools": "Auto",
                "mode": "Manual"
              }
            ],
            "node_resource_group": "MC_RG-KUB-DEV_kub-dev_northeurope",
            "node_resource_group_id": "/subscriptions/746d02a8-8c56-46c0-82e7-7c736f5ca6c3/resourceGroups/MC_RG-KUB-DEV_kub-dev_northeurope",
            "oidc_issuer_enabled": true,
            "oidc_issuer_url": "https://northeurope.oic.prod-aks.azure.com/e91a3506-82bb-4f4b-ac4b-92dc6b491ff0/28cbd728-2953-4f6d-bbf9-39e1aa8f5246/",
            "oms_agent": [
              {
                "log_analytics_workspace_id": "/subscriptions/746d02a8-8c56-46c0-82e7-7c736f5ca6c3/resourceGroups/RG-KUB-DEV/providers/Microsoft.OperationalInsights/workspaces/law-dev",
                "msi_auth_for_monitoring_enabled": false,
                "oms_agent_identity": [
                  {
                    "client_id": "6532a715-d2b2-404e-9813-77ee8862df28",
                    "object_id": "b19830d1-6ff7-437c-b595-42c50ce8fddc",
                    "user_assigned_identity_id": "/subscriptions/746d02a8-8c56-46c0-82e7-7c736f5ca6c3/resourcegroups/MC_RG-KUB-DEV_kub-dev_northeurope/providers/Microsoft.ManagedIdentity/userAssignedIdentities/omsagent-kub-dev"
                  }
                ]
              }
            ],
            "open_service_mesh_enabled": false,
            "portal_fqdn": "ed054334a051d7bdc5928f808232dc5d-priv.portal.hcp.northeurope.azmk8s.io",
            "private_cluster_enabled": true,
            "private_cluster_public_fqdn_enabled": false,
            "private_dns_zone_id": "/subscriptions/746d02a8-8c56-46c0-82e7-7c736f5ca6c3/resourceGroups/RG-KUB-DEV/providers/Microsoft.Network/privateDnsZones/privatelink.northeurope.azmk8s.io",
            "private_fqdn": "kub-k51dsz1e.privatelink.northeurope.azmk8s.io",
            "resource_group_name": "RG-KUB-DEV",
            "role_based_access_control_enabled": true,
            "run_command_enabled": true,
            "service_mesh_profile": [],
            "service_principal": [],
            "sku_tier": "Standard",
            "storage_profile": [],
            "support_plan": "KubernetesOfficial",
            "tags": {
              "owner": "BOA",
              "platform": "Azure"
            },
            "timeouts": null,
            "upgrade_override": [],
            "web_app_routing": [],
            "windows_profile": [
              {
                "admin_password": "",
                "admin_username": "azureuser",
                "gmsa": [],
                "license": ""
              }
            ],
            "workload_autoscaler_profile": [],
            "workload_identity_enabled": true
          },
          "sensitive_attributes": [],
          "private": "eyJlMmJmYjczMC1lY2FhLTExZTYtOGY4OC0zNDM2M2JjN2M0YzAiOnsiY3JlYXRlIjo1NDAwMDAwMDAwMDAwLCJkZWxldGUiOjU0MDAwMDAwMDAwMDAsInJlYWQiOjMwMDAwMDAwMDAwMCwidXBkYXRlIjo1NDAwMDAwMDAwMDAwfSwic2NoZW1hX3ZlcnNpb24iOiIyIn0=",
          "dependencies": [
            "data.azuread_group.admin-group-dev",
            "data.azurerm_subnet.subnet_dev",
            "module.aks.azurerm_log_analytics_workspace.aks_law",
            "module.aks.azurerm_private_dns_zone.prv-dns-zone",
            "module.aks.azurerm_role_assignment.aks_dns_role",
            "module.aks.azurerm_role_assignment.aks_network_contributor",
            "module.aks.azurerm_user_assigned_identity.aks_uia",
            "module.aks.tls_private_key.ssh"
          ]
        }
      ]
    },
    {
      "module": "module.aks",
      "mode": "managed",
      "type": "azurerm_kubernetes_cluster_node_pool",
      "name": "this",
      "provider": "module.aks.provider[\"registry.terraform.io/hashicorp/azurerm\"]",
      "instances": [
        {
          "index_key": "apppool",
          "schema_version": 1,
          "attributes": {
            "auto_scaling_enabled": false,
            "capacity_reservation_group_id": "",
            "eviction_policy": "",
            "fips_enabled": false,
            "gpu_driver": null,
            "gpu_instance": null,
            "host_encryption_enabled": false,
            "host_group_id": "",
            "id": "/subscriptions/746d02a8-8c56-46c0-82e7-7c736f5ca6c3/resourceGroups/RG-KUB-DEV/providers/Microsoft.ContainerService/managedClusters/kub-dev/agentPools/app",
            "kubelet_config": [],
            "kubelet_disk_type": "OS",
            "kubernetes_cluster_id": "/subscriptions/746d02a8-8c56-46c0-82e7-7c736f5ca6c3/resourceGroups/RG-KUB-DEV/providers/Microsoft.ContainerService/managedClusters/kub-dev",
            "linux_os_config": [],
            "max_count": 0,
            "max_pods": 110,
            "min_count": 0,
            "mode": "User",
            "name": "app",
            "node_count": 4,
            "node_image_version": "AKSUbuntu-2204gen2containerd-202605.27.0",
            "node_labels": {
              "environment": "dev",
              "role": "app",
              "type": "app"
            },
            "node_network_profile": [],
            "node_public_ip_enabled": false,
            "node_public_ip_prefix_id": "",
            "node_taints": [],
            "orchestrator_version": "1.33.5",
            "os_disk_size_gb": 240,
            "os_disk_type": "Managed",
            "os_sku": "Ubuntu",
            "os_type": "Linux",
            "pod_subnet_id": "",
            "priority": "Regular",
            "proximity_placement_group_id": "",
            "scale_down_mode": "Delete",
            "snapshot_id": null,
            "spot_max_price": -1,
            "tags": {
              "owner": "BOA",
              "platform": "Azure"
            },
            "temporary_name_for_rotation": null,
            "timeouts": null,
            "ultra_ssd_enabled": false,
            "upgrade_settings": [
              {
                "drain_timeout_in_minutes": 30,
                "max_surge": "50%",
                "max_unavailable": "",
                "node_soak_duration_in_minutes": 5,
                "undrainable_node_behavior": ""
              }
            ],
            "vm_size": "Standard_D8s_v5",
            "vnet_subnet_id": "/subscriptions/746d02a8-8c56-46c0-82e7-7c736f5ca6c3/resourceGroups/RG-KUB-DEV/providers/Microsoft.Network/virtualNetworks/VNET-KUB-DEV/subnets/default",
            "windows_profile": [],
            "workload_runtime": null,
            "zones": [
              "1",
              "2",
              "3"
            ]
          },
          "sensitive_attributes": [],
          "private": "eyJlMmJmYjczMC1lY2FhLTExZTYtOGY4OC0zNDM2M2JjN2M0YzAiOnsiY3JlYXRlIjozNjAwMDAwMDAwMDAwLCJkZWxldGUiOjM2MDAwMDAwMDAwMDAsInJlYWQiOjMwMDAwMDAwMDAwMCwidXBkYXRlIjozNjAwMDAwMDAwMDAwfSwic2NoZW1hX3ZlcnNpb24iOiIxIn0=",
          "dependencies": [
            "data.azuread_group.admin-group-dev",
            "data.azurerm_subnet.subnet_dev",
            "module.aks.azurerm_kubernetes_cluster.aks",
            "module.aks.azurerm_log_analytics_workspace.aks_law",
            "module.aks.azurerm_private_dns_zone.prv-dns-zone",
            "module.aks.azurerm_role_assignment.aks_dns_role",
            "module.aks.azurerm_role_assignment.aks_network_contributor",
            "module.aks.azurerm_user_assigned_identity.aks_uia",
            "module.aks.tls_private_key.ssh"
          ]
        }
      ]
    },
    {
      "module": "module.aks",
      "mode": "managed",
      "type": "azurerm_log_analytics_workspace",
      "name": "aks_law",
      "provider": "module.aks.provider[\"registry.terraform.io/hashicorp/azurerm\"]",
      "instances": [
        {
          "index_key": 0,
          "schema_version": 3,
          "attributes": {
            "allow_resource_only_permissions": true,
            "cmk_for_query_forced": false,
            "daily_quota_gb": -1,
            "data_collection_rule_id": "",
            "id": "/subscriptions/746d02a8-8c56-46c0-82e7-7c736f5ca6c3/resourceGroups/RG-KUB-DEV/providers/Microsoft.OperationalInsights/workspaces/law-dev",
            "identity": [],
            "immediate_data_purge_on_30_days_enabled": false,
            "internet_ingestion_enabled": true,
            "internet_query_enabled": true,
            "local_authentication_disabled": false,
            "local_authentication_enabled": true,
            "location": "northeurope",
            "name": "law-dev",
            "primary_shared_key": "gzISlEyECHoFZ5BbaOxNgoxMn5pRlamgkU/29arb9GTdkTIvULAow8epgtW+ePKZm0POyMMqfp1RcJK0IxSq+g==",
            "reservation_capacity_in_gb_per_day": null,
            "resource_group_name": "RG-KUB-DEV",
            "retention_in_days": 30,
            "secondary_shared_key": "LQmqx/qb7aEL2y8x5XRRFz1fI4vLzW6QHxxLi0xqKZXWpvu5qiJltpgndPL554FhwTMhmYq8WXNPtZ7iFQ40TQ==",
            "sku": "PerGB2018",
            "tags": {
              "owner": "BOA",
              "platform": "Azure"
            },
            "timeouts": null,
            "workspace_id": "822a56bd-4f35-4043-9502-5e034d00d2ff"
          },
          "sensitive_attributes": [],
          "private": "eyJlMmJmYjczMC1lY2FhLTExZTYtOGY4OC0zNDM2M2JjN2M0YzAiOnsiY3JlYXRlIjoxODAwMDAwMDAwMDAwLCJkZWxldGUiOjE4MDAwMDAwMDAwMDAsInJlYWQiOjMwMDAwMDAwMDAwMCwidXBkYXRlIjoxODAwMDAwMDAwMDAwfSwic2NoZW1hX3ZlcnNpb24iOiIzIn0="
        }
      ]
    },
    {
      "module": "module.aks",
      "mode": "managed",
      "type": "azurerm_private_dns_zone",
      "name": "prv-dns-zone",
      "provider": "module.aks.provider[\"registry.terraform.io/hashicorp/azurerm\"]",
      "instances": [
        {
          "schema_version": 0,
          "attributes": {
            "id": "/subscriptions/746d02a8-8c56-46c0-82e7-7c736f5ca6c3/resourceGroups/RG-KUB-DEV/providers/Microsoft.Network/privateDnsZones/privatelink.northeurope.azmk8s.io",
            "max_number_of_record_sets": 25000,
            "max_number_of_virtual_network_links": 1000,
            "max_number_of_virtual_network_links_with_registration": 100,
            "name": "privatelink.northeurope.azmk8s.io",
            "number_of_record_sets": 2,
            "resource_group_name": "RG-KUB-DEV",
            "soa_record": [
              {
                "email": "azureprivatedns-host.microsoft.com",
                "expire_time": 2419200,
                "fqdn": "privatelink.northeurope.azmk8s.io.",
                "host_name": "azureprivatedns.net",
                "minimum_ttl": 10,
                "refresh_time": 3600,
                "retry_time": 300,
                "serial_number": 1,
                "tags": {},
                "ttl": 3600
              }
            ],
            "tags": {
              "owner": "BOA",
              "platform": "Azure"
            },
            "timeouts": null
          },
          "sensitive_attributes": [],
          "private": "eyJlMmJmYjczMC1lY2FhLTExZTYtOGY4OC0zNDM2M2JjN2M0YzAiOnsiY3JlYXRlIjoxODAwMDAwMDAwMDAwLCJkZWxldGUiOjE4MDAwMDAwMDAwMDAsInJlYWQiOjMwMDAwMDAwMDAwMCwidXBkYXRlIjoxODAwMDAwMDAwMDAwfX0="
        }
      ]
    },
    {
      "module": "module.aks",
      "mode": "managed",
      "type": "azurerm_private_dns_zone_virtual_network_link",
      "name": "aks_dns_link",
      "provider": "module.aks.provider[\"registry.terraform.io/hashicorp/azurerm\"]",
      "instances": [
        {
          "schema_version": 0,
          "attributes": {
            "id": "/subscriptions/746d02a8-8c56-46c0-82e7-7c736f5ca6c3/resourceGroups/RG-KUB-DEV/providers/Microsoft.Network/privateDnsZones/privatelink.northeurope.azmk8s.io/virtualNetworkLinks/aks-dns-link-dev",
            "name": "aks-dns-link-dev",
            "private_dns_zone_name": "privatelink.northeurope.azmk8s.io",
            "registration_enabled": false,
            "resolution_policy": "Default",
            "resource_group_name": "RG-KUB-DEV",
            "tags": {},
            "timeouts": null,
            "virtual_network_id": "/subscriptions/746d02a8-8c56-46c0-82e7-7c736f5ca6c3/resourceGroups/RG-KUB-DEV/providers/Microsoft.Network/virtualNetworks/VNET-KUB-DEV"
          },
          "sensitive_attributes": [],
          "private": "eyJlMmJmYjczMC1lY2FhLTExZTYtOGY4OC0zNDM2M2JjN2M0YzAiOnsiY3JlYXRlIjoxODAwMDAwMDAwMDAwLCJkZWxldGUiOjE4MDAwMDAwMDAwMDAsInJlYWQiOjMwMDAwMDAwMDAwMCwidXBkYXRlIjoxODAwMDAwMDAwMDAwfX0=",
          "dependencies": [
            "data.azurerm_virtual_network.vnet_dev",
            "module.aks.azurerm_private_dns_zone.prv-dns-zone"
          ]
        }
      ]
    },
    {
      "module": "module.aks",
      "mode": "managed",
      "type": "azurerm_role_assignment",
      "name": "aks_acr_pull",
      "provider": "module.aks.provider[\"registry.terraform.io/hashicorp/azurerm\"]",
      "instances": [
        {
          "schema_version": 0,
          "attributes": {
            "condition": "",
            "condition_version": "",
            "delegated_managed_identity_resource_id": "",
            "description": "",
            "id": "/subscriptions/746d02a8-8c56-46c0-82e7-7c736f5ca6c3/resourceGroups/RG-KUB-DEV/providers/Microsoft.ContainerRegistry/registries/kubacrdev/providers/Microsoft.Authorization/roleAssignments/a11857c7-d2fb-e290-7307-084263d377a4",
            "name": "a11857c7-d2fb-e290-7307-084263d377a4",
            "principal_id": "c6b045a7-d0c9-4f81-804a-3b3f6d4fdfd3",
            "principal_type": "ServicePrincipal",
            "role_definition_id": "/subscriptions/746d02a8-8c56-46c0-82e7-7c736f5ca6c3/providers/Microsoft.Authorization/roleDefinitions/7f951dda-4ed3-4680-a7ca-43fe172d538d",
            "role_definition_name": "AcrPull",
            "scope": "/subscriptions/746d02a8-8c56-46c0-82e7-7c736f5ca6c3/resourceGroups/RG-KUB-DEV/providers/Microsoft.ContainerRegistry/registries/kubacrdev",
            "skip_service_principal_aad_check": null,
            "timeouts": null
          },
          "sensitive_attributes": [],
          "private": "eyJlMmJmYjczMC1lY2FhLTExZTYtOGY4OC0zNDM2M2JjN2M0YzAiOnsiY3JlYXRlIjoxODAwMDAwMDAwMDAwLCJkZWxldGUiOjE4MDAwMDAwMDAwMDAsInJlYWQiOjMwMDAwMDAwMDAwMH19",
          "dependencies": [
            "data.azuread_group.admin-group-dev",
            "data.azurerm_subnet.subnet_dev",
            "module.acr.azurerm_container_registry.acr",
            "module.acr.azurerm_user_assigned_identity.acr-uia",
            "module.aks.azurerm_kubernetes_cluster.aks",
            "module.aks.azurerm_log_analytics_workspace.aks_law",
            "module.aks.azurerm_private_dns_zone.prv-dns-zone",
            "module.aks.azurerm_role_assignment.aks_dns_role",
            "module.aks.azurerm_role_assignment.aks_network_contributor",
            "module.aks.azurerm_user_assigned_identity.aks_uia",
            "module.aks.tls_private_key.ssh"
          ]
        }
      ]
    },
    {
      "module": "module.aks",
      "mode": "managed",
      "type": "azurerm_role_assignment",
      "name": "aks_dns_role",
      "provider": "module.aks.provider[\"registry.terraform.io/hashicorp/azurerm\"]",
      "instances": [
        {
          "schema_version": 0,
          "attributes": {
            "condition": "",
            "condition_version": "",
            "delegated_managed_identity_resource_id": "",
            "description": "",
            "id": "/subscriptions/746d02a8-8c56-46c0-82e7-7c736f5ca6c3/resourceGroups/RG-KUB-DEV/providers/Microsoft.Network/privateDnsZones/privatelink.northeurope.azmk8s.io/providers/Microsoft.Authorization/roleAssignments/32fafcb4-9b98-2511-6bc6-df9621c49aa9",
            "name": "32fafcb4-9b98-2511-6bc6-df9621c49aa9",
            "principal_id": "4ff51fc4-d201-4b98-aecc-3c19c7c312b2",
            "principal_type": "ServicePrincipal",
            "role_definition_id": "/subscriptions/746d02a8-8c56-46c0-82e7-7c736f5ca6c3/providers/Microsoft.Authorization/roleDefinitions/b12aa53e-6015-4669-85d0-8515ebb3ae7f",
            "role_definition_name": "Private DNS Zone Contributor",
            "scope": "/subscriptions/746d02a8-8c56-46c0-82e7-7c736f5ca6c3/resourceGroups/RG-KUB-DEV/providers/Microsoft.Network/privateDnsZones/privatelink.northeurope.azmk8s.io",
            "skip_service_principal_aad_check": null,
            "timeouts": null
          },
          "sensitive_attributes": [],
          "private": "eyJlMmJmYjczMC1lY2FhLTExZTYtOGY4OC0zNDM2M2JjN2M0YzAiOnsiY3JlYXRlIjoxODAwMDAwMDAwMDAwLCJkZWxldGUiOjE4MDAwMDAwMDAwMDAsInJlYWQiOjMwMDAwMDAwMDAwMH19",
          "dependencies": [
            "module.aks.azurerm_private_dns_zone.prv-dns-zone",
            "module.aks.azurerm_user_assigned_identity.aks_uia"
          ]
        }
      ]
    },
    {
      "module": "module.aks",
      "mode": "managed",
      "type": "azurerm_role_assignment",
      "name": "aks_network_contributor",
      "provider": "module.aks.provider[\"registry.terraform.io/hashicorp/azurerm\"]",
      "instances": [
        {
          "schema_version": 0,
          "attributes": {
            "condition": "",
            "condition_version": "",
            "delegated_managed_identity_resource_id": "",
            "description": "",
            "id": "/subscriptions/746d02a8-8c56-46c0-82e7-7c736f5ca6c3/resourceGroups/RG-KUB-DEV/providers/Microsoft.Network/virtualNetworks/VNET-KUB-DEV/subnets/default/providers/Microsoft.Authorization/roleAssignments/e1884a00-7619-8d8c-9b82-164277e757cf",
            "name": "e1884a00-7619-8d8c-9b82-164277e757cf",
            "principal_id": "4ff51fc4-d201-4b98-aecc-3c19c7c312b2",
            "principal_type": "ServicePrincipal",
            "role_definition_id": "/subscriptions/746d02a8-8c56-46c0-82e7-7c736f5ca6c3/providers/Microsoft.Authorization/roleDefinitions/4d97b98b-1d4f-4787-a291-c67834d212e7",
            "role_definition_name": "Network Contributor",
            "scope": "/subscriptions/746d02a8-8c56-46c0-82e7-7c736f5ca6c3/resourceGroups/RG-KUB-DEV/providers/Microsoft.Network/virtualNetworks/VNET-KUB-DEV/subnets/default",
            "skip_service_principal_aad_check": null,
            "timeouts": null
          },
          "sensitive_attributes": [],
          "private": "eyJlMmJmYjczMC1lY2FhLTExZTYtOGY4OC0zNDM2M2JjN2M0YzAiOnsiY3JlYXRlIjoxODAwMDAwMDAwMDAwLCJkZWxldGUiOjE4MDAwMDAwMDAwMDAsInJlYWQiOjMwMDAwMDAwMDAwMH19",
          "dependencies": [
            "data.azurerm_subnet.subnet_dev",
            "module.aks.azurerm_user_assigned_identity.aks_uia"
          ]
        }
      ]
    },
    {
      "module": "module.aks",
      "mode": "managed",
      "type": "azurerm_user_assigned_identity",
      "name": "aks_uia",
      "provider": "module.aks.provider[\"registry.terraform.io/hashicorp/azurerm\"]",
      "instances": [
        {
          "schema_version": 1,
          "attributes": {
            "client_id": "0e0391b6-d171-46c9-b739-d56f8b6f11a4",
            "id": "/subscriptions/746d02a8-8c56-46c0-82e7-7c736f5ca6c3/resourceGroups/RG-KUB-DEV/providers/Microsoft.ManagedIdentity/userAssignedIdentities/kub-uia-dev",
            "isolation_scope": "",
            "location": "northeurope",
            "name": "kub-uia-dev",
            "principal_id": "4ff51fc4-d201-4b98-aecc-3c19c7c312b2",
            "resource_group_name": "RG-KUB-DEV",
            "tags": {
              "owner": "BOA",
              "platform": "Azure"
            },
            "tenant_id": "e91a3506-82bb-4f4b-ac4b-92dc6b491ff0",
            "timeouts": null
          },
          "sensitive_attributes": [],
          "private": "eyJlMmJmYjczMC1lY2FhLTExZTYtOGY4OC0zNDM2M2JjN2M0YzAiOnsiY3JlYXRlIjoxODAwMDAwMDAwMDAwLCJkZWxldGUiOjE4MDAwMDAwMDAwMDAsInJlYWQiOjMwMDAwMDAwMDAwMCwidXBkYXRlIjoxODAwMDAwMDAwMDAwfSwic2NoZW1hX3ZlcnNpb24iOiIxIn0="
        }
      ]
    },
    {
      "module": "module.aks",
      "mode": "managed",
      "type": "tls_private_key",
      "name": "ssh",
      "provider": "provider[\"registry.terraform.io/hashicorp/tls\"]",
      "instances": [
        {
          "schema_version": 1,
          "attributes": {
            "algorithm": "RSA",
            "ecdsa_curve": "P224",
            "id": "ca91ba39fa2b6861947d1dd8ff23b50f4b93dbf6",
            "private_key_openssh": "-----BEGIN OPENSSH PRIVATE KEY-----\nb3BlbnNzaC1rZXktdjEAAAAABG5vbmUAAAAEbm9uZQAAAAAAAAABAAACFwAAAAdz\nc2gtcnNhAAAAAwEAAQAAAgEA1jk2cYF/0vbNLoU1O/PNWjn3CA/CmMXDKztsD+By\nprFYUCgwQzyJYz3GpGtuacMtS57kzEIs+iiI0eSxZERdpTq8X/2YrUAA0e/TPnsG\n+4Of7hyi7t8dxJIkP0pc9QjrzaKIt/eF6nW3BBKOj8NKbsZ7c1Ec/E1pQFOzWZUx\nLDhzXpAZK9lA9BRi8pP9T17w7+K1h2IKcbSsln2wSWluJKrvuPg510A3qmcZlcoD\n9f8XKpOwB27ZVsGzUuWL0TbiUf/BHlA58Ed9Nz/zD1GgpCKPuaQ2chVDYRV5b4/v\nJ0PYj3Pgw5L1o1PQ6WEgQG7SPc53m2pDPznAaFFjgeyN8M2GkQKoEEwE3qWUJB1R\nCm9cJvSt9gjoW9lG5ZoP0WMxw9fmtyRyiLgxk5FQJSmLm7bSp5BGQPlEVYcbwBu3\n5jcWixfSgqt9zpvaImCyT+70pmGvQjk866ASof52YfenhVg4JvqQJM5kpWboSs4k\nsljKn9j32NNNSR1tYl6Gr2yfBjOT+e7ipv74O0onvUn6Xp654EAEZex4caHK2n6W\nkcI3zLjD5pSPtRQj1k9tXsabcTUHPT1NNmAzMcE89B4OmZdUrDOn2FQVQX0dliaz\nJxPZICDZ5RUx6PfkhUTfx6wZdrJfO5kiQynF2v8Ut0BnRmr3n7I2ya5/gWTzoyPG\nV20AAAc4ef7+e3n+/nsAAAAHc3NoLXJzYQAAAgEA1jk2cYF/0vbNLoU1O/PNWjn3\nCA/CmMXDKztsD+ByprFYUCgwQzyJYz3GpGtuacMtS57kzEIs+iiI0eSxZERdpTq8\nX/2YrUAA0e/TPnsG+4Of7hyi7t8dxJIkP0pc9QjrzaKIt/eF6nW3BBKOj8NKbsZ7\nc1Ec/E1pQFOzWZUxLDhzXpAZK9lA9BRi8pP9T17w7+K1h2IKcbSsln2wSWluJKrv\nuPg510A3qmcZlcoD9f8XKpOwB27ZVsGzUuWL0TbiUf/BHlA58Ed9Nz/zD1GgpCKP\nuaQ2chVDYRV5b4/vJ0PYj3Pgw5L1o1PQ6WEgQG7SPc53m2pDPznAaFFjgeyN8M2G\nkQKoEEwE3qWUJB1RCm9cJvSt9gjoW9lG5ZoP0WMxw9fmtyRyiLgxk5FQJSmLm7bS\np5BGQPlEVYcbwBu35jcWixfSgqt9zpvaImCyT+70pmGvQjk866ASof52YfenhVg4\nJvqQJM5kpWboSs4ksljKn9j32NNNSR1tYl6Gr2yfBjOT+e7ipv74O0onvUn6Xp65\n4EAEZex4caHK2n6WkcI3zLjD5pSPtRQj1k9tXsabcTUHPT1NNmAzMcE89B4OmZdU\nrDOn2FQVQX0dliazJxPZICDZ5RUx6PfkhUTfx6wZdrJfO5kiQynF2v8Ut0BnRmr3\nn7I2ya5/gWTzoyPGV20AAAADAQABAAACAC/rdGZHlZRXaOZzHclfbBw2wy+mdt09\nv763+CBFEOCA40Rq+QDRVdpBQ2IcNgKqikNUM9INK4p57sEk6xmGwXvoe6LtU23N\n12EeyJ49Xv58HxZgiYHtnvcNydXuiIS3jifdp7+fOvGLi3j5vbIi+U92Tr8o8dbu\nahDdqEzttqYxqn0Itti8LG9s8AVbXVqX3kWK7Rhvse5lgAXZ78k8MEs7gYxa2nVw\nBAO2NF7xZZltin0XtFS1UyC5C6gLeQ8/u7ikAUsKnytEkpn9UB2pIMoWgRgBx7wV\nTZE2AIgYJmMeJh9QyIJ3KUNzyFOsSk6fe6Afw1mcl5ZZENVE/4FcrRM7wwU6YcnK\nbwl2vS0EMyWlZ4d+vBweA99Ubi5A9c5k2zC86kAXwKuXmOTzoZgyBjK9h2/cNRzx\n9ky49QIF1Ppuo4pXvxG/IkMFt6aKGBrp84I6gHedIXOBbn0FC4y1jPQWlg4s/ACR\nYuV26Zxjh4ToR51yUVajRxVSHMEcYcIpSGfiG9FUz4CvOqKFB9rQKnyRxznj6Fsh\nVgjVRQnPI01pU5LS/+JXYake3txKvOHpbAbeMlS/KMncdSep8aPQoQoNlRAQkutT\nAphdvdYztlm07xYsc1O9x0QsNgPVlEOqPE5BlQuD9iARO9+1yGX6Qm6pHLyNKFvN\nE8P8vJeUhiqBAAABACLLfW7eZYW0988wb4gqjs5lY+CFS9SBEqHmNrVXSSc63tUk\niCmq4a6Ox6Aolhb1grldNW1xnsSBLdY9JEggsX/8b06pzQVERvmKzzhCtIu5Rbf4\newNZz/Ve0MCqozylNr9kFs44HS8IvcOmBaZttWG+cUN4WJREiY5hj7MqH9swp6pX\niKn+IBbCZLosvgLzB8yZK4CaPA2fNFc2iqpuZ4wFlst3u4tC7h0YoKESzwSAtWan\n0zHJCYhJqzOZPajVIpb9Wx45ziLhqu/LpsVDF3bLp4D5DDkwbA0u2r65uFvmsa7p\n20ESG+ZmGIj7tWLGkBo9W/ddOrKHnt3MONjGZmIAAAEBAN9W6+b4Om+8mATAjCjs\nYEuPQz7EL48ysDRFxY7vDE7srcmokl2coBtS+KEkcj8rsZ4GRncfF8yptSP4YlvF\nJRyB1uXq8NJ3gCtF7bm9hPsk1Fcr8aPqB0lDBiotun8Dc4QllidoaLX5nCnNlHAb\ntNS24kYOrOuc6K+zrpR4BHYYZ+WCWRSPRJBDscPqK98vaMW7wAb/abLW2kjbI7Pp\n4H/r7oSup7mGyw0agQyWquVFoC+hSpz3FIdRTvyoEWckz/xu9B8Emfw66aLkaS3F\n9aYDrAy6YYIidQEVAVseWDHRtNPOx4wEbZqudC/r6kGzfyczR/7W1xaJEmUSmxU6\ngGkAAAEBAPWNBFvlaEMWQ9+BdE6i8EJxplfDKxeSF+gaktJoqB1kfaQoitzBUHmW\nOyor6VXU+DYY6RovCKPrvsjy+l+khIz16vhA85lkJaXT54Hju1cGuClW7FIcDHPV\nbuyDBKHA45iF3+lmOSwgCY5tAf6xCqa2q5a0NWTUeogXqf2OcuPmpESk850xRYlm\nWDdWpZp6RVUMuvSY39YlAsnrv6jZCZuv4/TAbJ7BGYQjVPQqymbI2rD/otToGcrt\n970Vul8Y0c00aULlZKg3dspCU7ZHsZ28rBs4ufffA04nmGLfqKQe9NOuDO9m068n\nT5cRZ7xoUwrZjEO9HFa6+QOkDATOfmUAAAAAAQID\n-----END OPENSSH PRIVATE KEY-----\n",
            "private_key_pem": "-----BEGIN RSA PRIVATE KEY-----\nMIIJKQIBAAKCAgEA1jk2cYF/0vbNLoU1O/PNWjn3CA/CmMXDKztsD+ByprFYUCgw\nQzyJYz3GpGtuacMtS57kzEIs+iiI0eSxZERdpTq8X/2YrUAA0e/TPnsG+4Of7hyi\n7t8dxJIkP0pc9QjrzaKIt/eF6nW3BBKOj8NKbsZ7c1Ec/E1pQFOzWZUxLDhzXpAZ\nK9lA9BRi8pP9T17w7+K1h2IKcbSsln2wSWluJKrvuPg510A3qmcZlcoD9f8XKpOw\nB27ZVsGzUuWL0TbiUf/BHlA58Ed9Nz/zD1GgpCKPuaQ2chVDYRV5b4/vJ0PYj3Pg\nw5L1o1PQ6WEgQG7SPc53m2pDPznAaFFjgeyN8M2GkQKoEEwE3qWUJB1RCm9cJvSt\n9gjoW9lG5ZoP0WMxw9fmtyRyiLgxk5FQJSmLm7bSp5BGQPlEVYcbwBu35jcWixfS\ngqt9zpvaImCyT+70pmGvQjk866ASof52YfenhVg4JvqQJM5kpWboSs4ksljKn9j3\n2NNNSR1tYl6Gr2yfBjOT+e7ipv74O0onvUn6Xp654EAEZex4caHK2n6WkcI3zLjD\n5pSPtRQj1k9tXsabcTUHPT1NNmAzMcE89B4OmZdUrDOn2FQVQX0dliazJxPZICDZ\n5RUx6PfkhUTfx6wZdrJfO5kiQynF2v8Ut0BnRmr3n7I2ya5/gWTzoyPGV20CAwEA\nAQKCAgAv63RmR5WUV2jmcx3JX2wcNsMvpnbdPb++t/ggRRDggONEavkA0VXaQUNi\nHDYCqopDVDPSDSuKee7BJOsZhsF76Hui7VNtzddhHsiePV7+fB8WYImB7Z73DcnV\n7oiEt44n3ae/nzrxi4t4+b2yIvlPdk6/KPHW7moQ3ahM7bamMap9CLbYvCxvbPAF\nW11al95Fiu0Yb7HuZYAF2e/JPDBLO4GMWtp1cAQDtjRe8WWZbYp9F7RUtVMguQuo\nC3kPP7u4pAFLCp8rRJKZ/VAdqSDKFoEYAce8FU2RNgCIGCZjHiYfUMiCdylDc8hT\nrEpOn3ugH8NZnJeWWRDVRP+BXK0TO8MFOmHJym8Jdr0tBDMlpWeHfrwcHgPfVG4u\nQPXOZNswvOpAF8Crl5jk86GYMgYyvYdv3DUc8fZMuPUCBdT6bqOKV78RvyJDBbem\nihga6fOCOoB3nSFzgW59BQuMtYz0FpYOLPwAkWLldumcY4eE6EedclFWo0cVUhzB\nHGHCKUhn4hvRVM+ArzqihQfa0Cp8kcc54+hbIVYI1UUJzyNNaVOS0v/iV2GpHt7c\nSrzh6WwG3jJUvyjJ3HUnqfGj0KEKDZUQEJLrUwKYXb3WM7ZZtO8WLHNTvcdELDYD\n1ZRDqjxOQZULg/YgETvftchl+kJuqRy8jShbzRPD/LyXlIYqgQKCAQEA31br5vg6\nb7yYBMCMKOxgS49DPsQvjzKwNEXFju8MTuytyaiSXZygG1L4oSRyPyuxngZGdx8X\nzKm1I/hiW8UlHIHW5erw0neAK0Xtub2E+yTUVyvxo+oHSUMGKi26fwNzhCWWJ2ho\ntfmcKc2UcBu01LbiRg6s65zor7OulHgEdhhn5YJZFI9EkEOxw+or3y9oxbvABv9p\nstbaSNsjs+ngf+vuhK6nuYbLDRqBDJaq5UWgL6FKnPcUh1FO/KgRZyTP/G70HwSZ\n/DrpouRpLcX1pgOsDLphgiJ1ARUBWx5YMdG0087HjARtmq50L+vqQbN/JzNH/tbX\nFokSZRKbFTqAaQKCAQEA9Y0EW+VoQxZD34F0TqLwQnGmV8MrF5IX6BqS0mioHWR9\npCiK3MFQeZY7KivpVdT4NhjpGi8Io+u+yPL6X6SEjPXq+EDzmWQlpdPngeO7Vwa4\nKVbsUhwMc9Vu7IMEocDjmIXf6WY5LCAJjm0B/rEKprarlrQ1ZNR6iBep/Y5y4+ak\nRKTznTFFiWZYN1almnpFVQy69Jjf1iUCyeu/qNkJm6/j9MBsnsEZhCNU9CrKZsja\nsP+i1OgZyu33vRW6XxjRzTRpQuVkqDd2ykJTtkexnbysGzi5998DTieYYt+opB70\n064M72bTrydPlxFnvGhTCtmMQ70cVrr5A6QMBM5+ZQKCAQEAvQ6CcSlNpkp6UQOB\nYh7+QNgML3S5YbmhyQ4K9zzKKYFWd69X/yBXs+mfiCEnCOx+1WsweSP77Ib4THO1\nJ0QSbzhF5qjjpPX9rCPs4d9ZU5NQoF4VlhDEjDLNZCUDiwMr5QBARCmxAeJDXGun\nLON3Rt1tW6qOnIBdxGYQ8aNK+4Ebaf/WUn4Ypxp2v4ZaDvq98SxGmGXbXsVbUHMY\nnPLs1LyuUujaGEXPWs9F0Jc2IRC4UblyRL8vRIECoQPQf4R8/44Y3qzxgL+KCRbb\nJiE+GYNgQAICCrwKWZkjZbOhKsL/FJElABS7h0YIGozU5zr/9voFBudseaocxSxj\n1SuJiQKCAQEA02JcWEf7I5WtRGGLII8AShLQYkjvddEcp4EI1/2ki/kQeBs2v6fj\ngWgk8r7ulidKrjdvpEzNIWA204LoqyFTwo2Jg8FWc7xU9Jahe53yjo6IR34+3siq\np6UbYpu/hwgoZgsJoUGRAj1qPKP2zazXQIGM4aWtOWn5OeM1QcQ5f5vz2ewulCnw\ndMIYOztqQLv1p6vX3e0k9JLT/cPnMJH2xYH7uZ1VZK1TK//GiJO1vho2uZy4LpTI\nb3vAg5SK5obVRdRSsXYM2ws0RhYnPooli2b6ukxxO8NOcx9+/c8QvIixtvDkzcs1\nfFlZGPGw3e7pXjO9nirUlI1NBSdZ+WFSSQKCAQAiy31u3mWFtPfPMG+IKo7OZWPg\nhUvUgRKh5ja1V0knOt7VJIgpquGujsegKJYW9YK5XTVtcZ7EgS3WPSRIILF//G9O\nqc0FREb5is84QrSLuUW3+HsDWc/1XtDAqqM8pTa/ZBbOOB0vCL3DpgWmbbVhvnFD\neFiURImOYY+zKh/bMKeqV4ip/iAWwmS6LL4C8wfMmSuAmjwNnzRXNoqqbmeMBZbL\nd7uLQu4dGKChEs8EgLVmp9MxyQmISaszmT2o1SKW/VseOc4i4arvy6bFQxd2y6eA\n+Qw5MGwNLtq+ubhb5rGu6dtBEhvmZhiI+7VixpAaPVv3XTqyh57dzDjYxmZi\n-----END RSA PRIVATE KEY-----\n",
            "private_key_pem_pkcs8": "-----BEGIN PRIVATE KEY-----\nMIIJQwIBADANBgkqhkiG9w0BAQEFAASCCS0wggkpAgEAAoICAQDWOTZxgX/S9s0u\nhTU7881aOfcID8KYxcMrO2wP4HKmsVhQKDBDPIljPcaka25pwy1LnuTMQiz6KIjR\n5LFkRF2lOrxf/ZitQADR79M+ewb7g5/uHKLu3x3EkiQ/Slz1COvNooi394XqdbcE\nEo6Pw0puxntzURz8TWlAU7NZlTEsOHNekBkr2UD0FGLyk/1PXvDv4rWHYgpxtKyW\nfbBJaW4kqu+4+DnXQDeqZxmVygP1/xcqk7AHbtlWwbNS5YvRNuJR/8EeUDnwR303\nP/MPUaCkIo+5pDZyFUNhFXlvj+8nQ9iPc+DDkvWjU9DpYSBAbtI9znebakM/OcBo\nUWOB7I3wzYaRAqgQTATepZQkHVEKb1wm9K32COhb2Ublmg/RYzHD1+a3JHKIuDGT\nkVAlKYubttKnkEZA+URVhxvAG7fmNxaLF9KCq33Om9oiYLJP7vSmYa9COTzroBKh\n/nZh96eFWDgm+pAkzmSlZuhKziSyWMqf2PfY001JHW1iXoavbJ8GM5P57uKm/vg7\nSie9SfpenrngQARl7HhxocrafpaRwjfMuMPmlI+1FCPWT21exptxNQc9PU02YDMx\nwTz0Hg6Zl1SsM6fYVBVBfR2WJrMnE9kgINnlFTHo9+SFRN/HrBl2sl87mSJDKcXa\n/xS3QGdGavefsjbJrn+BZPOjI8ZXbQIDAQABAoICAC/rdGZHlZRXaOZzHclfbBw2\nwy+mdt09v763+CBFEOCA40Rq+QDRVdpBQ2IcNgKqikNUM9INK4p57sEk6xmGwXvo\ne6LtU23N12EeyJ49Xv58HxZgiYHtnvcNydXuiIS3jifdp7+fOvGLi3j5vbIi+U92\nTr8o8dbuahDdqEzttqYxqn0Itti8LG9s8AVbXVqX3kWK7Rhvse5lgAXZ78k8MEs7\ngYxa2nVwBAO2NF7xZZltin0XtFS1UyC5C6gLeQ8/u7ikAUsKnytEkpn9UB2pIMoW\ngRgBx7wVTZE2AIgYJmMeJh9QyIJ3KUNzyFOsSk6fe6Afw1mcl5ZZENVE/4FcrRM7\nwwU6YcnKbwl2vS0EMyWlZ4d+vBweA99Ubi5A9c5k2zC86kAXwKuXmOTzoZgyBjK9\nh2/cNRzx9ky49QIF1Ppuo4pXvxG/IkMFt6aKGBrp84I6gHedIXOBbn0FC4y1jPQW\nlg4s/ACRYuV26Zxjh4ToR51yUVajRxVSHMEcYcIpSGfiG9FUz4CvOqKFB9rQKnyR\nxznj6FshVgjVRQnPI01pU5LS/+JXYake3txKvOHpbAbeMlS/KMncdSep8aPQoQoN\nlRAQkutTAphdvdYztlm07xYsc1O9x0QsNgPVlEOqPE5BlQuD9iARO9+1yGX6Qm6p\nHLyNKFvNE8P8vJeUhiqBAoIBAQDfVuvm+DpvvJgEwIwo7GBLj0M+xC+PMrA0RcWO\n7wxO7K3JqJJdnKAbUvihJHI/K7GeBkZ3HxfMqbUj+GJbxSUcgdbl6vDSd4ArRe25\nvYT7JNRXK/Gj6gdJQwYqLbp/A3OEJZYnaGi1+ZwpzZRwG7TUtuJGDqzrnOivs66U\neAR2GGflglkUj0SQQ7HD6ivfL2jFu8AG/2my1tpI2yOz6eB/6+6Erqe5hssNGoEM\nlqrlRaAvoUqc9xSHUU78qBFnJM/8bvQfBJn8Oumi5GktxfWmA6wMumGCInUBFQFb\nHlgx0bTTzseMBG2arnQv6+pBs38nM0f+1tcWiRJlEpsVOoBpAoIBAQD1jQRb5WhD\nFkPfgXROovBCcaZXwysXkhfoGpLSaKgdZH2kKIrcwVB5ljsqK+lV1Pg2GOkaLwij\n677I8vpfpISM9er4QPOZZCWl0+eB47tXBrgpVuxSHAxz1W7sgwShwOOYhd/pZjks\nIAmObQH+sQqmtquWtDVk1HqIF6n9jnLj5qREpPOdMUWJZlg3VqWaekVVDLr0mN/W\nJQLJ67+o2Qmbr+P0wGyewRmEI1T0KspmyNqw/6LU6BnK7fe9FbpfGNHNNGlC5WSo\nN3bKQlO2R7GdvKwbOLn33wNOJ5hi36ikHvTTrgzvZtOvJ0+XEWe8aFMK2YxDvRxW\nuvkDpAwEzn5lAoIBAQC9DoJxKU2mSnpRA4FiHv5A2AwvdLlhuaHJDgr3PMopgVZ3\nr1f/IFez6Z+IIScI7H7VazB5I/vshvhMc7UnRBJvOEXmqOOk9f2sI+zh31lTk1Cg\nXhWWEMSMMs1kJQOLAyvlAEBEKbEB4kNca6cs43dG3W1bqo6cgF3EZhDxo0r7gRtp\n/9ZSfhinGna/hloO+r3xLEaYZdtexVtQcxic8uzUvK5S6NoYRc9az0XQlzYhELhR\nuXJEvy9EgQKhA9B/hHz/jhjerPGAv4oJFtsmIT4Zg2BAAgIKvApZmSNls6Eqwv8U\nkSUAFLuHRggajNTnOv/2+gUG52x5qhzFLGPVK4mJAoIBAQDTYlxYR/sjla1EYYsg\njwBKEtBiSO910RyngQjX/aSL+RB4Gza/p+OBaCTyvu6WJ0quN2+kTM0hYDbTguir\nIVPCjYmDwVZzvFT0lqF7nfKOjohHfj7eyKqnpRtim7+HCChmCwmhQZECPWo8o/bN\nrNdAgYzhpa05afk54zVBxDl/m/PZ7C6UKfB0whg7O2pAu/Wnq9fd7ST0ktP9w+cw\nkfbFgfu5nVVkrVMr/8aIk7W+Gja5nLgulMhve8CDlIrmhtVF1FKxdgzbCzRGFic+\niiWLZvq6THE7w05zH379zxC8iLG28OTNyzV8WVkY8bDd7uleM72eKtSUjU0FJ1n5\nYVJJAoIBACLLfW7eZYW0988wb4gqjs5lY+CFS9SBEqHmNrVXSSc63tUkiCmq4a6O\nx6Aolhb1grldNW1xnsSBLdY9JEggsX/8b06pzQVERvmKzzhCtIu5Rbf4ewNZz/Ve\n0MCqozylNr9kFs44HS8IvcOmBaZttWG+cUN4WJREiY5hj7MqH9swp6pXiKn+IBbC\nZLosvgLzB8yZK4CaPA2fNFc2iqpuZ4wFlst3u4tC7h0YoKESzwSAtWan0zHJCYhJ\nqzOZPajVIpb9Wx45ziLhqu/LpsVDF3bLp4D5DDkwbA0u2r65uFvmsa7p20ESG+Zm\nGIj7tWLGkBo9W/ddOrKHnt3MONjGZmI=\n-----END PRIVATE KEY-----\n",
            "public_key_fingerprint_md5": "53:b1:49:a9:7a:49:08:bd:b5:ef:89:4f:14:d2:a2:73",
            "public_key_fingerprint_sha256": "SHA256:+j9ZHUAKlhz3hnYbTRTg/vSoYf+FdcKWhLkkqfOvIM8",
            "public_key_openssh": "ssh-rsa AAAAB3NzaC1yc2EAAAADAQABAAACAQDWOTZxgX/S9s0uhTU7881aOfcID8KYxcMrO2wP4HKmsVhQKDBDPIljPcaka25pwy1LnuTMQiz6KIjR5LFkRF2lOrxf/ZitQADR79M+ewb7g5/uHKLu3x3EkiQ/Slz1COvNooi394XqdbcEEo6Pw0puxntzURz8TWlAU7NZlTEsOHNekBkr2UD0FGLyk/1PXvDv4rWHYgpxtKyWfbBJaW4kqu+4+DnXQDeqZxmVygP1/xcqk7AHbtlWwbNS5YvRNuJR/8EeUDnwR303P/MPUaCkIo+5pDZyFUNhFXlvj+8nQ9iPc+DDkvWjU9DpYSBAbtI9znebakM/OcBoUWOB7I3wzYaRAqgQTATepZQkHVEKb1wm9K32COhb2Ublmg/RYzHD1+a3JHKIuDGTkVAlKYubttKnkEZA+URVhxvAG7fmNxaLF9KCq33Om9oiYLJP7vSmYa9COTzroBKh/nZh96eFWDgm+pAkzmSlZuhKziSyWMqf2PfY001JHW1iXoavbJ8GM5P57uKm/vg7Sie9SfpenrngQARl7HhxocrafpaRwjfMuMPmlI+1FCPWT21exptxNQc9PU02YDMxwTz0Hg6Zl1SsM6fYVBVBfR2WJrMnE9kgINnlFTHo9+SFRN/HrBl2sl87mSJDKcXa/xS3QGdGavefsjbJrn+BZPOjI8ZXbQ==\n",
            "public_key_pem": "-----BEGIN PUBLIC KEY-----\nMIICIjANBgkqhkiG9w0BAQEFAAOCAg8AMIICCgKCAgEA1jk2cYF/0vbNLoU1O/PN\nWjn3CA/CmMXDKztsD+ByprFYUCgwQzyJYz3GpGtuacMtS57kzEIs+iiI0eSxZERd\npTq8X/2YrUAA0e/TPnsG+4Of7hyi7t8dxJIkP0pc9QjrzaKIt/eF6nW3BBKOj8NK\nbsZ7c1Ec/E1pQFOzWZUxLDhzXpAZK9lA9BRi8pP9T17w7+K1h2IKcbSsln2wSWlu\nJKrvuPg510A3qmcZlcoD9f8XKpOwB27ZVsGzUuWL0TbiUf/BHlA58Ed9Nz/zD1Gg\npCKPuaQ2chVDYRV5b4/vJ0PYj3Pgw5L1o1PQ6WEgQG7SPc53m2pDPznAaFFjgeyN\n8M2GkQKoEEwE3qWUJB1RCm9cJvSt9gjoW9lG5ZoP0WMxw9fmtyRyiLgxk5FQJSmL\nm7bSp5BGQPlEVYcbwBu35jcWixfSgqt9zpvaImCyT+70pmGvQjk866ASof52Yfen\nhVg4JvqQJM5kpWboSs4ksljKn9j32NNNSR1tYl6Gr2yfBjOT+e7ipv74O0onvUn6\nXp654EAEZex4caHK2n6WkcI3zLjD5pSPtRQj1k9tXsabcTUHPT1NNmAzMcE89B4O\nmZdUrDOn2FQVQX0dliazJxPZICDZ5RUx6PfkhUTfx6wZdrJfO5kiQynF2v8Ut0Bn\nRmr3n7I2ya5/gWTzoyPGV20CAwEAAQ==\n-----END PUBLIC KEY-----\n",
            "rsa_bits": 4096
          },
          "sensitive_attributes": []
        }
      ]
    }
  ],
  "check_results": null
}
