{
  "version": 4,
  "terraform_version": "1.15.6",
  "serial": 57,
  "lineage": "5971604f-5194-cb80-7e47-68cb76b03d84",
  "outputs": {},
  "resources": [
    {
      "mode": "data",
      "type": "azuread_group",
      "name": "admin-group-prod",
      "provider": "provider[\"registry.terraform.io/hashicorp/azuread\"]",
      "instances": [
        {
          "schema_version": 0,
          "attributes": {
            "assignable_to_role": false,
            "behaviors": [],
            "description": "Groupe des admins du cluster KUB_PROD",
            "display_name": "GRP_KUB_PROD",
            "dynamic_membership": [],
            "id": "16305d0e-8159-47da-9d33-2073128b3783",
            "mail": "",
            "mail_enabled": false,
            "mail_nickname": "a3b73949-6",
            "members": [
              "1ba95921-2fe7-495e-97a6-17392a522ecb",
              "5ae4e0f3-8dbe-4f83-99a0-462ce87de55b",
              "a57cb414-42a0-48bf-b035-a952dffa71c6",
              "40cf3213-82c0-4063-b2c2-2472a678f0de",
              "600771f5-37c7-406c-b267-b9a17384e88c",
              "73dc1609-989b-45e2-9d93-c3229996ceca"
            ],
            "object_id": "16305d0e-8159-47da-9d33-2073128b3783",
            "onpremises_domain_name": "",
            "onpremises_netbios_name": "",
            "onpremises_sam_account_name": "",
            "onpremises_security_identifier": "",
            "onpremises_sync_enabled": false,
            "owners": [],
            "preferred_language": "",
            "provisioning_options": [],
            "proxy_addresses": [],
            "security_enabled": true,
            "theme": "",
            "timeouts": null,
            "types": [],
            "visibility": ""
          },
          "sensitive_attributes": [],
          "identity_schema_version": 0
        }
      ]
    },
    {
      "mode": "data",
      "type": "azurerm_client_config",
      "name": "current",
      "provider": "provider[\"registry.terraform.io/hashicorp/azurerm\"]",
      "instances": [
        {
          "schema_version": 0,
          "attributes": {
            "client_id": "04b07795-8ddb-461a-bbee-02f9e1bf7b46",
            "id": "Y2xpZW50Q29uZmlncy9jbGllbnRJZD0wNGIwNzc5NS04ZGRiLTQ2MWEtYmJlZS0wMmY5ZTFiZjdiNDY7b2JqZWN0SWQ9NzNkYzE2MDktOTg5Yi00NWUyLTlkOTMtYzMyMjk5OTZjZWNhO3N1YnNjcmlwdGlvbklkPTc0NmQwMmE4LThjNTYtNDZjMC04MmU3LTdjNzM2ZjVjYTZjMzt0ZW5hbnRJZD1lOTFhMzUwNi04MmJiLTRmNGItYWM0Yi05MmRjNmI0OTFmZjA=",
            "object_id": "73dc1609-989b-45e2-9d93-c3229996ceca",
            "subscription_id": "746d02a8-8c56-46c0-82e7-7c736f5ca6c3",
            "tenant_id": "e91a3506-82bb-4f4b-ac4b-92dc6b491ff0",
            "timeouts": null
          },
          "sensitive_attributes": [],
          "identity_schema_version": 0
        }
      ]
    },
    {
      "mode": "data",
      "type": "azurerm_subnet",
      "name": "subnet_prod",
      "provider": "provider[\"registry.terraform.io/hashicorp/azurerm\"]",
      "instances": [
        {
          "schema_version": 0,
          "attributes": {
            "address_prefix": "",
            "address_prefixes": [
              "10.160.0.0/24"
            ],
            "default_outbound_access_enabled": true,
            "id": "/subscriptions/746d02a8-8c56-46c0-82e7-7c736f5ca6c3/resourceGroups/RG-KUB-PROD/providers/Microsoft.Network/virtualNetworks/VNET-KUB-PROD-NEW/subnets/default",
            "name": "default",
            "network_security_group_id": "",
            "private_endpoint_network_policies": "Disabled",
            "private_link_service_network_policies_enabled": true,
            "resource_group_name": "RG-KUB-PROD",
            "route_table_id": "",
            "service_endpoints": [],
            "timeouts": null,
            "virtual_network_name": "VNET-KUB-PROD-NEW"
          },
          "sensitive_attributes": [],
          "identity_schema_version": 0
        }
      ]
    },
    {
      "mode": "data",
      "type": "azurerm_subscription",
      "name": "current",
      "provider": "provider[\"registry.terraform.io/hashicorp/azurerm\"]",
      "instances": [
        {
          "schema_version": 0,
          "attributes": {
            "display_name": "Global Subscription BOA HOLDING CSP",
            "id": "/subscriptions/746d02a8-8c56-46c0-82e7-7c736f5ca6c3",
            "location_placement_id": "Public_2014-09-01",
            "quota_id": "CSP_2015-05-01",
            "spending_limit": "Off",
            "state": "Enabled",
            "subscription_id": "746d02a8-8c56-46c0-82e7-7c736f5ca6c3",
            "tags": {},
            "tenant_id": "e91a3506-82bb-4f4b-ac4b-92dc6b491ff0",
            "timeouts": null
          },
          "sensitive_attributes": [],
          "identity_schema_version": 0
        }
      ]
    },
    {
      "mode": "data",
      "type": "azurerm_virtual_network",
      "name": "vnet_prod",
      "provider": "provider[\"registry.terraform.io/hashicorp/azurerm\"]",
      "instances": [
        {
          "schema_version": 0,
          "attributes": {
            "address_space": [
              "10.160.0.0/24",
              "10.160.1.0/26"
            ],
            "dns_servers": null,
            "guid": "d12bbe86-ac49-49d5-b947-957bb1da8e46",
            "id": "/subscriptions/746d02a8-8c56-46c0-82e7-7c736f5ca6c3/resourceGroups/RG-KUB-PROD/providers/Microsoft.Network/virtualNetworks/VNET-KUB-PROD-NEW",
            "location": "northeurope",
            "name": "VNET-KUB-PROD-NEW",
            "resource_group_name": "RG-KUB-PROD",
            "subnets": [
              "AzureBastionSubnet",
              "default"
            ],
            "tags": {
              "PROJECT": "KUB-PROD"
            },
            "timeouts": null,
            "vnet_peerings": {
              "KUB-PROD-NEW-to-BOAWEB-PROD": "/subscriptions/9b46dd23-8ea2-4bb3-b250-ad4485cf7409/resourceGroups/Prod-BOAWeb/providers/Microsoft.Network/virtualNetworks/VnetBOAWEB",
              "TRANSIT_KUB_PROD_NEW": "/subscriptions/9b46dd23-8ea2-4bb3-b250-ad4485cf7409/resourceGroups/RG_SECURITY_AZ/providers/Microsoft.Network/virtualNetworks/VNET_TRANSIT"
            },
            "vnet_peerings_addresses": [
              "10.220.0.0/16",
              "10.186.0.0/16"
            ]
          },
          "sensitive_attributes": [],
          "identity_schema_version": 0
        }
      ]
    },
    {
      "module": "module.acr",
      "mode": "managed",
      "type": "azurerm_container_registry",
      "name": "acr",
      "provider": "module.acr.provider[\"registry.terraform.io/hashicorp/azurerm\"]",
      "instances": [
        {
          "index_key": 0,
          "schema_version": 2,
          "attributes": {
            "admin_enabled": true,
            "admin_password": "dq6hkPSRw3dcdIxKlcFYdtynWdvNTBitVZaKEvtf09qKSo8kpgnpJQQJ99CFACi5YpzEqg7NAAACAZCRcWN6",
            "admin_username": "kubacrprod",
            "anonymous_pull_enabled": false,
            "data_endpoint_enabled": false,
            "data_endpoint_host_names": [
              "kubacrprod.northeurope.data.azurecr.io"
            ],
            "encryption": [],
            "export_policy_enabled": true,
            "georeplications": [],
            "id": "/subscriptions/746d02a8-8c56-46c0-82e7-7c736f5ca6c3/resourceGroups/RG-KUB-PROD/providers/Microsoft.ContainerRegistry/registries/kubacrprod",
            "identity": [
              {
                "identity_ids": [
                  "/subscriptions/746d02a8-8c56-46c0-82e7-7c736f5ca6c3/resourceGroups/RG-KUB-PROD/providers/Microsoft.ManagedIdentity/userAssignedIdentities/kub-acr-uia-prod"
                ],
                "principal_id": "",
                "tenant_id": "",
                "type": "UserAssigned"
              }
            ],
            "location": "northeurope",
            "login_server": "kubacrprod.azurecr.io",
            "name": "kubacrprod",
            "network_rule_bypass_option": "AzureServices",
            "network_rule_set": [
              {
                "default_action": "Allow",
                "ip_rule": [
                  {
                    "action": "Allow",
                    "ip_range": "192.16.0.0/16"
                  }
                ]
              }
            ],
            "public_network_access_enabled": true,
            "quarantine_policy_enabled": false,
            "resource_group_name": "RG-KUB-PROD",
            "retention_policy_in_days": 5,
            "sku": "Premium",
            "tags": {},
            "timeouts": null,
            "trust_policy_enabled": false,
            "zone_redundancy_enabled": false
          },
          "sensitive_attributes": [
            [
              {
                "type": "get_attr",
                "value": "admin_password"
              }
            ]
          ],
          "identity_schema_version": 0,
          "private": "eyJlMmJmYjczMC1lY2FhLTExZTYtOGY4OC0zNDM2M2JjN2M0YzAiOnsiY3JlYXRlIjoxODAwMDAwMDAwMDAwLCJkZWxldGUiOjE4MDAwMDAwMDAwMDAsInJlYWQiOjMwMDAwMDAwMDAwMCwidXBkYXRlIjoxODAwMDAwMDAwMDAwfSwic2NoZW1hX3ZlcnNpb24iOiIyIn0=",
          "dependencies": [
            "module.acr.azurerm_user_assigned_identity.acr-uia"
          ]
        }
      ]
    },
    {
      "module": "module.acr",
      "mode": "managed",
      "type": "azurerm_private_dns_zone",
      "name": "dnszone1",
      "provider": "module.acr.provider[\"registry.terraform.io/hashicorp/azurerm\"]",
      "instances": [
        {
          "index_key": 0,
          "schema_version": 0,
          "attributes": {
            "id": "/subscriptions/746d02a8-8c56-46c0-82e7-7c736f5ca6c3/resourceGroups/RG-KUB-PROD/providers/Microsoft.Network/privateDnsZones/privatelink.azurecr.io",
            "max_number_of_record_sets": 25000,
            "max_number_of_virtual_network_links": 1000,
            "max_number_of_virtual_network_links_with_registration": 100,
            "name": "privatelink.azurecr.io",
            "number_of_record_sets": 3,
            "resource_group_name": "RG-KUB-PROD",
            "soa_record": [
              {
                "email": "azureprivatedns-host.microsoft.com",
                "expire_time": 2419200,
                "fqdn": "privatelink.azurecr.io.",
                "host_name": "azureprivatedns.net",
                "minimum_ttl": 10,
                "refresh_time": 3600,
                "retry_time": 300,
                "serial_number": 1,
                "tags": {},
                "ttl": 3600
              }
            ],
            "tags": {
              "company": "boa",
              "environment": "prod"
            },
            "timeouts": null
          },
          "sensitive_attributes": [],
          "identity_schema_version": 0,
          "identity": {
            "name": "privatelink.azurecr.io",
            "resource_group_name": "RG-KUB-PROD",
            "subscription_id": "746d02a8-8c56-46c0-82e7-7c736f5ca6c3"
          },
          "private": "eyJlMmJmYjczMC1lY2FhLTExZTYtOGY4OC0zNDM2M2JjN2M0YzAiOnsiY3JlYXRlIjoxODAwMDAwMDAwMDAwLCJkZWxldGUiOjE4MDAwMDAwMDAwMDAsInJlYWQiOjMwMDAwMDAwMDAwMCwidXBkYXRlIjoxODAwMDAwMDAwMDAwfX0="
        }
      ]
    },
    {
      "module": "module.acr",
      "mode": "managed",
      "type": "azurerm_private_endpoint",
      "name": "pe_acr",
      "provider": "module.acr.provider[\"registry.terraform.io/hashicorp/azurerm\"]",
      "instances": [
        {
          "index_key": 0,
          "schema_version": 0,
          "attributes": {
            "custom_dns_configs": [],
            "custom_network_interface_name": "",
            "id": "/subscriptions/746d02a8-8c56-46c0-82e7-7c736f5ca6c3/resourceGroups/RG-KUB-PROD/providers/Microsoft.Network/privateEndpoints/pe-acr-prod",
            "ip_configuration": [],
            "location": "northeurope",
            "name": "pe-acr-prod",
            "network_interface": [
              {
                "id": "/subscriptions/746d02a8-8c56-46c0-82e7-7c736f5ca6c3/resourceGroups/RG-KUB-PROD/providers/Microsoft.Network/networkInterfaces/pe-acr-prod.nic.75ffbd4c-3dbb-4fdb-b132-9cab13d1a1d3",
                "name": "pe-acr-prod.nic.75ffbd4c-3dbb-4fdb-b132-9cab13d1a1d3"
              }
            ],
            "private_dns_zone_configs": [
              {
                "id": "/subscriptions/746d02a8-8c56-46c0-82e7-7c736f5ca6c3/resourceGroups/RG-KUB-PROD/providers/Microsoft.Network/privateEndpoints/pe-acr-prod/privateDnsZoneGroups/acr-dns-zone-group-prod/privateDnsZoneConfigs/privatelink.azurecr.io",
                "name": "privatelink.azurecr.io",
                "private_dns_zone_id": "/subscriptions/746d02a8-8c56-46c0-82e7-7c736f5ca6c3/resourceGroups/RG-KUB-PROD/providers/Microsoft.Network/privateDnsZones/privatelink.azurecr.io",
                "record_sets": [
                  {
                    "fqdn": "kubacrprod.northeurope.data.privatelink.azurecr.io",
                    "ip_addresses": [
                      "10.160.0.5"
                    ],
                    "name": "kubacrprod.northeurope.data",
                    "ttl": 10,
                    "type": "A"
                  },
                  {
                    "fqdn": "kubacrprod.privatelink.azurecr.io",
                    "ip_addresses": [
                      "10.160.0.6"
                    ],
                    "name": "kubacrprod",
                    "ttl": 10,
                    "type": "A"
                  }
                ]
              }
            ],
            "private_dns_zone_group": [
              {
                "id": "/subscriptions/746d02a8-8c56-46c0-82e7-7c736f5ca6c3/resourceGroups/RG-KUB-PROD/providers/Microsoft.Network/privateEndpoints/pe-acr-prod/privateDnsZoneGroups/acr-dns-zone-group-prod",
                "name": "acr-dns-zone-group-prod",
                "private_dns_zone_ids": [
                  "/subscriptions/746d02a8-8c56-46c0-82e7-7c736f5ca6c3/resourceGroups/RG-KUB-PROD/providers/Microsoft.Network/privateDnsZones/privatelink.azurecr.io"
                ]
              }
            ],
            "private_service_connection": [
              {
                "is_manual_connection": false,
                "name": "acr-psc-prod",
                "private_connection_resource_alias": "",
                "private_connection_resource_id": "/subscriptions/746d02a8-8c56-46c0-82e7-7c736f5ca6c3/resourceGroups/RG-KUB-PROD/providers/Microsoft.ContainerRegistry/registries/kubacrprod",
                "private_ip_address": "10.160.0.5",
                "request_message": "",
                "subresource_names": [
                  "registry"
                ]
              }
            ],
            "resource_group_name": "RG-KUB-PROD",
            "subnet_id": "/subscriptions/746d02a8-8c56-46c0-82e7-7c736f5ca6c3/resourceGroups/RG-KUB-PROD/providers/Microsoft.Network/virtualNetworks/VNET-KUB-PROD-NEW/subnets/default",
            "tags": {},
            "timeouts": null
          },
          "sensitive_attributes": [],
          "identity_schema_version": 0,
          "identity": {
            "name": "pe-acr-prod",
            "resource_group_name": "RG-KUB-PROD",
            "subscription_id": "746d02a8-8c56-46c0-82e7-7c736f5ca6c3"
          },
          "private": "eyJlMmJmYjczMC1lY2FhLTExZTYtOGY4OC0zNDM2M2JjN2M0YzAiOnsiY3JlYXRlIjozNjAwMDAwMDAwMDAwLCJkZWxldGUiOjM2MDAwMDAwMDAwMDAsInJlYWQiOjMwMDAwMDAwMDAwMCwidXBkYXRlIjozNjAwMDAwMDAwMDAwfX0=",
          "dependencies": [
            "data.azurerm_subnet.subnet_prod",
            "module.acr.azurerm_container_registry.acr",
            "module.acr.azurerm_private_dns_zone.dnszone1",
            "module.acr.azurerm_user_assigned_identity.acr-uia"
          ]
        }
      ]
    },
    {
      "module": "module.acr",
      "mode": "managed",
      "type": "azurerm_user_assigned_identity",
      "name": "acr-uia",
      "provider": "module.acr.provider[\"registry.terraform.io/hashicorp/azurerm\"]",
      "instances": [
        {
          "schema_version": 1,
          "attributes": {
            "client_id": "5f3bbf6c-796a-46fb-a5a6-10648da15dca",
            "id": "/subscriptions/746d02a8-8c56-46c0-82e7-7c736f5ca6c3/resourceGroups/RG-KUB-PROD/providers/Microsoft.ManagedIdentity/userAssignedIdentities/kub-acr-uia-prod",
            "isolation_scope": "",
            "location": "northeurope",
            "name": "kub-acr-uia-prod",
            "principal_id": "5fd5877e-acf9-4945-8234-097865af56d9",
            "resource_group_name": "RG-KUB-PROD",
            "tags": {
              "company": "boa",
              "environment": "prod"
            },
            "tenant_id": "e91a3506-82bb-4f4b-ac4b-92dc6b491ff0",
            "timeouts": null
          },
          "sensitive_attributes": [],
          "identity_schema_version": 0,
          "private": "eyJlMmJmYjczMC1lY2FhLTExZTYtOGY4OC0zNDM2M2JjN2M0YzAiOnsiY3JlYXRlIjoxODAwMDAwMDAwMDAwLCJkZWxldGUiOjE4MDAwMDAwMDAwMDAsInJlYWQiOjMwMDAwMDAwMDAwMCwidXBkYXRlIjoxODAwMDAwMDAwMDAwfSwic2NoZW1hX3ZlcnNpb24iOiIxIn0="
        }
      ]
    },
    {
      "module": "module.aks",
      "mode": "data",
      "type": "azuread_group",
      "name": "admin-group-dev",
      "provider": "provider[\"registry.terraform.io/hashicorp/azuread\"]",
      "instances": [
        {
          "schema_version": 0,
          "attributes": {
            "assignable_to_role": false,
            "behaviors": [],
            "description": "Groupe des admins du cluster KUB_DEV",
            "display_name": "GRP_KUB_DEV",
            "dynamic_membership": [],
            "id": "52303a55-fa21-4d3b-9836-68df23639aca",
            "mail": "",
            "mail_enabled": false,
            "mail_nickname": "35e2777b-6",
            "members": [
              "1ba95921-2fe7-495e-97a6-17392a522ecb",
              "5ae4e0f3-8dbe-4f83-99a0-462ce87de55b",
              "a57cb414-42a0-48bf-b035-a952dffa71c6",
              "40cf3213-82c0-4063-b2c2-2472a678f0de",
              "600771f5-37c7-406c-b267-b9a17384e88c",
              "73dc1609-989b-45e2-9d93-c3229996ceca"
            ],
            "object_id": "52303a55-fa21-4d3b-9836-68df23639aca",
            "onpremises_domain_name": "",
            "onpremises_netbios_name": "",
            "onpremises_sam_account_name": "",
            "onpremises_security_identifier": "",
            "onpremises_sync_enabled": false,
            "owners": [],
            "preferred_language": "",
            "provisioning_options": [],
            "proxy_addresses": [],
            "security_enabled": true,
            "theme": "",
            "timeouts": null,
            "types": [],
            "visibility": ""
          },
          "sensitive_attributes": [],
          "identity_schema_version": 0
        }
      ]
    },
    {
      "module": "module.aks",
      "mode": "data",
      "type": "azuread_group",
      "name": "admin-group-preprod",
      "provider": "provider[\"registry.terraform.io/hashicorp/azuread\"]",
      "instances": [
        {
          "schema_version": 0,
          "attributes": {
            "assignable_to_role": false,
            "behaviors": [],
            "description": "Groupe des admins du cluster KUB_PREPROD",
            "display_name": "GRP_KUB_PREPROD",
            "dynamic_membership": [],
            "id": "823a4f62-5eba-4272-bf82-7a750d4e5f13",
            "mail": "",
            "mail_enabled": false,
            "mail_nickname": "501cf71e-8",
            "members": [
              "1ba95921-2fe7-495e-97a6-17392a522ecb",
              "5ae4e0f3-8dbe-4f83-99a0-462ce87de55b",
              "a57cb414-42a0-48bf-b035-a952dffa71c6",
              "40cf3213-82c0-4063-b2c2-2472a678f0de",
              "600771f5-37c7-406c-b267-b9a17384e88c",
              "73dc1609-989b-45e2-9d93-c3229996ceca"
            ],
            "object_id": "823a4f62-5eba-4272-bf82-7a750d4e5f13",
            "onpremises_domain_name": "",
            "onpremises_netbios_name": "",
            "onpremises_sam_account_name": "",
            "onpremises_security_identifier": "",
            "onpremises_sync_enabled": false,
            "owners": [],
            "preferred_language": "",
            "provisioning_options": [],
            "proxy_addresses": [],
            "security_enabled": true,
            "theme": "",
            "timeouts": null,
            "types": [],
            "visibility": ""
          },
          "sensitive_attributes": [],
          "identity_schema_version": 0
        }
      ]
    },
    {
      "module": "module.aks",
      "mode": "data",
      "type": "azuread_group",
      "name": "admin-group-prod",
      "provider": "provider[\"registry.terraform.io/hashicorp/azuread\"]",
      "instances": [
        {
          "schema_version": 0,
          "attributes": {
            "assignable_to_role": false,
            "behaviors": [],
            "description": "Groupe des admins du cluster KUB_PROD",
            "display_name": "GRP_KUB_PROD",
            "dynamic_membership": [],
            "id": "16305d0e-8159-47da-9d33-2073128b3783",
            "mail": "",
            "mail_enabled": false,
            "mail_nickname": "a3b73949-6",
            "members": [
              "1ba95921-2fe7-495e-97a6-17392a522ecb",
              "5ae4e0f3-8dbe-4f83-99a0-462ce87de55b",
              "a57cb414-42a0-48bf-b035-a952dffa71c6",
              "40cf3213-82c0-4063-b2c2-2472a678f0de",
              "600771f5-37c7-406c-b267-b9a17384e88c",
              "73dc1609-989b-45e2-9d93-c3229996ceca"
            ],
            "object_id": "16305d0e-8159-47da-9d33-2073128b3783",
            "onpremises_domain_name": "",
            "onpremises_netbios_name": "",
            "onpremises_sam_account_name": "",
            "onpremises_security_identifier": "",
            "onpremises_sync_enabled": false,
            "owners": [],
            "preferred_language": "",
            "provisioning_options": [],
            "proxy_addresses": [],
            "security_enabled": true,
            "theme": "",
            "timeouts": null,
            "types": [],
            "visibility": ""
          },
          "sensitive_attributes": [],
          "identity_schema_version": 0
        }
      ]
    },
    {
      "module": "module.aks",
      "mode": "data",
      "type": "azurerm_client_config",
      "name": "current",
      "provider": "module.aks.provider[\"registry.terraform.io/hashicorp/azurerm\"]",
      "instances": [
        {
          "schema_version": 0,
          "attributes": {
            "client_id": "04b07795-8ddb-461a-bbee-02f9e1bf7b46",
            "id": "Y2xpZW50Q29uZmlncy9jbGllbnRJZD0wNGIwNzc5NS04ZGRiLTQ2MWEtYmJlZS0wMmY5ZTFiZjdiNDY7b2JqZWN0SWQ9NzNkYzE2MDktOTg5Yi00NWUyLTlkOTMtYzMyMjk5OTZjZWNhO3N1YnNjcmlwdGlvbklkPTc0NmQwMmE4LThjNTYtNDZjMC04MmU3LTdjNzM2ZjVjYTZjMzt0ZW5hbnRJZD1lOTFhMzUwNi04MmJiLTRmNGItYWM0Yi05MmRjNmI0OTFmZjA=",
            "object_id": "73dc1609-989b-45e2-9d93-c3229996ceca",
            "subscription_id": "746d02a8-8c56-46c0-82e7-7c736f5ca6c3",
            "tenant_id": "e91a3506-82bb-4f4b-ac4b-92dc6b491ff0",
            "timeouts": null
          },
          "sensitive_attributes": [],
          "identity_schema_version": 0
        }
      ]
    },
    {
      "module": "module.aks",
      "mode": "data",
      "type": "azurerm_subnet",
      "name": "kub-vnet-dev",
      "provider": "module.aks.provider[\"registry.terraform.io/hashicorp/azurerm\"]",
      "instances": [
        {
          "schema_version": 0,
          "attributes": {
            "address_prefix": "",
            "address_prefixes": [
              "10.110.0.0/24"
            ],
            "default_outbound_access_enabled": true,
            "id": "/subscriptions/746d02a8-8c56-46c0-82e7-7c736f5ca6c3/resourceGroups/RG-KUB-DEV/providers/Microsoft.Network/virtualNetworks/VNET-KUB-DEV/subnets/default",
            "name": "default",
            "network_security_group_id": "",
            "private_endpoint_network_policies": "Disabled",
            "private_link_service_network_policies_enabled": true,
            "resource_group_name": "RG-KUB-DEV",
            "route_table_id": "",
            "service_endpoints": [],
            "timeouts": null,
            "virtual_network_name": "VNET-KUB-DEV"
          },
          "sensitive_attributes": [],
          "identity_schema_version": 0
        }
      ]
    },
    {
      "module": "module.aks",
      "mode": "data",
      "type": "azurerm_subnet",
      "name": "kub-vnet-preprod",
      "provider": "module.aks.provider[\"registry.terraform.io/hashicorp/azurerm\"]",
      "instances": [
        {
          "schema_version": 0,
          "attributes": {
            "address_prefix": "",
            "address_prefixes": [
              "10.150.0.0/24"
            ],
            "default_outbound_access_enabled": true,
            "id": "/subscriptions/746d02a8-8c56-46c0-82e7-7c736f5ca6c3/resourceGroups/RG-KUB-PREPROD/providers/Microsoft.Network/virtualNetworks/VNET-KUB-PREPROD-NEW/subnets/default",
            "name": "default",
            "network_security_group_id": "",
            "private_endpoint_network_policies": "Disabled",
            "private_link_service_network_policies_enabled": true,
            "resource_group_name": "RG-KUB-PREPROD",
            "route_table_id": "",
            "service_endpoints": [],
            "timeouts": null,
            "virtual_network_name": "VNET-KUB-PREPROD-NEW"
          },
          "sensitive_attributes": [],
          "identity_schema_version": 0
        }
      ]
    },
    {
      "module": "module.aks",
      "mode": "data",
      "type": "azurerm_subnet",
      "name": "kub-vnet-prod",
      "provider": "module.aks.provider[\"registry.terraform.io/hashicorp/azurerm\"]",
      "instances": [
        {
          "schema_version": 0,
          "attributes": {
            "address_prefix": "",
            "address_prefixes": [
              "10.160.0.0/24"
            ],
            "default_outbound_access_enabled": true,
            "id": "/subscriptions/746d02a8-8c56-46c0-82e7-7c736f5ca6c3/resourceGroups/RG-KUB-PROD/providers/Microsoft.Network/virtualNetworks/VNET-KUB-PROD-NEW/subnets/default",
            "name": "default",
            "network_security_group_id": "",
            "private_endpoint_network_policies": "Disabled",
            "private_link_service_network_policies_enabled": true,
            "resource_group_name": "RG-KUB-PROD",
            "route_table_id": "",
            "service_endpoints": [],
            "timeouts": null,
            "virtual_network_name": "VNET-KUB-PROD-NEW"
          },
          "sensitive_attributes": [],
          "identity_schema_version": 0
        }
      ]
    },
    {
      "module": "module.aks",
      "mode": "data",
      "type": "azurerm_subscription",
      "name": "current",
      "provider": "module.aks.provider[\"registry.terraform.io/hashicorp/azurerm\"]",
      "instances": [
        {
          "schema_version": 0,
          "attributes": {
            "display_name": "Global Subscription BOA HOLDING CSP",
            "id": "/subscriptions/746d02a8-8c56-46c0-82e7-7c736f5ca6c3",
            "location_placement_id": "Public_2014-09-01",
            "quota_id": "CSP_2015-05-01",
            "spending_limit": "Off",
            "state": "Enabled",
            "subscription_id": "746d02a8-8c56-46c0-82e7-7c736f5ca6c3",
            "tags": {},
            "tenant_id": "e91a3506-82bb-4f4b-ac4b-92dc6b491ff0",
            "timeouts": null
          },
          "sensitive_attributes": [],
          "identity_schema_version": 0
        }
      ]
    },
    {
      "module": "module.aks",
      "mode": "data",
      "type": "azurerm_virtual_network",
      "name": "vnet_dev",
      "provider": "module.aks.provider[\"registry.terraform.io/hashicorp/azurerm\"]",
      "instances": [
        {
          "schema_version": 0,
          "attributes": {
            "address_space": [
              "10.110.0.0/24",
              "10.110.1.0/26"
            ],
            "dns_servers": null,
            "guid": "80319dd1-0e23-4eec-9055-443db981d83a",
            "id": "/subscriptions/746d02a8-8c56-46c0-82e7-7c736f5ca6c3/resourceGroups/RG-KUB-DEV/providers/Microsoft.Network/virtualNetworks/VNET-KUB-DEV",
            "location": "northeurope",
            "name": "VNET-KUB-DEV",
            "resource_group_name": "RG-KUB-DEV",
            "subnets": [
              "AzureBastionSubnet",
              "default"
            ],
            "tags": {
              "PROJECT": "KUB-DEV"
            },
            "timeouts": null,
            "vnet_peerings": {
              "BOAWEBDEVtoKUBDEV": "/subscriptions/746d02a8-8c56-46c0-82e7-7c736f5ca6c3/resourceGroups/BOAWEB-DEV-RG/providers/Microsoft.Network/virtualNetworks/BOAWEB-DEV-VNET",
              "BOAWebInt_to_KUBDEV": "/subscriptions/746d02a8-8c56-46c0-82e7-7c736f5ca6c3/resourceGroups/BOAWEB-INT-RG/providers/Microsoft.Network/virtualNetworks/BOAWEB-INT-VNET",
              "KUBDevtoKUBPREPROD": "/subscriptions/746d02a8-8c56-46c0-82e7-7c736f5ca6c3/resourceGroups/RG-KUB-PREPROD/providers/Microsoft.Network/virtualNetworks/VNET-KUB-PREPROD-NEW",
              "TRANSIT-KUB-DEV": "/subscriptions/9b46dd23-8ea2-4bb3-b250-ad4485cf7409/resourceGroups/RG_SECURITY_AZ/providers/Microsoft.Network/virtualNetworks/VNET_TRANSIT"
            },
            "vnet_peerings_addresses": [
              "10.220.0.0/16",
              "10.181.72.0/27",
              "10.181.71.0/27",
              "10.150.0.0/24",
              "10.150.1.0/26"
            ]
          },
          "sensitive_attributes": [],
          "identity_schema_version": 0
        }
      ]
    },
    {
      "module": "module.aks",
      "mode": "data",
      "type": "azurerm_virtual_network",
      "name": "vnet_preprod",
      "provider": "module.aks.provider[\"registry.terraform.io/hashicorp/azurerm\"]",
      "instances": [
        {
          "schema_version": 0,
          "attributes": {
            "address_space": [
              "10.150.0.0/24",
              "10.150.1.0/26"
            ],
            "dns_servers": null,
            "guid": "6e010f5b-4d05-4853-9289-507dac02c9cc",
            "id": "/subscriptions/746d02a8-8c56-46c0-82e7-7c736f5ca6c3/resourceGroups/RG-KUB-PREPROD/providers/Microsoft.Network/virtualNetworks/VNET-KUB-PREPROD-NEW",
            "location": "northeurope",
            "name": "VNET-KUB-PREPROD-NEW",
            "resource_group_name": "RG-KUB-PREPROD",
            "subnets": [
              "AzureBastionSubnet",
              "default"
            ],
            "tags": {
              "PROJECT": "KUB-PREPROD"
            },
            "timeouts": null,
            "vnet_peerings": {
              "KUB-PREPROD-NEW-to-BOAWEB-PREPROD": "/subscriptions/746d02a8-8c56-46c0-82e7-7c736f5ca6c3/resourceGroups/PreProd_RG/providers/Microsoft.Network/virtualNetworks/PreProd_Vnet",
              "KUBDevtoKUBPREPROD": "/subscriptions/746d02a8-8c56-46c0-82e7-7c736f5ca6c3/resourceGroups/RG-KUB-DEV/providers/Microsoft.Network/virtualNetworks/VNET-KUB-DEV",
              "TRANSIT_KUB_PREPROD_NEW": "/subscriptions/9b46dd23-8ea2-4bb3-b250-ad4485cf7409/resourceGroups/RG_SECURITY_AZ/providers/Microsoft.Network/virtualNetworks/VNET_TRANSIT"
            },
            "vnet_peerings_addresses": [
              "10.220.0.0/16",
              "10.187.0.0/16",
              "10.110.0.0/24",
              "10.110.1.0/26"
            ]
          },
          "sensitive_attributes": [],
          "identity_schema_version": 0
        }
      ]
    },
    {
      "module": "module.aks",
      "mode": "data",
      "type": "azurerm_virtual_network",
      "name": "vnet_prod",
      "provider": "module.aks.provider[\"registry.terraform.io/hashicorp/azurerm\"]",
      "instances": [
        {
          "schema_version": 0,
          "attributes": {
            "address_space": [
              "10.160.0.0/24",
              "10.160.1.0/26"
            ],
            "dns_servers": null,
            "guid": "d12bbe86-ac49-49d5-b947-957bb1da8e46",
            "id": "/subscriptions/746d02a8-8c56-46c0-82e7-7c736f5ca6c3/resourceGroups/RG-KUB-PROD/providers/Microsoft.Network/virtualNetworks/VNET-KUB-PROD-NEW",
            "location": "northeurope",
            "name": "VNET-KUB-PROD-NEW",
            "resource_group_name": "RG-KUB-PROD",
            "subnets": [
              "AzureBastionSubnet",
              "default"
            ],
            "tags": {
              "PROJECT": "KUB-PROD"
            },
            "timeouts": null,
            "vnet_peerings": {
              "KUB-PROD-NEW-to-BOAWEB-PROD": "/subscriptions/9b46dd23-8ea2-4bb3-b250-ad4485cf7409/resourceGroups/Prod-BOAWeb/providers/Microsoft.Network/virtualNetworks/VnetBOAWEB",
              "TRANSIT_KUB_PROD_NEW": "/subscriptions/9b46dd23-8ea2-4bb3-b250-ad4485cf7409/resourceGroups/RG_SECURITY_AZ/providers/Microsoft.Network/virtualNetworks/VNET_TRANSIT"
            },
            "vnet_peerings_addresses": [
              "10.220.0.0/16",
              "10.186.0.0/16"
            ]
          },
          "sensitive_attributes": [],
          "identity_schema_version": 0
        }
      ]
    },
    {
      "module": "module.aks",
      "mode": "managed",
      "type": "azurerm_kubernetes_cluster",
      "name": "aks",
      "provider": "module.aks.provider[\"registry.terraform.io/hashicorp/azurerm\"]",
      "instances": [
        {
          "schema_version": 2,
          "attributes": {
            "aci_connector_linux": [],
            "ai_toolchain_operator_enabled": false,
            "api_server_access_profile": [],
            "auto_scaler_profile": [
              {
                "balance_similar_node_groups": false,
                "daemonset_eviction_for_empty_nodes_enabled": false,
                "daemonset_eviction_for_occupied_nodes_enabled": true,
                "empty_bulk_delete_max": "10",
                "expander": "random",
                "ignore_daemonsets_utilization_enabled": false,
                "max_graceful_termination_sec": "600",
                "max_node_provisioning_time": "15m",
                "max_unready_nodes": 3,
                "max_unready_percentage": 45,
                "new_pod_scale_up_delay": "0s",
                "scale_down_delay_after_add": "10m",
                "scale_down_delay_after_delete": "10s",
                "scale_down_delay_after_failure": "3m",
                "scale_down_unneeded": "10m",
                "scale_down_unready": "20m",
                "scale_down_utilization_threshold": "0.5",
                "scan_interval": "10s",
                "skip_nodes_with_local_storage": false,
                "skip_nodes_with_system_pods": true
              }
            ],
            "automatic_upgrade_channel": "",
            "azure_active_directory_role_based_access_control": [
              {
                "admin_group_object_ids": [
                  "16305d0e-8159-47da-9d33-2073128b3783"
                ],
                "azure_rbac_enabled": true,
                "tenant_id": "e91a3506-82bb-4f4b-ac4b-92dc6b491ff0"
              }
            ],
            "azure_policy_enabled": false,
            "bootstrap_profile": [
              {
                "artifact_source": "Direct",
                "container_registry_id": ""
              }
            ],
            "confidential_computing": [],
            "cost_analysis_enabled": false,
            "current_kubernetes_version": "1.33.5",
            "custom_ca_trust_certificates_base64": [],
            "default_node_pool": [
              {
                "auto_scaling_enabled": true,
                "capacity_reservation_group_id": "",
                "fips_enabled": false,
                "gpu_driver": "",
                "gpu_instance": "",
                "host_encryption_enabled": false,
                "host_group_id": "",
                "kubelet_config": [],
                "kubelet_disk_type": "OS",
                "linux_os_config": [],
                "max_count": 3,
                "max_pods": 110,
                "min_count": 2,
                "name": "defaultpool",
                "node_count": 3,
                "node_labels": {
                  "environment": "prod",
                  "role": "system",
                  "workload": "system"
                },
                "node_network_profile": [],
                "node_public_ip_enabled": false,
                "node_public_ip_prefix_id": "",
                "only_critical_addons_enabled": false,
                "orchestrator_version": "1.33.5",
                "os_disk_size_gb": 50,
                "os_disk_type": "Managed",
                "os_sku": "Ubuntu",
                "pod_subnet_id": "",
                "proximity_placement_group_id": "",
                "scale_down_mode": "Delete",
                "snapshot_id": "",
                "tags": {
                  "nodepool": "default",
                  "owner": "BOA",
                  "platform": "Azure"
                },
                "temporary_name_for_rotation": "",
                "type": "VirtualMachineScaleSets",
                "ultra_ssd_enabled": false,
                "upgrade_settings": [
                  {
                    "drain_timeout_in_minutes": 30,
                    "max_surge": "50%",
                    "node_soak_duration_in_minutes": 5,
                    "undrainable_node_behavior": ""
                  }
                ],
                "vm_size": "Standard_D4as_v5",
                "vnet_subnet_id": "/subscriptions/746d02a8-8c56-46c0-82e7-7c736f5ca6c3/resourceGroups/RG-KUB-PROD/providers/Microsoft.Network/virtualNetworks/VNET-KUB-PROD-NEW/subnets/default",
                "workload_runtime": "",
                "zones": [
                  "1",
                  "2",
                  "3"
                ]
              }
            ],
            "disk_encryption_set_id": "",
            "dns_prefix": "kub",
            "dns_prefix_private_cluster": "",
            "edge_zone": "",
            "fqdn": "",
            "http_application_routing_enabled": false,
            "http_application_routing_zone_name": "",
            "http_proxy_config": [],
            "id": "/subscriptions/746d02a8-8c56-46c0-82e7-7c736f5ca6c3/resourceGroups/RG-KUB-PROD/providers/Microsoft.ContainerService/managedClusters/kub-prod",
            "identity": [
              {
                "identity_ids": [
                  "/subscriptions/746d02a8-8c56-46c0-82e7-7c736f5ca6c3/resourceGroups/RG-KUB-PROD/providers/Microsoft.ManagedIdentity/userAssignedIdentities/kub-uia-prod"
                ],
                "principal_id": "",
                "tenant_id": "",
                "type": "UserAssigned"
              }
            ],
            "image_cleaner_enabled": null,
            "image_cleaner_interval_hours": null,
            "ingress_application_gateway": [],
            "key_management_service": [],
            "key_vault_secrets_provider": [],
            "kube_admin_config": [
              {
                "client_certificate": "LS0tLS1CRUdJTiBDRVJUSUZJQ0FURS0tLS0tCk1JSUZIakNDQXdhZ0F3SUJBZ0lSQUppY09GSHFDR1hNb2h5OEFMWUpFcUl3RFFZSktvWklodmNOQVFFTEJRQXcKRFRFTE1Ba0dBMVVFQXhNQ1kyRXdIaGNOTWpZd05qSTBNVEV3TnpBMldoY05Namd3TmpJME1URXhOekEyV2pBdwpNUmN3RlFZRFZRUUtFdzV6ZVhOMFpXMDZiV0Z6ZEdWeWN6RVZNQk1HQTFVRUF4TU1iV0Z6ZEdWeVkyeHBaVzUwCk1JSUNJakFOQmdrcWhraUc5dzBCQVFFRkFBT0NBZzhBTUlJQ0NnS0NBZ0VBcDcvTTlIa2dncnhRNTdZd09TTGEKYVFLZ2I2QmlzSzM5QndCY29hUk9pSEVwdmVCYWJMQ1gwY0lOV2wwQ0lyT3IwL3p1VWNpdTlCRHBTOCtSRzVocgp0RE1PSmw0bUIxSnVkeWxsc1BBVjhwQW5ObHQ5VkpTL0FxVmwzZ25Ucm1GRnhROE1oWFVhN25NSTlFb1RDWUNlCjgyZmorMUpzMEhnNWtFLzljenpOZW0wanNPQ3RvSHhrY092bFg0N1JTMVpsMng5eHA4ekdxSi9jV0hib2dWZDkKaWhEUXBtNklGTHZYazBsNnpGb2dKTFJlV09vNk44YTFFbWFlcktXaW5MdldyYk44VVpRRnJ4Zk5rbGZjRHIvNAptT0R5OWFhNHhTNVRFR2ozNjREK0J0RGpCRmEwb3NPK2tiSFJTdXlaV05FVTY3eEFaYTdpNklWS2I4Mllxbkp1CkFIMHlZM3VLTnIxUW5zSmlMcnR3MjRoYk1pSnF5dEhlTEtEOVE5bXh6QWhYOFQxM0M5R1gvQW95U1JiTU1TalQKZkRuUnlrQ2ZjYjN4K0NQS29zRWYvWHhUekw4WmtZU3VObzZXS1ZYeWdtU25qM25CL2xFekxUclJhdUZRanFpRgpOR2FPaUZnYkYzMmIrZFlRMmU3STh2SkVCSEdRdGNBRjdGcEwrakU3MVE1bVpxbWpUU21qektlaUlBT3dCeW1nCnhjdDZFYVJQUEdHSnU5QkRlVEsrYU9oNEVvU05aMk9INzNsK25qekwrMUZkNEduV2lXbDl0dnNrVnJac0JtM3gKVXJ6MzlhN2w4UkhiUERuOWNmNG92bkZPaTFSNFBWcCsvaEk3OGhnZUI2WkFTTFFPb2gzZThwRG1TUjhlRW85QwpVWS9nTFF2OSs1dFN2VFpYcUZ3L2FZVUNBd0VBQWFOV01GUXdEZ1lEVlIwUEFRSC9CQVFEQWdXZ01CTUdBMVVkCkpRUU1NQW9HQ0NzR0FRVUZCd01DTUF3R0ExVWRFd0VCL3dRQ01BQXdId1lEVlIwakJCZ3dGb0FVdzdNZURub0gKdjhoVEFncksxSEVkL0RTdGRkNHdEUVlKS29aSWh2Y05BUUVMQlFBRGdnSUJBSEhhbzJUSkI1WEJHNTQyZktIZQpFME5sQldFY0xsNGcrd0sxRDgxR3h0cEdIUG5HenRpZVV0VGE1L1ZsRGl0dkVjWWtrQ2FnYXRDRTNzT09SRDJXCmdIaFBwLzluWmlsQ0w5MG9UNGVpVmRkZkwvTGo3cUVaMWdTOWFlUjdPZm5Gdmd4eFBWMnBQM2VpZ29hN1dTTjgKcDhFTFg3OHROYWs0UnBpd1RsazFVUmlodFZlajlvbFAyakQxOSttT0Rnc3J0NmlPS3hrQzdQUDVOQTZhYnNTTwpTNFo2UWhhU1kxZHJDcWNYejRCdDVUODhpeUN0NUJnWTZtS0FhZlorZUpnNmFlYTZHMU5XcjhXOUt6UXRvUFNCCmIyWDVscXdPS0lKaVIvR0FVZ2lQSWYrU0poYlRKa0hqK1hTWVYzOHN3RDR6U2VYRjBTWHEwVmhnMzIyYTBXZloKL0huakVHaW1mWTFray9lT09abXMwVC9QOU5kVlhkOThHYU10dU1lTU5aaTJmYmFUR0g4QlJTNVQ2OTU0R0h4eApPV2laeXRFUXZRK1JTdThYWXF1SXoyN1Vua0NrMUx3bWxaLzgrMzdRZnE4aE55ZkNTaE90V0cxTlFGb0NpMkovCkVCQUllMlBNMHBYNDdTS3F5Rm1yUEducG1mREJwSGhlS3Q4cVA4NjM0eEF1U1RBczhTV0ZldHQ2MlgrVTM3TEoKK1AyY2xIc0tSS3Aya0lLWlJkTkpMWncxekVnRU1VL1RvRmdCZm5iMG11NzBaWVBrazhlb1IxK2tvVWU5LzJOUwpSUnF5SExscTZJYmVYaUw1aE95dW5xNnlPOENldFdPWHUvZVlCQldtWmFBOEFBeGZ5QWNsa1ZNQmNtT3g4SDZaCmxvOE91SVRQU0lDYnJJd2NUbW9rSWVzVgotLS0tLUVORCBDRVJUSUZJQ0FURS0tLS0tCg==",
                "client_key": "LS0tLS1CRUdJTiBSU0EgUFJJVkFURSBLRVktLS0tLQpNSUlKS2dJQkFBS0NBZ0VBcDcvTTlIa2dncnhRNTdZd09TTGFhUUtnYjZCaXNLMzlCd0Jjb2FST2lIRXB2ZUJhCmJMQ1gwY0lOV2wwQ0lyT3IwL3p1VWNpdTlCRHBTOCtSRzVocnRETU9KbDRtQjFKdWR5bGxzUEFWOHBBbk5sdDkKVkpTL0FxVmwzZ25Ucm1GRnhROE1oWFVhN25NSTlFb1RDWUNlODJmaisxSnMwSGc1a0UvOWN6ek5lbTBqc09DdApvSHhrY092bFg0N1JTMVpsMng5eHA4ekdxSi9jV0hib2dWZDlpaERRcG02SUZMdlhrMGw2ekZvZ0pMUmVXT282Ck44YTFFbWFlcktXaW5MdldyYk44VVpRRnJ4Zk5rbGZjRHIvNG1PRHk5YWE0eFM1VEVHajM2NEQrQnREakJGYTAKb3NPK2tiSFJTdXlaV05FVTY3eEFaYTdpNklWS2I4Mllxbkp1QUgweVkzdUtOcjFRbnNKaUxydHcyNGhiTWlKcQp5dEhlTEtEOVE5bXh6QWhYOFQxM0M5R1gvQW95U1JiTU1TalRmRG5SeWtDZmNiM3grQ1BLb3NFZi9YeFR6TDhaCmtZU3VObzZXS1ZYeWdtU25qM25CL2xFekxUclJhdUZRanFpRk5HYU9pRmdiRjMyYitkWVEyZTdJOHZKRUJIR1EKdGNBRjdGcEwrakU3MVE1bVpxbWpUU21qektlaUlBT3dCeW1neGN0NkVhUlBQR0dKdTlCRGVUSythT2g0RW9TTgpaMk9INzNsK25qekwrMUZkNEduV2lXbDl0dnNrVnJac0JtM3hVcnozOWE3bDhSSGJQRG45Y2Y0b3ZuRk9pMVI0ClBWcCsvaEk3OGhnZUI2WkFTTFFPb2gzZThwRG1TUjhlRW85Q1VZL2dMUXY5KzV0U3ZUWlhxRncvYVlVQ0F3RUEKQVFLQ0FnQU9xUUVBOXBzRVFlL3lLQ1p6djl1RnBPQ2ZrTTAvTXAxejRMQzN3YlBKVWRaN2pTRnA4VTc3V25HdgpUWVNUd3M4SUFrbFRwVzNBejcrTHpCS2E3a212WUd6aXBvUzlUQk55WDVCUEU5UmZOQUR4UzdLYTB6c1VRSjh6Cjlmamxld1BOY29DK0l4dGM3bm5BVzc3cExDLzRCc0xTWW9RMi9lTE4vV2VoakJWTEYwR3d3aG42ZGhTVEY5S2UKZE0xT3Y3aThHelhrRzgzYXk4bkdnM0hUWi9HRlFPM3pOYUszNlNpd2F4SUx6TzZWTnB3dU9oNG5aTHJMWm1PRQpwQjhmZ24wREJqWWRyUW1JSVZUcWJycEJJYjdZb1lRcU9zMVlFakhaTTh0QzdpMkZLL2xERms3SUVNSlZXa3gzCnQxQzVoZUJGcjlpUzZtTlRQZDdoQVg5UG1odUoxQ1NaOW5qT0Y3eUdzcFBHcTZodExnb3NheERpTjMrcWhROEkKZCtFcGpDbVo5MlQwL2tNTXlLcHdTcngxaDNDVnVsZThIelU3NEZpUWwraitYOUhuQTdoYThzQkZ1S2M0Q1dNQwpYeVIxRFJ1OURaenpHYVd1NWtpWWlQZ3QyaGJXUy8yTGxsZ1pZeEdpV0Vud1puTmt4ZUhiZk0xWWI4VTdTRjVyCndPRXJYY0ZUYlg0MWszUFFvL3U3N0taSXFaanpuQzlKMEMxWVlhWFg0R3JyTnNLUkQ3REpuSld5MFd4dVgvdXMKTFBVaE5QMEREcWZRN0hhVUVaYWdoSE5QcE5jVVhZREZqK3FTaVBZc3J5bWd4aENKeFUyckVNVmJsb2Fjc1M1agplTEF6TW1URlRsaktTODhZbjNhWXppUXl6MW81KzdkWW90R2syOTRHWitJUGNOc2xhd0tDQVFFQXhkeDlYYmtxCnlyb0cxMXpiOXEydUlTVnoySjdhWDZzTCtuR08wNmtha1F4ZVVJK3BML29aZEE3ejZtSXV0Wk5GMVJEdDBFSzQKOEZUbXBzRVFQRG9TQy9GdVhMRm9LUHRGQTJqY3c0OEdQNmpaUlNaSWt4V014L3ZkNXNUS1dXYStLZW4xZE14cQpEYWROVHBvbTVkUUJ6MDY1Q2txY1YvRkVKdU5SS0JQNnlLK0UyVmptcWxRcE55NGJaNWMyMExJalBRM09jUHZyCmlVTHdGb1l4SW8weUV1NVpyUmk4bjN6a0szSTlhMTJWMXhyUmZtV1ZzZUhIemdESnhERWJYWkhxRnB0YnhTTE8KYXZSZit0SEhVdDRVa0ZTN3BVWkVxYU1leFFpZ25hWDZRYmpCTFFLYnNSUWM5aWVDWkU4dXhTdlI3N1JmSGRuNApzQ1Fzd28xM1JTWGw5d0tDQVFFQTJRbzVCb1NGN0VJa1gyUEJtTXlHdFdRU3dSUVczanlhTnlNU01wYzJNMVBLCjExR2NvMFRDQ2FXRGVLMTlXUjdjZlZEYVZ6b09UZVZCajQ5dEVsbkNKL3RFczVEdEZvNVVHRk91bGJRdEVyN3MKSTMxREVhK1BKd2RsUTBlNVpCNHk0d0xFdXNnUUwrSFdrZDJEK1c4V2ZaamVJcVpNVDVSVW9zNWNyak9URXU0dgpuY0ZFbkNycWZsd0ZJUVB5N1BDakZpdlBYdVhJdUxYdTByWXJPZFpEdDdXd3BUOWU0MFpqVVA4SGRyU3NySTdvCkRHa2dac0MzMjFYVVhqUGFHRVlsWUxJbHppSTZ5V0E2UUVZbSsvU0VwMUhrVUlmNVhkTnY3VUZweWpqeUg2R0kKcnpQZG9vWENQNGdxMXV3VU1ZOFk4QTAzVndKQjZ3ZllRdlhTMUNtZFl3S0NBUUVBZ1ZvMWgzbFB0WHRLajY5QQppcE5mSElKY3F3aW5JUlkwM1lVeDU4Uk0vdmpFREF6dmdkTVNvdUpIcWpxSDZPTWdLenhIRFBraDZOVEllY29MCjhDUFN1b1liTFhRNThWamI5Ryt3ckJTcjlDQlI4cmdsaUNyMWY2UjBuTEtZeXp1MUpMZTBaYWhoeVExUUtBdjEKVkJsM0dXMlE0VjZIdWFLY2VJUHlBYTZXTEc4Ni9kRDE4L0xUZ3lTY2Urdkt4VU5BY0dDL1R2UVROd2hRNTVqUgpOSkowWXhYNkFJVUVnNHZscTFXak83YlNCKytiZC9PM21yUk5xS3F4UFpjUkdlb1R6TFhDbUMyNkh3Z21XMWFiCjVkd1VPNHQ1cFlJN3oxODU5WHcvYlBFZW02cktkNytWdzMydnRXbDlBRkVYOVlWQldXRmxNYUhYeUdmTjcxOEcKMDJrRVh3S0NBUUVBbS93eDRkSks0ZkxqYXo4cHUyUjdDRkRFL2NrdmFrZUoya2kxWW5DMHZvemhRb0RnSDZOaQpCVWJVUjE0QXNaVnhpQXNjOFFYRGxBNUpZU0VHbGVLMm5MK0VyNzFmK0E4UXQyOGxFV2l0NEVRaE9KeGxJSWZaClRZYU9LNTJYeXpHOUJ0Uk5pYVFScGlnY2F6Y1dDNlhnTnlJdnZCMWl5T3JsTFNFOUVPSDJPT3ZBZ3hPTStPUUwKSmdlQ2xDamZaWlRJMFQxcFMxM0FOYWhqM1VLWnJIYW1zcGk5UFBaZmZ0NXVzSjZwd1pHMmJFcEUwZTZZSCtFdwpBazRjVkJ2V0NnNFgvUGZzSGNzU0R2cSt3c1RvYmJwZHdGY2x6UTc4bElkS2NPekxXRkEzQzY2dnFxT1BEYWd1ClpEUzcvVDBzZ2pYRENYdW1JejEzSExERnA5SSsxTWFYMndLQ0FRRUF2MmphdmppN2h3NDV3cGViSnY5OFV3K2oKVElPd1llMDNsOElvcVA3TUxqM3Z4RlhpSTZVU3hCQm0wajRWNDdLR1pBWTZsQ0w5MUxuNS80dzBXUEZvMzlrVQpRbGhwT3JvZ09TNURpQWZuY2hWbExwdkNMTVJUUXdMZ0JKcGR3ZWJUTXJhem9KbmlnTktoaVh4MVlFSzRnWmJLCkk0RkNCbmt3Wno5S2tmYml5UDJYYzAzM0ozUzVaa1l0VjB4R2txRHJCSG9wUlpIbFc4OVdrRFN4SmR6blVlaTkKNmUvY2FkTmZNekhKekdNb3FPQ29wd3BCOFd6NWpkckVKM1JhYUQwTFA4OHFyOFFNeG5zcVhkS0dMdFI4T3dFTAo0cm9Bc1JLd1VKamdxWkRwWUcvUW9OYTJOTUN5eWYrZ0tBdlNDakM5OXNIdHNRY3BMSHZFak5yb3BDMHhHZz09Ci0tLS0tRU5EIFJTQSBQUklWQVRFIEtFWS0tLS0tCg==",
                "cluster_ca_certificate": "LS0tLS1CRUdJTiBDRVJUSUZJQ0FURS0tLS0tCk1JSUU2VENDQXRHZ0F3SUJBZ0lSQUxORUNIT3NmaGI2VThtaFVsaGJZbG93RFFZSktvWklodmNOQVFFTEJRQXcKRFRFTE1Ba0dBMVVFQXhNQ1kyRXdJQmNOTWpZd05qSTBNVEV3TnpBMldoZ1BNakExTmpBMk1qUXhNVEUzTURaYQpNQTB4Q3pBSkJnTlZCQU1UQW1OaE1JSUNJakFOQmdrcWhraUc5dzBCQVFFRkFBT0NBZzhBTUlJQ0NnS0NBZ0VBCnlqRGFrb3hNcXpTR3lFRXUwTnBJeDJ0T1ptV1liN0tLTTlYMGt5cm8yU0FUb29oUEJ3TEZrU2IxbEdnNmdPS3AKNWJTdFlzSEFvRmdyZHM1ZE9rM25sYWl5eVR5d3Z1VmRGOVBmN3FSYU5LZk82MXp1eEtaUENuNDNwUmJHTGFJWgpGK1BtV2dqZTBERzZOWkZXd2dYYjhYWXhxY3RWN0hPRDF2MFdzaUpISGxGSkdOSGJ3TVRMdXNjTm1qVE1VZ3pTCmlxVGJzU1ZFcmlSalEvSmphYmJvMkF4NkNETk9zcDN1YWxFbFlVNVh2Znk4S2RBb3U3U214U1JCR084b2FwY2kKZmVaVUtENE9nMU9JUnRPbW1wRHdqQTNWN2pNaVQ1Vk53VTNWV2U0eElXeVZsUkxkbmpHL2liZ3plQkxvdUtkZwpBa1M1QVdsRHBjK2ZkSUQ0WnBDYWhxc3lYNmlkOVhpMEhMZUdWMXFCMS9tNFI1NFZSL0JqaG5xNzd2SnNwUEMzCmlCelR6ZkZDY0JLOGtVR3dIMSt4eG91RDBHcWxrdEdGWGFneTBDM0kwZXpMU0tucHlrLzhLaEErSlFWTnowWXQKUDFiNnhyRXBZMzNhb1puZjNFL2ZMVTVkODJmQ05LS2liTWxsWjUrVVFjcnc5OEJlZlJwOUNiMzNvMStjdmIrZwpjYUNMQjM0WjdtZk1XTEJ0Uy9iQ2VqQ213d3FzU2FzZmtjYzJXQytFZ2NMSTR1M2tud2JRUnY0cEs0aVd3RE9CCjIwM1JjakJjUzhoUSs0TmVacisrTkhMTllyKzgxQlNITzc5TVY5bHlvS1JGRFlUNHlWT01Sdi9xbFhoMlZ6RU0KVXhkT2tGNWxHdWpkWDVjMVJFZEliYTduV3E0TTRGRWFack8zV1FuM2o3a0NBd0VBQWFOQ01FQXdEZ1lEVlIwUApBUUgvQkFRREFnS2tNQThHQTFVZEV3RUIvd1FGTUFNQkFmOHdIUVlEVlIwT0JCWUVGTU96SGc1NkI3L0lVd0lLCnl0UnhIZncwclhYZU1BMEdDU3FHU0liM0RRRUJDd1VBQTRJQ0FRQUFoa256dVB0OG5sOHZUOTVvREVpTG03cUQKK2JMU3lMbTRqVU9OWFNwak5RcnNHNG5XcHZGYWRDK2E3dVljV2tHWTBRSWJxb29QUTNjdmF0a3QwNDlwU1k2Ugo4aTNRdU5tVzhKTE1XdExsN0UwekpJeThGTmQxN1lJbkU3NnozanZRNlViRHloUHQybVh0S1ZaS0dJWWF5ZEk1CjN0cHF6YktxQnNSeTdwWUJCVVJTZTExazVNdFlCdDlrMkEwY1MzVjUwVVg0ZjdGUU9sWXRXaUUrWVRCSU5ZS2wKYytZM042aVpWV3FwcDF4Ymk3KzJjVDVNOEFNMkRHb215MDhmdVR5dXlEQ3JycUhzMXNGQndybHZSc3dqZjQycgptdnhtNW9YR2xsZkJRcTRkN2l3ODFlbGlhOHNIUC9oZ3JvaTNBTHMyeE40Q1l6c2pianN3a3AvYVhjZVFUajlECjZaUytxcC9abXVzVVFraS9oREJaT3Fqb1F1c3NCWE1lL1BTa2JUeTd1eTNocUpwcGU2b2czRnRaVWVSUngvVk8KM0c5S3cwclpPeHVlYllrZU9Sbnd6VU4wY25CM1h6SS9MNUhaNWx5N1NTVkswbXZ5TzVMWkhjRW1aYlRraFMrWApxZHZhN3d5MlpyVTlOWGVKdUd5NGdGRnVmZ3ZtNkllVWhCUG9NaFk1YUJPS3pzanF2M2FtamZ3dHNBcGx1Z2ZMCjlLd3R3S29pOFY2S0NVWG91STRtMGJlclplcHM0K1Q1akhlaGdvakY0eDJCNzl6TGM1MWFmN3FrRUZZRWoyZVAKbGljL0xRMi9RMHJHdlZ3c3F6Mnh3cnJTejVyMFpLbTZsRmtzcTA1UHFHZEcrQmVZM3NFMkJRYVJQTDRaSGN0ZQpVNk4yaEI1emtjM3BVYzNVQ1E9PQotLS0tLUVORCBDRVJUSUZJQ0FURS0tLS0tCg==",
                "host": "https://kub-kgf9r62f.privatelink.northeurope.azmk8s.io:443",
                "password": "vzci0uju4rhiycaluaezg1y2ihmdn1ffil1lgmd73coi2ybablp8msbc9v18wcwagmpna58fze6rjogw9pxlhdpkur3cpp2dxgnv6wm2y272731dhlqb2v0gteuf941d",
                "username": "clusterAdmin_RG-KUB-PROD_kub-prod"
              }
            ],
            "kube_admin_config_raw": "apiVersion: v1\nclusters:\n- cluster:\n    certificate-authority-data: LS0tLS1CRUdJTiBDRVJUSUZJQ0FURS0tLS0tCk1JSUU2VENDQXRHZ0F3SUJBZ0lSQUxORUNIT3NmaGI2VThtaFVsaGJZbG93RFFZSktvWklodmNOQVFFTEJRQXcKRFRFTE1Ba0dBMVVFQXhNQ1kyRXdJQmNOTWpZd05qSTBNVEV3TnpBMldoZ1BNakExTmpBMk1qUXhNVEUzTURaYQpNQTB4Q3pBSkJnTlZCQU1UQW1OaE1JSUNJakFOQmdrcWhraUc5dzBCQVFFRkFBT0NBZzhBTUlJQ0NnS0NBZ0VBCnlqRGFrb3hNcXpTR3lFRXUwTnBJeDJ0T1ptV1liN0tLTTlYMGt5cm8yU0FUb29oUEJ3TEZrU2IxbEdnNmdPS3AKNWJTdFlzSEFvRmdyZHM1ZE9rM25sYWl5eVR5d3Z1VmRGOVBmN3FSYU5LZk82MXp1eEtaUENuNDNwUmJHTGFJWgpGK1BtV2dqZTBERzZOWkZXd2dYYjhYWXhxY3RWN0hPRDF2MFdzaUpISGxGSkdOSGJ3TVRMdXNjTm1qVE1VZ3pTCmlxVGJzU1ZFcmlSalEvSmphYmJvMkF4NkNETk9zcDN1YWxFbFlVNVh2Znk4S2RBb3U3U214U1JCR084b2FwY2kKZmVaVUtENE9nMU9JUnRPbW1wRHdqQTNWN2pNaVQ1Vk53VTNWV2U0eElXeVZsUkxkbmpHL2liZ3plQkxvdUtkZwpBa1M1QVdsRHBjK2ZkSUQ0WnBDYWhxc3lYNmlkOVhpMEhMZUdWMXFCMS9tNFI1NFZSL0JqaG5xNzd2SnNwUEMzCmlCelR6ZkZDY0JLOGtVR3dIMSt4eG91RDBHcWxrdEdGWGFneTBDM0kwZXpMU0tucHlrLzhLaEErSlFWTnowWXQKUDFiNnhyRXBZMzNhb1puZjNFL2ZMVTVkODJmQ05LS2liTWxsWjUrVVFjcnc5OEJlZlJwOUNiMzNvMStjdmIrZwpjYUNMQjM0WjdtZk1XTEJ0Uy9iQ2VqQ213d3FzU2FzZmtjYzJXQytFZ2NMSTR1M2tud2JRUnY0cEs0aVd3RE9CCjIwM1JjakJjUzhoUSs0TmVacisrTkhMTllyKzgxQlNITzc5TVY5bHlvS1JGRFlUNHlWT01Sdi9xbFhoMlZ6RU0KVXhkT2tGNWxHdWpkWDVjMVJFZEliYTduV3E0TTRGRWFack8zV1FuM2o3a0NBd0VBQWFOQ01FQXdEZ1lEVlIwUApBUUgvQkFRREFnS2tNQThHQTFVZEV3RUIvd1FGTUFNQkFmOHdIUVlEVlIwT0JCWUVGTU96SGc1NkI3L0lVd0lLCnl0UnhIZncwclhYZU1BMEdDU3FHU0liM0RRRUJDd1VBQTRJQ0FRQUFoa256dVB0OG5sOHZUOTVvREVpTG03cUQKK2JMU3lMbTRqVU9OWFNwak5RcnNHNG5XcHZGYWRDK2E3dVljV2tHWTBRSWJxb29QUTNjdmF0a3QwNDlwU1k2Ugo4aTNRdU5tVzhKTE1XdExsN0UwekpJeThGTmQxN1lJbkU3NnozanZRNlViRHloUHQybVh0S1ZaS0dJWWF5ZEk1CjN0cHF6YktxQnNSeTdwWUJCVVJTZTExazVNdFlCdDlrMkEwY1MzVjUwVVg0ZjdGUU9sWXRXaUUrWVRCSU5ZS2wKYytZM042aVpWV3FwcDF4Ymk3KzJjVDVNOEFNMkRHb215MDhmdVR5dXlEQ3JycUhzMXNGQndybHZSc3dqZjQycgptdnhtNW9YR2xsZkJRcTRkN2l3ODFlbGlhOHNIUC9oZ3JvaTNBTHMyeE40Q1l6c2pianN3a3AvYVhjZVFUajlECjZaUytxcC9abXVzVVFraS9oREJaT3Fqb1F1c3NCWE1lL1BTa2JUeTd1eTNocUpwcGU2b2czRnRaVWVSUngvVk8KM0c5S3cwclpPeHVlYllrZU9Sbnd6VU4wY25CM1h6SS9MNUhaNWx5N1NTVkswbXZ5TzVMWkhjRW1aYlRraFMrWApxZHZhN3d5MlpyVTlOWGVKdUd5NGdGRnVmZ3ZtNkllVWhCUG9NaFk1YUJPS3pzanF2M2FtamZ3dHNBcGx1Z2ZMCjlLd3R3S29pOFY2S0NVWG91STRtMGJlclplcHM0K1Q1akhlaGdvakY0eDJCNzl6TGM1MWFmN3FrRUZZRWoyZVAKbGljL0xRMi9RMHJHdlZ3c3F6Mnh3cnJTejVyMFpLbTZsRmtzcTA1UHFHZEcrQmVZM3NFMkJRYVJQTDRaSGN0ZQpVNk4yaEI1emtjM3BVYzNVQ1E9PQotLS0tLUVORCBDRVJUSUZJQ0FURS0tLS0tCg==\n    server: https://kub-kgf9r62f.privatelink.northeurope.azmk8s.io:443\n  name: kub-prod\ncontexts:\n- context:\n    cluster: kub-prod\n    user: clusterAdmin_RG-KUB-PROD_kub-prod\n  name: kub-prod\ncurrent-context: kub-prod\nkind: Config\nusers:\n- name: clusterAdmin_RG-KUB-PROD_kub-prod\n  user:\n    client-certificate-data: LS0tLS1CRUdJTiBDRVJUSUZJQ0FURS0tLS0tCk1JSUZIakNDQXdhZ0F3SUJBZ0lSQUppY09GSHFDR1hNb2h5OEFMWUpFcUl3RFFZSktvWklodmNOQVFFTEJRQXcKRFRFTE1Ba0dBMVVFQXhNQ1kyRXdIaGNOTWpZd05qSTBNVEV3TnpBMldoY05Namd3TmpJME1URXhOekEyV2pBdwpNUmN3RlFZRFZRUUtFdzV6ZVhOMFpXMDZiV0Z6ZEdWeWN6RVZNQk1HQTFVRUF4TU1iV0Z6ZEdWeVkyeHBaVzUwCk1JSUNJakFOQmdrcWhraUc5dzBCQVFFRkFBT0NBZzhBTUlJQ0NnS0NBZ0VBcDcvTTlIa2dncnhRNTdZd09TTGEKYVFLZ2I2QmlzSzM5QndCY29hUk9pSEVwdmVCYWJMQ1gwY0lOV2wwQ0lyT3IwL3p1VWNpdTlCRHBTOCtSRzVocgp0RE1PSmw0bUIxSnVkeWxsc1BBVjhwQW5ObHQ5VkpTL0FxVmwzZ25Ucm1GRnhROE1oWFVhN25NSTlFb1RDWUNlCjgyZmorMUpzMEhnNWtFLzljenpOZW0wanNPQ3RvSHhrY092bFg0N1JTMVpsMng5eHA4ekdxSi9jV0hib2dWZDkKaWhEUXBtNklGTHZYazBsNnpGb2dKTFJlV09vNk44YTFFbWFlcktXaW5MdldyYk44VVpRRnJ4Zk5rbGZjRHIvNAptT0R5OWFhNHhTNVRFR2ozNjREK0J0RGpCRmEwb3NPK2tiSFJTdXlaV05FVTY3eEFaYTdpNklWS2I4Mllxbkp1CkFIMHlZM3VLTnIxUW5zSmlMcnR3MjRoYk1pSnF5dEhlTEtEOVE5bXh6QWhYOFQxM0M5R1gvQW95U1JiTU1TalQKZkRuUnlrQ2ZjYjN4K0NQS29zRWYvWHhUekw4WmtZU3VObzZXS1ZYeWdtU25qM25CL2xFekxUclJhdUZRanFpRgpOR2FPaUZnYkYzMmIrZFlRMmU3STh2SkVCSEdRdGNBRjdGcEwrakU3MVE1bVpxbWpUU21qektlaUlBT3dCeW1nCnhjdDZFYVJQUEdHSnU5QkRlVEsrYU9oNEVvU05aMk9INzNsK25qekwrMUZkNEduV2lXbDl0dnNrVnJac0JtM3gKVXJ6MzlhN2w4UkhiUERuOWNmNG92bkZPaTFSNFBWcCsvaEk3OGhnZUI2WkFTTFFPb2gzZThwRG1TUjhlRW85QwpVWS9nTFF2OSs1dFN2VFpYcUZ3L2FZVUNBd0VBQWFOV01GUXdEZ1lEVlIwUEFRSC9CQVFEQWdXZ01CTUdBMVVkCkpRUU1NQW9HQ0NzR0FRVUZCd01DTUF3R0ExVWRFd0VCL3dRQ01BQXdId1lEVlIwakJCZ3dGb0FVdzdNZURub0gKdjhoVEFncksxSEVkL0RTdGRkNHdEUVlKS29aSWh2Y05BUUVMQlFBRGdnSUJBSEhhbzJUSkI1WEJHNTQyZktIZQpFME5sQldFY0xsNGcrd0sxRDgxR3h0cEdIUG5HenRpZVV0VGE1L1ZsRGl0dkVjWWtrQ2FnYXRDRTNzT09SRDJXCmdIaFBwLzluWmlsQ0w5MG9UNGVpVmRkZkwvTGo3cUVaMWdTOWFlUjdPZm5Gdmd4eFBWMnBQM2VpZ29hN1dTTjgKcDhFTFg3OHROYWs0UnBpd1RsazFVUmlodFZlajlvbFAyakQxOSttT0Rnc3J0NmlPS3hrQzdQUDVOQTZhYnNTTwpTNFo2UWhhU1kxZHJDcWNYejRCdDVUODhpeUN0NUJnWTZtS0FhZlorZUpnNmFlYTZHMU5XcjhXOUt6UXRvUFNCCmIyWDVscXdPS0lKaVIvR0FVZ2lQSWYrU0poYlRKa0hqK1hTWVYzOHN3RDR6U2VYRjBTWHEwVmhnMzIyYTBXZloKL0huakVHaW1mWTFray9lT09abXMwVC9QOU5kVlhkOThHYU10dU1lTU5aaTJmYmFUR0g4QlJTNVQ2OTU0R0h4eApPV2laeXRFUXZRK1JTdThYWXF1SXoyN1Vua0NrMUx3bWxaLzgrMzdRZnE4aE55ZkNTaE90V0cxTlFGb0NpMkovCkVCQUllMlBNMHBYNDdTS3F5Rm1yUEducG1mREJwSGhlS3Q4cVA4NjM0eEF1U1RBczhTV0ZldHQ2MlgrVTM3TEoKK1AyY2xIc0tSS3Aya0lLWlJkTkpMWncxekVnRU1VL1RvRmdCZm5iMG11NzBaWVBrazhlb1IxK2tvVWU5LzJOUwpSUnF5SExscTZJYmVYaUw1aE95dW5xNnlPOENldFdPWHUvZVlCQldtWmFBOEFBeGZ5QWNsa1ZNQmNtT3g4SDZaCmxvOE91SVRQU0lDYnJJd2NUbW9rSWVzVgotLS0tLUVORCBDRVJUSUZJQ0FURS0tLS0tCg==\n    client-key-data: LS0tLS1CRUdJTiBSU0EgUFJJVkFURSBLRVktLS0tLQpNSUlKS2dJQkFBS0NBZ0VBcDcvTTlIa2dncnhRNTdZd09TTGFhUUtnYjZCaXNLMzlCd0Jjb2FST2lIRXB2ZUJhCmJMQ1gwY0lOV2wwQ0lyT3IwL3p1VWNpdTlCRHBTOCtSRzVocnRETU9KbDRtQjFKdWR5bGxzUEFWOHBBbk5sdDkKVkpTL0FxVmwzZ25Ucm1GRnhROE1oWFVhN25NSTlFb1RDWUNlODJmaisxSnMwSGc1a0UvOWN6ek5lbTBqc09DdApvSHhrY092bFg0N1JTMVpsMng5eHA4ekdxSi9jV0hib2dWZDlpaERRcG02SUZMdlhrMGw2ekZvZ0pMUmVXT282Ck44YTFFbWFlcktXaW5MdldyYk44VVpRRnJ4Zk5rbGZjRHIvNG1PRHk5YWE0eFM1VEVHajM2NEQrQnREakJGYTAKb3NPK2tiSFJTdXlaV05FVTY3eEFaYTdpNklWS2I4Mllxbkp1QUgweVkzdUtOcjFRbnNKaUxydHcyNGhiTWlKcQp5dEhlTEtEOVE5bXh6QWhYOFQxM0M5R1gvQW95U1JiTU1TalRmRG5SeWtDZmNiM3grQ1BLb3NFZi9YeFR6TDhaCmtZU3VObzZXS1ZYeWdtU25qM25CL2xFekxUclJhdUZRanFpRk5HYU9pRmdiRjMyYitkWVEyZTdJOHZKRUJIR1EKdGNBRjdGcEwrakU3MVE1bVpxbWpUU21qektlaUlBT3dCeW1neGN0NkVhUlBQR0dKdTlCRGVUSythT2g0RW9TTgpaMk9INzNsK25qekwrMUZkNEduV2lXbDl0dnNrVnJac0JtM3hVcnozOWE3bDhSSGJQRG45Y2Y0b3ZuRk9pMVI0ClBWcCsvaEk3OGhnZUI2WkFTTFFPb2gzZThwRG1TUjhlRW85Q1VZL2dMUXY5KzV0U3ZUWlhxRncvYVlVQ0F3RUEKQVFLQ0FnQU9xUUVBOXBzRVFlL3lLQ1p6djl1RnBPQ2ZrTTAvTXAxejRMQzN3YlBKVWRaN2pTRnA4VTc3V25HdgpUWVNUd3M4SUFrbFRwVzNBejcrTHpCS2E3a212WUd6aXBvUzlUQk55WDVCUEU5UmZOQUR4UzdLYTB6c1VRSjh6Cjlmamxld1BOY29DK0l4dGM3bm5BVzc3cExDLzRCc0xTWW9RMi9lTE4vV2VoakJWTEYwR3d3aG42ZGhTVEY5S2UKZE0xT3Y3aThHelhrRzgzYXk4bkdnM0hUWi9HRlFPM3pOYUszNlNpd2F4SUx6TzZWTnB3dU9oNG5aTHJMWm1PRQpwQjhmZ24wREJqWWRyUW1JSVZUcWJycEJJYjdZb1lRcU9zMVlFakhaTTh0QzdpMkZLL2xERms3SUVNSlZXa3gzCnQxQzVoZUJGcjlpUzZtTlRQZDdoQVg5UG1odUoxQ1NaOW5qT0Y3eUdzcFBHcTZodExnb3NheERpTjMrcWhROEkKZCtFcGpDbVo5MlQwL2tNTXlLcHdTcngxaDNDVnVsZThIelU3NEZpUWwraitYOUhuQTdoYThzQkZ1S2M0Q1dNQwpYeVIxRFJ1OURaenpHYVd1NWtpWWlQZ3QyaGJXUy8yTGxsZ1pZeEdpV0Vud1puTmt4ZUhiZk0xWWI4VTdTRjVyCndPRXJYY0ZUYlg0MWszUFFvL3U3N0taSXFaanpuQzlKMEMxWVlhWFg0R3JyTnNLUkQ3REpuSld5MFd4dVgvdXMKTFBVaE5QMEREcWZRN0hhVUVaYWdoSE5QcE5jVVhZREZqK3FTaVBZc3J5bWd4aENKeFUyckVNVmJsb2Fjc1M1agplTEF6TW1URlRsaktTODhZbjNhWXppUXl6MW81KzdkWW90R2syOTRHWitJUGNOc2xhd0tDQVFFQXhkeDlYYmtxCnlyb0cxMXpiOXEydUlTVnoySjdhWDZzTCtuR08wNmtha1F4ZVVJK3BML29aZEE3ejZtSXV0Wk5GMVJEdDBFSzQKOEZUbXBzRVFQRG9TQy9GdVhMRm9LUHRGQTJqY3c0OEdQNmpaUlNaSWt4V014L3ZkNXNUS1dXYStLZW4xZE14cQpEYWROVHBvbTVkUUJ6MDY1Q2txY1YvRkVKdU5SS0JQNnlLK0UyVmptcWxRcE55NGJaNWMyMExJalBRM09jUHZyCmlVTHdGb1l4SW8weUV1NVpyUmk4bjN6a0szSTlhMTJWMXhyUmZtV1ZzZUhIemdESnhERWJYWkhxRnB0YnhTTE8KYXZSZit0SEhVdDRVa0ZTN3BVWkVxYU1leFFpZ25hWDZRYmpCTFFLYnNSUWM5aWVDWkU4dXhTdlI3N1JmSGRuNApzQ1Fzd28xM1JTWGw5d0tDQVFFQTJRbzVCb1NGN0VJa1gyUEJtTXlHdFdRU3dSUVczanlhTnlNU01wYzJNMVBLCjExR2NvMFRDQ2FXRGVLMTlXUjdjZlZEYVZ6b09UZVZCajQ5dEVsbkNKL3RFczVEdEZvNVVHRk91bGJRdEVyN3MKSTMxREVhK1BKd2RsUTBlNVpCNHk0d0xFdXNnUUwrSFdrZDJEK1c4V2ZaamVJcVpNVDVSVW9zNWNyak9URXU0dgpuY0ZFbkNycWZsd0ZJUVB5N1BDakZpdlBYdVhJdUxYdTByWXJPZFpEdDdXd3BUOWU0MFpqVVA4SGRyU3NySTdvCkRHa2dac0MzMjFYVVhqUGFHRVlsWUxJbHppSTZ5V0E2UUVZbSsvU0VwMUhrVUlmNVhkTnY3VUZweWpqeUg2R0kKcnpQZG9vWENQNGdxMXV3VU1ZOFk4QTAzVndKQjZ3ZllRdlhTMUNtZFl3S0NBUUVBZ1ZvMWgzbFB0WHRLajY5QQppcE5mSElKY3F3aW5JUlkwM1lVeDU4Uk0vdmpFREF6dmdkTVNvdUpIcWpxSDZPTWdLenhIRFBraDZOVEllY29MCjhDUFN1b1liTFhRNThWamI5Ryt3ckJTcjlDQlI4cmdsaUNyMWY2UjBuTEtZeXp1MUpMZTBaYWhoeVExUUtBdjEKVkJsM0dXMlE0VjZIdWFLY2VJUHlBYTZXTEc4Ni9kRDE4L0xUZ3lTY2Urdkt4VU5BY0dDL1R2UVROd2hRNTVqUgpOSkowWXhYNkFJVUVnNHZscTFXak83YlNCKytiZC9PM21yUk5xS3F4UFpjUkdlb1R6TFhDbUMyNkh3Z21XMWFiCjVkd1VPNHQ1cFlJN3oxODU5WHcvYlBFZW02cktkNytWdzMydnRXbDlBRkVYOVlWQldXRmxNYUhYeUdmTjcxOEcKMDJrRVh3S0NBUUVBbS93eDRkSks0ZkxqYXo4cHUyUjdDRkRFL2NrdmFrZUoya2kxWW5DMHZvemhRb0RnSDZOaQpCVWJVUjE0QXNaVnhpQXNjOFFYRGxBNUpZU0VHbGVLMm5MK0VyNzFmK0E4UXQyOGxFV2l0NEVRaE9KeGxJSWZaClRZYU9LNTJYeXpHOUJ0Uk5pYVFScGlnY2F6Y1dDNlhnTnlJdnZCMWl5T3JsTFNFOUVPSDJPT3ZBZ3hPTStPUUwKSmdlQ2xDamZaWlRJMFQxcFMxM0FOYWhqM1VLWnJIYW1zcGk5UFBaZmZ0NXVzSjZwd1pHMmJFcEUwZTZZSCtFdwpBazRjVkJ2V0NnNFgvUGZzSGNzU0R2cSt3c1RvYmJwZHdGY2x6UTc4bElkS2NPekxXRkEzQzY2dnFxT1BEYWd1ClpEUzcvVDBzZ2pYRENYdW1JejEzSExERnA5SSsxTWFYMndLQ0FRRUF2MmphdmppN2h3NDV3cGViSnY5OFV3K2oKVElPd1llMDNsOElvcVA3TUxqM3Z4RlhpSTZVU3hCQm0wajRWNDdLR1pBWTZsQ0w5MUxuNS80dzBXUEZvMzlrVQpRbGhwT3JvZ09TNURpQWZuY2hWbExwdkNMTVJUUXdMZ0JKcGR3ZWJUTXJhem9KbmlnTktoaVh4MVlFSzRnWmJLCkk0RkNCbmt3Wno5S2tmYml5UDJYYzAzM0ozUzVaa1l0VjB4R2txRHJCSG9wUlpIbFc4OVdrRFN4SmR6blVlaTkKNmUvY2FkTmZNekhKekdNb3FPQ29wd3BCOFd6NWpkckVKM1JhYUQwTFA4OHFyOFFNeG5zcVhkS0dMdFI4T3dFTAo0cm9Bc1JLd1VKamdxWkRwWUcvUW9OYTJOTUN5eWYrZ0tBdlNDakM5OXNIdHNRY3BMSHZFak5yb3BDMHhHZz09Ci0tLS0tRU5EIFJTQSBQUklWQVRFIEtFWS0tLS0tCg==\n    token: vzci0uju4rhiycaluaezg1y2ihmdn1ffil1lgmd73coi2ybablp8msbc9v18wcwagmpna58fze6rjogw9pxlhdpkur3cpp2dxgnv6wm2y272731dhlqb2v0gteuf941d\n",
            "kube_config": [
              {
                "client_certificate": "",
                "client_key": "",
                "cluster_ca_certificate": "LS0tLS1CRUdJTiBDRVJUSUZJQ0FURS0tLS0tCk1JSUU2VENDQXRHZ0F3SUJBZ0lSQUxORUNIT3NmaGI2VThtaFVsaGJZbG93RFFZSktvWklodmNOQVFFTEJRQXcKRFRFTE1Ba0dBMVVFQXhNQ1kyRXdJQmNOTWpZd05qSTBNVEV3TnpBMldoZ1BNakExTmpBMk1qUXhNVEUzTURaYQpNQTB4Q3pBSkJnTlZCQU1UQW1OaE1JSUNJakFOQmdrcWhraUc5dzBCQVFFRkFBT0NBZzhBTUlJQ0NnS0NBZ0VBCnlqRGFrb3hNcXpTR3lFRXUwTnBJeDJ0T1ptV1liN0tLTTlYMGt5cm8yU0FUb29oUEJ3TEZrU2IxbEdnNmdPS3AKNWJTdFlzSEFvRmdyZHM1ZE9rM25sYWl5eVR5d3Z1VmRGOVBmN3FSYU5LZk82MXp1eEtaUENuNDNwUmJHTGFJWgpGK1BtV2dqZTBERzZOWkZXd2dYYjhYWXhxY3RWN0hPRDF2MFdzaUpISGxGSkdOSGJ3TVRMdXNjTm1qVE1VZ3pTCmlxVGJzU1ZFcmlSalEvSmphYmJvMkF4NkNETk9zcDN1YWxFbFlVNVh2Znk4S2RBb3U3U214U1JCR084b2FwY2kKZmVaVUtENE9nMU9JUnRPbW1wRHdqQTNWN2pNaVQ1Vk53VTNWV2U0eElXeVZsUkxkbmpHL2liZ3plQkxvdUtkZwpBa1M1QVdsRHBjK2ZkSUQ0WnBDYWhxc3lYNmlkOVhpMEhMZUdWMXFCMS9tNFI1NFZSL0JqaG5xNzd2SnNwUEMzCmlCelR6ZkZDY0JLOGtVR3dIMSt4eG91RDBHcWxrdEdGWGFneTBDM0kwZXpMU0tucHlrLzhLaEErSlFWTnowWXQKUDFiNnhyRXBZMzNhb1puZjNFL2ZMVTVkODJmQ05LS2liTWxsWjUrVVFjcnc5OEJlZlJwOUNiMzNvMStjdmIrZwpjYUNMQjM0WjdtZk1XTEJ0Uy9iQ2VqQ213d3FzU2FzZmtjYzJXQytFZ2NMSTR1M2tud2JRUnY0cEs0aVd3RE9CCjIwM1JjakJjUzhoUSs0TmVacisrTkhMTllyKzgxQlNITzc5TVY5bHlvS1JGRFlUNHlWT01Sdi9xbFhoMlZ6RU0KVXhkT2tGNWxHdWpkWDVjMVJFZEliYTduV3E0TTRGRWFack8zV1FuM2o3a0NBd0VBQWFOQ01FQXdEZ1lEVlIwUApBUUgvQkFRREFnS2tNQThHQTFVZEV3RUIvd1FGTUFNQkFmOHdIUVlEVlIwT0JCWUVGTU96SGc1NkI3L0lVd0lLCnl0UnhIZncwclhYZU1BMEdDU3FHU0liM0RRRUJDd1VBQTRJQ0FRQUFoa256dVB0OG5sOHZUOTVvREVpTG03cUQKK2JMU3lMbTRqVU9OWFNwak5RcnNHNG5XcHZGYWRDK2E3dVljV2tHWTBRSWJxb29QUTNjdmF0a3QwNDlwU1k2Ugo4aTNRdU5tVzhKTE1XdExsN0UwekpJeThGTmQxN1lJbkU3NnozanZRNlViRHloUHQybVh0S1ZaS0dJWWF5ZEk1CjN0cHF6YktxQnNSeTdwWUJCVVJTZTExazVNdFlCdDlrMkEwY1MzVjUwVVg0ZjdGUU9sWXRXaUUrWVRCSU5ZS2wKYytZM042aVpWV3FwcDF4Ymk3KzJjVDVNOEFNMkRHb215MDhmdVR5dXlEQ3JycUhzMXNGQndybHZSc3dqZjQycgptdnhtNW9YR2xsZkJRcTRkN2l3ODFlbGlhOHNIUC9oZ3JvaTNBTHMyeE40Q1l6c2pianN3a3AvYVhjZVFUajlECjZaUytxcC9abXVzVVFraS9oREJaT3Fqb1F1c3NCWE1lL1BTa2JUeTd1eTNocUpwcGU2b2czRnRaVWVSUngvVk8KM0c5S3cwclpPeHVlYllrZU9Sbnd6VU4wY25CM1h6SS9MNUhaNWx5N1NTVkswbXZ5TzVMWkhjRW1aYlRraFMrWApxZHZhN3d5MlpyVTlOWGVKdUd5NGdGRnVmZ3ZtNkllVWhCUG9NaFk1YUJPS3pzanF2M2FtamZ3dHNBcGx1Z2ZMCjlLd3R3S29pOFY2S0NVWG91STRtMGJlclplcHM0K1Q1akhlaGdvakY0eDJCNzl6TGM1MWFmN3FrRUZZRWoyZVAKbGljL0xRMi9RMHJHdlZ3c3F6Mnh3cnJTejVyMFpLbTZsRmtzcTA1UHFHZEcrQmVZM3NFMkJRYVJQTDRaSGN0ZQpVNk4yaEI1emtjM3BVYzNVQ1E9PQotLS0tLUVORCBDRVJUSUZJQ0FURS0tLS0tCg==",
                "host": "https://kub-kgf9r62f.privatelink.northeurope.azmk8s.io:443",
                "password": "",
                "username": "clusterUser_RG-KUB-PROD_kub-prod"
              }
            ],
            "kube_config_raw": "apiVersion: v1\nclusters:\n- cluster:\n    certificate-authority-data: LS0tLS1CRUdJTiBDRVJUSUZJQ0FURS0tLS0tCk1JSUU2VENDQXRHZ0F3SUJBZ0lSQUxORUNIT3NmaGI2VThtaFVsaGJZbG93RFFZSktvWklodmNOQVFFTEJRQXcKRFRFTE1Ba0dBMVVFQXhNQ1kyRXdJQmNOTWpZd05qSTBNVEV3TnpBMldoZ1BNakExTmpBMk1qUXhNVEUzTURaYQpNQTB4Q3pBSkJnTlZCQU1UQW1OaE1JSUNJakFOQmdrcWhraUc5dzBCQVFFRkFBT0NBZzhBTUlJQ0NnS0NBZ0VBCnlqRGFrb3hNcXpTR3lFRXUwTnBJeDJ0T1ptV1liN0tLTTlYMGt5cm8yU0FUb29oUEJ3TEZrU2IxbEdnNmdPS3AKNWJTdFlzSEFvRmdyZHM1ZE9rM25sYWl5eVR5d3Z1VmRGOVBmN3FSYU5LZk82MXp1eEtaUENuNDNwUmJHTGFJWgpGK1BtV2dqZTBERzZOWkZXd2dYYjhYWXhxY3RWN0hPRDF2MFdzaUpISGxGSkdOSGJ3TVRMdXNjTm1qVE1VZ3pTCmlxVGJzU1ZFcmlSalEvSmphYmJvMkF4NkNETk9zcDN1YWxFbFlVNVh2Znk4S2RBb3U3U214U1JCR084b2FwY2kKZmVaVUtENE9nMU9JUnRPbW1wRHdqQTNWN2pNaVQ1Vk53VTNWV2U0eElXeVZsUkxkbmpHL2liZ3plQkxvdUtkZwpBa1M1QVdsRHBjK2ZkSUQ0WnBDYWhxc3lYNmlkOVhpMEhMZUdWMXFCMS9tNFI1NFZSL0JqaG5xNzd2SnNwUEMzCmlCelR6ZkZDY0JLOGtVR3dIMSt4eG91RDBHcWxrdEdGWGFneTBDM0kwZXpMU0tucHlrLzhLaEErSlFWTnowWXQKUDFiNnhyRXBZMzNhb1puZjNFL2ZMVTVkODJmQ05LS2liTWxsWjUrVVFjcnc5OEJlZlJwOUNiMzNvMStjdmIrZwpjYUNMQjM0WjdtZk1XTEJ0Uy9iQ2VqQ213d3FzU2FzZmtjYzJXQytFZ2NMSTR1M2tud2JRUnY0cEs0aVd3RE9CCjIwM1JjakJjUzhoUSs0TmVacisrTkhMTllyKzgxQlNITzc5TVY5bHlvS1JGRFlUNHlWT01Sdi9xbFhoMlZ6RU0KVXhkT2tGNWxHdWpkWDVjMVJFZEliYTduV3E0TTRGRWFack8zV1FuM2o3a0NBd0VBQWFOQ01FQXdEZ1lEVlIwUApBUUgvQkFRREFnS2tNQThHQTFVZEV3RUIvd1FGTUFNQkFmOHdIUVlEVlIwT0JCWUVGTU96SGc1NkI3L0lVd0lLCnl0UnhIZncwclhYZU1BMEdDU3FHU0liM0RRRUJDd1VBQTRJQ0FRQUFoa256dVB0OG5sOHZUOTVvREVpTG03cUQKK2JMU3lMbTRqVU9OWFNwak5RcnNHNG5XcHZGYWRDK2E3dVljV2tHWTBRSWJxb29QUTNjdmF0a3QwNDlwU1k2Ugo4aTNRdU5tVzhKTE1XdExsN0UwekpJeThGTmQxN1lJbkU3NnozanZRNlViRHloUHQybVh0S1ZaS0dJWWF5ZEk1CjN0cHF6YktxQnNSeTdwWUJCVVJTZTExazVNdFlCdDlrMkEwY1MzVjUwVVg0ZjdGUU9sWXRXaUUrWVRCSU5ZS2wKYytZM042aVpWV3FwcDF4Ymk3KzJjVDVNOEFNMkRHb215MDhmdVR5dXlEQ3JycUhzMXNGQndybHZSc3dqZjQycgptdnhtNW9YR2xsZkJRcTRkN2l3ODFlbGlhOHNIUC9oZ3JvaTNBTHMyeE40Q1l6c2pianN3a3AvYVhjZVFUajlECjZaUytxcC9abXVzVVFraS9oREJaT3Fqb1F1c3NCWE1lL1BTa2JUeTd1eTNocUpwcGU2b2czRnRaVWVSUngvVk8KM0c5S3cwclpPeHVlYllrZU9Sbnd6VU4wY25CM1h6SS9MNUhaNWx5N1NTVkswbXZ5TzVMWkhjRW1aYlRraFMrWApxZHZhN3d5MlpyVTlOWGVKdUd5NGdGRnVmZ3ZtNkllVWhCUG9NaFk1YUJPS3pzanF2M2FtamZ3dHNBcGx1Z2ZMCjlLd3R3S29pOFY2S0NVWG91STRtMGJlclplcHM0K1Q1akhlaGdvakY0eDJCNzl6TGM1MWFmN3FrRUZZRWoyZVAKbGljL0xRMi9RMHJHdlZ3c3F6Mnh3cnJTejVyMFpLbTZsRmtzcTA1UHFHZEcrQmVZM3NFMkJRYVJQTDRaSGN0ZQpVNk4yaEI1emtjM3BVYzNVQ1E9PQotLS0tLUVORCBDRVJUSUZJQ0FURS0tLS0tCg==\n    server: https://kub-kgf9r62f.privatelink.northeurope.azmk8s.io:443\n  name: kub-prod\ncontexts:\n- context:\n    cluster: kub-prod\n    user: clusterUser_RG-KUB-PROD_kub-prod\n  name: kub-prod\ncurrent-context: kub-prod\nkind: Config\nusers:\n- name: clusterUser_RG-KUB-PROD_kub-prod\n  user:\n    exec:\n      apiVersion: client.authentication.k8s.io/v1beta1\n      args:\n      - get-token\n      - --environment\n      - AzurePublicCloud\n      - --server-id\n      - 6dae42f8-4368-4678-94ff-3960e28e3630\n      - --client-id\n      - 80faf920-1908-4b52-b5ef-a8e7bedfc67a\n      - --tenant-id\n      - e91a3506-82bb-4f4b-ac4b-92dc6b491ff0\n      - --login\n      - devicecode\n      command: kubelogin\n      env: null\n      installHint: |2\n\n        kubelogin is not installed which is required to connect to AAD enabled cluster.\n\n        To learn more, please go to https://aka.ms/aks/kubelogin\n      provideClusterInfo: false\n",
            "kubelet_identity": [
              {
                "client_id": "6882921d-33c5-4e64-bceb-588e8177ae22",
                "object_id": "f8d8d1c3-8395-42f4-97b1-e9515b70467b",
                "user_assigned_identity_id": "/subscriptions/746d02a8-8c56-46c0-82e7-7c736f5ca6c3/resourceGroups/MC_RG-KUB-PROD_kub-prod_northeurope/providers/Microsoft.ManagedIdentity/userAssignedIdentities/kub-prod-agentpool"
              }
            ],
            "kubernetes_version": "1.33.5",
            "linux_profile": [
              {
                "admin_username": "azureuser",
                "ssh_key": [
                  {
                    "key_data": "ssh-rsa AAAAB3NzaC1yc2EAAAADAQABAAACAQDIZx36Ys8iq6AN3H7T89gnEYXpM5Pc9AMqJ0qyzZ9esCWFTvOE0hooIGDWbr90zT2AbEU817BTS/N2kvIMqmgE83DE+9N+zp4BWVUAjyYFoiBcH5MphKcn8U6Q04zwf0RgB58Gnn2r3TMXouts8pnYVSBu4Pqbm1FMy/yvyNUT5qxGx4ffjVoPLuXqLQck4xZFAkUD51befpIA5fWRGb9/9CADVscDcTGaV34reTG1AEjlWjFEdO4w+yZsiWN6JWfamgQy/Hf0/YAtCmByWcLOfvHQ5uiPtK1PUkr2DzANpbrhWVOhxHEgekcPGwUKqJsJTUgon2blCWSykxSB7+CFroeYTqaeKhYB8cZTsnMMVFdvhAzBjXzuzsApJSRRfBlVyCEm8zsEkg52F8d9YymGQi9Azoq8VSFxTEyuam7u3+tcwuRn51iyyQu7KBsdqSAtehjAr4FzqbAKlrKNW+HaFeparrqenQswaM28+OXyFjZ3xxKQ017nft2vsRNHJm6mI4MYKBb1OJ1EiePUU49s4hwfzUndgQc68t/w3pfR9iYmINaZgdNXzK9qVrWhn7No6rGPcxtZ1lPSYM9oorrKTi5tOzd4dkpfdnTnqUuKsvM/DTAPzQNOlKiNcajc+afd3NBut+na9G1YBT6NV987Yw9zHTc6UIYIK2hkg9N4QQ==\n"
                  }
                ]
              }
            ],
            "local_account_disabled": false,
            "location": "northeurope",
            "maintenance_window": [],
            "maintenance_window_auto_upgrade": [],
            "maintenance_window_node_os": [
              {
                "day_of_month": 0,
                "day_of_week": "Sunday",
                "duration": 5,
                "frequency": "Weekly",
                "interval": 1,
                "not_allowed": [],
                "start_date": "2026-06-24T00:00:00Z",
                "start_time": "00:00",
                "utc_offset": "+00:00",
                "week_index": ""
              }
            ],
            "microsoft_defender": [],
            "monitor_metrics": [],
            "name": "kub-prod",
            "network_profile": [
              {
                "advanced_networking": [],
                "dns_service_ip": "198.12.0.10",
                "ip_versions": [
                  "IPv4"
                ],
                "load_balancer_profile": [
                  {
                    "backend_pool_type": "NodeIPConfiguration",
                    "effective_outbound_ips": [
                      "/subscriptions/746d02a8-8c56-46c0-82e7-7c736f5ca6c3/resourceGroups/MC_RG-KUB-PROD_kub-prod_northeurope/providers/Microsoft.Network/publicIPAddresses/4c946a33-db18-42fc-ac1d-54c5ed4c039d"
                    ],
                    "idle_timeout_in_minutes": 0,
                    "managed_outbound_ip_count": 1,
                    "managed_outbound_ipv6_count": 0,
                    "outbound_ip_address_ids": [],
                    "outbound_ip_prefix_ids": [],
                    "outbound_ports_allocated": 0
                  }
                ],
                "load_balancer_sku": "standard",
                "nat_gateway_profile": [],
                "network_data_plane": "azure",
                "network_mode": "",
                "network_plugin": "azure",
                "network_plugin_mode": "overlay",
                "network_policy": "",
                "outbound_type": "loadBalancer",
                "pod_cidr": "188.12.0.0/16",
                "pod_cidrs": [
                  "188.12.0.0/16"
                ],
                "service_cidr": "198.12.0.0/16",
                "service_cidrs": [
                  "198.12.0.0/16"
                ]
              }
            ],
            "node_os_upgrade_channel": "NodeImage",
            "node_provisioning_profile": [
              {
                "default_node_pools": "Auto",
                "mode": "Manual"
              }
            ],
            "node_resource_group": "MC_RG-KUB-PROD_kub-prod_northeurope",
            "node_resource_group_id": "/subscriptions/746d02a8-8c56-46c0-82e7-7c736f5ca6c3/resourceGroups/MC_RG-KUB-PROD_kub-prod_northeurope",
            "oidc_issuer_enabled": true,
            "oidc_issuer_url": "https://northeurope.oic.prod-aks.azure.com/e91a3506-82bb-4f4b-ac4b-92dc6b491ff0/172711c3-e2af-4ca3-91cb-c225f216dc29/",
            "oms_agent": [
              {
                "log_analytics_workspace_id": "/subscriptions/746d02a8-8c56-46c0-82e7-7c736f5ca6c3/resourceGroups/RG-KUB-PROD/providers/Microsoft.OperationalInsights/workspaces/law-prod",
                "msi_auth_for_monitoring_enabled": false,
                "oms_agent_identity": [
                  {
                    "client_id": "b82fa03d-1280-4e45-9be7-766c11781aa5",
                    "object_id": "9b100f33-653a-4c38-be8c-837ad060cdf7",
                    "user_assigned_identity_id": "/subscriptions/746d02a8-8c56-46c0-82e7-7c736f5ca6c3/resourcegroups/MC_RG-KUB-PROD_kub-prod_northeurope/providers/Microsoft.ManagedIdentity/userAssignedIdentities/omsagent-kub-prod"
                  }
                ]
              }
            ],
            "open_service_mesh_enabled": false,
            "portal_fqdn": "5af5a6dc4ed61b6be641ac542db3c31c-priv.portal.hcp.northeurope.azmk8s.io",
            "private_cluster_enabled": true,
            "private_cluster_public_fqdn_enabled": false,
            "private_dns_zone_id": "/subscriptions/746d02a8-8c56-46c0-82e7-7c736f5ca6c3/resourceGroups/RG-KUB-PROD/providers/Microsoft.Network/privateDnsZones/privatelink.northeurope.azmk8s.io",
            "private_fqdn": "kub-kgf9r62f.privatelink.northeurope.azmk8s.io",
            "resource_group_name": "RG-KUB-PROD",
            "role_based_access_control_enabled": true,
            "run_command_enabled": true,
            "service_mesh_profile": [],
            "service_principal": [],
            "sku_tier": "Standard",
            "storage_profile": [],
            "support_plan": "KubernetesOfficial",
            "tags": {
              "owner": "BOA",
              "platform": "Azure"
            },
            "timeouts": null,
            "upgrade_override": [],
            "web_app_routing": [],
            "windows_profile": [
              {
                "admin_password": "",
                "admin_username": "azureuser",
                "gmsa": [],
                "license": ""
              }
            ],
            "workload_autoscaler_profile": [],
            "workload_identity_enabled": true
          },
          "sensitive_attributes": [
            [
              {
                "type": "get_attr",
                "value": "kube_admin_config"
              }
            ],
            [
              {
                "type": "get_attr",
                "value": "kube_admin_config_raw"
              }
            ],
            [
              {
                "type": "get_attr",
                "value": "kube_config"
              }
            ],
            [
              {
                "type": "get_attr",
                "value": "kube_config_raw"
              }
            ],
            [
              {
                "type": "get_attr",
                "value": "windows_profile"
              },
              {
                "type": "index",
                "value": {
                  "value": 0,
                  "type": "number"
                }
              },
              {
                "type": "get_attr",
                "value": "admin_password"
              }
            ]
          ],
          "identity_schema_version": 0,
          "private": "eyJlMmJmYjczMC1lY2FhLTExZTYtOGY4OC0zNDM2M2JjN2M0YzAiOnsiY3JlYXRlIjo1NDAwMDAwMDAwMDAwLCJkZWxldGUiOjU0MDAwMDAwMDAwMDAsInJlYWQiOjMwMDAwMDAwMDAwMCwidXBkYXRlIjo1NDAwMDAwMDAwMDAwfSwic2NoZW1hX3ZlcnNpb24iOiIyIn0=",
          "dependencies": [
            "data.azuread_group.admin-group-prod",
            "data.azurerm_subnet.subnet_prod",
            "module.aks.azurerm_log_analytics_workspace.aks_law",
            "module.aks.azurerm_private_dns_zone.prv-dns-zone",
            "module.aks.azurerm_role_assignment.aks_dns_role",
            "module.aks.azurerm_role_assignment.aks_network_contributor",
            "module.aks.azurerm_user_assigned_identity.aks_uia",
            "module.aks.tls_private_key.ssh"
          ]
        }
      ]
    },
    {
      "module": "module.aks",
      "mode": "managed",
      "type": "azurerm_kubernetes_cluster_node_pool",
      "name": "this",
      "provider": "module.aks.provider[\"registry.terraform.io/hashicorp/azurerm\"]",
      "instances": [
        {
          "index_key": "apppool",
          "schema_version": 1,
          "attributes": {
            "auto_scaling_enabled": true,
            "capacity_reservation_group_id": "",
            "eviction_policy": "",
            "fips_enabled": false,
            "gpu_driver": null,
            "gpu_instance": null,
            "host_encryption_enabled": false,
            "host_group_id": "",
            "id": "/subscriptions/746d02a8-8c56-46c0-82e7-7c736f5ca6c3/resourceGroups/RG-KUB-PROD/providers/Microsoft.ContainerService/managedClusters/kub-prod/agentPools/app",
            "kubelet_config": [],
            "kubelet_disk_type": "OS",
            "kubernetes_cluster_id": "/subscriptions/746d02a8-8c56-46c0-82e7-7c736f5ca6c3/resourceGroups/RG-KUB-PROD/providers/Microsoft.ContainerService/managedClusters/kub-prod",
            "linux_os_config": [],
            "max_count": 3,
            "max_pods": 110,
            "min_count": 2,
            "mode": "User",
            "name": "app",
            "node_count": 3,
            "node_image_version": "AKSUbuntu-2204gen2containerd-202606.08.1",
            "node_labels": {
              "environment": "prod",
              "role": "kafka",
              "type": "app"
            },
            "node_network_profile": [],
            "node_public_ip_enabled": false,
            "node_public_ip_prefix_id": "",
            "node_taints": [],
            "orchestrator_version": "1.33.5",
            "os_disk_size_gb": 50,
            "os_disk_type": "Managed",
            "os_sku": "Ubuntu",
            "os_type": "Linux",
            "pod_subnet_id": "",
            "priority": "Regular",
            "proximity_placement_group_id": "",
            "scale_down_mode": "Delete",
            "snapshot_id": null,
            "spot_max_price": -1,
            "tags": {
              "owner": "BOA",
              "platform": "Azure"
            },
            "temporary_name_for_rotation": null,
            "timeouts": null,
            "ultra_ssd_enabled": false,
            "upgrade_settings": [
              {
                "drain_timeout_in_minutes": 30,
                "max_surge": "50%",
                "max_unavailable": "",
                "node_soak_duration_in_minutes": 5,
                "undrainable_node_behavior": ""
              }
            ],
            "vm_size": "Standard_D8ds_v5",
            "vnet_subnet_id": "/subscriptions/746d02a8-8c56-46c0-82e7-7c736f5ca6c3/resourceGroups/RG-KUB-PROD/providers/Microsoft.Network/virtualNetworks/VNET-KUB-PROD-NEW/subnets/default",
            "windows_profile": [],
            "workload_runtime": null,
            "zones": [
              "1",
              "2",
              "3"
            ]
          },
          "sensitive_attributes": [],
          "identity_schema_version": 0,
          "private": "eyJlMmJmYjczMC1lY2FhLTExZTYtOGY4OC0zNDM2M2JjN2M0YzAiOnsiY3JlYXRlIjozNjAwMDAwMDAwMDAwLCJkZWxldGUiOjM2MDAwMDAwMDAwMDAsInJlYWQiOjMwMDAwMDAwMDAwMCwidXBkYXRlIjozNjAwMDAwMDAwMDAwfSwic2NoZW1hX3ZlcnNpb24iOiIxIn0=",
          "dependencies": [
            "data.azuread_group.admin-group-prod",
            "data.azurerm_subnet.subnet_prod",
            "module.aks.azurerm_kubernetes_cluster.aks",
            "module.aks.azurerm_log_analytics_workspace.aks_law",
            "module.aks.azurerm_private_dns_zone.prv-dns-zone",
            "module.aks.azurerm_role_assignment.aks_dns_role",
            "module.aks.azurerm_role_assignment.aks_network_contributor",
            "module.aks.azurerm_user_assigned_identity.aks_uia",
            "module.aks.tls_private_key.ssh"
          ]
        }
      ]
    },
    {
      "module": "module.aks",
      "mode": "managed",
      "type": "azurerm_log_analytics_workspace",
      "name": "aks_law",
      "provider": "module.aks.provider[\"registry.terraform.io/hashicorp/azurerm\"]",
      "instances": [
        {
          "index_key": 0,
          "schema_version": 3,
          "attributes": {
            "allow_resource_only_permissions": true,
            "cmk_for_query_forced": false,
            "daily_quota_gb": -1,
            "data_collection_rule_id": "",
            "id": "/subscriptions/746d02a8-8c56-46c0-82e7-7c736f5ca6c3/resourceGroups/RG-KUB-PROD/providers/Microsoft.OperationalInsights/workspaces/law-prod",
            "identity": [],
            "immediate_data_purge_on_30_days_enabled": false,
            "internet_ingestion_enabled": true,
            "internet_query_enabled": true,
            "local_authentication_disabled": false,
            "local_authentication_enabled": true,
            "location": "northeurope",
            "name": "law-prod",
            "primary_shared_key": "sQ4vTkmPZKCZ467ka3SE4onbitrgJnFGIQR2nNRSGpTxcKR8hp5kJ8yGGjlGF4xDjR2uZAgUBe7073137XK7pw==",
            "reservation_capacity_in_gb_per_day": null,
            "resource_group_name": "RG-KUB-PROD",
            "retention_in_days": 30,
            "secondary_shared_key": "bfNzqSoao7uzh2REvfhNJNpx9R3d1b4n3akONMxR4YRp+ontR4UhVkixrQHuC2mtS6y4ui2x6nwTZvLpKoN/Dw==",
            "sku": "PerGB2018",
            "tags": {
              "owner": "BOA",
              "platform": "Azure"
            },
            "timeouts": null,
            "workspace_id": "3ca84193-c937-4d00-be8a-f539814d86e5"
          },
          "sensitive_attributes": [
            [
              {
                "type": "get_attr",
                "value": "primary_shared_key"
              }
            ],
            [
              {
                "type": "get_attr",
                "value": "secondary_shared_key"
              }
            ]
          ],
          "identity_schema_version": 0,
          "private": "eyJlMmJmYjczMC1lY2FhLTExZTYtOGY4OC0zNDM2M2JjN2M0YzAiOnsiY3JlYXRlIjoxODAwMDAwMDAwMDAwLCJkZWxldGUiOjE4MDAwMDAwMDAwMDAsInJlYWQiOjMwMDAwMDAwMDAwMCwidXBkYXRlIjoxODAwMDAwMDAwMDAwfSwic2NoZW1hX3ZlcnNpb24iOiIzIn0="
        }
      ]
    },
    {
      "module": "module.aks",
      "mode": "managed",
      "type": "azurerm_private_dns_zone",
      "name": "prv-dns-zone",
      "provider": "module.aks.provider[\"registry.terraform.io/hashicorp/azurerm\"]",
      "instances": [
        {
          "schema_version": 0,
          "attributes": {
            "id": "/subscriptions/746d02a8-8c56-46c0-82e7-7c736f5ca6c3/resourceGroups/RG-KUB-PROD/providers/Microsoft.Network/privateDnsZones/privatelink.northeurope.azmk8s.io",
            "max_number_of_record_sets": 25000,
            "max_number_of_virtual_network_links": 1000,
            "max_number_of_virtual_network_links_with_registration": 100,
            "name": "privatelink.northeurope.azmk8s.io",
            "number_of_record_sets": 2,
            "resource_group_name": "RG-KUB-PROD",
            "soa_record": [
              {
                "email": "azureprivatedns-host.microsoft.com",
                "expire_time": 2419200,
                "fqdn": "privatelink.northeurope.azmk8s.io.",
                "host_name": "azureprivatedns.net",
                "minimum_ttl": 10,
                "refresh_time": 3600,
                "retry_time": 300,
                "serial_number": 1,
                "tags": {},
                "ttl": 3600
              }
            ],
            "tags": {
              "owner": "BOA",
              "platform": "Azure"
            },
            "timeouts": null
          },
          "sensitive_attributes": [],
          "identity_schema_version": 0,
          "identity": {
            "name": "privatelink.northeurope.azmk8s.io",
            "resource_group_name": "RG-KUB-PROD",
            "subscription_id": "746d02a8-8c56-46c0-82e7-7c736f5ca6c3"
          },
          "private": "eyJlMmJmYjczMC1lY2FhLTExZTYtOGY4OC0zNDM2M2JjN2M0YzAiOnsiY3JlYXRlIjoxODAwMDAwMDAwMDAwLCJkZWxldGUiOjE4MDAwMDAwMDAwMDAsInJlYWQiOjMwMDAwMDAwMDAwMCwidXBkYXRlIjoxODAwMDAwMDAwMDAwfX0="
        }
      ]
    },
    {
      "module": "module.aks",
      "mode": "managed",
      "type": "azurerm_private_dns_zone_virtual_network_link",
      "name": "aks_dns_link",
      "provider": "module.aks.provider[\"registry.terraform.io/hashicorp/azurerm\"]",
      "instances": [
        {
          "schema_version": 0,
          "attributes": {
            "id": "/subscriptions/746d02a8-8c56-46c0-82e7-7c736f5ca6c3/resourceGroups/RG-KUB-PROD/providers/Microsoft.Network/privateDnsZones/privatelink.northeurope.azmk8s.io/virtualNetworkLinks/aks-dns-link-prod",
            "name": "aks-dns-link-prod",
            "private_dns_zone_name": "privatelink.northeurope.azmk8s.io",
            "registration_enabled": false,
            "resolution_policy": "Default",
            "resource_group_name": "RG-KUB-PROD",
            "tags": {},
            "timeouts": null,
            "virtual_network_id": "/subscriptions/746d02a8-8c56-46c0-82e7-7c736f5ca6c3/resourceGroups/RG-KUB-PROD/providers/Microsoft.Network/virtualNetworks/VNET-KUB-PROD-NEW"
          },
          "sensitive_attributes": [],
          "identity_schema_version": 0,
          "identity": {
            "name": "aks-dns-link-prod",
            "private_dns_zone_name": "privatelink.northeurope.azmk8s.io",
            "resource_group_name": "RG-KUB-PROD",
            "subscription_id": "746d02a8-8c56-46c0-82e7-7c736f5ca6c3"
          },
          "private": "eyJlMmJmYjczMC1lY2FhLTExZTYtOGY4OC0zNDM2M2JjN2M0YzAiOnsiY3JlYXRlIjoxODAwMDAwMDAwMDAwLCJkZWxldGUiOjE4MDAwMDAwMDAwMDAsInJlYWQiOjMwMDAwMDAwMDAwMCwidXBkYXRlIjoxODAwMDAwMDAwMDAwfX0=",
          "dependencies": [
            "data.azurerm_virtual_network.vnet_prod",
            "module.aks.azurerm_private_dns_zone.prv-dns-zone"
          ]
        }
      ]
    },
    {
      "module": "module.aks",
      "mode": "managed",
      "type": "azurerm_role_assignment",
      "name": "aks_acr_pull",
      "provider": "module.aks.provider[\"registry.terraform.io/hashicorp/azurerm\"]",
      "instances": [
        {
          "schema_version": 0,
          "attributes": {
            "condition": "",
            "condition_version": "",
            "delegated_managed_identity_resource_id": "",
            "description": "",
            "id": "/subscriptions/746d02a8-8c56-46c0-82e7-7c736f5ca6c3/resourceGroups/RG-KUB-PROD/providers/Microsoft.ContainerRegistry/registries/kubacrprod/providers/Microsoft.Authorization/roleAssignments/50862334-7a3b-866a-08fa-402c57282fee",
            "name": "50862334-7a3b-866a-08fa-402c57282fee",
            "principal_id": "f8d8d1c3-8395-42f4-97b1-e9515b70467b",
            "principal_type": "ServicePrincipal",
            "role_definition_id": "/subscriptions/746d02a8-8c56-46c0-82e7-7c736f5ca6c3/providers/Microsoft.Authorization/roleDefinitions/7f951dda-4ed3-4680-a7ca-43fe172d538d",
            "role_definition_name": "AcrPull",
            "scope": "/subscriptions/746d02a8-8c56-46c0-82e7-7c736f5ca6c3/resourceGroups/RG-KUB-PROD/providers/Microsoft.ContainerRegistry/registries/kubacrprod",
            "skip_service_principal_aad_check": null,
            "timeouts": null
          },
          "sensitive_attributes": [],
          "identity_schema_version": 0,
          "private": "eyJlMmJmYjczMC1lY2FhLTExZTYtOGY4OC0zNDM2M2JjN2M0YzAiOnsiY3JlYXRlIjoxODAwMDAwMDAwMDAwLCJkZWxldGUiOjE4MDAwMDAwMDAwMDAsInJlYWQiOjMwMDAwMDAwMDAwMH19",
          "dependencies": [
            "data.azuread_group.admin-group-prod",
            "data.azurerm_subnet.subnet_prod",
            "module.acr.azurerm_container_registry.acr",
            "module.acr.azurerm_user_assigned_identity.acr-uia",
            "module.aks.azurerm_kubernetes_cluster.aks",
            "module.aks.azurerm_log_analytics_workspace.aks_law",
            "module.aks.azurerm_private_dns_zone.prv-dns-zone",
            "module.aks.azurerm_role_assignment.aks_dns_role",
            "module.aks.azurerm_role_assignment.aks_network_contributor",
            "module.aks.azurerm_user_assigned_identity.aks_uia",
            "module.aks.tls_private_key.ssh"
          ]
        }
      ]
    },
    {
      "module": "module.aks",
      "mode": "managed",
      "type": "azurerm_role_assignment",
      "name": "aks_dns_role",
      "provider": "module.aks.provider[\"registry.terraform.io/hashicorp/azurerm\"]",
      "instances": [
        {
          "schema_version": 0,
          "attributes": {
            "condition": "",
            "condition_version": "",
            "delegated_managed_identity_resource_id": "",
            "description": "",
            "id": "/subscriptions/746d02a8-8c56-46c0-82e7-7c736f5ca6c3/resourceGroups/RG-KUB-PROD/providers/Microsoft.Network/privateDnsZones/privatelink.northeurope.azmk8s.io/providers/Microsoft.Authorization/roleAssignments/6802408a-fe4e-924b-4ab1-808427d9267d",
            "name": "6802408a-fe4e-924b-4ab1-808427d9267d",
            "principal_id": "42ba6632-07f9-4760-ae5d-75bc5dbb1ac2",
            "principal_type": "ServicePrincipal",
            "role_definition_id": "/subscriptions/746d02a8-8c56-46c0-82e7-7c736f5ca6c3/providers/Microsoft.Authorization/roleDefinitions/b12aa53e-6015-4669-85d0-8515ebb3ae7f",
            "role_definition_name": "Private DNS Zone Contributor",
            "scope": "/subscriptions/746d02a8-8c56-46c0-82e7-7c736f5ca6c3/resourceGroups/RG-KUB-PROD/providers/Microsoft.Network/privateDnsZones/privatelink.northeurope.azmk8s.io",
            "skip_service_principal_aad_check": null,
            "timeouts": null
          },
          "sensitive_attributes": [],
          "identity_schema_version": 0,
          "private": "eyJlMmJmYjczMC1lY2FhLTExZTYtOGY4OC0zNDM2M2JjN2M0YzAiOnsiY3JlYXRlIjoxODAwMDAwMDAwMDAwLCJkZWxldGUiOjE4MDAwMDAwMDAwMDAsInJlYWQiOjMwMDAwMDAwMDAwMH19",
          "dependencies": [
            "module.aks.azurerm_private_dns_zone.prv-dns-zone",
            "module.aks.azurerm_user_assigned_identity.aks_uia"
          ]
        }
      ]
    },
    {
      "module": "module.aks",
      "mode": "managed",
      "type": "azurerm_role_assignment",
      "name": "aks_network_contributor",
      "provider": "module.aks.provider[\"registry.terraform.io/hashicorp/azurerm\"]",
      "instances": [
        {
          "schema_version": 0,
          "attributes": {
            "condition": "",
            "condition_version": "",
            "delegated_managed_identity_resource_id": "",
            "description": "",
            "id": "/subscriptions/746d02a8-8c56-46c0-82e7-7c736f5ca6c3/resourceGroups/RG-KUB-PROD/providers/Microsoft.Network/virtualNetworks/VNET-KUB-PROD-NEW/subnets/default/providers/Microsoft.Authorization/roleAssignments/0ba83989-25d0-dcd4-42a1-22a91d3a0ec4",
            "name": "0ba83989-25d0-dcd4-42a1-22a91d3a0ec4",
            "principal_id": "42ba6632-07f9-4760-ae5d-75bc5dbb1ac2",
            "principal_type": "ServicePrincipal",
            "role_definition_id": "/subscriptions/746d02a8-8c56-46c0-82e7-7c736f5ca6c3/providers/Microsoft.Authorization/roleDefinitions/4d97b98b-1d4f-4787-a291-c67834d212e7",
            "role_definition_name": "Network Contributor",
            "scope": "/subscriptions/746d02a8-8c56-46c0-82e7-7c736f5ca6c3/resourceGroups/RG-KUB-PROD/providers/Microsoft.Network/virtualNetworks/VNET-KUB-PROD-NEW/subnets/default",
            "skip_service_principal_aad_check": null,
            "timeouts": null
          },
          "sensitive_attributes": [],
          "identity_schema_version": 0,
          "private": "eyJlMmJmYjczMC1lY2FhLTExZTYtOGY4OC0zNDM2M2JjN2M0YzAiOnsiY3JlYXRlIjoxODAwMDAwMDAwMDAwLCJkZWxldGUiOjE4MDAwMDAwMDAwMDAsInJlYWQiOjMwMDAwMDAwMDAwMH19",
          "dependencies": [
            "data.azurerm_subnet.subnet_prod",
            "module.aks.azurerm_user_assigned_identity.aks_uia"
          ]
        }
      ]
    },
    {
      "module": "module.aks",
      "mode": "managed",
      "type": "azurerm_user_assigned_identity",
      "name": "aks_uia",
      "provider": "module.aks.provider[\"registry.terraform.io/hashicorp/azurerm\"]",
      "instances": [
        {
          "schema_version": 1,
          "attributes": {
            "client_id": "3d96ddd3-8a48-4458-bfc3-6cb88df92096",
            "id": "/subscriptions/746d02a8-8c56-46c0-82e7-7c736f5ca6c3/resourceGroups/RG-KUB-PROD/providers/Microsoft.ManagedIdentity/userAssignedIdentities/kub-uia-prod",
            "isolation_scope": "",
            "location": "northeurope",
            "name": "kub-uia-prod",
            "principal_id": "42ba6632-07f9-4760-ae5d-75bc5dbb1ac2",
            "resource_group_name": "RG-KUB-PROD",
            "tags": {
              "owner": "BOA",
              "platform": "Azure"
            },
            "tenant_id": "e91a3506-82bb-4f4b-ac4b-92dc6b491ff0",
            "timeouts": null
          },
          "sensitive_attributes": [],
          "identity_schema_version": 0,
          "private": "eyJlMmJmYjczMC1lY2FhLTExZTYtOGY4OC0zNDM2M2JjN2M0YzAiOnsiY3JlYXRlIjoxODAwMDAwMDAwMDAwLCJkZWxldGUiOjE4MDAwMDAwMDAwMDAsInJlYWQiOjMwMDAwMDAwMDAwMCwidXBkYXRlIjoxODAwMDAwMDAwMDAwfSwic2NoZW1hX3ZlcnNpb24iOiIxIn0="
        }
      ]
    },
    {
      "module": "module.aks",
      "mode": "managed",
      "type": "tls_private_key",
      "name": "ssh",
      "provider": "provider[\"registry.terraform.io/hashicorp/tls\"]",
      "instances": [
        {
          "schema_version": 1,
          "attributes": {
            "algorithm": "RSA",
            "ecdsa_curve": "P224",
            "id": "cbf79646a56fcdff52bf09a4d3fdc69417d8da61",
            "private_key_openssh": "-----BEGIN OPENSSH PRIVATE KEY-----\nb3BlbnNzaC1rZXktdjEAAAAABG5vbmUAAAAEbm9uZQAAAAAAAAABAAACFwAAAAdz\nc2gtcnNhAAAAAwEAAQAAAgEAyGcd+mLPIqugDdx+0/PYJxGF6TOT3PQDKidKss2f\nXrAlhU7zhNIaKCBg1m6/dM09gGxFPNewU0vzdpLyDKpoBPNwxPvTfs6eAVlVAI8m\nBaIgXB+TKYSnJ/FOkNOM8H9EYAefBp59q90zF6LrbPKZ2FUgbuD6m5tRTMv8r8jV\nE+asRseH341aDy7l6i0HJOMWRQJFA+dW3n6SAOX1kRm/f/QgA1bHA3Exmld+K3kx\ntQBI5VoxRHTuMPsmbIljeiVn2poEMvx39P2ALQpgclnCzn7x0Oboj7StT1JK9g8w\nDaW64VlTocRxIHpHDxsFCqibCU1IKJ9m5QlkspMUge/gha6HmE6mnioWAfHGU7Jz\nDFRXb4QMwY187s7AKSUkUXwZVcghJvM7BJIOdhfHfWMphkIvQM6KvFUhcUxMrmpu\n7t/rXMLkZ+dYsskLuygbHakgLXoYwK+Bc6mwCpayjVvh2hXqWq66np0LMGjNvPjl\n8hY2d8cSkNNe537dr7ETRyZupiODGCgW9TidRInj1FOPbOIcH81J3YEHOvLf8N6X\n0fYmJiDWmYHTV8yvala1oZ+zaOqxj3MbWdZT0mDPaKK6yk4ubTs3eHZKX3Z056lL\nirLzPw0wD80DTpSojXGo3Pmn3dzQbrfp2vRtWAU+jVffO2MPcx03OlCGCCtoZIPT\neEEAAAc4PUleKj1JXioAAAAHc3NoLXJzYQAAAgEAyGcd+mLPIqugDdx+0/PYJxGF\n6TOT3PQDKidKss2fXrAlhU7zhNIaKCBg1m6/dM09gGxFPNewU0vzdpLyDKpoBPNw\nxPvTfs6eAVlVAI8mBaIgXB+TKYSnJ/FOkNOM8H9EYAefBp59q90zF6LrbPKZ2FUg\nbuD6m5tRTMv8r8jVE+asRseH341aDy7l6i0HJOMWRQJFA+dW3n6SAOX1kRm/f/Qg\nA1bHA3Exmld+K3kxtQBI5VoxRHTuMPsmbIljeiVn2poEMvx39P2ALQpgclnCzn7x\n0Oboj7StT1JK9g8wDaW64VlTocRxIHpHDxsFCqibCU1IKJ9m5QlkspMUge/gha6H\nmE6mnioWAfHGU7JzDFRXb4QMwY187s7AKSUkUXwZVcghJvM7BJIOdhfHfWMphkIv\nQM6KvFUhcUxMrmpu7t/rXMLkZ+dYsskLuygbHakgLXoYwK+Bc6mwCpayjVvh2hXq\nWq66np0LMGjNvPjl8hY2d8cSkNNe537dr7ETRyZupiODGCgW9TidRInj1FOPbOIc\nH81J3YEHOvLf8N6X0fYmJiDWmYHTV8yvala1oZ+zaOqxj3MbWdZT0mDPaKK6yk4u\nbTs3eHZKX3Z056lLirLzPw0wD80DTpSojXGo3Pmn3dzQbrfp2vRtWAU+jVffO2MP\ncx03OlCGCCtoZIPTeEEAAAADAQABAAACADo2xh0NZelG3KwaIJd2TpRuwS0QaAP3\nuBGfL1JIa+KoHYYffJrZI3MDkM3JhwEpe5OaH/TAHP7dYcBQiFKIj8XcZ6Y5FuNP\nptNyfUA31Q4u3eKU431chOgT70Qfx+G2voh8vkPAd3Ycv/I+R9AymuEePVkoLnRU\nRmYeHW180/S/fczjukMEvyQI9g2z/c7HzpjGQ4ESSwg/0S7EnjSDu76yDjiaFR6Z\nW5TflI2RW5CeIA7Lx+MAao687hj6QfTh98ynD9A1yazXlMvAp2qgS3gLpTgPU4An\nNm8D0zWuDMHyIhrDBYnI1Cngi1LGgQzrFHo7wlnWkB+5PlCna/4gzeHTkt8qoLmF\nLLUJakDcI6l2tO1tUdDYPssM1RBUL3IV434875H/o4GykFS6NwEFAQh3bl7KWvIb\nk6NxhBnaXzjPWrcxUOMUGhkPADjDBb2uBrwf3E/mMQr1ZhLOnl4kO0uJyc2GFohZ\nDKz1ne54RKKLlPLRCOVY3mU3Yll+p4WKyNcGEk/t2uh9OpGrn4EIz/5LbBIIt8GY\n+ZM0koml1a5SsxSB561glLoZIT3jBPsHt3yTxhjJ0oToqAN1YCgM+qmOM2w3eViF\nbqczM4Be7y1jwa0Shwbvtr//lWyiucxo+bGZhnglxbpGB/t1OaBNIPesBiHgerRG\necrq+9zIFPO3AAABAQCHGO1g4xg1wtNgWZR8phb8pMyQXgciPcQXbpObPPInUzMf\nwASUGUs/+DsWlk4PZ/AYRg2FJNt+YPHfFYtOVAK65O14t1JeTV1yr+Xr3Qqa4DKW\nTb+ifzX3+yDZ8e5wbu3RaQjL5k2/JdLddbThGrIqJKLZ/K5H0NqbPh8rOfKVgWee\nXdabBm+l3M4iCNpfZX/9FFny/bSIt3CZ1cuKtO2dkCwgSh+h691lEfYVMLBvd8pF\nrE4YnfwTElKhMFt6j78VT9tboOIYXPHFFZvInbX+5RjOuRyZUht7W+NIArY6aTt1\nPV+mIfzXqQKSqh9W1LcEr8E0gPkXIFtm1mqGEyE5AAABAQDwMIM++58N7DCKmXA3\nboO9CJuZda8KX3LvFutzTNOq/zVn1MBKFoJYuamRIP+9yAXDTYZ0dkBDwBzyymrT\nsa3fgO48Dralqn39HiCdFirmfavToijB43P8s7vsVYfG5Y1N/oMz1Umw+V5d+etU\nEubuSrF6Mfz+8DQHK39Z4t82RoBDhGeCWwm41jw0lx+yehuWQ8xprGuItXHr1tD5\nPmRq6qNUNgTcOfaqrxIcOPh3l0SaHjtaKd2GYrFTmMRvr60T0BfvKGHEuZZeGMUs\nojR5wPiMxsyQK3GGZ6xIed41XJ9YepviP5xEaBcaexChkQbbB6gNAKP+d+pG71kz\nCYCPAAABAQDVmCZXPelLGrGeesOXkoptqCfGskmA4Y83OHwJ/aacZtIPms4zbtcI\nvVb/ULAqtWYo7gdystT8oMCvOiDqbTNbxMFti9sGBs6rwkDXMM2tG2heSxTtEsdH\neP/4X+cYkRNTr7A+JcjlW/Ke7Bpxqc93xuWt75YIFhwwrki4XxJZgpNqpoz7uxFw\nO1aXzo5Jg912taja9FtIFDHmV6VvOaZyc1/S0TOkdiHOL/zWkdpRGLqjCatUhEjy\n1AVuw6K9EZoZmtU/gVQ0Lpss1JmYjNn1kd+Z8HKASqU9I1AjXKIJzrq38cf+M/8u\nEhNZPoV9XCVWEflahxyrJD0ep6RHEEIvAAAAAAEC\n-----END OPENSSH PRIVATE KEY-----\n",
            "private_key_pem": "-----BEGIN RSA PRIVATE KEY-----\nMIIJKAIBAAKCAgEAyGcd+mLPIqugDdx+0/PYJxGF6TOT3PQDKidKss2fXrAlhU7z\nhNIaKCBg1m6/dM09gGxFPNewU0vzdpLyDKpoBPNwxPvTfs6eAVlVAI8mBaIgXB+T\nKYSnJ/FOkNOM8H9EYAefBp59q90zF6LrbPKZ2FUgbuD6m5tRTMv8r8jVE+asRseH\n341aDy7l6i0HJOMWRQJFA+dW3n6SAOX1kRm/f/QgA1bHA3Exmld+K3kxtQBI5Vox\nRHTuMPsmbIljeiVn2poEMvx39P2ALQpgclnCzn7x0Oboj7StT1JK9g8wDaW64VlT\nocRxIHpHDxsFCqibCU1IKJ9m5QlkspMUge/gha6HmE6mnioWAfHGU7JzDFRXb4QM\nwY187s7AKSUkUXwZVcghJvM7BJIOdhfHfWMphkIvQM6KvFUhcUxMrmpu7t/rXMLk\nZ+dYsskLuygbHakgLXoYwK+Bc6mwCpayjVvh2hXqWq66np0LMGjNvPjl8hY2d8cS\nkNNe537dr7ETRyZupiODGCgW9TidRInj1FOPbOIcH81J3YEHOvLf8N6X0fYmJiDW\nmYHTV8yvala1oZ+zaOqxj3MbWdZT0mDPaKK6yk4ubTs3eHZKX3Z056lLirLzPw0w\nD80DTpSojXGo3Pmn3dzQbrfp2vRtWAU+jVffO2MPcx03OlCGCCtoZIPTeEECAwEA\nAQKCAgA6NsYdDWXpRtysGiCXdk6UbsEtEGgD97gRny9SSGviqB2GH3ya2SNzA5DN\nyYcBKXuTmh/0wBz+3WHAUIhSiI/F3GemORbjT6bTcn1AN9UOLt3ilON9XIToE+9E\nH8fhtr6IfL5DwHd2HL/yPkfQMprhHj1ZKC50VEZmHh1tfNP0v33M47pDBL8kCPYN\ns/3Ox86YxkOBEksIP9EuxJ40g7u+sg44mhUemVuU35SNkVuQniAOy8fjAGqOvO4Y\n+kH04ffMpw/QNcms15TLwKdqoEt4C6U4D1OAJzZvA9M1rgzB8iIawwWJyNQp4ItS\nxoEM6xR6O8JZ1pAfuT5Qp2v+IM3h05LfKqC5hSy1CWpA3COpdrTtbVHQ2D7LDNUQ\nVC9yFeN+PO+R/6OBspBUujcBBQEId25eylryG5OjcYQZ2l84z1q3MVDjFBoZDwA4\nwwW9rga8H9xP5jEK9WYSzp5eJDtLicnNhhaIWQys9Z3ueESii5Ty0QjlWN5lN2JZ\nfqeFisjXBhJP7drofTqRq5+BCM/+S2wSCLfBmPmTNJKJpdWuUrMUgeetYJS6GSE9\n4wT7B7d8k8YYydKE6KgDdWAoDPqpjjNsN3lYhW6nMzOAXu8tY8GtEocG77a//5Vs\nornMaPmxmYZ4JcW6Rgf7dTmgTSD3rAYh4Hq0RnnK6vvcyBTztwKCAQEA8DCDPvuf\nDewwiplwN26DvQibmXWvCl9y7xbrc0zTqv81Z9TAShaCWLmpkSD/vcgFw02GdHZA\nQ8Ac8spq07Gt34DuPA62pap9/R4gnRYq5n2r06IoweNz/LO77FWHxuWNTf6DM9VJ\nsPleXfnrVBLm7kqxejH8/vA0Byt/WeLfNkaAQ4RnglsJuNY8NJcfsnoblkPMaaxr\niLVx69bQ+T5kauqjVDYE3Dn2qq8SHDj4d5dEmh47WindhmKxU5jEb6+tE9AX7yhh\nxLmWXhjFLKI0ecD4jMbMkCtxhmesSHneNVyfWHqb4j+cRGgXGnsQoZEG2weoDQCj\n/nfqRu9ZMwmAjwKCAQEA1ZgmVz3pSxqxnnrDl5KKbagnxrJJgOGPNzh8Cf2mnGbS\nD5rOM27XCL1W/1CwKrVmKO4HcrLU/KDArzog6m0zW8TBbYvbBgbOq8JA1zDNrRto\nXksU7RLHR3j/+F/nGJETU6+wPiXI5VvynuwacanPd8blre+WCBYcMK5IuF8SWYKT\naqaM+7sRcDtWl86OSYPddrWo2vRbSBQx5lelbzmmcnNf0tEzpHYhzi/81pHaURi6\nowmrVIRI8tQFbsOivRGaGZrVP4FUNC6bLNSZmIzZ9ZHfmfBygEqlPSNQI1yiCc66\nt/HH/jP/LhITWT6FfVwlVhH5WoccqyQ9HqekRxBCLwKCAQBk0LgGE69rNJwbUNQd\nMDHzgk1tWEwkWnPvjvs85h5iQ8Sy1EXx0wjbHPLji6pMikyA8WViNNA8n8KG1heI\ny6djjMZyRuq7FpjTSXX++XMAU/dvWT0qRMJGa1qRlETtYySwfAeuFfRcaA8H+wKf\nw19S3d8onxrGFyR/be6CWAvAyE7GCCk6OeQWxTV4DYasbzxtEgAWytxIAYDTsNL+\nCwYzKlFr41Ce72VttxYu6mrAJ6oP1mirK69j3MD5icHJ7z8CdfHV3GlNHWjUDimU\n1nCYOjsZO8hZKyL3e0SBF0YBt+LaTHxptrFstRQddVJBvpHWFZyf+IjdIpAfPg9+\nsJpZAoIBADKK8meqis3u3yD1Q9tWHdOc+uyVu7b3qQAUKaXjk81mt0ZiB3E8RT4Y\nL8Hywf0ZN7dvu+t0TdoJ4A6W3rsaZBDPGkZl1cozSixypw1EyyavWZ8WfTksPGO5\nSjjn2LODgONIq5fJMSS1AVCB5jAHUsSxGCB0lTgMo1cRpruaI6lysJeIGcxnk9TO\n9cquYhUbUwiILBDDyeXggX5UNx1+sthaXM5yGppMKeu0h0vu745JH8D8xMIXG3v6\nl96CBLxgseplLRj97YL7lFSjakUi72CgyByRPUcGYtt4w7naba2McbqdSAnrG/M2\n68UuekAT0fHwBuVZG3uT87KRUNpQCpkCggEBAIcY7WDjGDXC02BZlHymFvykzJBe\nByI9xBduk5s88idTMx/ABJQZSz/4OxaWTg9n8BhGDYUk235g8d8Vi05UArrk7Xi3\nUl5NXXKv5evdCprgMpZNv6J/Nff7INnx7nBu7dFpCMvmTb8l0t11tOEasiokotn8\nrkfQ2ps+Hys58pWBZ55d1psGb6XcziII2l9lf/0UWfL9tIi3cJnVy4q07Z2QLCBK\nH6Hr3WUR9hUwsG93ykWsThid/BMSUqEwW3qPvxVP21ug4hhc8cUVm8idtf7lGM65\nHJlSG3tb40gCtjppO3U9X6Yh/NepApKqH1bUtwSvwTSA+RcgW2bWaoYTITk=\n-----END RSA PRIVATE KEY-----\n",
            "private_key_pem_pkcs8": "-----BEGIN PRIVATE KEY-----\nMIIJQgIBADANBgkqhkiG9w0BAQEFAASCCSwwggkoAgEAAoICAQDIZx36Ys8iq6AN\n3H7T89gnEYXpM5Pc9AMqJ0qyzZ9esCWFTvOE0hooIGDWbr90zT2AbEU817BTS/N2\nkvIMqmgE83DE+9N+zp4BWVUAjyYFoiBcH5MphKcn8U6Q04zwf0RgB58Gnn2r3TMX\nouts8pnYVSBu4Pqbm1FMy/yvyNUT5qxGx4ffjVoPLuXqLQck4xZFAkUD51befpIA\n5fWRGb9/9CADVscDcTGaV34reTG1AEjlWjFEdO4w+yZsiWN6JWfamgQy/Hf0/YAt\nCmByWcLOfvHQ5uiPtK1PUkr2DzANpbrhWVOhxHEgekcPGwUKqJsJTUgon2blCWSy\nkxSB7+CFroeYTqaeKhYB8cZTsnMMVFdvhAzBjXzuzsApJSRRfBlVyCEm8zsEkg52\nF8d9YymGQi9Azoq8VSFxTEyuam7u3+tcwuRn51iyyQu7KBsdqSAtehjAr4FzqbAK\nlrKNW+HaFeparrqenQswaM28+OXyFjZ3xxKQ017nft2vsRNHJm6mI4MYKBb1OJ1E\niePUU49s4hwfzUndgQc68t/w3pfR9iYmINaZgdNXzK9qVrWhn7No6rGPcxtZ1lPS\nYM9oorrKTi5tOzd4dkpfdnTnqUuKsvM/DTAPzQNOlKiNcajc+afd3NBut+na9G1Y\nBT6NV987Yw9zHTc6UIYIK2hkg9N4QQIDAQABAoICADo2xh0NZelG3KwaIJd2TpRu\nwS0QaAP3uBGfL1JIa+KoHYYffJrZI3MDkM3JhwEpe5OaH/TAHP7dYcBQiFKIj8Xc\nZ6Y5FuNPptNyfUA31Q4u3eKU431chOgT70Qfx+G2voh8vkPAd3Ycv/I+R9AymuEe\nPVkoLnRURmYeHW180/S/fczjukMEvyQI9g2z/c7HzpjGQ4ESSwg/0S7EnjSDu76y\nDjiaFR6ZW5TflI2RW5CeIA7Lx+MAao687hj6QfTh98ynD9A1yazXlMvAp2qgS3gL\npTgPU4AnNm8D0zWuDMHyIhrDBYnI1Cngi1LGgQzrFHo7wlnWkB+5PlCna/4gzeHT\nkt8qoLmFLLUJakDcI6l2tO1tUdDYPssM1RBUL3IV434875H/o4GykFS6NwEFAQh3\nbl7KWvIbk6NxhBnaXzjPWrcxUOMUGhkPADjDBb2uBrwf3E/mMQr1ZhLOnl4kO0uJ\nyc2GFohZDKz1ne54RKKLlPLRCOVY3mU3Yll+p4WKyNcGEk/t2uh9OpGrn4EIz/5L\nbBIIt8GY+ZM0koml1a5SsxSB561glLoZIT3jBPsHt3yTxhjJ0oToqAN1YCgM+qmO\nM2w3eViFbqczM4Be7y1jwa0Shwbvtr//lWyiucxo+bGZhnglxbpGB/t1OaBNIPes\nBiHgerRGecrq+9zIFPO3AoIBAQDwMIM++58N7DCKmXA3boO9CJuZda8KX3LvFutz\nTNOq/zVn1MBKFoJYuamRIP+9yAXDTYZ0dkBDwBzyymrTsa3fgO48Dralqn39HiCd\nFirmfavToijB43P8s7vsVYfG5Y1N/oMz1Umw+V5d+etUEubuSrF6Mfz+8DQHK39Z\n4t82RoBDhGeCWwm41jw0lx+yehuWQ8xprGuItXHr1tD5PmRq6qNUNgTcOfaqrxIc\nOPh3l0SaHjtaKd2GYrFTmMRvr60T0BfvKGHEuZZeGMUsojR5wPiMxsyQK3GGZ6xI\ned41XJ9YepviP5xEaBcaexChkQbbB6gNAKP+d+pG71kzCYCPAoIBAQDVmCZXPelL\nGrGeesOXkoptqCfGskmA4Y83OHwJ/aacZtIPms4zbtcIvVb/ULAqtWYo7gdystT8\noMCvOiDqbTNbxMFti9sGBs6rwkDXMM2tG2heSxTtEsdHeP/4X+cYkRNTr7A+Jcjl\nW/Ke7Bpxqc93xuWt75YIFhwwrki4XxJZgpNqpoz7uxFwO1aXzo5Jg912taja9FtI\nFDHmV6VvOaZyc1/S0TOkdiHOL/zWkdpRGLqjCatUhEjy1AVuw6K9EZoZmtU/gVQ0\nLpss1JmYjNn1kd+Z8HKASqU9I1AjXKIJzrq38cf+M/8uEhNZPoV9XCVWEflahxyr\nJD0ep6RHEEIvAoIBAGTQuAYTr2s0nBtQ1B0wMfOCTW1YTCRac++O+zzmHmJDxLLU\nRfHTCNsc8uOLqkyKTIDxZWI00DyfwobWF4jLp2OMxnJG6rsWmNNJdf75cwBT929Z\nPSpEwkZrWpGURO1jJLB8B64V9FxoDwf7Ap/DX1Ld3yifGsYXJH9t7oJYC8DITsYI\nKTo55BbFNXgNhqxvPG0SABbK3EgBgNOw0v4LBjMqUWvjUJ7vZW23Fi7qasAnqg/W\naKsrr2PcwPmJwcnvPwJ18dXcaU0daNQOKZTWcJg6Oxk7yFkrIvd7RIEXRgG34tpM\nfGm2sWy1FB11UkG+kdYVnJ/4iN0ikB8+D36wmlkCggEAMoryZ6qKze7fIPVD21Yd\n05z67JW7tvepABQppeOTzWa3RmIHcTxFPhgvwfLB/Rk3t2+763RN2gngDpbeuxpk\nEM8aRmXVyjNKLHKnDUTLJq9ZnxZ9OSw8Y7lKOOfYs4OA40irl8kxJLUBUIHmMAdS\nxLEYIHSVOAyjVxGmu5ojqXKwl4gZzGeT1M71yq5iFRtTCIgsEMPJ5eCBflQ3HX6y\n2FpcznIamkwp67SHS+7vjkkfwPzEwhcbe/qX3oIEvGCx6mUtGP3tgvuUVKNqRSLv\nYKDIHJE9RwZi23jDudptrYxxup1ICesb8zbrxS56QBPR8fAG5Vkbe5PzspFQ2lAK\nmQKCAQEAhxjtYOMYNcLTYFmUfKYW/KTMkF4HIj3EF26TmzzyJ1MzH8AElBlLP/g7\nFpZOD2fwGEYNhSTbfmDx3xWLTlQCuuTteLdSXk1dcq/l690KmuAylk2/on819/sg\n2fHucG7t0WkIy+ZNvyXS3XW04RqyKiSi2fyuR9Damz4fKznylYFnnl3WmwZvpdzO\nIgjaX2V//RRZ8v20iLdwmdXLirTtnZAsIEofoevdZRH2FTCwb3fKRaxOGJ38ExJS\noTBbeo+/FU/bW6DiGFzxxRWbyJ21/uUYzrkcmVIbe1vjSAK2Omk7dT1fpiH816kC\nkqofVtS3BK/BNID5FyBbZtZqhhMhOQ==\n-----END PRIVATE KEY-----\n",
            "public_key_fingerprint_md5": "a8:af:3d:c0:44:2a:ca:60:1d:d3:f8:fa:db:dc:46:91",
            "public_key_fingerprint_sha256": "SHA256:5OLedJT1RVngSEsqL3mPAkOtChRGd3c+hTNO2fJud/g",
            "public_key_openssh": "ssh-rsa AAAAB3NzaC1yc2EAAAADAQABAAACAQDIZx36Ys8iq6AN3H7T89gnEYXpM5Pc9AMqJ0qyzZ9esCWFTvOE0hooIGDWbr90zT2AbEU817BTS/N2kvIMqmgE83DE+9N+zp4BWVUAjyYFoiBcH5MphKcn8U6Q04zwf0RgB58Gnn2r3TMXouts8pnYVSBu4Pqbm1FMy/yvyNUT5qxGx4ffjVoPLuXqLQck4xZFAkUD51befpIA5fWRGb9/9CADVscDcTGaV34reTG1AEjlWjFEdO4w+yZsiWN6JWfamgQy/Hf0/YAtCmByWcLOfvHQ5uiPtK1PUkr2DzANpbrhWVOhxHEgekcPGwUKqJsJTUgon2blCWSykxSB7+CFroeYTqaeKhYB8cZTsnMMVFdvhAzBjXzuzsApJSRRfBlVyCEm8zsEkg52F8d9YymGQi9Azoq8VSFxTEyuam7u3+tcwuRn51iyyQu7KBsdqSAtehjAr4FzqbAKlrKNW+HaFeparrqenQswaM28+OXyFjZ3xxKQ017nft2vsRNHJm6mI4MYKBb1OJ1EiePUU49s4hwfzUndgQc68t/w3pfR9iYmINaZgdNXzK9qVrWhn7No6rGPcxtZ1lPSYM9oorrKTi5tOzd4dkpfdnTnqUuKsvM/DTAPzQNOlKiNcajc+afd3NBut+na9G1YBT6NV987Yw9zHTc6UIYIK2hkg9N4QQ==\n",
            "public_key_pem": "-----BEGIN PUBLIC KEY-----\nMIICIjANBgkqhkiG9w0BAQEFAAOCAg8AMIICCgKCAgEAyGcd+mLPIqugDdx+0/PY\nJxGF6TOT3PQDKidKss2fXrAlhU7zhNIaKCBg1m6/dM09gGxFPNewU0vzdpLyDKpo\nBPNwxPvTfs6eAVlVAI8mBaIgXB+TKYSnJ/FOkNOM8H9EYAefBp59q90zF6LrbPKZ\n2FUgbuD6m5tRTMv8r8jVE+asRseH341aDy7l6i0HJOMWRQJFA+dW3n6SAOX1kRm/\nf/QgA1bHA3Exmld+K3kxtQBI5VoxRHTuMPsmbIljeiVn2poEMvx39P2ALQpgclnC\nzn7x0Oboj7StT1JK9g8wDaW64VlTocRxIHpHDxsFCqibCU1IKJ9m5QlkspMUge/g\nha6HmE6mnioWAfHGU7JzDFRXb4QMwY187s7AKSUkUXwZVcghJvM7BJIOdhfHfWMp\nhkIvQM6KvFUhcUxMrmpu7t/rXMLkZ+dYsskLuygbHakgLXoYwK+Bc6mwCpayjVvh\n2hXqWq66np0LMGjNvPjl8hY2d8cSkNNe537dr7ETRyZupiODGCgW9TidRInj1FOP\nbOIcH81J3YEHOvLf8N6X0fYmJiDWmYHTV8yvala1oZ+zaOqxj3MbWdZT0mDPaKK6\nyk4ubTs3eHZKX3Z056lLirLzPw0wD80DTpSojXGo3Pmn3dzQbrfp2vRtWAU+jVff\nO2MPcx03OlCGCCtoZIPTeEECAwEAAQ==\n-----END PUBLIC KEY-----\n",
            "rsa_bits": 4096
          },
          "sensitive_attributes": [
            [
              {
                "type": "get_attr",
                "value": "private_key_openssh"
              }
            ],
            [
              {
                "type": "get_attr",
                "value": "private_key_pem"
              }
            ],
            [
              {
                "type": "get_attr",
                "value": "private_key_pem_pkcs8"
              }
            ]
          ],
          "identity_schema_version": 0
        }
      ]
    }
  ],
  "check_results": [
    {
      "object_kind": "var",
      "config_addr": "module.aks.var.identity_type",
      "status": "pass",
      "objects": [
        {
          "object_addr": "module.aks.var.identity_type",
          "status": "pass"
        }
      ]
    },
    {
      "object_kind": "var",
      "config_addr": "module.aks.var.sku_tier",
      "status": "pass",
      "objects": [
        {
          "object_addr": "module.aks.var.sku_tier",
          "status": "pass"
        }
      ]
    },
    {
      "object_kind": "var",
      "config_addr": "module.aks.var.agents_pool_undrainable_node_behavior",
      "status": "pass",
      "objects": [
        {
          "object_addr": "module.aks.var.agents_pool_undrainable_node_behavior",
          "status": "pass"
        }
      ]
    }
  ]
}
