{
  "version": 4,
  "terraform_version": "1.15.6",
  "serial": 91,
  "lineage": "0d0eded5-33b6-764c-2b92-b010d5d77949",
  "outputs": {},
  "resources": [
    {
      "mode": "data",
      "type": "azuread_group",
      "name": "admin-group-preprod",
      "provider": "provider[\"registry.terraform.io/hashicorp/azuread\"]",
      "instances": [
        {
          "schema_version": 0,
          "attributes": {
            "assignable_to_role": false,
            "behaviors": [],
            "description": "Groupe des admins du cluster KUB_PREPROD",
            "display_name": "GRP_KUB_PREPROD",
            "dynamic_membership": [],
            "id": "823a4f62-5eba-4272-bf82-7a750d4e5f13",
            "mail": "",
            "mail_enabled": false,
            "mail_nickname": "501cf71e-8",
            "members": [
              "1ba95921-2fe7-495e-97a6-17392a522ecb",
              "5ae4e0f3-8dbe-4f83-99a0-462ce87de55b",
              "a57cb414-42a0-48bf-b035-a952dffa71c6",
              "40cf3213-82c0-4063-b2c2-2472a678f0de",
              "600771f5-37c7-406c-b267-b9a17384e88c",
              "73dc1609-989b-45e2-9d93-c3229996ceca"
            ],
            "object_id": "823a4f62-5eba-4272-bf82-7a750d4e5f13",
            "onpremises_domain_name": "",
            "onpremises_netbios_name": "",
            "onpremises_sam_account_name": "",
            "onpremises_security_identifier": "",
            "onpremises_sync_enabled": false,
            "owners": [],
            "preferred_language": "",
            "provisioning_options": [],
            "proxy_addresses": [],
            "security_enabled": true,
            "theme": "",
            "timeouts": null,
            "types": [],
            "visibility": ""
          },
          "sensitive_attributes": [],
          "identity_schema_version": 0
        }
      ]
    },
    {
      "mode": "data",
      "type": "azurerm_client_config",
      "name": "current",
      "provider": "provider[\"registry.terraform.io/hashicorp/azurerm\"]",
      "instances": [
        {
          "schema_version": 0,
          "attributes": {
            "client_id": "04b07795-8ddb-461a-bbee-02f9e1bf7b46",
            "id": "Y2xpZW50Q29uZmlncy9jbGllbnRJZD0wNGIwNzc5NS04ZGRiLTQ2MWEtYmJlZS0wMmY5ZTFiZjdiNDY7b2JqZWN0SWQ9NzNkYzE2MDktOTg5Yi00NWUyLTlkOTMtYzMyMjk5OTZjZWNhO3N1YnNjcmlwdGlvbklkPTc0NmQwMmE4LThjNTYtNDZjMC04MmU3LTdjNzM2ZjVjYTZjMzt0ZW5hbnRJZD1lOTFhMzUwNi04MmJiLTRmNGItYWM0Yi05MmRjNmI0OTFmZjA=",
            "object_id": "73dc1609-989b-45e2-9d93-c3229996ceca",
            "subscription_id": "746d02a8-8c56-46c0-82e7-7c736f5ca6c3",
            "tenant_id": "e91a3506-82bb-4f4b-ac4b-92dc6b491ff0",
            "timeouts": null
          },
          "sensitive_attributes": [],
          "identity_schema_version": 0
        }
      ]
    },
    {
      "mode": "data",
      "type": "azurerm_subnet",
      "name": "subnet_preprod",
      "provider": "provider[\"registry.terraform.io/hashicorp/azurerm\"]",
      "instances": [
        {
          "schema_version": 0,
          "attributes": {
            "address_prefix": "",
            "address_prefixes": [
              "10.150.0.0/24"
            ],
            "default_outbound_access_enabled": true,
            "id": "/subscriptions/746d02a8-8c56-46c0-82e7-7c736f5ca6c3/resourceGroups/RG-KUB-PREPROD/providers/Microsoft.Network/virtualNetworks/VNET-KUB-PREPROD-NEW/subnets/default",
            "name": "default",
            "network_security_group_id": "",
            "private_endpoint_network_policies": "Disabled",
            "private_link_service_network_policies_enabled": true,
            "resource_group_name": "RG-KUB-PREPROD",
            "route_table_id": "",
            "service_endpoints": [],
            "timeouts": null,
            "virtual_network_name": "VNET-KUB-PREPROD-NEW"
          },
          "sensitive_attributes": [],
          "identity_schema_version": 0
        }
      ]
    },
    {
      "mode": "data",
      "type": "azurerm_subscription",
      "name": "current",
      "provider": "provider[\"registry.terraform.io/hashicorp/azurerm\"]",
      "instances": [
        {
          "schema_version": 0,
          "attributes": {
            "display_name": "Global Subscription BOA HOLDING CSP",
            "id": "/subscriptions/746d02a8-8c56-46c0-82e7-7c736f5ca6c3",
            "location_placement_id": "Public_2014-09-01",
            "quota_id": "CSP_2015-05-01",
            "spending_limit": "Off",
            "state": "Enabled",
            "subscription_id": "746d02a8-8c56-46c0-82e7-7c736f5ca6c3",
            "tags": {},
            "tenant_id": "e91a3506-82bb-4f4b-ac4b-92dc6b491ff0",
            "timeouts": null
          },
          "sensitive_attributes": [],
          "identity_schema_version": 0
        }
      ]
    },
    {
      "mode": "data",
      "type": "azurerm_virtual_network",
      "name": "vnet_preprod",
      "provider": "provider[\"registry.terraform.io/hashicorp/azurerm\"]",
      "instances": [
        {
          "schema_version": 0,
          "attributes": {
            "address_space": [
              "10.150.0.0/24",
              "10.150.1.0/26"
            ],
            "dns_servers": null,
            "guid": "6e010f5b-4d05-4853-9289-507dac02c9cc",
            "id": "/subscriptions/746d02a8-8c56-46c0-82e7-7c736f5ca6c3/resourceGroups/RG-KUB-PREPROD/providers/Microsoft.Network/virtualNetworks/VNET-KUB-PREPROD-NEW",
            "location": "northeurope",
            "name": "VNET-KUB-PREPROD-NEW",
            "resource_group_name": "RG-KUB-PREPROD",
            "subnets": [
              "AzureBastionSubnet",
              "default"
            ],
            "tags": {
              "PROJECT": "KUB-PREPROD"
            },
            "timeouts": null,
            "vnet_peerings": {
              "KUB-PREPROD-NEW-to-BOAWEB-PREPROD": "/subscriptions/746d02a8-8c56-46c0-82e7-7c736f5ca6c3/resourceGroups/PreProd_RG/providers/Microsoft.Network/virtualNetworks/PreProd_Vnet",
              "KUBDevtoKUBPREPROD": "/subscriptions/746d02a8-8c56-46c0-82e7-7c736f5ca6c3/resourceGroups/RG-KUB-DEV/providers/Microsoft.Network/virtualNetworks/VNET-KUB-DEV",
              "TRANSIT_KUB_PREPROD_NEW": "/subscriptions/9b46dd23-8ea2-4bb3-b250-ad4485cf7409/resourceGroups/RG_SECURITY_AZ/providers/Microsoft.Network/virtualNetworks/VNET_TRANSIT"
            },
            "vnet_peerings_addresses": [
              "10.220.0.0/16",
              "10.187.0.0/16",
              "10.110.0.0/24",
              "10.110.1.0/26"
            ]
          },
          "sensitive_attributes": [],
          "identity_schema_version": 0
        }
      ]
    },
    {
      "module": "module.acr",
      "mode": "managed",
      "type": "azurerm_container_registry",
      "name": "acr",
      "provider": "module.acr.provider[\"registry.terraform.io/hashicorp/azurerm\"]",
      "instances": [
        {
          "index_key": 0,
          "schema_version": 2,
          "attributes": {
            "admin_enabled": true,
            "admin_password": "DDpjqz6bKsMW2yLU2pGe2ZMNfkSVDHmkoe64nEfpzsNZQEGGPEgZJQQJ99CFACi5YpzEqg7NAAACAZCRdEss",
            "admin_username": "kubacrpreprod",
            "anonymous_pull_enabled": false,
            "data_endpoint_enabled": false,
            "data_endpoint_host_names": [
              "kubacrpreprod.northeurope.data.azurecr.io"
            ],
            "encryption": [],
            "export_policy_enabled": true,
            "georeplications": [],
            "id": "/subscriptions/746d02a8-8c56-46c0-82e7-7c736f5ca6c3/resourceGroups/RG-KUB-PREPROD/providers/Microsoft.ContainerRegistry/registries/kubacrpreprod",
            "identity": [
              {
                "identity_ids": [
                  "/subscriptions/746d02a8-8c56-46c0-82e7-7c736f5ca6c3/resourceGroups/RG-KUB-PREPROD/providers/Microsoft.ManagedIdentity/userAssignedIdentities/kub-acr-uia-preprod"
                ],
                "principal_id": "",
                "tenant_id": "",
                "type": "UserAssigned"
              }
            ],
            "location": "northeurope",
            "login_server": "kubacrpreprod.azurecr.io",
            "name": "kubacrpreprod",
            "network_rule_bypass_option": "AzureServices",
            "network_rule_set": [
              {
                "default_action": "Allow",
                "ip_rule": [
                  {
                    "action": "Allow",
                    "ip_range": "192.16.0.0/16"
                  }
                ]
              }
            ],
            "public_network_access_enabled": true,
            "quarantine_policy_enabled": false,
            "resource_group_name": "RG-KUB-PREPROD",
            "retention_policy_in_days": 5,
            "sku": "Premium",
            "tags": {},
            "timeouts": null,
            "trust_policy_enabled": false,
            "zone_redundancy_enabled": false
          },
          "sensitive_attributes": [
            [
              {
                "type": "get_attr",
                "value": "admin_password"
              }
            ]
          ],
          "identity_schema_version": 0,
          "private": "eyJlMmJmYjczMC1lY2FhLTExZTYtOGY4OC0zNDM2M2JjN2M0YzAiOnsiY3JlYXRlIjoxODAwMDAwMDAwMDAwLCJkZWxldGUiOjE4MDAwMDAwMDAwMDAsInJlYWQiOjMwMDAwMDAwMDAwMCwidXBkYXRlIjoxODAwMDAwMDAwMDAwfSwic2NoZW1hX3ZlcnNpb24iOiIyIn0=",
          "dependencies": [
            "module.acr.azurerm_user_assigned_identity.acr-uia"
          ]
        }
      ]
    },
    {
      "module": "module.acr",
      "mode": "managed",
      "type": "azurerm_private_dns_zone",
      "name": "dnszone1",
      "provider": "module.acr.provider[\"registry.terraform.io/hashicorp/azurerm\"]",
      "instances": [
        {
          "index_key": 0,
          "schema_version": 0,
          "attributes": {
            "id": "/subscriptions/746d02a8-8c56-46c0-82e7-7c736f5ca6c3/resourceGroups/RG-KUB-PREPROD/providers/Microsoft.Network/privateDnsZones/privatelink.azurecr.io",
            "max_number_of_record_sets": 25000,
            "max_number_of_virtual_network_links": 1000,
            "max_number_of_virtual_network_links_with_registration": 100,
            "name": "privatelink.azurecr.io",
            "number_of_record_sets": 3,
            "resource_group_name": "RG-KUB-PREPROD",
            "soa_record": [
              {
                "email": "azureprivatedns-host.microsoft.com",
                "expire_time": 2419200,
                "fqdn": "privatelink.azurecr.io.",
                "host_name": "azureprivatedns.net",
                "minimum_ttl": 10,
                "refresh_time": 3600,
                "retry_time": 300,
                "serial_number": 1,
                "tags": {},
                "ttl": 3600
              }
            ],
            "tags": {
              "company": "boa",
              "environment": "preprod"
            },
            "timeouts": null
          },
          "sensitive_attributes": [],
          "identity_schema_version": 0,
          "identity": {
            "name": "privatelink.azurecr.io",
            "resource_group_name": "RG-KUB-PREPROD",
            "subscription_id": "746d02a8-8c56-46c0-82e7-7c736f5ca6c3"
          },
          "private": "eyJlMmJmYjczMC1lY2FhLTExZTYtOGY4OC0zNDM2M2JjN2M0YzAiOnsiY3JlYXRlIjoxODAwMDAwMDAwMDAwLCJkZWxldGUiOjE4MDAwMDAwMDAwMDAsInJlYWQiOjMwMDAwMDAwMDAwMCwidXBkYXRlIjoxODAwMDAwMDAwMDAwfX0="
        }
      ]
    },
    {
      "module": "module.acr",
      "mode": "managed",
      "type": "azurerm_private_endpoint",
      "name": "pe_acr",
      "provider": "module.acr.provider[\"registry.terraform.io/hashicorp/azurerm\"]",
      "instances": [
        {
          "index_key": 0,
          "schema_version": 0,
          "attributes": {
            "custom_dns_configs": [],
            "custom_network_interface_name": "",
            "id": "/subscriptions/746d02a8-8c56-46c0-82e7-7c736f5ca6c3/resourceGroups/RG-KUB-PREPROD/providers/Microsoft.Network/privateEndpoints/pe-acr-preprod",
            "ip_configuration": [],
            "location": "northeurope",
            "name": "pe-acr-preprod",
            "network_interface": [
              {
                "id": "/subscriptions/746d02a8-8c56-46c0-82e7-7c736f5ca6c3/resourceGroups/RG-KUB-PREPROD/providers/Microsoft.Network/networkInterfaces/pe-acr-preprod.nic.436ac166-b93e-47d0-8940-47a791367566",
                "name": "pe-acr-preprod.nic.436ac166-b93e-47d0-8940-47a791367566"
              }
            ],
            "private_dns_zone_configs": [
              {
                "id": "/subscriptions/746d02a8-8c56-46c0-82e7-7c736f5ca6c3/resourceGroups/RG-KUB-PREPROD/providers/Microsoft.Network/privateEndpoints/pe-acr-preprod/privateDnsZoneGroups/acr-dns-zone-group-preprod/privateDnsZoneConfigs/privatelink.azurecr.io",
                "name": "privatelink.azurecr.io",
                "private_dns_zone_id": "/subscriptions/746d02a8-8c56-46c0-82e7-7c736f5ca6c3/resourceGroups/RG-KUB-PREPROD/providers/Microsoft.Network/privateDnsZones/privatelink.azurecr.io",
                "record_sets": [
                  {
                    "fqdn": "kubacrpreprod.northeurope.data.privatelink.azurecr.io",
                    "ip_addresses": [
                      "10.150.0.10"
                    ],
                    "name": "kubacrpreprod.northeurope.data",
                    "ttl": 10,
                    "type": "A"
                  },
                  {
                    "fqdn": "kubacrpreprod.privatelink.azurecr.io",
                    "ip_addresses": [
                      "10.150.0.11"
                    ],
                    "name": "kubacrpreprod",
                    "ttl": 10,
                    "type": "A"
                  }
                ]
              }
            ],
            "private_dns_zone_group": [
              {
                "id": "/subscriptions/746d02a8-8c56-46c0-82e7-7c736f5ca6c3/resourceGroups/RG-KUB-PREPROD/providers/Microsoft.Network/privateEndpoints/pe-acr-preprod/privateDnsZoneGroups/acr-dns-zone-group-preprod",
                "name": "acr-dns-zone-group-preprod",
                "private_dns_zone_ids": [
                  "/subscriptions/746d02a8-8c56-46c0-82e7-7c736f5ca6c3/resourceGroups/RG-KUB-PREPROD/providers/Microsoft.Network/privateDnsZones/privatelink.azurecr.io"
                ]
              }
            ],
            "private_service_connection": [
              {
                "is_manual_connection": false,
                "name": "acr-psc-preprod",
                "private_connection_resource_alias": "",
                "private_connection_resource_id": "/subscriptions/746d02a8-8c56-46c0-82e7-7c736f5ca6c3/resourceGroups/RG-KUB-PREPROD/providers/Microsoft.ContainerRegistry/registries/kubacrpreprod",
                "private_ip_address": "10.150.0.10",
                "request_message": "",
                "subresource_names": [
                  "registry"
                ]
              }
            ],
            "resource_group_name": "RG-KUB-PREPROD",
            "subnet_id": "/subscriptions/746d02a8-8c56-46c0-82e7-7c736f5ca6c3/resourceGroups/RG-KUB-PREPROD/providers/Microsoft.Network/virtualNetworks/VNET-KUB-PREPROD-NEW/subnets/default",
            "tags": {},
            "timeouts": null
          },
          "sensitive_attributes": [],
          "identity_schema_version": 0,
          "identity": {
            "name": "pe-acr-preprod",
            "resource_group_name": "RG-KUB-PREPROD",
            "subscription_id": "746d02a8-8c56-46c0-82e7-7c736f5ca6c3"
          },
          "private": "eyJlMmJmYjczMC1lY2FhLTExZTYtOGY4OC0zNDM2M2JjN2M0YzAiOnsiY3JlYXRlIjozNjAwMDAwMDAwMDAwLCJkZWxldGUiOjM2MDAwMDAwMDAwMDAsInJlYWQiOjMwMDAwMDAwMDAwMCwidXBkYXRlIjozNjAwMDAwMDAwMDAwfX0=",
          "dependencies": [
            "data.azurerm_subnet.subnet_preprod",
            "module.acr.azurerm_container_registry.acr",
            "module.acr.azurerm_private_dns_zone.dnszone1",
            "module.acr.azurerm_user_assigned_identity.acr-uia"
          ]
        }
      ]
    },
    {
      "module": "module.acr",
      "mode": "managed",
      "type": "azurerm_user_assigned_identity",
      "name": "acr-uia",
      "provider": "module.acr.provider[\"registry.terraform.io/hashicorp/azurerm\"]",
      "instances": [
        {
          "schema_version": 1,
          "attributes": {
            "client_id": "be583536-374a-4f0e-886f-a9b1327c9bbc",
            "id": "/subscriptions/746d02a8-8c56-46c0-82e7-7c736f5ca6c3/resourceGroups/RG-KUB-PREPROD/providers/Microsoft.ManagedIdentity/userAssignedIdentities/kub-acr-uia-preprod",
            "isolation_scope": "",
            "location": "northeurope",
            "name": "kub-acr-uia-preprod",
            "principal_id": "aea31cfa-a901-4838-b7d8-5df779d49137",
            "resource_group_name": "RG-KUB-PREPROD",
            "tags": {
              "company": "boa",
              "environment": "preprod"
            },
            "tenant_id": "e91a3506-82bb-4f4b-ac4b-92dc6b491ff0",
            "timeouts": null
          },
          "sensitive_attributes": [],
          "identity_schema_version": 0,
          "private": "eyJlMmJmYjczMC1lY2FhLTExZTYtOGY4OC0zNDM2M2JjN2M0YzAiOnsiY3JlYXRlIjoxODAwMDAwMDAwMDAwLCJkZWxldGUiOjE4MDAwMDAwMDAwMDAsInJlYWQiOjMwMDAwMDAwMDAwMCwidXBkYXRlIjoxODAwMDAwMDAwMDAwfSwic2NoZW1hX3ZlcnNpb24iOiIxIn0="
        }
      ]
    },
    {
      "module": "module.aks",
      "mode": "data",
      "type": "azuread_group",
      "name": "admin-group-dev",
      "provider": "provider[\"registry.terraform.io/hashicorp/azuread\"]",
      "instances": [
        {
          "schema_version": 0,
          "attributes": {
            "assignable_to_role": false,
            "behaviors": [],
            "description": "Groupe des admins du cluster KUB_DEV",
            "display_name": "GRP_KUB_DEV",
            "dynamic_membership": [],
            "id": "52303a55-fa21-4d3b-9836-68df23639aca",
            "mail": "",
            "mail_enabled": false,
            "mail_nickname": "35e2777b-6",
            "members": [
              "1ba95921-2fe7-495e-97a6-17392a522ecb",
              "5ae4e0f3-8dbe-4f83-99a0-462ce87de55b",
              "a57cb414-42a0-48bf-b035-a952dffa71c6",
              "40cf3213-82c0-4063-b2c2-2472a678f0de",
              "600771f5-37c7-406c-b267-b9a17384e88c",
              "73dc1609-989b-45e2-9d93-c3229996ceca"
            ],
            "object_id": "52303a55-fa21-4d3b-9836-68df23639aca",
            "onpremises_domain_name": "",
            "onpremises_netbios_name": "",
            "onpremises_sam_account_name": "",
            "onpremises_security_identifier": "",
            "onpremises_sync_enabled": false,
            "owners": [],
            "preferred_language": "",
            "provisioning_options": [],
            "proxy_addresses": [],
            "security_enabled": true,
            "theme": "",
            "timeouts": null,
            "types": [],
            "visibility": ""
          },
          "sensitive_attributes": [],
          "identity_schema_version": 0
        }
      ]
    },
    {
      "module": "module.aks",
      "mode": "data",
      "type": "azuread_group",
      "name": "admin-group-preprod",
      "provider": "provider[\"registry.terraform.io/hashicorp/azuread\"]",
      "instances": [
        {
          "schema_version": 0,
          "attributes": {
            "assignable_to_role": false,
            "behaviors": [],
            "description": "Groupe des admins du cluster KUB_PREPROD",
            "display_name": "GRP_KUB_PREPROD",
            "dynamic_membership": [],
            "id": "823a4f62-5eba-4272-bf82-7a750d4e5f13",
            "mail": "",
            "mail_enabled": false,
            "mail_nickname": "501cf71e-8",
            "members": [
              "1ba95921-2fe7-495e-97a6-17392a522ecb",
              "5ae4e0f3-8dbe-4f83-99a0-462ce87de55b",
              "a57cb414-42a0-48bf-b035-a952dffa71c6",
              "40cf3213-82c0-4063-b2c2-2472a678f0de",
              "600771f5-37c7-406c-b267-b9a17384e88c",
              "73dc1609-989b-45e2-9d93-c3229996ceca"
            ],
            "object_id": "823a4f62-5eba-4272-bf82-7a750d4e5f13",
            "onpremises_domain_name": "",
            "onpremises_netbios_name": "",
            "onpremises_sam_account_name": "",
            "onpremises_security_identifier": "",
            "onpremises_sync_enabled": false,
            "owners": [],
            "preferred_language": "",
            "provisioning_options": [],
            "proxy_addresses": [],
            "security_enabled": true,
            "theme": "",
            "timeouts": null,
            "types": [],
            "visibility": ""
          },
          "sensitive_attributes": [],
          "identity_schema_version": 0
        }
      ]
    },
    {
      "module": "module.aks",
      "mode": "data",
      "type": "azuread_group",
      "name": "admin-group-prod",
      "provider": "provider[\"registry.terraform.io/hashicorp/azuread\"]",
      "instances": [
        {
          "schema_version": 0,
          "attributes": {
            "assignable_to_role": false,
            "behaviors": [],
            "description": "Groupe des admins du cluster KUB_PROD",
            "display_name": "GRP_KUB_PROD",
            "dynamic_membership": [],
            "id": "16305d0e-8159-47da-9d33-2073128b3783",
            "mail": "",
            "mail_enabled": false,
            "mail_nickname": "a3b73949-6",
            "members": [
              "1ba95921-2fe7-495e-97a6-17392a522ecb",
              "5ae4e0f3-8dbe-4f83-99a0-462ce87de55b",
              "a57cb414-42a0-48bf-b035-a952dffa71c6",
              "40cf3213-82c0-4063-b2c2-2472a678f0de",
              "600771f5-37c7-406c-b267-b9a17384e88c",
              "73dc1609-989b-45e2-9d93-c3229996ceca"
            ],
            "object_id": "16305d0e-8159-47da-9d33-2073128b3783",
            "onpremises_domain_name": "",
            "onpremises_netbios_name": "",
            "onpremises_sam_account_name": "",
            "onpremises_security_identifier": "",
            "onpremises_sync_enabled": false,
            "owners": [],
            "preferred_language": "",
            "provisioning_options": [],
            "proxy_addresses": [],
            "security_enabled": true,
            "theme": "",
            "timeouts": null,
            "types": [],
            "visibility": ""
          },
          "sensitive_attributes": [],
          "identity_schema_version": 0
        }
      ]
    },
    {
      "module": "module.aks",
      "mode": "data",
      "type": "azurerm_client_config",
      "name": "current",
      "provider": "module.aks.provider[\"registry.terraform.io/hashicorp/azurerm\"]",
      "instances": [
        {
          "schema_version": 0,
          "attributes": {
            "client_id": "04b07795-8ddb-461a-bbee-02f9e1bf7b46",
            "id": "Y2xpZW50Q29uZmlncy9jbGllbnRJZD0wNGIwNzc5NS04ZGRiLTQ2MWEtYmJlZS0wMmY5ZTFiZjdiNDY7b2JqZWN0SWQ9NzNkYzE2MDktOTg5Yi00NWUyLTlkOTMtYzMyMjk5OTZjZWNhO3N1YnNjcmlwdGlvbklkPTc0NmQwMmE4LThjNTYtNDZjMC04MmU3LTdjNzM2ZjVjYTZjMzt0ZW5hbnRJZD1lOTFhMzUwNi04MmJiLTRmNGItYWM0Yi05MmRjNmI0OTFmZjA=",
            "object_id": "73dc1609-989b-45e2-9d93-c3229996ceca",
            "subscription_id": "746d02a8-8c56-46c0-82e7-7c736f5ca6c3",
            "tenant_id": "e91a3506-82bb-4f4b-ac4b-92dc6b491ff0",
            "timeouts": null
          },
          "sensitive_attributes": [],
          "identity_schema_version": 0
        }
      ]
    },
    {
      "module": "module.aks",
      "mode": "data",
      "type": "azurerm_subnet",
      "name": "kub-vnet-dev",
      "provider": "module.aks.provider[\"registry.terraform.io/hashicorp/azurerm\"]",
      "instances": [
        {
          "schema_version": 0,
          "attributes": {
            "address_prefix": "",
            "address_prefixes": [
              "10.110.0.0/24"
            ],
            "default_outbound_access_enabled": true,
            "id": "/subscriptions/746d02a8-8c56-46c0-82e7-7c736f5ca6c3/resourceGroups/RG-KUB-DEV/providers/Microsoft.Network/virtualNetworks/VNET-KUB-DEV/subnets/default",
            "name": "default",
            "network_security_group_id": "",
            "private_endpoint_network_policies": "Disabled",
            "private_link_service_network_policies_enabled": true,
            "resource_group_name": "RG-KUB-DEV",
            "route_table_id": "",
            "service_endpoints": [],
            "timeouts": null,
            "virtual_network_name": "VNET-KUB-DEV"
          },
          "sensitive_attributes": [],
          "identity_schema_version": 0
        }
      ]
    },
    {
      "module": "module.aks",
      "mode": "data",
      "type": "azurerm_subnet",
      "name": "kub-vnet-preprod",
      "provider": "module.aks.provider[\"registry.terraform.io/hashicorp/azurerm\"]",
      "instances": [
        {
          "schema_version": 0,
          "attributes": {
            "address_prefix": "",
            "address_prefixes": [
              "10.150.0.0/24"
            ],
            "default_outbound_access_enabled": true,
            "id": "/subscriptions/746d02a8-8c56-46c0-82e7-7c736f5ca6c3/resourceGroups/RG-KUB-PREPROD/providers/Microsoft.Network/virtualNetworks/VNET-KUB-PREPROD-NEW/subnets/default",
            "name": "default",
            "network_security_group_id": "",
            "private_endpoint_network_policies": "Disabled",
            "private_link_service_network_policies_enabled": true,
            "resource_group_name": "RG-KUB-PREPROD",
            "route_table_id": "",
            "service_endpoints": [],
            "timeouts": null,
            "virtual_network_name": "VNET-KUB-PREPROD-NEW"
          },
          "sensitive_attributes": [],
          "identity_schema_version": 0
        }
      ]
    },
    {
      "module": "module.aks",
      "mode": "data",
      "type": "azurerm_subnet",
      "name": "kub-vnet-prod",
      "provider": "module.aks.provider[\"registry.terraform.io/hashicorp/azurerm\"]",
      "instances": [
        {
          "schema_version": 0,
          "attributes": {
            "address_prefix": "",
            "address_prefixes": [
              "10.160.0.0/24"
            ],
            "default_outbound_access_enabled": true,
            "id": "/subscriptions/746d02a8-8c56-46c0-82e7-7c736f5ca6c3/resourceGroups/RG-KUB-PROD/providers/Microsoft.Network/virtualNetworks/VNET-KUB-PROD-NEW/subnets/default",
            "name": "default",
            "network_security_group_id": "",
            "private_endpoint_network_policies": "Disabled",
            "private_link_service_network_policies_enabled": true,
            "resource_group_name": "RG-KUB-PROD",
            "route_table_id": "",
            "service_endpoints": [],
            "timeouts": null,
            "virtual_network_name": "VNET-KUB-PROD-NEW"
          },
          "sensitive_attributes": [],
          "identity_schema_version": 0
        }
      ]
    },
    {
      "module": "module.aks",
      "mode": "data",
      "type": "azurerm_subscription",
      "name": "current",
      "provider": "module.aks.provider[\"registry.terraform.io/hashicorp/azurerm\"]",
      "instances": [
        {
          "schema_version": 0,
          "attributes": {
            "display_name": "Global Subscription BOA HOLDING CSP",
            "id": "/subscriptions/746d02a8-8c56-46c0-82e7-7c736f5ca6c3",
            "location_placement_id": "Public_2014-09-01",
            "quota_id": "CSP_2015-05-01",
            "spending_limit": "Off",
            "state": "Enabled",
            "subscription_id": "746d02a8-8c56-46c0-82e7-7c736f5ca6c3",
            "tags": {},
            "tenant_id": "e91a3506-82bb-4f4b-ac4b-92dc6b491ff0",
            "timeouts": null
          },
          "sensitive_attributes": [],
          "identity_schema_version": 0
        }
      ]
    },
    {
      "module": "module.aks",
      "mode": "data",
      "type": "azurerm_virtual_network",
      "name": "vnet_dev",
      "provider": "module.aks.provider[\"registry.terraform.io/hashicorp/azurerm\"]",
      "instances": [
        {
          "schema_version": 0,
          "attributes": {
            "address_space": [
              "10.110.0.0/24",
              "10.110.1.0/26"
            ],
            "dns_servers": null,
            "guid": "80319dd1-0e23-4eec-9055-443db981d83a",
            "id": "/subscriptions/746d02a8-8c56-46c0-82e7-7c736f5ca6c3/resourceGroups/RG-KUB-DEV/providers/Microsoft.Network/virtualNetworks/VNET-KUB-DEV",
            "location": "northeurope",
            "name": "VNET-KUB-DEV",
            "resource_group_name": "RG-KUB-DEV",
            "subnets": [
              "AzureBastionSubnet",
              "default"
            ],
            "tags": {
              "PROJECT": "KUB-DEV"
            },
            "timeouts": null,
            "vnet_peerings": {
              "BOAWEBDEVtoKUBDEV": "/subscriptions/746d02a8-8c56-46c0-82e7-7c736f5ca6c3/resourceGroups/BOAWEB-DEV-RG/providers/Microsoft.Network/virtualNetworks/BOAWEB-DEV-VNET",
              "BOAWebInt_to_KUBDEV": "/subscriptions/746d02a8-8c56-46c0-82e7-7c736f5ca6c3/resourceGroups/BOAWEB-INT-RG/providers/Microsoft.Network/virtualNetworks/BOAWEB-INT-VNET",
              "KUBDevtoKUBPREPROD": "/subscriptions/746d02a8-8c56-46c0-82e7-7c736f5ca6c3/resourceGroups/RG-KUB-PREPROD/providers/Microsoft.Network/virtualNetworks/VNET-KUB-PREPROD-NEW",
              "TRANSIT-KUB-DEV": "/subscriptions/9b46dd23-8ea2-4bb3-b250-ad4485cf7409/resourceGroups/RG_SECURITY_AZ/providers/Microsoft.Network/virtualNetworks/VNET_TRANSIT"
            },
            "vnet_peerings_addresses": [
              "10.220.0.0/16",
              "10.181.72.0/27",
              "10.181.71.0/27",
              "10.150.0.0/24",
              "10.150.1.0/26"
            ]
          },
          "sensitive_attributes": [],
          "identity_schema_version": 0
        }
      ]
    },
    {
      "module": "module.aks",
      "mode": "data",
      "type": "azurerm_virtual_network",
      "name": "vnet_preprod",
      "provider": "module.aks.provider[\"registry.terraform.io/hashicorp/azurerm\"]",
      "instances": [
        {
          "schema_version": 0,
          "attributes": {
            "address_space": [
              "10.150.0.0/24",
              "10.150.1.0/26"
            ],
            "dns_servers": null,
            "guid": "6e010f5b-4d05-4853-9289-507dac02c9cc",
            "id": "/subscriptions/746d02a8-8c56-46c0-82e7-7c736f5ca6c3/resourceGroups/RG-KUB-PREPROD/providers/Microsoft.Network/virtualNetworks/VNET-KUB-PREPROD-NEW",
            "location": "northeurope",
            "name": "VNET-KUB-PREPROD-NEW",
            "resource_group_name": "RG-KUB-PREPROD",
            "subnets": [
              "AzureBastionSubnet",
              "default"
            ],
            "tags": {
              "PROJECT": "KUB-PREPROD"
            },
            "timeouts": null,
            "vnet_peerings": {
              "KUB-PREPROD-NEW-to-BOAWEB-PREPROD": "/subscriptions/746d02a8-8c56-46c0-82e7-7c736f5ca6c3/resourceGroups/PreProd_RG/providers/Microsoft.Network/virtualNetworks/PreProd_Vnet",
              "KUBDevtoKUBPREPROD": "/subscriptions/746d02a8-8c56-46c0-82e7-7c736f5ca6c3/resourceGroups/RG-KUB-DEV/providers/Microsoft.Network/virtualNetworks/VNET-KUB-DEV",
              "TRANSIT_KUB_PREPROD_NEW": "/subscriptions/9b46dd23-8ea2-4bb3-b250-ad4485cf7409/resourceGroups/RG_SECURITY_AZ/providers/Microsoft.Network/virtualNetworks/VNET_TRANSIT"
            },
            "vnet_peerings_addresses": [
              "10.220.0.0/16",
              "10.187.0.0/16",
              "10.110.0.0/24",
              "10.110.1.0/26"
            ]
          },
          "sensitive_attributes": [],
          "identity_schema_version": 0
        }
      ]
    },
    {
      "module": "module.aks",
      "mode": "data",
      "type": "azurerm_virtual_network",
      "name": "vnet_prod",
      "provider": "module.aks.provider[\"registry.terraform.io/hashicorp/azurerm\"]",
      "instances": [
        {
          "schema_version": 0,
          "attributes": {
            "address_space": [
              "10.160.0.0/24",
              "10.160.1.0/26"
            ],
            "dns_servers": null,
            "guid": "d12bbe86-ac49-49d5-b947-957bb1da8e46",
            "id": "/subscriptions/746d02a8-8c56-46c0-82e7-7c736f5ca6c3/resourceGroups/RG-KUB-PROD/providers/Microsoft.Network/virtualNetworks/VNET-KUB-PROD-NEW",
            "location": "northeurope",
            "name": "VNET-KUB-PROD-NEW",
            "resource_group_name": "RG-KUB-PROD",
            "subnets": [
              "AzureBastionSubnet",
              "default"
            ],
            "tags": {
              "PROJECT": "KUB-PROD"
            },
            "timeouts": null,
            "vnet_peerings": {
              "KUB-PROD-NEW-to-BOAWEB-PROD": "/subscriptions/9b46dd23-8ea2-4bb3-b250-ad4485cf7409/resourceGroups/Prod-BOAWeb/providers/Microsoft.Network/virtualNetworks/VnetBOAWEB",
              "TRANSIT_KUB_PROD_NEW": "/subscriptions/9b46dd23-8ea2-4bb3-b250-ad4485cf7409/resourceGroups/RG_SECURITY_AZ/providers/Microsoft.Network/virtualNetworks/VNET_TRANSIT"
            },
            "vnet_peerings_addresses": [
              "10.220.0.0/16",
              "10.186.0.0/16"
            ]
          },
          "sensitive_attributes": [],
          "identity_schema_version": 0
        }
      ]
    },
    {
      "module": "module.aks",
      "mode": "managed",
      "type": "azurerm_kubernetes_cluster",
      "name": "aks",
      "provider": "module.aks.provider[\"registry.terraform.io/hashicorp/azurerm\"]",
      "instances": [
        {
          "schema_version": 2,
          "attributes": {
            "aci_connector_linux": [],
            "ai_toolchain_operator_enabled": false,
            "api_server_access_profile": [],
            "auto_scaler_profile": [
              {
                "balance_similar_node_groups": false,
                "daemonset_eviction_for_empty_nodes_enabled": false,
                "daemonset_eviction_for_occupied_nodes_enabled": true,
                "empty_bulk_delete_max": "10",
                "expander": "random",
                "ignore_daemonsets_utilization_enabled": false,
                "max_graceful_termination_sec": "600",
                "max_node_provisioning_time": "15m",
                "max_unready_nodes": 3,
                "max_unready_percentage": 45,
                "new_pod_scale_up_delay": "0s",
                "scale_down_delay_after_add": "10m",
                "scale_down_delay_after_delete": "10s",
                "scale_down_delay_after_failure": "3m",
                "scale_down_unneeded": "10m",
                "scale_down_unready": "20m",
                "scale_down_utilization_threshold": "0.5",
                "scan_interval": "10s",
                "skip_nodes_with_local_storage": false,
                "skip_nodes_with_system_pods": true
              }
            ],
            "automatic_upgrade_channel": "",
            "azure_active_directory_role_based_access_control": [
              {
                "admin_group_object_ids": [
                  "823a4f62-5eba-4272-bf82-7a750d4e5f13"
                ],
                "azure_rbac_enabled": true,
                "tenant_id": "e91a3506-82bb-4f4b-ac4b-92dc6b491ff0"
              }
            ],
            "azure_policy_enabled": false,
            "bootstrap_profile": [
              {
                "artifact_source": "Direct",
                "container_registry_id": ""
              }
            ],
            "confidential_computing": [],
            "cost_analysis_enabled": false,
            "current_kubernetes_version": "1.33.5",
            "custom_ca_trust_certificates_base64": [],
            "default_node_pool": [
              {
                "auto_scaling_enabled": true,
                "capacity_reservation_group_id": "",
                "fips_enabled": false,
                "gpu_driver": "",
                "gpu_instance": "",
                "host_encryption_enabled": false,
                "host_group_id": "",
                "kubelet_config": [],
                "kubelet_disk_type": "OS",
                "linux_os_config": [],
                "max_count": 3,
                "max_pods": 110,
                "min_count": 2,
                "name": "defaultpool",
                "node_count": 2,
                "node_labels": {
                  "environment": "preprod",
                  "role": "system",
                  "workload": "system"
                },
                "node_network_profile": [],
                "node_public_ip_enabled": false,
                "node_public_ip_prefix_id": "",
                "only_critical_addons_enabled": false,
                "orchestrator_version": "1.33.5",
                "os_disk_size_gb": 50,
                "os_disk_type": "Managed",
                "os_sku": "Ubuntu",
                "pod_subnet_id": "",
                "proximity_placement_group_id": "",
                "scale_down_mode": "Delete",
                "snapshot_id": "",
                "tags": {
                  "nodepool": "default",
                  "owner": "BOA",
                  "platform": "Azure"
                },
                "temporary_name_for_rotation": "temppool",
                "type": "VirtualMachineScaleSets",
                "ultra_ssd_enabled": false,
                "upgrade_settings": [
                  {
                    "drain_timeout_in_minutes": 30,
                    "max_surge": "50%",
                    "node_soak_duration_in_minutes": 5,
                    "undrainable_node_behavior": ""
                  }
                ],
                "vm_size": "Standard_D4as_v5",
                "vnet_subnet_id": "/subscriptions/746d02a8-8c56-46c0-82e7-7c736f5ca6c3/resourceGroups/RG-KUB-PREPROD/providers/Microsoft.Network/virtualNetworks/VNET-KUB-PREPROD-NEW/subnets/default",
                "workload_runtime": "",
                "zones": [
                  "1",
                  "2",
                  "3"
                ]
              }
            ],
            "disk_encryption_set_id": "",
            "dns_prefix": "kub",
            "dns_prefix_private_cluster": "",
            "edge_zone": "",
            "fqdn": "",
            "http_application_routing_enabled": false,
            "http_application_routing_zone_name": "",
            "http_proxy_config": [],
            "id": "/subscriptions/746d02a8-8c56-46c0-82e7-7c736f5ca6c3/resourceGroups/RG-KUB-PREPROD/providers/Microsoft.ContainerService/managedClusters/kub-preprod",
            "identity": [
              {
                "identity_ids": [
                  "/subscriptions/746d02a8-8c56-46c0-82e7-7c736f5ca6c3/resourceGroups/RG-KUB-PREPROD/providers/Microsoft.ManagedIdentity/userAssignedIdentities/kub-uia-preprod"
                ],
                "principal_id": "",
                "tenant_id": "",
                "type": "UserAssigned"
              }
            ],
            "image_cleaner_enabled": null,
            "image_cleaner_interval_hours": null,
            "ingress_application_gateway": [],
            "key_management_service": [],
            "key_vault_secrets_provider": [],
            "kube_admin_config": [
              {
                "client_certificate": "LS0tLS1CRUdJTiBDRVJUSUZJQ0FURS0tLS0tCk1JSUZIakNDQXdhZ0F3SUJBZ0lSQUlTUzZ1bEZJaytoelJHVEhNQ0RXUDh3RFFZSktvWklodmNOQVFFTEJRQXcKRFRFTE1Ba0dBMVVFQXhNQ1kyRXdIaGNOTWpZd05qSTBNVEV5TkRReldoY05Namd3TmpJME1URXpORFF6V2pBdwpNUmN3RlFZRFZRUUtFdzV6ZVhOMFpXMDZiV0Z6ZEdWeWN6RVZNQk1HQTFVRUF4TU1iV0Z6ZEdWeVkyeHBaVzUwCk1JSUNJakFOQmdrcWhraUc5dzBCQVFFRkFBT0NBZzhBTUlJQ0NnS0NBZ0VBdUtHeHRxVzBtYnBHbE42ZVdwSEcKaWJhMTJicWtpcEloVExxSThtL3hxak4yMGpqRGlQWlBNclV1SXgvb0I2Q2lnWXhJa0UrWGN5TWJrT0VwTGZwbApnWFlIQ3lRei82b1E5dnhUQTJDaFRFZXZjMzRHRlg2Um03NmlkenBWVGE4WVozS3k2eDd6K0o0VFdXRHlFcExVCkhlc0R2SW9zNTRsWmxxalEwRDU2R0VKNUdDMkIzc2hlNkp4cCtLWUVoUm1DRUd6Vkc5Z1Z4WUFuNVFGOE9qQjcKa2NWK3VnZlBqa3dqbXpvcllLeGVxOS8vbEIwSURXTnczSHJoLzRRZVhqV21Wd3FNZHcyeGZQdzIxWXFGMVllcwphbHhJdTJZZjN2YWdqUUprRi92dVZ4ckRNSVc3TENSaisvRzRHUDJiWmFVRHBZTVo1bll1cjB5QUE2Y1lUSUI5ClRUK3g3L3dCTklnT3EvNHo0dnU5ZTQzbldBeWRRbHI3K3FZbFVOVGlQNkh2b0tlRWlHNVQrN3hhZWdsdHhUWisKT2dBaDJGSkVQMHVQRFBnMHJzdGlIZDQyUkVCMTJ5Qyt5c3NrdnVUbEoyUHQvZlNaNVpVVmtiVDdha2xxbWhUSgpyd0VmZUgzdllIMHZyMy9BMUIrdHRtQzZseXBmRnFEcjRqUVBWbDhSckZoakJKNzJmMnZaajJFeHc1em9Pc3FsCjU5L2FrdU55czlJcHlrY0VZV0ZxUGdIS1ZyeDBpdFpqTndqTnF0eHRzb0VIOERNT095SmtVZFJOUmJhQ1kxTUwKdDlKRlZPL09IUEJ3T25uUjc1aitteWRLdEdCS0VFL1ZZQXZpTkc4MStFb1JaSnp6VnBET0gwR21zajN4bGJ3cAp3OU1xUHZQMWRudmdVUUwvZ1k2Vzc2RUNBd0VBQWFOV01GUXdEZ1lEVlIwUEFRSC9CQVFEQWdXZ01CTUdBMVVkCkpRUU1NQW9HQ0NzR0FRVUZCd01DTUF3R0ExVWRFd0VCL3dRQ01BQXdId1lEVlIwakJCZ3dGb0FVVE1MK2pzSWsKNVJLQXBQSzFSNG1JNkxGcXkyUXdEUVlKS29aSWh2Y05BUUVMQlFBRGdnSUJBREZKK1BDLzUvTUlzYThPZ0lkLwpLVS9Bbk9wSjBTTEpaRWpUZThiamRSdWJxMTYxY0pjbXl0KzMyV2R0RndEOUYyMWc1Ykt3UHF4bUozRnVuS0ZUCmVkQ3FpWEtKbWFFaVVha0o2UWVad2hQNnVFYWZmZTNnSGtyK25mSzR1ajMxS054RHBqdDdmVUdIS2pKYXJMNHIKMWsxQnBWTWJwMW5RQkRXUjZUdkdmcmJqbEM0VzNsOFN0TjhkQ3lZeDVCWEtTM1JjTnVqT1R6TEIzK2tzTTdydgpYTnppL2djQlFCNnhZQXJXNlZPSWQydG11ay9PNDFvWm1TUHlWM0lHeHhVbDVtWFo4RnBNc0l5WE1rUDRjODJFCmU0QVVFUE1udTdvK040OHcvTlFYTi81T1V2dWN1UldrOUxVN1ZwaFJNcDB2YURBT3lGSnVjazVHU3R1bWQ2WVEKV2dyZHdQRlljVTEyQmxheTd0YkV4WGIramtsYVA4NE9zQ3pwOVBTMTNPU05xRFVYY2ZYR0F4M3ZNVXJRaGlIVwp6Nkh4clA3Umg5cVY4YWRoMGsvQXgwd0ZtM1lram1GclB4WTNwVmNJSE9MbFlROGE5UFVwREo0M3JsVWgvUnlqCnlZcm5uUlJMSzJUSXVVMTdORXk2MjVhOVJCUEdxNHlxSnlLbklRNHJFMHhobUd5Z1ZVNlRVRE14UHVLR20wU3cKVGRjMW1MWVF3N3lQeFFwbDFvQWpwTTh5ajdYU2hZTy9NUjNwR3JQWDZTc2ZRM3hsMHg3UGNyTWxFVFdURWxPTQpNa2cwMlk2NlNVR21QdEFVeFI5dm1hMnNYWEZCNWpTRTl3STFpUXc5NHBZajF2TVNWakkwQ3pjVlhNSnlNRSt6ClJ1S3VCM3dNd2NJVU1nU3hqVzQ4c3VYTAotLS0tLUVORCBDRVJUSUZJQ0FURS0tLS0tCg==",
                "client_key": "LS0tLS1CRUdJTiBSU0EgUFJJVkFURSBLRVktLS0tLQpNSUlKS0FJQkFBS0NBZ0VBdUtHeHRxVzBtYnBHbE42ZVdwSEdpYmExMmJxa2lwSWhUTHFJOG0veHFqTjIwampECmlQWlBNclV1SXgvb0I2Q2lnWXhJa0UrWGN5TWJrT0VwTGZwbGdYWUhDeVF6LzZvUTl2eFRBMkNoVEVldmMzNEcKRlg2Um03NmlkenBWVGE4WVozS3k2eDd6K0o0VFdXRHlFcExVSGVzRHZJb3M1NGxabHFqUTBENTZHRUo1R0MyQgozc2hlNkp4cCtLWUVoUm1DRUd6Vkc5Z1Z4WUFuNVFGOE9qQjdrY1YrdWdmUGprd2ptem9yWUt4ZXE5Ly9sQjBJCkRXTnczSHJoLzRRZVhqV21Wd3FNZHcyeGZQdzIxWXFGMVllc2FseEl1MllmM3ZhZ2pRSmtGL3Z1VnhyRE1JVzcKTENSaisvRzRHUDJiWmFVRHBZTVo1bll1cjB5QUE2Y1lUSUI5VFQreDcvd0JOSWdPcS80ejR2dTllNDNuV0F5ZApRbHI3K3FZbFVOVGlQNkh2b0tlRWlHNVQrN3hhZWdsdHhUWitPZ0FoMkZKRVAwdVBEUGcwcnN0aUhkNDJSRUIxCjJ5Qyt5c3NrdnVUbEoyUHQvZlNaNVpVVmtiVDdha2xxbWhUSnJ3RWZlSDN2WUgwdnIzL0ExQit0dG1DNmx5cGYKRnFEcjRqUVBWbDhSckZoakJKNzJmMnZaajJFeHc1em9Pc3FsNTkvYWt1TnlzOUlweWtjRVlXRnFQZ0hLVnJ4MAppdFpqTndqTnF0eHRzb0VIOERNT095SmtVZFJOUmJhQ1kxTUx0OUpGVk8vT0hQQndPbm5SNzVqK215ZEt0R0JLCkVFL1ZZQXZpTkc4MStFb1JaSnp6VnBET0gwR21zajN4bGJ3cHc5TXFQdlAxZG52Z1VRTC9nWTZXNzZFQ0F3RUEKQVFLQ0FnQUN5SiszenZVdEJKT3BwcjAwUlBqOWIvUGh2MmEvNDdPSjArcU5xc3cxM3puRWZ3bi9yaVNkdmpRcgprelBnUnlvSTN2MTlmUjIzV0MrcHRqejB6alZkeDU5NmtEbDQ0TlVKcGQ1MjhVV0c1cGlXZ1JYUlpiN1VFWndKClJTZklTOEp1VmFkNTdkWFhvdHptQlM2cXd0S1FHVkJOYUlSUkFQWFZ1dm1vbUlQQUpIeHRncGU4eHFiTzM1MmwKenZvdVJNQ3Z3N1huUFVTeXc3VXY0RGpCeEQyUXRXRGdRY0lYUWo1cmxwN1ZBYzNtWjdKNTRFNlVFcktsT0ZzVQpKTnFBd29ZZG5Bc0JoT21pUUJSdjk1VE1ZeFBINS9JV3lHMUxMLzRpc2lDaUFyMTc1YmdaZDN4TjJ5eWFWMWU4CjdsSHV4ckVLU0g5dnhXUXZacUNTUnlDUndyWEhUTEdRMytCRStSRlZwenhyU2JQRUdEUFlPYkJEb0R0Tmo1V3MKcDRPRzdrRVlPUXJhcDg3bFkvdUQ5cDJ0WW1vVmpsVGpBZW5vZzZKQ2h0N0dQZjNuU005SnJxY2xzVlVwQ2p5egoxL3RlMzRKS0FmSWpQb0c0S25uaWlGYTJXSFl3clg3Qm5XZzdPYVNiUHNOVnA3aWloNDZicHZrVnRLTHFNdC9oCkM4KzF2Q2VnVE92UGJRTUN1ZnRSVXBrdXlUMG42b0FsSUQyZ28xY1ViNjRvWTFLUExySU1ibkNVN214TE1zYk8KSGNiTGI1UWhZcXJJQitRTHZ0RUUxck05bFZHUXFocjIrU2RvYkRHRCtRNVVTaExzaytPTnZ2OS9zVm5WOXFkMQo1Z2NSN0JHWWdOTHVaWVA2ZTJ2bkFsa2FWbi9GWjRXZXl0TmUrdzM1blFuRFlHYkRLd0tDQVFFQXhEKzNRR1pUCmY4NlhQTml4UXJEaWp0dFM4aXBldGVBYk5saFBOdW1IRC92UlJTNnBYajhtQlNUbjN3MkZIMndoNkI5OU1ycFgKcW0wNXZOc2tCWkdHQVVEWHhXdlBuN3FDaWdNRDdYcDdiR0lVQk82QXljTkJEMVRHSWZjblhHUGwzcXhYYmVIcgp5NDVDZnBuMmtIUS9aOVFsaktING10TitRUkhDdERiWk04UzRUaHZpREJFZEJXM0Npa3Ntd3FkYW5FODR1Y2FxCk9YUHdsZjRONDgzeEx0Z1ROYTUzTCtwRitJOExjZmY3ZWxKR1A0UmZyMitDU1UzTkowMDd2a0l6UG9DTDNqcE4KRXpSZFNkUDBoVnZRZkUyYTVXQ3FWYURITFpBZzhlbjhpYy80cFpVV05ydGlPMGIzMDBvelhpdElrbmFGVkhxNAphSXhIOUpRQzFGUjVId0tDQVFFQThOaDlia2lBK3dKY3J6T2dSS0VVT1c4alRjYWZBOUo1KzZVTHJDeVQ4TXZRClNBVEF3b1pEQUtIQWp5WVdDd2dNbzJLRWVRV2NHSVk2NGhobng0TlFuS0t6V3U1amtrOUxQQXJ2bmI2TWNSNDkKV2hiUDZlQjdJMHNHOWxmVmZWRkJqMmxJQ2N2emhZMW0yS0x2aG43MnJTa1QyK0lZRHpXdkFpQnhyWnpKeko0dQpIdEorUjBwS0RBOXNFZU1DUUtVYUkzcmVIaFBCQW9QbnZuK2pGZ3IwQmFRUXhtMVNoMHhaRVMwcGtFOGJ2UnprClVzazZ2enlEK21tMDVSbGIrbmI2ZDdwMEhFaExtaGgwd2lxT3BreWlGNWFTUUZKSERrMkxDVGZ5YUZoYXpHMkcKWXozUEVZLzBMd2N4Q2FablEyanBjVXkxd0M5czVld212bXZOVjdHL1B3S0NBUUVBbnZNZ1lLZkFiNThMZmJ2Zwo3cXhJQS83K1VxZ2dwOXpKRFo0L0lySEl0Qmg0cWprZDh2amd1WC9uMGhDb1J3Z1UrbVl1eUZ5SFRzRkM1NFR5Cnl4UFAzc24vT2FhVnRzQ2dwRm5HMzV5NXhOSTNkcnNhVXRDenJGQTBYaVJKbkJwSmY2NUU3Zm56T3A2Um11cm0KK3A4OUQ4S1RXekdCSXgyemY4NTd6ZTB5eFN4TFB2QjBpT04vaHZzY2UxaGRINEhlOFFWMVkzcldPc3grQzI2SApINENaSFNEamhqSTExUGhDRGcwRjd4dzBjaUdiUml6WU4wYncxcUNPVG92T25NNFBwVXNHZmtyb1RHcTRPR2pVCi93S2JmV0o1MTlrUWZXUklqczNTOFQxY1R0N0VmSkNoT2xsUk9jUEVURDBvRjlpazRnUGUvOHFaL0F2SzUvek4Kd2Q1ZGJ3S0NBUUJGZDd3ZURpMmR1TjJ3N3l3Zi8zSU02dUI4ODNnMEt3WmlMZ1hDNEl5L1hKb3oyNk1adUk0awo1WUxjQnprK2IxRHQ0MkdnWXB6V2Vna0w0OHd6UU00RWorMDVvaDc0T1lUU3liaTVnQmVVSFF2SEsyTkc2eWU1ClUwK3J5RVBjeEk0clprdVAvOUs2eDhGTlpSbS9hbW1PSXBZR3l4enpiaUdQZEhvMWdFNjRoVHQ2U201Lzg0Nk8KRWZpeTVBNW5SUGZZR2YxdElYZC9XVHFEdU43NllhaG01QjZ1alNQTHdKckVHSW12aFJIVUp6dzRJTENnTGoxSApBaXhhRkVseVlkVDJxY0lKMGxSMEd1KzZmWG50djViVlJPbmtRWmNiS2dTYllSYTdRQmpZZEJMYUZ4N2R5dTY4CmpjOTRJQllTM0hUUTZEWllPNVdtYjhueERMa0t2VXNUQW9JQkFCbXFIWDhLVVlBbGtGYVIwUFdPNnZJWFFLai8KL05HTEhROEdOYnZXME8zMnNIMXlTWU8vL25FUHpBdUkxM25jc1dMV3l2Z0FZNGY4U0ZGK3pDdGdsTjR5ZFF0WAppOVlzaGJtZHVJcGRuZmNIS21sVWxhUkxld1ZjZUZ3c2pqTmNNR1lmd1JvZVlHTS9LUEVKY29nVXVoZEdJZ21ECkV1SmRhVEV2L2FGVjd1YTU1YkdJMk5heWZRTHdPcTZmVW5URGRsQXFKcVczR0Rqd3dvK0EzcGRBaXp6d3p0dUkKNFV2TklWeUZSc3U1RVd1VXJ4dVJQdHBtbUxRbnh2bzhrTVNsZ1NLb3BVSG1Lc0E4YVRtWkFWbVgxNCtFbnR2UApyaUk5cGo3eU4yVEFrRUc5VnV6OVRiUVkwQnpKR3U2cG0wRG9aY3Q3cjA2MVlYeG5CSnJKMnFhalRGVT0KLS0tLS1FTkQgUlNBIFBSSVZBVEUgS0VZLS0tLS0K",
                "cluster_ca_certificate": "LS0tLS1CRUdJTiBDRVJUSUZJQ0FURS0tLS0tCk1JSUU2VENDQXRHZ0F3SUJBZ0lSQU9qQmNLSUphSW1IakJLOWlZNENhaTB3RFFZSktvWklodmNOQVFFTEJRQXcKRFRFTE1Ba0dBMVVFQXhNQ1kyRXdJQmNOTWpZd05qSTBNVEV5TkRReldoZ1BNakExTmpBMk1qUXhNVE0wTkROYQpNQTB4Q3pBSkJnTlZCQU1UQW1OaE1JSUNJakFOQmdrcWhraUc5dzBCQVFFRkFBT0NBZzhBTUlJQ0NnS0NBZ0VBCjRuMHRSRUdNYkxkc0dPQXJNSEtjMElMV09jMnpRZUEwZlJ5Sm1nMFlvM0Z0VDJ6cFRxV2NNT3BBV3lIUGNxbEsKbms1anpiZE1Ca3hNbEhxY0VVV0xHa0x1NWVMSThnZnBxZnFia3ZTdVdyanJmY1VLblpPTnY1QjB3QllRVm1QbwoyNEJhWENKWHIzd3N2d0VwVERRMDdjUmR5bWRJT1p3N2FXeExCR2swQWpva2M1bGM5enRsMStIWFpnVEV4WUUxCmw4VU05ZmNZeENFbW5FeTNUcDRjZ2diMng3YVAyd214VGlOSlZRcTh1a2pxYkpPMnd0WjNKMWIyaVMxUGFGcGYKWkNzU0JPZUlaanU1SXhtMEdBODlsZ2NLNzVnNjFMbW82USs1MmVheCtsK1ZSd3RnYWV1RXdCQUpsMzl4MG1sSApJZHdoTGJFRW1GQVVibDZaM2pRNy9GWmZKdXd0Mzg5NXA4NDEvQWY2SnczVy8rWm5ZZTdoNWtTZkd3eU5tTVAzCnNxUVJHbnc5WVZ3QjNLQ0lERXowbUlJRDRlcWJUcldBSXA0N0MwOXpiajRKM2lmVEJIRzN3b3prRnBRS2hYZFUKZ2U3K0plTGJOYS9PS2FjVEl0b29nM2xOWEQvUFR4a1NVMGtVYVdHTTR3U0hTeXh2MkZsU3c4d29tSUJSRUFicwpmTUhUdHBjQUYwMjRuS1R6SkNJNmM2MnFkdlJMYW1PUVNQVlJZWVo5UWJkTmQ1VUNHL0ZWWkZlbXJaWXIrME9UCmFzYlRsdHlVRVJPSGdLRGtPL01Ed0dyUTlVQ0ZQWXJIZ0JSWFRpbCtZRHpzRjdYdlNmQm90WnZ1UEZWeXM0MEYKZm9rTEFML0F4Sys1THE0N1VieDAxYmhNeTJBVDUvRTRLYm1ZanFrTmFBTUNBd0VBQWFOQ01FQXdEZ1lEVlIwUApBUUgvQkFRREFnS2tNQThHQTFVZEV3RUIvd1FGTUFNQkFmOHdIUVlEVlIwT0JCWUVGRXpDL283Q0pPVVNnS1R5CnRVZUppT2l4YXN0a01BMEdDU3FHU0liM0RRRUJDd1VBQTRJQ0FRQ1BRNytqdXl2SlNFdGpZdnhCZEloUnpScDUKVlc2MWFBVkY4YW9uOTRVUERxcnp1SGp1QzAySWtNZENJZi9EdjdYYmJwcjFva3ZrNFRjWCtreGlrUTRQU3dnNQpjTGV5QSs3eGl2cXZzeHhrSk5DaGl2NTlNa2Z4ZTB6OW1MUWdCRUhRMmdlYWE2MzJxY01GMmoxdDlVRkJVMWlBCnlrd052QXVvZ2UyUW1ZUXBuUHlTNmtZYnpoc29LUUcxTmcxOHNiZkkxdU9mN3l3cGQwdTh4TUhpYzcwUndYaGoKaGVTanlZMjFhWlkwbUl6cDhENnRBKzFMZGxwZC9rZ0FDN3YvVzhkT21mNDVqQUJHMzhJZG5XTE5WYUN1NVlVYQovb0hNRlU4Y2E0c1JiOGxyeGZxaXMvd1Q3cDIybkR1NXJUVk9BMWdIbmIrMGVFOEgwcjZjTFlvdkpkY0lsTnFGCjh5KzkwWkFVRUJYT3JJNFNzdzFyQ21HYkFlcjBBcS9RejZOS1J3djhQaHRHV0dQV0RUbHZ2SXJQVkVsZkpvbHoKQXloMzF2RUpUOFNNQXRvdmsybXlURk5iOGRsWEJOYStyeTY4eW1OaGhNeXI1NkJnMTBheWJXY3NtNlZHS3F0bAprN1dSSFFZaGFYOWVsblQ1S250TTNFdENsRGtUTkF0OTVsc1FPWEFzMWhmSWJoRlJXenRPMlpmT01qM084dElNClJKT1RkRlh1eDZJYnB0S2lBZHZja21sWjJmZnJrODN1RzJidVRDS2U5TkM5UTJkMjN1b2VZQlJtRGY5algxdUQKN1dpQXR0WVlDUVFTekE3U3Rlc0dQNjRBUXZTTENvdS9VdHhSZ2dEOTkybW1tY3d3enk3cE1KNC93eEhnVFdmOAo1OWVrYm9JVkxUWGNLQmxHY2c9PQotLS0tLUVORCBDRVJUSUZJQ0FURS0tLS0tCg==",
                "host": "https://kub-j1y147f9.privatelink.northeurope.azmk8s.io:443",
                "password": "8x94rpdnwrz3fq8dbbtfhmrmij7royfemcdqywpw3zp0q318246kevk1aek04vvyw64264pcqcgol8u3t19aktol3duiabekxyexw00hfik8v8nxdctf2iwp1wzlssz4",
                "username": "clusterAdmin_RG-KUB-PREPROD_kub-preprod"
              }
            ],
            "kube_admin_config_raw": "apiVersion: v1\nclusters:\n- cluster:\n    certificate-authority-data: LS0tLS1CRUdJTiBDRVJUSUZJQ0FURS0tLS0tCk1JSUU2VENDQXRHZ0F3SUJBZ0lSQU9qQmNLSUphSW1IakJLOWlZNENhaTB3RFFZSktvWklodmNOQVFFTEJRQXcKRFRFTE1Ba0dBMVVFQXhNQ1kyRXdJQmNOTWpZd05qSTBNVEV5TkRReldoZ1BNakExTmpBMk1qUXhNVE0wTkROYQpNQTB4Q3pBSkJnTlZCQU1UQW1OaE1JSUNJakFOQmdrcWhraUc5dzBCQVFFRkFBT0NBZzhBTUlJQ0NnS0NBZ0VBCjRuMHRSRUdNYkxkc0dPQXJNSEtjMElMV09jMnpRZUEwZlJ5Sm1nMFlvM0Z0VDJ6cFRxV2NNT3BBV3lIUGNxbEsKbms1anpiZE1Ca3hNbEhxY0VVV0xHa0x1NWVMSThnZnBxZnFia3ZTdVdyanJmY1VLblpPTnY1QjB3QllRVm1QbwoyNEJhWENKWHIzd3N2d0VwVERRMDdjUmR5bWRJT1p3N2FXeExCR2swQWpva2M1bGM5enRsMStIWFpnVEV4WUUxCmw4VU05ZmNZeENFbW5FeTNUcDRjZ2diMng3YVAyd214VGlOSlZRcTh1a2pxYkpPMnd0WjNKMWIyaVMxUGFGcGYKWkNzU0JPZUlaanU1SXhtMEdBODlsZ2NLNzVnNjFMbW82USs1MmVheCtsK1ZSd3RnYWV1RXdCQUpsMzl4MG1sSApJZHdoTGJFRW1GQVVibDZaM2pRNy9GWmZKdXd0Mzg5NXA4NDEvQWY2SnczVy8rWm5ZZTdoNWtTZkd3eU5tTVAzCnNxUVJHbnc5WVZ3QjNLQ0lERXowbUlJRDRlcWJUcldBSXA0N0MwOXpiajRKM2lmVEJIRzN3b3prRnBRS2hYZFUKZ2U3K0plTGJOYS9PS2FjVEl0b29nM2xOWEQvUFR4a1NVMGtVYVdHTTR3U0hTeXh2MkZsU3c4d29tSUJSRUFicwpmTUhUdHBjQUYwMjRuS1R6SkNJNmM2MnFkdlJMYW1PUVNQVlJZWVo5UWJkTmQ1VUNHL0ZWWkZlbXJaWXIrME9UCmFzYlRsdHlVRVJPSGdLRGtPL01Ed0dyUTlVQ0ZQWXJIZ0JSWFRpbCtZRHpzRjdYdlNmQm90WnZ1UEZWeXM0MEYKZm9rTEFML0F4Sys1THE0N1VieDAxYmhNeTJBVDUvRTRLYm1ZanFrTmFBTUNBd0VBQWFOQ01FQXdEZ1lEVlIwUApBUUgvQkFRREFnS2tNQThHQTFVZEV3RUIvd1FGTUFNQkFmOHdIUVlEVlIwT0JCWUVGRXpDL283Q0pPVVNnS1R5CnRVZUppT2l4YXN0a01BMEdDU3FHU0liM0RRRUJDd1VBQTRJQ0FRQ1BRNytqdXl2SlNFdGpZdnhCZEloUnpScDUKVlc2MWFBVkY4YW9uOTRVUERxcnp1SGp1QzAySWtNZENJZi9EdjdYYmJwcjFva3ZrNFRjWCtreGlrUTRQU3dnNQpjTGV5QSs3eGl2cXZzeHhrSk5DaGl2NTlNa2Z4ZTB6OW1MUWdCRUhRMmdlYWE2MzJxY01GMmoxdDlVRkJVMWlBCnlrd052QXVvZ2UyUW1ZUXBuUHlTNmtZYnpoc29LUUcxTmcxOHNiZkkxdU9mN3l3cGQwdTh4TUhpYzcwUndYaGoKaGVTanlZMjFhWlkwbUl6cDhENnRBKzFMZGxwZC9rZ0FDN3YvVzhkT21mNDVqQUJHMzhJZG5XTE5WYUN1NVlVYQovb0hNRlU4Y2E0c1JiOGxyeGZxaXMvd1Q3cDIybkR1NXJUVk9BMWdIbmIrMGVFOEgwcjZjTFlvdkpkY0lsTnFGCjh5KzkwWkFVRUJYT3JJNFNzdzFyQ21HYkFlcjBBcS9RejZOS1J3djhQaHRHV0dQV0RUbHZ2SXJQVkVsZkpvbHoKQXloMzF2RUpUOFNNQXRvdmsybXlURk5iOGRsWEJOYStyeTY4eW1OaGhNeXI1NkJnMTBheWJXY3NtNlZHS3F0bAprN1dSSFFZaGFYOWVsblQ1S250TTNFdENsRGtUTkF0OTVsc1FPWEFzMWhmSWJoRlJXenRPMlpmT01qM084dElNClJKT1RkRlh1eDZJYnB0S2lBZHZja21sWjJmZnJrODN1RzJidVRDS2U5TkM5UTJkMjN1b2VZQlJtRGY5algxdUQKN1dpQXR0WVlDUVFTekE3U3Rlc0dQNjRBUXZTTENvdS9VdHhSZ2dEOTkybW1tY3d3enk3cE1KNC93eEhnVFdmOAo1OWVrYm9JVkxUWGNLQmxHY2c9PQotLS0tLUVORCBDRVJUSUZJQ0FURS0tLS0tCg==\n    server: https://kub-j1y147f9.privatelink.northeurope.azmk8s.io:443\n  name: kub-preprod\ncontexts:\n- context:\n    cluster: kub-preprod\n    user: clusterAdmin_RG-KUB-PREPROD_kub-preprod\n  name: kub-preprod\ncurrent-context: kub-preprod\nkind: Config\nusers:\n- name: clusterAdmin_RG-KUB-PREPROD_kub-preprod\n  user:\n    client-certificate-data: LS0tLS1CRUdJTiBDRVJUSUZJQ0FURS0tLS0tCk1JSUZIakNDQXdhZ0F3SUJBZ0lSQUlTUzZ1bEZJaytoelJHVEhNQ0RXUDh3RFFZSktvWklodmNOQVFFTEJRQXcKRFRFTE1Ba0dBMVVFQXhNQ1kyRXdIaGNOTWpZd05qSTBNVEV5TkRReldoY05Namd3TmpJME1URXpORFF6V2pBdwpNUmN3RlFZRFZRUUtFdzV6ZVhOMFpXMDZiV0Z6ZEdWeWN6RVZNQk1HQTFVRUF4TU1iV0Z6ZEdWeVkyeHBaVzUwCk1JSUNJakFOQmdrcWhraUc5dzBCQVFFRkFBT0NBZzhBTUlJQ0NnS0NBZ0VBdUtHeHRxVzBtYnBHbE42ZVdwSEcKaWJhMTJicWtpcEloVExxSThtL3hxak4yMGpqRGlQWlBNclV1SXgvb0I2Q2lnWXhJa0UrWGN5TWJrT0VwTGZwbApnWFlIQ3lRei82b1E5dnhUQTJDaFRFZXZjMzRHRlg2Um03NmlkenBWVGE4WVozS3k2eDd6K0o0VFdXRHlFcExVCkhlc0R2SW9zNTRsWmxxalEwRDU2R0VKNUdDMkIzc2hlNkp4cCtLWUVoUm1DRUd6Vkc5Z1Z4WUFuNVFGOE9qQjcKa2NWK3VnZlBqa3dqbXpvcllLeGVxOS8vbEIwSURXTnczSHJoLzRRZVhqV21Wd3FNZHcyeGZQdzIxWXFGMVllcwphbHhJdTJZZjN2YWdqUUprRi92dVZ4ckRNSVc3TENSaisvRzRHUDJiWmFVRHBZTVo1bll1cjB5QUE2Y1lUSUI5ClRUK3g3L3dCTklnT3EvNHo0dnU5ZTQzbldBeWRRbHI3K3FZbFVOVGlQNkh2b0tlRWlHNVQrN3hhZWdsdHhUWisKT2dBaDJGSkVQMHVQRFBnMHJzdGlIZDQyUkVCMTJ5Qyt5c3NrdnVUbEoyUHQvZlNaNVpVVmtiVDdha2xxbWhUSgpyd0VmZUgzdllIMHZyMy9BMUIrdHRtQzZseXBmRnFEcjRqUVBWbDhSckZoakJKNzJmMnZaajJFeHc1em9Pc3FsCjU5L2FrdU55czlJcHlrY0VZV0ZxUGdIS1ZyeDBpdFpqTndqTnF0eHRzb0VIOERNT095SmtVZFJOUmJhQ1kxTUwKdDlKRlZPL09IUEJ3T25uUjc1aitteWRLdEdCS0VFL1ZZQXZpTkc4MStFb1JaSnp6VnBET0gwR21zajN4bGJ3cAp3OU1xUHZQMWRudmdVUUwvZ1k2Vzc2RUNBd0VBQWFOV01GUXdEZ1lEVlIwUEFRSC9CQVFEQWdXZ01CTUdBMVVkCkpRUU1NQW9HQ0NzR0FRVUZCd01DTUF3R0ExVWRFd0VCL3dRQ01BQXdId1lEVlIwakJCZ3dGb0FVVE1MK2pzSWsKNVJLQXBQSzFSNG1JNkxGcXkyUXdEUVlKS29aSWh2Y05BUUVMQlFBRGdnSUJBREZKK1BDLzUvTUlzYThPZ0lkLwpLVS9Bbk9wSjBTTEpaRWpUZThiamRSdWJxMTYxY0pjbXl0KzMyV2R0RndEOUYyMWc1Ykt3UHF4bUozRnVuS0ZUCmVkQ3FpWEtKbWFFaVVha0o2UWVad2hQNnVFYWZmZTNnSGtyK25mSzR1ajMxS054RHBqdDdmVUdIS2pKYXJMNHIKMWsxQnBWTWJwMW5RQkRXUjZUdkdmcmJqbEM0VzNsOFN0TjhkQ3lZeDVCWEtTM1JjTnVqT1R6TEIzK2tzTTdydgpYTnppL2djQlFCNnhZQXJXNlZPSWQydG11ay9PNDFvWm1TUHlWM0lHeHhVbDVtWFo4RnBNc0l5WE1rUDRjODJFCmU0QVVFUE1udTdvK040OHcvTlFYTi81T1V2dWN1UldrOUxVN1ZwaFJNcDB2YURBT3lGSnVjazVHU3R1bWQ2WVEKV2dyZHdQRlljVTEyQmxheTd0YkV4WGIramtsYVA4NE9zQ3pwOVBTMTNPU05xRFVYY2ZYR0F4M3ZNVXJRaGlIVwp6Nkh4clA3Umg5cVY4YWRoMGsvQXgwd0ZtM1lram1GclB4WTNwVmNJSE9MbFlROGE5UFVwREo0M3JsVWgvUnlqCnlZcm5uUlJMSzJUSXVVMTdORXk2MjVhOVJCUEdxNHlxSnlLbklRNHJFMHhobUd5Z1ZVNlRVRE14UHVLR20wU3cKVGRjMW1MWVF3N3lQeFFwbDFvQWpwTTh5ajdYU2hZTy9NUjNwR3JQWDZTc2ZRM3hsMHg3UGNyTWxFVFdURWxPTQpNa2cwMlk2NlNVR21QdEFVeFI5dm1hMnNYWEZCNWpTRTl3STFpUXc5NHBZajF2TVNWakkwQ3pjVlhNSnlNRSt6ClJ1S3VCM3dNd2NJVU1nU3hqVzQ4c3VYTAotLS0tLUVORCBDRVJUSUZJQ0FURS0tLS0tCg==\n    client-key-data: LS0tLS1CRUdJTiBSU0EgUFJJVkFURSBLRVktLS0tLQpNSUlKS0FJQkFBS0NBZ0VBdUtHeHRxVzBtYnBHbE42ZVdwSEdpYmExMmJxa2lwSWhUTHFJOG0veHFqTjIwampECmlQWlBNclV1SXgvb0I2Q2lnWXhJa0UrWGN5TWJrT0VwTGZwbGdYWUhDeVF6LzZvUTl2eFRBMkNoVEVldmMzNEcKRlg2Um03NmlkenBWVGE4WVozS3k2eDd6K0o0VFdXRHlFcExVSGVzRHZJb3M1NGxabHFqUTBENTZHRUo1R0MyQgozc2hlNkp4cCtLWUVoUm1DRUd6Vkc5Z1Z4WUFuNVFGOE9qQjdrY1YrdWdmUGprd2ptem9yWUt4ZXE5Ly9sQjBJCkRXTnczSHJoLzRRZVhqV21Wd3FNZHcyeGZQdzIxWXFGMVllc2FseEl1MllmM3ZhZ2pRSmtGL3Z1VnhyRE1JVzcKTENSaisvRzRHUDJiWmFVRHBZTVo1bll1cjB5QUE2Y1lUSUI5VFQreDcvd0JOSWdPcS80ejR2dTllNDNuV0F5ZApRbHI3K3FZbFVOVGlQNkh2b0tlRWlHNVQrN3hhZWdsdHhUWitPZ0FoMkZKRVAwdVBEUGcwcnN0aUhkNDJSRUIxCjJ5Qyt5c3NrdnVUbEoyUHQvZlNaNVpVVmtiVDdha2xxbWhUSnJ3RWZlSDN2WUgwdnIzL0ExQit0dG1DNmx5cGYKRnFEcjRqUVBWbDhSckZoakJKNzJmMnZaajJFeHc1em9Pc3FsNTkvYWt1TnlzOUlweWtjRVlXRnFQZ0hLVnJ4MAppdFpqTndqTnF0eHRzb0VIOERNT095SmtVZFJOUmJhQ1kxTUx0OUpGVk8vT0hQQndPbm5SNzVqK215ZEt0R0JLCkVFL1ZZQXZpTkc4MStFb1JaSnp6VnBET0gwR21zajN4bGJ3cHc5TXFQdlAxZG52Z1VRTC9nWTZXNzZFQ0F3RUEKQVFLQ0FnQUN5SiszenZVdEJKT3BwcjAwUlBqOWIvUGh2MmEvNDdPSjArcU5xc3cxM3puRWZ3bi9yaVNkdmpRcgprelBnUnlvSTN2MTlmUjIzV0MrcHRqejB6alZkeDU5NmtEbDQ0TlVKcGQ1MjhVV0c1cGlXZ1JYUlpiN1VFWndKClJTZklTOEp1VmFkNTdkWFhvdHptQlM2cXd0S1FHVkJOYUlSUkFQWFZ1dm1vbUlQQUpIeHRncGU4eHFiTzM1MmwKenZvdVJNQ3Z3N1huUFVTeXc3VXY0RGpCeEQyUXRXRGdRY0lYUWo1cmxwN1ZBYzNtWjdKNTRFNlVFcktsT0ZzVQpKTnFBd29ZZG5Bc0JoT21pUUJSdjk1VE1ZeFBINS9JV3lHMUxMLzRpc2lDaUFyMTc1YmdaZDN4TjJ5eWFWMWU4CjdsSHV4ckVLU0g5dnhXUXZacUNTUnlDUndyWEhUTEdRMytCRStSRlZwenhyU2JQRUdEUFlPYkJEb0R0Tmo1V3MKcDRPRzdrRVlPUXJhcDg3bFkvdUQ5cDJ0WW1vVmpsVGpBZW5vZzZKQ2h0N0dQZjNuU005SnJxY2xzVlVwQ2p5egoxL3RlMzRKS0FmSWpQb0c0S25uaWlGYTJXSFl3clg3Qm5XZzdPYVNiUHNOVnA3aWloNDZicHZrVnRLTHFNdC9oCkM4KzF2Q2VnVE92UGJRTUN1ZnRSVXBrdXlUMG42b0FsSUQyZ28xY1ViNjRvWTFLUExySU1ibkNVN214TE1zYk8KSGNiTGI1UWhZcXJJQitRTHZ0RUUxck05bFZHUXFocjIrU2RvYkRHRCtRNVVTaExzaytPTnZ2OS9zVm5WOXFkMQo1Z2NSN0JHWWdOTHVaWVA2ZTJ2bkFsa2FWbi9GWjRXZXl0TmUrdzM1blFuRFlHYkRLd0tDQVFFQXhEKzNRR1pUCmY4NlhQTml4UXJEaWp0dFM4aXBldGVBYk5saFBOdW1IRC92UlJTNnBYajhtQlNUbjN3MkZIMndoNkI5OU1ycFgKcW0wNXZOc2tCWkdHQVVEWHhXdlBuN3FDaWdNRDdYcDdiR0lVQk82QXljTkJEMVRHSWZjblhHUGwzcXhYYmVIcgp5NDVDZnBuMmtIUS9aOVFsaktING10TitRUkhDdERiWk04UzRUaHZpREJFZEJXM0Npa3Ntd3FkYW5FODR1Y2FxCk9YUHdsZjRONDgzeEx0Z1ROYTUzTCtwRitJOExjZmY3ZWxKR1A0UmZyMitDU1UzTkowMDd2a0l6UG9DTDNqcE4KRXpSZFNkUDBoVnZRZkUyYTVXQ3FWYURITFpBZzhlbjhpYy80cFpVV05ydGlPMGIzMDBvelhpdElrbmFGVkhxNAphSXhIOUpRQzFGUjVId0tDQVFFQThOaDlia2lBK3dKY3J6T2dSS0VVT1c4alRjYWZBOUo1KzZVTHJDeVQ4TXZRClNBVEF3b1pEQUtIQWp5WVdDd2dNbzJLRWVRV2NHSVk2NGhobng0TlFuS0t6V3U1amtrOUxQQXJ2bmI2TWNSNDkKV2hiUDZlQjdJMHNHOWxmVmZWRkJqMmxJQ2N2emhZMW0yS0x2aG43MnJTa1QyK0lZRHpXdkFpQnhyWnpKeko0dQpIdEorUjBwS0RBOXNFZU1DUUtVYUkzcmVIaFBCQW9QbnZuK2pGZ3IwQmFRUXhtMVNoMHhaRVMwcGtFOGJ2UnprClVzazZ2enlEK21tMDVSbGIrbmI2ZDdwMEhFaExtaGgwd2lxT3BreWlGNWFTUUZKSERrMkxDVGZ5YUZoYXpHMkcKWXozUEVZLzBMd2N4Q2FablEyanBjVXkxd0M5czVld212bXZOVjdHL1B3S0NBUUVBbnZNZ1lLZkFiNThMZmJ2Zwo3cXhJQS83K1VxZ2dwOXpKRFo0L0lySEl0Qmg0cWprZDh2amd1WC9uMGhDb1J3Z1UrbVl1eUZ5SFRzRkM1NFR5Cnl4UFAzc24vT2FhVnRzQ2dwRm5HMzV5NXhOSTNkcnNhVXRDenJGQTBYaVJKbkJwSmY2NUU3Zm56T3A2Um11cm0KK3A4OUQ4S1RXekdCSXgyemY4NTd6ZTB5eFN4TFB2QjBpT04vaHZzY2UxaGRINEhlOFFWMVkzcldPc3grQzI2SApINENaSFNEamhqSTExUGhDRGcwRjd4dzBjaUdiUml6WU4wYncxcUNPVG92T25NNFBwVXNHZmtyb1RHcTRPR2pVCi93S2JmV0o1MTlrUWZXUklqczNTOFQxY1R0N0VmSkNoT2xsUk9jUEVURDBvRjlpazRnUGUvOHFaL0F2SzUvek4Kd2Q1ZGJ3S0NBUUJGZDd3ZURpMmR1TjJ3N3l3Zi8zSU02dUI4ODNnMEt3WmlMZ1hDNEl5L1hKb3oyNk1adUk0awo1WUxjQnprK2IxRHQ0MkdnWXB6V2Vna0w0OHd6UU00RWorMDVvaDc0T1lUU3liaTVnQmVVSFF2SEsyTkc2eWU1ClUwK3J5RVBjeEk0clprdVAvOUs2eDhGTlpSbS9hbW1PSXBZR3l4enpiaUdQZEhvMWdFNjRoVHQ2U201Lzg0Nk8KRWZpeTVBNW5SUGZZR2YxdElYZC9XVHFEdU43NllhaG01QjZ1alNQTHdKckVHSW12aFJIVUp6dzRJTENnTGoxSApBaXhhRkVseVlkVDJxY0lKMGxSMEd1KzZmWG50djViVlJPbmtRWmNiS2dTYllSYTdRQmpZZEJMYUZ4N2R5dTY4CmpjOTRJQllTM0hUUTZEWllPNVdtYjhueERMa0t2VXNUQW9JQkFCbXFIWDhLVVlBbGtGYVIwUFdPNnZJWFFLai8KL05HTEhROEdOYnZXME8zMnNIMXlTWU8vL25FUHpBdUkxM25jc1dMV3l2Z0FZNGY4U0ZGK3pDdGdsTjR5ZFF0WAppOVlzaGJtZHVJcGRuZmNIS21sVWxhUkxld1ZjZUZ3c2pqTmNNR1lmd1JvZVlHTS9LUEVKY29nVXVoZEdJZ21ECkV1SmRhVEV2L2FGVjd1YTU1YkdJMk5heWZRTHdPcTZmVW5URGRsQXFKcVczR0Rqd3dvK0EzcGRBaXp6d3p0dUkKNFV2TklWeUZSc3U1RVd1VXJ4dVJQdHBtbUxRbnh2bzhrTVNsZ1NLb3BVSG1Lc0E4YVRtWkFWbVgxNCtFbnR2UApyaUk5cGo3eU4yVEFrRUc5VnV6OVRiUVkwQnpKR3U2cG0wRG9aY3Q3cjA2MVlYeG5CSnJKMnFhalRGVT0KLS0tLS1FTkQgUlNBIFBSSVZBVEUgS0VZLS0tLS0K\n    token: 8x94rpdnwrz3fq8dbbtfhmrmij7royfemcdqywpw3zp0q318246kevk1aek04vvyw64264pcqcgol8u3t19aktol3duiabekxyexw00hfik8v8nxdctf2iwp1wzlssz4\n",
            "kube_config": [
              {
                "client_certificate": "",
                "client_key": "",
                "cluster_ca_certificate": "LS0tLS1CRUdJTiBDRVJUSUZJQ0FURS0tLS0tCk1JSUU2VENDQXRHZ0F3SUJBZ0lSQU9qQmNLSUphSW1IakJLOWlZNENhaTB3RFFZSktvWklodmNOQVFFTEJRQXcKRFRFTE1Ba0dBMVVFQXhNQ1kyRXdJQmNOTWpZd05qSTBNVEV5TkRReldoZ1BNakExTmpBMk1qUXhNVE0wTkROYQpNQTB4Q3pBSkJnTlZCQU1UQW1OaE1JSUNJakFOQmdrcWhraUc5dzBCQVFFRkFBT0NBZzhBTUlJQ0NnS0NBZ0VBCjRuMHRSRUdNYkxkc0dPQXJNSEtjMElMV09jMnpRZUEwZlJ5Sm1nMFlvM0Z0VDJ6cFRxV2NNT3BBV3lIUGNxbEsKbms1anpiZE1Ca3hNbEhxY0VVV0xHa0x1NWVMSThnZnBxZnFia3ZTdVdyanJmY1VLblpPTnY1QjB3QllRVm1QbwoyNEJhWENKWHIzd3N2d0VwVERRMDdjUmR5bWRJT1p3N2FXeExCR2swQWpva2M1bGM5enRsMStIWFpnVEV4WUUxCmw4VU05ZmNZeENFbW5FeTNUcDRjZ2diMng3YVAyd214VGlOSlZRcTh1a2pxYkpPMnd0WjNKMWIyaVMxUGFGcGYKWkNzU0JPZUlaanU1SXhtMEdBODlsZ2NLNzVnNjFMbW82USs1MmVheCtsK1ZSd3RnYWV1RXdCQUpsMzl4MG1sSApJZHdoTGJFRW1GQVVibDZaM2pRNy9GWmZKdXd0Mzg5NXA4NDEvQWY2SnczVy8rWm5ZZTdoNWtTZkd3eU5tTVAzCnNxUVJHbnc5WVZ3QjNLQ0lERXowbUlJRDRlcWJUcldBSXA0N0MwOXpiajRKM2lmVEJIRzN3b3prRnBRS2hYZFUKZ2U3K0plTGJOYS9PS2FjVEl0b29nM2xOWEQvUFR4a1NVMGtVYVdHTTR3U0hTeXh2MkZsU3c4d29tSUJSRUFicwpmTUhUdHBjQUYwMjRuS1R6SkNJNmM2MnFkdlJMYW1PUVNQVlJZWVo5UWJkTmQ1VUNHL0ZWWkZlbXJaWXIrME9UCmFzYlRsdHlVRVJPSGdLRGtPL01Ed0dyUTlVQ0ZQWXJIZ0JSWFRpbCtZRHpzRjdYdlNmQm90WnZ1UEZWeXM0MEYKZm9rTEFML0F4Sys1THE0N1VieDAxYmhNeTJBVDUvRTRLYm1ZanFrTmFBTUNBd0VBQWFOQ01FQXdEZ1lEVlIwUApBUUgvQkFRREFnS2tNQThHQTFVZEV3RUIvd1FGTUFNQkFmOHdIUVlEVlIwT0JCWUVGRXpDL283Q0pPVVNnS1R5CnRVZUppT2l4YXN0a01BMEdDU3FHU0liM0RRRUJDd1VBQTRJQ0FRQ1BRNytqdXl2SlNFdGpZdnhCZEloUnpScDUKVlc2MWFBVkY4YW9uOTRVUERxcnp1SGp1QzAySWtNZENJZi9EdjdYYmJwcjFva3ZrNFRjWCtreGlrUTRQU3dnNQpjTGV5QSs3eGl2cXZzeHhrSk5DaGl2NTlNa2Z4ZTB6OW1MUWdCRUhRMmdlYWE2MzJxY01GMmoxdDlVRkJVMWlBCnlrd052QXVvZ2UyUW1ZUXBuUHlTNmtZYnpoc29LUUcxTmcxOHNiZkkxdU9mN3l3cGQwdTh4TUhpYzcwUndYaGoKaGVTanlZMjFhWlkwbUl6cDhENnRBKzFMZGxwZC9rZ0FDN3YvVzhkT21mNDVqQUJHMzhJZG5XTE5WYUN1NVlVYQovb0hNRlU4Y2E0c1JiOGxyeGZxaXMvd1Q3cDIybkR1NXJUVk9BMWdIbmIrMGVFOEgwcjZjTFlvdkpkY0lsTnFGCjh5KzkwWkFVRUJYT3JJNFNzdzFyQ21HYkFlcjBBcS9RejZOS1J3djhQaHRHV0dQV0RUbHZ2SXJQVkVsZkpvbHoKQXloMzF2RUpUOFNNQXRvdmsybXlURk5iOGRsWEJOYStyeTY4eW1OaGhNeXI1NkJnMTBheWJXY3NtNlZHS3F0bAprN1dSSFFZaGFYOWVsblQ1S250TTNFdENsRGtUTkF0OTVsc1FPWEFzMWhmSWJoRlJXenRPMlpmT01qM084dElNClJKT1RkRlh1eDZJYnB0S2lBZHZja21sWjJmZnJrODN1RzJidVRDS2U5TkM5UTJkMjN1b2VZQlJtRGY5algxdUQKN1dpQXR0WVlDUVFTekE3U3Rlc0dQNjRBUXZTTENvdS9VdHhSZ2dEOTkybW1tY3d3enk3cE1KNC93eEhnVFdmOAo1OWVrYm9JVkxUWGNLQmxHY2c9PQotLS0tLUVORCBDRVJUSUZJQ0FURS0tLS0tCg==",
                "host": "https://kub-j1y147f9.privatelink.northeurope.azmk8s.io:443",
                "password": "",
                "username": "clusterUser_RG-KUB-PREPROD_kub-preprod"
              }
            ],
            "kube_config_raw": "apiVersion: v1\nclusters:\n- cluster:\n    certificate-authority-data: LS0tLS1CRUdJTiBDRVJUSUZJQ0FURS0tLS0tCk1JSUU2VENDQXRHZ0F3SUJBZ0lSQU9qQmNLSUphSW1IakJLOWlZNENhaTB3RFFZSktvWklodmNOQVFFTEJRQXcKRFRFTE1Ba0dBMVVFQXhNQ1kyRXdJQmNOTWpZd05qSTBNVEV5TkRReldoZ1BNakExTmpBMk1qUXhNVE0wTkROYQpNQTB4Q3pBSkJnTlZCQU1UQW1OaE1JSUNJakFOQmdrcWhraUc5dzBCQVFFRkFBT0NBZzhBTUlJQ0NnS0NBZ0VBCjRuMHRSRUdNYkxkc0dPQXJNSEtjMElMV09jMnpRZUEwZlJ5Sm1nMFlvM0Z0VDJ6cFRxV2NNT3BBV3lIUGNxbEsKbms1anpiZE1Ca3hNbEhxY0VVV0xHa0x1NWVMSThnZnBxZnFia3ZTdVdyanJmY1VLblpPTnY1QjB3QllRVm1QbwoyNEJhWENKWHIzd3N2d0VwVERRMDdjUmR5bWRJT1p3N2FXeExCR2swQWpva2M1bGM5enRsMStIWFpnVEV4WUUxCmw4VU05ZmNZeENFbW5FeTNUcDRjZ2diMng3YVAyd214VGlOSlZRcTh1a2pxYkpPMnd0WjNKMWIyaVMxUGFGcGYKWkNzU0JPZUlaanU1SXhtMEdBODlsZ2NLNzVnNjFMbW82USs1MmVheCtsK1ZSd3RnYWV1RXdCQUpsMzl4MG1sSApJZHdoTGJFRW1GQVVibDZaM2pRNy9GWmZKdXd0Mzg5NXA4NDEvQWY2SnczVy8rWm5ZZTdoNWtTZkd3eU5tTVAzCnNxUVJHbnc5WVZ3QjNLQ0lERXowbUlJRDRlcWJUcldBSXA0N0MwOXpiajRKM2lmVEJIRzN3b3prRnBRS2hYZFUKZ2U3K0plTGJOYS9PS2FjVEl0b29nM2xOWEQvUFR4a1NVMGtVYVdHTTR3U0hTeXh2MkZsU3c4d29tSUJSRUFicwpmTUhUdHBjQUYwMjRuS1R6SkNJNmM2MnFkdlJMYW1PUVNQVlJZWVo5UWJkTmQ1VUNHL0ZWWkZlbXJaWXIrME9UCmFzYlRsdHlVRVJPSGdLRGtPL01Ed0dyUTlVQ0ZQWXJIZ0JSWFRpbCtZRHpzRjdYdlNmQm90WnZ1UEZWeXM0MEYKZm9rTEFML0F4Sys1THE0N1VieDAxYmhNeTJBVDUvRTRLYm1ZanFrTmFBTUNBd0VBQWFOQ01FQXdEZ1lEVlIwUApBUUgvQkFRREFnS2tNQThHQTFVZEV3RUIvd1FGTUFNQkFmOHdIUVlEVlIwT0JCWUVGRXpDL283Q0pPVVNnS1R5CnRVZUppT2l4YXN0a01BMEdDU3FHU0liM0RRRUJDd1VBQTRJQ0FRQ1BRNytqdXl2SlNFdGpZdnhCZEloUnpScDUKVlc2MWFBVkY4YW9uOTRVUERxcnp1SGp1QzAySWtNZENJZi9EdjdYYmJwcjFva3ZrNFRjWCtreGlrUTRQU3dnNQpjTGV5QSs3eGl2cXZzeHhrSk5DaGl2NTlNa2Z4ZTB6OW1MUWdCRUhRMmdlYWE2MzJxY01GMmoxdDlVRkJVMWlBCnlrd052QXVvZ2UyUW1ZUXBuUHlTNmtZYnpoc29LUUcxTmcxOHNiZkkxdU9mN3l3cGQwdTh4TUhpYzcwUndYaGoKaGVTanlZMjFhWlkwbUl6cDhENnRBKzFMZGxwZC9rZ0FDN3YvVzhkT21mNDVqQUJHMzhJZG5XTE5WYUN1NVlVYQovb0hNRlU4Y2E0c1JiOGxyeGZxaXMvd1Q3cDIybkR1NXJUVk9BMWdIbmIrMGVFOEgwcjZjTFlvdkpkY0lsTnFGCjh5KzkwWkFVRUJYT3JJNFNzdzFyQ21HYkFlcjBBcS9RejZOS1J3djhQaHRHV0dQV0RUbHZ2SXJQVkVsZkpvbHoKQXloMzF2RUpUOFNNQXRvdmsybXlURk5iOGRsWEJOYStyeTY4eW1OaGhNeXI1NkJnMTBheWJXY3NtNlZHS3F0bAprN1dSSFFZaGFYOWVsblQ1S250TTNFdENsRGtUTkF0OTVsc1FPWEFzMWhmSWJoRlJXenRPMlpmT01qM084dElNClJKT1RkRlh1eDZJYnB0S2lBZHZja21sWjJmZnJrODN1RzJidVRDS2U5TkM5UTJkMjN1b2VZQlJtRGY5algxdUQKN1dpQXR0WVlDUVFTekE3U3Rlc0dQNjRBUXZTTENvdS9VdHhSZ2dEOTkybW1tY3d3enk3cE1KNC93eEhnVFdmOAo1OWVrYm9JVkxUWGNLQmxHY2c9PQotLS0tLUVORCBDRVJUSUZJQ0FURS0tLS0tCg==\n    server: https://kub-j1y147f9.privatelink.northeurope.azmk8s.io:443\n  name: kub-preprod\ncontexts:\n- context:\n    cluster: kub-preprod\n    user: clusterUser_RG-KUB-PREPROD_kub-preprod\n  name: kub-preprod\ncurrent-context: kub-preprod\nkind: Config\nusers:\n- name: clusterUser_RG-KUB-PREPROD_kub-preprod\n  user:\n    exec:\n      apiVersion: client.authentication.k8s.io/v1beta1\n      args:\n      - get-token\n      - --environment\n      - AzurePublicCloud\n      - --server-id\n      - 6dae42f8-4368-4678-94ff-3960e28e3630\n      - --client-id\n      - 80faf920-1908-4b52-b5ef-a8e7bedfc67a\n      - --tenant-id\n      - e91a3506-82bb-4f4b-ac4b-92dc6b491ff0\n      - --login\n      - devicecode\n      command: kubelogin\n      env: null\n      installHint: |2\n\n        kubelogin is not installed which is required to connect to AAD enabled cluster.\n\n        To learn more, please go to https://aka.ms/aks/kubelogin\n      provideClusterInfo: false\n",
            "kubelet_identity": [
              {
                "client_id": "675c7cc9-b876-40ae-9712-7a0c6dae820b",
                "object_id": "647ba7cc-a560-42be-b6bb-1135910d010f",
                "user_assigned_identity_id": "/subscriptions/746d02a8-8c56-46c0-82e7-7c736f5ca6c3/resourceGroups/MC_RG-KUB-PREPROD_kub-preprod_northeurope/providers/Microsoft.ManagedIdentity/userAssignedIdentities/kub-preprod-agentpool"
              }
            ],
            "kubernetes_version": "1.33.5",
            "linux_profile": [
              {
                "admin_username": "azureuser",
                "ssh_key": [
                  {
                    "key_data": "ssh-rsa AAAAB3NzaC1yc2EAAAADAQABAAACAQDh+25GdHv4mz7UFRpdoPBb1bnDM0EmBOrifJQ2m5/WCqG0TA0V1R+BJvx8tMEQCRp8rUH7wo4K8WKHo2YYuu3YzQesWg+Va2hsE/yxpdzKF7ce7oIoyjRMF/nxLQN2oG8x1KgfJC+flSwORpSXGyX1ucHQSN5YTRucUwG5vxuNfZjxQTjfZL2rOwsBqy8eczRtUjeM2K+q+I9mR3rNNet2wQLgIEe8z/MKg5/X7qfYaalMF7BZGj/TiUg9VUqcf3Cy6a8DCMLy3OApo1mQe/FDyDRZCYiH03AtEC0ktObChWohL7/PG2Zx6kEnX/cPwDxXQF+NxAHd7J7jZwQhv5jAS5NkQYdTB9uAsBaismjIHi3Iu1PfOFvcvrjCHwYwspg4zqkK6GIRDwA94MpZ8EltW1zL1d5cDVlnE7Qm2U8mzUnQwBqJpeYh0dJRMkNbKSBiO19aMB8S50JNDa+dHyvB2FmAAbdwaGl+OoCRZztZN5qT10CFSHRaPfMTo6i31jxrLB6iwHxqfu7SRbQpmScEGmnzBymSXOQxOZLCr7KMRCxBmuez0eCjrJKQA+nOH6kq92fDDxSRSRAOgPXGZrjeekDBFYfu7BZ+i6p2mgGT06WIr+NsSw1PkzfbaG0h3QnqEK0hgWD5O9Q0Vp6fJHBpRg8ZgZUEuK33vsIH4GmpzQ==\n"
                  }
                ]
              }
            ],
            "local_account_disabled": false,
            "location": "northeurope",
            "maintenance_window": [],
            "maintenance_window_auto_upgrade": [],
            "maintenance_window_node_os": [
              {
                "day_of_month": 0,
                "day_of_week": "Sunday",
                "duration": 5,
                "frequency": "Weekly",
                "interval": 1,
                "not_allowed": [],
                "start_date": "2026-06-24T00:00:00Z",
                "start_time": "00:00",
                "utc_offset": "+00:00",
                "week_index": ""
              }
            ],
            "microsoft_defender": [],
            "monitor_metrics": [],
            "name": "kub-preprod",
            "network_profile": [
              {
                "advanced_networking": [],
                "dns_service_ip": "198.11.0.10",
                "ip_versions": [
                  "IPv4"
                ],
                "load_balancer_profile": [
                  {
                    "backend_pool_type": "NodeIPConfiguration",
                    "effective_outbound_ips": [
                      "/subscriptions/746d02a8-8c56-46c0-82e7-7c736f5ca6c3/resourceGroups/MC_RG-KUB-PREPROD_kub-preprod_northeurope/providers/Microsoft.Network/publicIPAddresses/0ade1539-58ec-49d9-afe5-4790c575c033"
                    ],
                    "idle_timeout_in_minutes": 0,
                    "managed_outbound_ip_count": 1,
                    "managed_outbound_ipv6_count": 0,
                    "outbound_ip_address_ids": [],
                    "outbound_ip_prefix_ids": [],
                    "outbound_ports_allocated": 0
                  }
                ],
                "load_balancer_sku": "standard",
                "nat_gateway_profile": [],
                "network_data_plane": "azure",
                "network_mode": "",
                "network_plugin": "azure",
                "network_plugin_mode": "overlay",
                "network_policy": "",
                "outbound_type": "loadBalancer",
                "pod_cidr": "188.11.0.0/16",
                "pod_cidrs": [
                  "188.11.0.0/16"
                ],
                "service_cidr": "198.11.0.0/16",
                "service_cidrs": [
                  "198.11.0.0/16"
                ]
              }
            ],
            "node_os_upgrade_channel": "NodeImage",
            "node_provisioning_profile": [
              {
                "default_node_pools": "Auto",
                "mode": "Manual"
              }
            ],
            "node_resource_group": "MC_RG-KUB-PREPROD_kub-preprod_northeurope",
            "node_resource_group_id": "/subscriptions/746d02a8-8c56-46c0-82e7-7c736f5ca6c3/resourceGroups/MC_RG-KUB-PREPROD_kub-preprod_northeurope",
            "oidc_issuer_enabled": true,
            "oidc_issuer_url": "https://northeurope.oic.prod-aks.azure.com/e91a3506-82bb-4f4b-ac4b-92dc6b491ff0/ad1aa02e-c191-4f47-b520-b0ee6e5fe462/",
            "oms_agent": [
              {
                "log_analytics_workspace_id": "/subscriptions/746d02a8-8c56-46c0-82e7-7c736f5ca6c3/resourceGroups/RG-KUB-PREPROD/providers/Microsoft.OperationalInsights/workspaces/law-preprod",
                "msi_auth_for_monitoring_enabled": false,
                "oms_agent_identity": [
                  {
                    "client_id": "86f143d5-dc06-4e83-8a3b-6684a295d8cf",
                    "object_id": "d73130ea-d2b1-4aa0-9199-a319c1e39c06",
                    "user_assigned_identity_id": "/subscriptions/746d02a8-8c56-46c0-82e7-7c736f5ca6c3/resourcegroups/MC_RG-KUB-PREPROD_kub-preprod_northeurope/providers/Microsoft.ManagedIdentity/userAssignedIdentities/omsagent-kub-preprod"
                  }
                ]
              }
            ],
            "open_service_mesh_enabled": false,
            "portal_fqdn": "c7ae607739898b3012b04f2e6b0429bb-priv.portal.hcp.northeurope.azmk8s.io",
            "private_cluster_enabled": true,
            "private_cluster_public_fqdn_enabled": false,
            "private_dns_zone_id": "/subscriptions/746d02a8-8c56-46c0-82e7-7c736f5ca6c3/resourceGroups/RG-KUB-PREPROD/providers/Microsoft.Network/privateDnsZones/privatelink.northeurope.azmk8s.io",
            "private_fqdn": "kub-j1y147f9.privatelink.northeurope.azmk8s.io",
            "resource_group_name": "RG-KUB-PREPROD",
            "role_based_access_control_enabled": true,
            "run_command_enabled": true,
            "service_mesh_profile": [],
            "service_principal": [],
            "sku_tier": "Standard",
            "storage_profile": [],
            "support_plan": "KubernetesOfficial",
            "tags": {
              "owner": "BOA",
              "platform": "Azure"
            },
            "timeouts": null,
            "upgrade_override": [],
            "web_app_routing": [],
            "windows_profile": [
              {
                "admin_password": "",
                "admin_username": "azureuser",
                "gmsa": [],
                "license": ""
              }
            ],
            "workload_autoscaler_profile": [],
            "workload_identity_enabled": true
          },
          "sensitive_attributes": [
            [
              {
                "type": "get_attr",
                "value": "kube_admin_config"
              }
            ],
            [
              {
                "type": "get_attr",
                "value": "kube_admin_config_raw"
              }
            ],
            [
              {
                "type": "get_attr",
                "value": "kube_config"
              }
            ],
            [
              {
                "type": "get_attr",
                "value": "kube_config_raw"
              }
            ],
            [
              {
                "type": "get_attr",
                "value": "windows_profile"
              },
              {
                "type": "index",
                "value": {
                  "value": 0,
                  "type": "number"
                }
              },
              {
                "type": "get_attr",
                "value": "admin_password"
              }
            ]
          ],
          "identity_schema_version": 0,
          "private": "eyJlMmJmYjczMC1lY2FhLTExZTYtOGY4OC0zNDM2M2JjN2M0YzAiOnsiY3JlYXRlIjo1NDAwMDAwMDAwMDAwLCJkZWxldGUiOjU0MDAwMDAwMDAwMDAsInJlYWQiOjMwMDAwMDAwMDAwMCwidXBkYXRlIjo1NDAwMDAwMDAwMDAwfSwic2NoZW1hX3ZlcnNpb24iOiIyIn0=",
          "dependencies": [
            "data.azuread_group.admin-group-preprod",
            "data.azurerm_subnet.subnet_preprod",
            "module.aks.azurerm_log_analytics_workspace.aks_law",
            "module.aks.azurerm_private_dns_zone.prv-dns-zone",
            "module.aks.azurerm_role_assignment.aks_dns_role",
            "module.aks.azurerm_role_assignment.aks_network_contributor",
            "module.aks.azurerm_user_assigned_identity.aks_uia",
            "module.aks.tls_private_key.ssh"
          ]
        }
      ]
    },
    {
      "module": "module.aks",
      "mode": "managed",
      "type": "azurerm_kubernetes_cluster_node_pool",
      "name": "this",
      "provider": "module.aks.provider[\"registry.terraform.io/hashicorp/azurerm\"]",
      "instances": [
        {
          "index_key": "apppool",
          "schema_version": 1,
          "attributes": {
            "auto_scaling_enabled": true,
            "capacity_reservation_group_id": "",
            "eviction_policy": "",
            "fips_enabled": false,
            "gpu_driver": null,
            "gpu_instance": null,
            "host_encryption_enabled": false,
            "host_group_id": "",
            "id": "/subscriptions/746d02a8-8c56-46c0-82e7-7c736f5ca6c3/resourceGroups/RG-KUB-PREPROD/providers/Microsoft.ContainerService/managedClusters/kub-preprod/agentPools/app",
            "kubelet_config": [],
            "kubelet_disk_type": "OS",
            "kubernetes_cluster_id": "/subscriptions/746d02a8-8c56-46c0-82e7-7c736f5ca6c3/resourceGroups/RG-KUB-PREPROD/providers/Microsoft.ContainerService/managedClusters/kub-preprod",
            "linux_os_config": [],
            "max_count": 3,
            "max_pods": 110,
            "min_count": 2,
            "mode": "User",
            "name": "app",
            "node_count": 3,
            "node_image_version": "AKSUbuntu-2204gen2containerd-202606.08.1",
            "node_labels": {
              "environment": "preprod",
              "role": "kafka",
              "type": "app"
            },
            "node_network_profile": [],
            "node_public_ip_enabled": false,
            "node_public_ip_prefix_id": "",
            "node_taints": [],
            "orchestrator_version": "1.33.5",
            "os_disk_size_gb": 50,
            "os_disk_type": "Managed",
            "os_sku": "Ubuntu",
            "os_type": "Linux",
            "pod_subnet_id": "",
            "priority": "Regular",
            "proximity_placement_group_id": "",
            "scale_down_mode": "Delete",
            "snapshot_id": null,
            "spot_max_price": -1,
            "tags": {
              "owner": "BOA",
              "platform": "Azure"
            },
            "temporary_name_for_rotation": null,
            "timeouts": null,
            "ultra_ssd_enabled": false,
            "upgrade_settings": [
              {
                "drain_timeout_in_minutes": 30,
                "max_surge": "50%",
                "max_unavailable": "",
                "node_soak_duration_in_minutes": 5,
                "undrainable_node_behavior": ""
              }
            ],
            "vm_size": "Standard_D4ds_v4",
            "vnet_subnet_id": "/subscriptions/746d02a8-8c56-46c0-82e7-7c736f5ca6c3/resourceGroups/RG-KUB-PREPROD/providers/Microsoft.Network/virtualNetworks/VNET-KUB-PREPROD-NEW/subnets/default",
            "windows_profile": [],
            "workload_runtime": null,
            "zones": [
              "1",
              "2",
              "3"
            ]
          },
          "sensitive_attributes": [],
          "identity_schema_version": 0,
          "private": "eyJlMmJmYjczMC1lY2FhLTExZTYtOGY4OC0zNDM2M2JjN2M0YzAiOnsiY3JlYXRlIjozNjAwMDAwMDAwMDAwLCJkZWxldGUiOjM2MDAwMDAwMDAwMDAsInJlYWQiOjMwMDAwMDAwMDAwMCwidXBkYXRlIjozNjAwMDAwMDAwMDAwfSwic2NoZW1hX3ZlcnNpb24iOiIxIn0=",
          "dependencies": [
            "data.azuread_group.admin-group-preprod",
            "data.azurerm_subnet.subnet_preprod",
            "module.aks.azurerm_kubernetes_cluster.aks",
            "module.aks.azurerm_log_analytics_workspace.aks_law",
            "module.aks.azurerm_private_dns_zone.prv-dns-zone",
            "module.aks.azurerm_role_assignment.aks_dns_role",
            "module.aks.azurerm_role_assignment.aks_network_contributor",
            "module.aks.azurerm_user_assigned_identity.aks_uia",
            "module.aks.tls_private_key.ssh"
          ]
        }
      ]
    },
    {
      "module": "module.aks",
      "mode": "managed",
      "type": "azurerm_log_analytics_workspace",
      "name": "aks_law",
      "provider": "module.aks.provider[\"registry.terraform.io/hashicorp/azurerm\"]",
      "instances": [
        {
          "index_key": 0,
          "schema_version": 3,
          "attributes": {
            "allow_resource_only_permissions": true,
            "cmk_for_query_forced": false,
            "daily_quota_gb": -1,
            "data_collection_rule_id": "",
            "id": "/subscriptions/746d02a8-8c56-46c0-82e7-7c736f5ca6c3/resourceGroups/RG-KUB-PREPROD/providers/Microsoft.OperationalInsights/workspaces/law-preprod",
            "identity": [],
            "immediate_data_purge_on_30_days_enabled": false,
            "internet_ingestion_enabled": true,
            "internet_query_enabled": true,
            "local_authentication_disabled": false,
            "local_authentication_enabled": true,
            "location": "northeurope",
            "name": "law-preprod",
            "primary_shared_key": "ATeefhkVsUizKm21jczu+L0TAjut0poieOQulPnHGeK5rrWjXQF/+dMD2OyI6RXUdJXAJ+OJTGhQvEV45InhDg==",
            "reservation_capacity_in_gb_per_day": null,
            "resource_group_name": "RG-KUB-PREPROD",
            "retention_in_days": 30,
            "secondary_shared_key": "SC4RNG/tZVhZF1A6u/QMCRQJg7Rz6PxHUH/I1btTRjPrrgdfcjM6YnojF/7gDTQRnd/RpX2Op0Q2dHrrDj16MA==",
            "sku": "PerGB2018",
            "tags": {
              "owner": "BOA",
              "platform": "Azure"
            },
            "timeouts": null,
            "workspace_id": "e4fbf3f4-3f91-4328-ba7e-283ee4b0dc80"
          },
          "sensitive_attributes": [
            [
              {
                "type": "get_attr",
                "value": "primary_shared_key"
              }
            ],
            [
              {
                "type": "get_attr",
                "value": "secondary_shared_key"
              }
            ]
          ],
          "identity_schema_version": 0,
          "private": "eyJlMmJmYjczMC1lY2FhLTExZTYtOGY4OC0zNDM2M2JjN2M0YzAiOnsiY3JlYXRlIjoxODAwMDAwMDAwMDAwLCJkZWxldGUiOjE4MDAwMDAwMDAwMDAsInJlYWQiOjMwMDAwMDAwMDAwMCwidXBkYXRlIjoxODAwMDAwMDAwMDAwfSwic2NoZW1hX3ZlcnNpb24iOiIzIn0="
        }
      ]
    },
    {
      "module": "module.aks",
      "mode": "managed",
      "type": "azurerm_private_dns_zone",
      "name": "prv-dns-zone",
      "provider": "module.aks.provider[\"registry.terraform.io/hashicorp/azurerm\"]",
      "instances": [
        {
          "schema_version": 0,
          "attributes": {
            "id": "/subscriptions/746d02a8-8c56-46c0-82e7-7c736f5ca6c3/resourceGroups/RG-KUB-PREPROD/providers/Microsoft.Network/privateDnsZones/privatelink.northeurope.azmk8s.io",
            "max_number_of_record_sets": 25000,
            "max_number_of_virtual_network_links": 1000,
            "max_number_of_virtual_network_links_with_registration": 100,
            "name": "privatelink.northeurope.azmk8s.io",
            "number_of_record_sets": 2,
            "resource_group_name": "RG-KUB-PREPROD",
            "soa_record": [
              {
                "email": "azureprivatedns-host.microsoft.com",
                "expire_time": 2419200,
                "fqdn": "privatelink.northeurope.azmk8s.io.",
                "host_name": "azureprivatedns.net",
                "minimum_ttl": 10,
                "refresh_time": 3600,
                "retry_time": 300,
                "serial_number": 1,
                "tags": {},
                "ttl": 3600
              }
            ],
            "tags": {
              "owner": "BOA",
              "platform": "Azure"
            },
            "timeouts": null
          },
          "sensitive_attributes": [],
          "identity_schema_version": 0,
          "identity": {
            "name": "privatelink.northeurope.azmk8s.io",
            "resource_group_name": "RG-KUB-PREPROD",
            "subscription_id": "746d02a8-8c56-46c0-82e7-7c736f5ca6c3"
          },
          "private": "eyJlMmJmYjczMC1lY2FhLTExZTYtOGY4OC0zNDM2M2JjN2M0YzAiOnsiY3JlYXRlIjoxODAwMDAwMDAwMDAwLCJkZWxldGUiOjE4MDAwMDAwMDAwMDAsInJlYWQiOjMwMDAwMDAwMDAwMCwidXBkYXRlIjoxODAwMDAwMDAwMDAwfX0="
        }
      ]
    },
    {
      "module": "module.aks",
      "mode": "managed",
      "type": "azurerm_private_dns_zone_virtual_network_link",
      "name": "aks_dns_link",
      "provider": "module.aks.provider[\"registry.terraform.io/hashicorp/azurerm\"]",
      "instances": [
        {
          "schema_version": 0,
          "attributes": {
            "id": "/subscriptions/746d02a8-8c56-46c0-82e7-7c736f5ca6c3/resourceGroups/RG-KUB-PREPROD/providers/Microsoft.Network/privateDnsZones/privatelink.northeurope.azmk8s.io/virtualNetworkLinks/aks-dns-link-preprod",
            "name": "aks-dns-link-preprod",
            "private_dns_zone_name": "privatelink.northeurope.azmk8s.io",
            "registration_enabled": false,
            "resolution_policy": "Default",
            "resource_group_name": "RG-KUB-PREPROD",
            "tags": {},
            "timeouts": null,
            "virtual_network_id": "/subscriptions/746d02a8-8c56-46c0-82e7-7c736f5ca6c3/resourceGroups/RG-KUB-PREPROD/providers/Microsoft.Network/virtualNetworks/VNET-KUB-PREPROD-NEW"
          },
          "sensitive_attributes": [],
          "identity_schema_version": 0,
          "identity": {
            "name": "aks-dns-link-preprod",
            "private_dns_zone_name": "privatelink.northeurope.azmk8s.io",
            "resource_group_name": "RG-KUB-PREPROD",
            "subscription_id": "746d02a8-8c56-46c0-82e7-7c736f5ca6c3"
          },
          "private": "eyJlMmJmYjczMC1lY2FhLTExZTYtOGY4OC0zNDM2M2JjN2M0YzAiOnsiY3JlYXRlIjoxODAwMDAwMDAwMDAwLCJkZWxldGUiOjE4MDAwMDAwMDAwMDAsInJlYWQiOjMwMDAwMDAwMDAwMCwidXBkYXRlIjoxODAwMDAwMDAwMDAwfX0=",
          "dependencies": [
            "data.azurerm_virtual_network.vnet_preprod",
            "module.aks.azurerm_private_dns_zone.prv-dns-zone"
          ]
        }
      ]
    },
    {
      "module": "module.aks",
      "mode": "managed",
      "type": "azurerm_role_assignment",
      "name": "aks_acr_pull",
      "provider": "module.aks.provider[\"registry.terraform.io/hashicorp/azurerm\"]",
      "instances": [
        {
          "schema_version": 0,
          "attributes": {
            "condition": "",
            "condition_version": "",
            "delegated_managed_identity_resource_id": "",
            "description": "",
            "id": "/subscriptions/746d02a8-8c56-46c0-82e7-7c736f5ca6c3/resourceGroups/RG-KUB-PREPROD/providers/Microsoft.ContainerRegistry/registries/kubacrpreprod/providers/Microsoft.Authorization/roleAssignments/f7be849a-ae18-dea1-b2b4-9eb72b956e4a",
            "name": "f7be849a-ae18-dea1-b2b4-9eb72b956e4a",
            "principal_id": "647ba7cc-a560-42be-b6bb-1135910d010f",
            "principal_type": "ServicePrincipal",
            "role_definition_id": "/subscriptions/746d02a8-8c56-46c0-82e7-7c736f5ca6c3/providers/Microsoft.Authorization/roleDefinitions/7f951dda-4ed3-4680-a7ca-43fe172d538d",
            "role_definition_name": "AcrPull",
            "scope": "/subscriptions/746d02a8-8c56-46c0-82e7-7c736f5ca6c3/resourceGroups/RG-KUB-PREPROD/providers/Microsoft.ContainerRegistry/registries/kubacrpreprod",
            "skip_service_principal_aad_check": null,
            "timeouts": null
          },
          "sensitive_attributes": [],
          "identity_schema_version": 0,
          "private": "eyJlMmJmYjczMC1lY2FhLTExZTYtOGY4OC0zNDM2M2JjN2M0YzAiOnsiY3JlYXRlIjoxODAwMDAwMDAwMDAwLCJkZWxldGUiOjE4MDAwMDAwMDAwMDAsInJlYWQiOjMwMDAwMDAwMDAwMH19",
          "dependencies": [
            "data.azuread_group.admin-group-preprod",
            "data.azurerm_subnet.subnet_preprod",
            "module.acr.azurerm_container_registry.acr",
            "module.acr.azurerm_user_assigned_identity.acr-uia",
            "module.aks.azurerm_kubernetes_cluster.aks",
            "module.aks.azurerm_log_analytics_workspace.aks_law",
            "module.aks.azurerm_private_dns_zone.prv-dns-zone",
            "module.aks.azurerm_role_assignment.aks_dns_role",
            "module.aks.azurerm_role_assignment.aks_network_contributor",
            "module.aks.azurerm_user_assigned_identity.aks_uia",
            "module.aks.tls_private_key.ssh"
          ]
        }
      ]
    },
    {
      "module": "module.aks",
      "mode": "managed",
      "type": "azurerm_role_assignment",
      "name": "aks_dns_role",
      "provider": "module.aks.provider[\"registry.terraform.io/hashicorp/azurerm\"]",
      "instances": [
        {
          "schema_version": 0,
          "attributes": {
            "condition": "",
            "condition_version": "",
            "delegated_managed_identity_resource_id": "",
            "description": "",
            "id": "/subscriptions/746d02a8-8c56-46c0-82e7-7c736f5ca6c3/resourceGroups/RG-KUB-PREPROD/providers/Microsoft.Network/privateDnsZones/privatelink.northeurope.azmk8s.io/providers/Microsoft.Authorization/roleAssignments/aabc890e-e8a3-ffb1-cf89-6594008e13b0",
            "name": "aabc890e-e8a3-ffb1-cf89-6594008e13b0",
            "principal_id": "536ad73e-4df6-4614-8652-3a8c4be02d32",
            "principal_type": "ServicePrincipal",
            "role_definition_id": "/subscriptions/746d02a8-8c56-46c0-82e7-7c736f5ca6c3/providers/Microsoft.Authorization/roleDefinitions/b12aa53e-6015-4669-85d0-8515ebb3ae7f",
            "role_definition_name": "Private DNS Zone Contributor",
            "scope": "/subscriptions/746d02a8-8c56-46c0-82e7-7c736f5ca6c3/resourceGroups/RG-KUB-PREPROD/providers/Microsoft.Network/privateDnsZones/privatelink.northeurope.azmk8s.io",
            "skip_service_principal_aad_check": null,
            "timeouts": null
          },
          "sensitive_attributes": [],
          "identity_schema_version": 0,
          "private": "eyJlMmJmYjczMC1lY2FhLTExZTYtOGY4OC0zNDM2M2JjN2M0YzAiOnsiY3JlYXRlIjoxODAwMDAwMDAwMDAwLCJkZWxldGUiOjE4MDAwMDAwMDAwMDAsInJlYWQiOjMwMDAwMDAwMDAwMH19",
          "dependencies": [
            "module.aks.azurerm_private_dns_zone.prv-dns-zone",
            "module.aks.azurerm_user_assigned_identity.aks_uia"
          ]
        }
      ]
    },
    {
      "module": "module.aks",
      "mode": "managed",
      "type": "azurerm_role_assignment",
      "name": "aks_network_contributor",
      "provider": "module.aks.provider[\"registry.terraform.io/hashicorp/azurerm\"]",
      "instances": [
        {
          "schema_version": 0,
          "attributes": {
            "condition": "",
            "condition_version": "",
            "delegated_managed_identity_resource_id": "",
            "description": "",
            "id": "/subscriptions/746d02a8-8c56-46c0-82e7-7c736f5ca6c3/resourceGroups/RG-KUB-PREPROD/providers/Microsoft.Network/virtualNetworks/VNET-KUB-PREPROD-NEW/subnets/default/providers/Microsoft.Authorization/roleAssignments/392ffed2-423a-df3a-7b9c-fcf2907dfcda",
            "name": "392ffed2-423a-df3a-7b9c-fcf2907dfcda",
            "principal_id": "536ad73e-4df6-4614-8652-3a8c4be02d32",
            "principal_type": "ServicePrincipal",
            "role_definition_id": "/subscriptions/746d02a8-8c56-46c0-82e7-7c736f5ca6c3/providers/Microsoft.Authorization/roleDefinitions/4d97b98b-1d4f-4787-a291-c67834d212e7",
            "role_definition_name": "Network Contributor",
            "scope": "/subscriptions/746d02a8-8c56-46c0-82e7-7c736f5ca6c3/resourceGroups/RG-KUB-PREPROD/providers/Microsoft.Network/virtualNetworks/VNET-KUB-PREPROD-NEW/subnets/default",
            "skip_service_principal_aad_check": null,
            "timeouts": null
          },
          "sensitive_attributes": [],
          "identity_schema_version": 0,
          "private": "eyJlMmJmYjczMC1lY2FhLTExZTYtOGY4OC0zNDM2M2JjN2M0YzAiOnsiY3JlYXRlIjoxODAwMDAwMDAwMDAwLCJkZWxldGUiOjE4MDAwMDAwMDAwMDAsInJlYWQiOjMwMDAwMDAwMDAwMH19",
          "dependencies": [
            "data.azurerm_subnet.subnet_preprod",
            "module.aks.azurerm_user_assigned_identity.aks_uia"
          ]
        }
      ]
    },
    {
      "module": "module.aks",
      "mode": "managed",
      "type": "azurerm_user_assigned_identity",
      "name": "aks_uia",
      "provider": "module.aks.provider[\"registry.terraform.io/hashicorp/azurerm\"]",
      "instances": [
        {
          "schema_version": 1,
          "attributes": {
            "client_id": "b5967efb-b561-4407-a400-80836de4a020",
            "id": "/subscriptions/746d02a8-8c56-46c0-82e7-7c736f5ca6c3/resourceGroups/RG-KUB-PREPROD/providers/Microsoft.ManagedIdentity/userAssignedIdentities/kub-uia-preprod",
            "isolation_scope": "",
            "location": "northeurope",
            "name": "kub-uia-preprod",
            "principal_id": "536ad73e-4df6-4614-8652-3a8c4be02d32",
            "resource_group_name": "RG-KUB-PREPROD",
            "tags": {
              "owner": "BOA",
              "platform": "Azure"
            },
            "tenant_id": "e91a3506-82bb-4f4b-ac4b-92dc6b491ff0",
            "timeouts": null
          },
          "sensitive_attributes": [],
          "identity_schema_version": 0,
          "private": "eyJlMmJmYjczMC1lY2FhLTExZTYtOGY4OC0zNDM2M2JjN2M0YzAiOnsiY3JlYXRlIjoxODAwMDAwMDAwMDAwLCJkZWxldGUiOjE4MDAwMDAwMDAwMDAsInJlYWQiOjMwMDAwMDAwMDAwMCwidXBkYXRlIjoxODAwMDAwMDAwMDAwfSwic2NoZW1hX3ZlcnNpb24iOiIxIn0="
        }
      ]
    },
    {
      "module": "module.aks",
      "mode": "managed",
      "type": "tls_private_key",
      "name": "ssh",
      "provider": "provider[\"registry.terraform.io/hashicorp/tls\"]",
      "instances": [
        {
          "schema_version": 1,
          "attributes": {
            "algorithm": "RSA",
            "ecdsa_curve": "P224",
            "id": "0749b96698cfca5f0e67761e05fcd6adb6161151",
            "private_key_openssh": "-----BEGIN OPENSSH PRIVATE KEY-----\nb3BlbnNzaC1rZXktdjEAAAAABG5vbmUAAAAEbm9uZQAAAAAAAAABAAACFwAAAAdz\nc2gtcnNhAAAAAwEAAQAAAgEA4ftuRnR7+Js+1BUaXaDwW9W5wzNBJgTq4nyUNpuf\n1gqhtEwNFdUfgSb8fLTBEAkafK1B+8KOCvFih6NmGLrt2M0HrFoPlWtobBP8saXc\nyhe3Hu6CKMo0TBf58S0DdqBvMdSoHyQvn5UsDkaUlxsl9bnB0EjeWE0bnFMBub8b\njX2Y8UE432S9qzsLAasvHnM0bVI3jNivqviPZkd6zTXrdsEC4CBHvM/zCoOf1+6n\n2GmpTBewWRo/04lIPVVKnH9wsumvAwjC8tzgKaNZkHvxQ8g0WQmIh9NwLRAtJLTm\nwoVqIS+/zxtmcepBJ1/3D8A8V0BfjcQB3eye42cEIb+YwEuTZEGHUwfbgLAWorJo\nyB4tyLtT3zhb3L64wh8GMLKYOM6pCuhiEQ8APeDKWfBJbVtcy9XeXA1ZZxO0JtlP\nJs1J0MAaiaXmIdHSUTJDWykgYjtfWjAfEudCTQ2vnR8rwdhZgAG3cGhpfjqAkWc7\nWTeak9dAhUh0Wj3zE6Oot9Y8ayweosB8an7u0kW0KZknBBpp8wcpklzkMTmSwq+y\njEQsQZrns9Hgo6ySkAPpzh+pKvdnww8UkUkQDoD1xma43npAwRWH7uwWfouqdpoB\nk9OliK/jbEsNT5M322htId0J6hCtIYFg+TvUNFaenyRwaUYPGYGVBLit977CB+Bp\nqc0AAAc4/V1M1P1dTNQAAAAHc3NoLXJzYQAAAgEA4ftuRnR7+Js+1BUaXaDwW9W5\nwzNBJgTq4nyUNpuf1gqhtEwNFdUfgSb8fLTBEAkafK1B+8KOCvFih6NmGLrt2M0H\nrFoPlWtobBP8saXcyhe3Hu6CKMo0TBf58S0DdqBvMdSoHyQvn5UsDkaUlxsl9bnB\n0EjeWE0bnFMBub8bjX2Y8UE432S9qzsLAasvHnM0bVI3jNivqviPZkd6zTXrdsEC\n4CBHvM/zCoOf1+6n2GmpTBewWRo/04lIPVVKnH9wsumvAwjC8tzgKaNZkHvxQ8g0\nWQmIh9NwLRAtJLTmwoVqIS+/zxtmcepBJ1/3D8A8V0BfjcQB3eye42cEIb+YwEuT\nZEGHUwfbgLAWorJoyB4tyLtT3zhb3L64wh8GMLKYOM6pCuhiEQ8APeDKWfBJbVtc\ny9XeXA1ZZxO0JtlPJs1J0MAaiaXmIdHSUTJDWykgYjtfWjAfEudCTQ2vnR8rwdhZ\ngAG3cGhpfjqAkWc7WTeak9dAhUh0Wj3zE6Oot9Y8ayweosB8an7u0kW0KZknBBpp\n8wcpklzkMTmSwq+yjEQsQZrns9Hgo6ySkAPpzh+pKvdnww8UkUkQDoD1xma43npA\nwRWH7uwWfouqdpoBk9OliK/jbEsNT5M322htId0J6hCtIYFg+TvUNFaenyRwaUYP\nGYGVBLit977CB+Bpqc0AAAADAQABAAAB/1l8b8qdtQWrzFvc0UZaDIA4A/6zT0lW\nqpIIJ8vXKzR01fRZriz2YYKqu+EQbjfL5o7t+V8eC5LAqfHlH5NXfw6gO1P0oXHo\nSY4eEITL6b8kQELR86gTNnydHfL5eAXN6wlm5eItTRYBLeAoLXcaHl6mGqpnveHg\nD8yACHWKXO+PTMtGCUcU9OOfce3+k6D7OJR5TA3CM14YedZS45jhloh3wvD8ShxR\nVvzexLxLPN2h5LpVlOv/U/BJ72WWXUckrIaW9PDOCi+XX06JcQf3nLNQV20tz3Z3\nsyW6ySFlwE9OIi7ks1wMIJlyXmck6bAUzLWhkk5OpG6c0TwwVlik9CZiWM2QhbPJ\nq2lcZ45VepISUYIXtES9Ye7Sesa7Ie85RA6DnpGZQ8Xdshr8ksYgAwe9AhkyXbli\nlutTsLHll6k6KQ7ZEsH9AM8NeIcwIDPPtZzzcuEYgPXO6xbTlz+YpZZDMP5BqGxp\nLzW7R3yKeeBizTqf2DjBQYby1pfkswnSSiUVIjxUbLTcORLwNYEQXkrhMRkG0pF2\nuNcK/B5p/aCbtqX0ASS+cMSeVHPyQnbC+GIFptEv4zUXgxNPnlKmNvt4glY/hZgp\nX/kFjiVAl4O9iC+37nO3yRfmfT/xpgCmjUB05rCegh3OPvxarPs+ZnIR1bzAImuT\ntmumUCanJq8AAAEBANwp43Cdte7M4vv1O3H8+mse1YBN1m2nVquPOIXONyjAxiZ7\nP4Hehipo0hcPLkGz7rCkwpaHPDEftM9nWnoiygteWvyIuOgnKWVjKJu3CBhXeaBR\nzEd+fvKgtkC+5jdY2X+skrLDfUqdwwS1x3tYDUSMd7kFyyQWiyhooGxUp9imKXh/\n+mEhbEsH7xpHmAMR3U24/f/r+4hRLDCbegyvL6gPaARFbWzqJ1Z+D+wRenBAuoem\nfWRGFbYtKonx6BF3P60KE9Kx8Bk0zl3AZh7dWhRc5ps0JDIU6GUDGX86wAHNUhSm\nwHtAjNnYcAC8hGcoFWe11KI1YXDPX/AlLhxw0lAAAAEBAOzx+sKh+DdrsZdx+gmR\nSYHAQ1XUjFaUA+Nln+wnK/7hmgUaRKVcck9K5KrxxyCS57sVWRBnlk68q/FbcItZ\n+a+lkL5sd8ceDGCuefj+erVwnK0CRkvRW/XBD8iApRNbsfxV/5UEQ8P+3fk34bYc\nnTFMJ0vz+fjRBqY/Eg9xXa+ga0MijudBRlbrvGw6f5izp23EPdOGJ2lVwUg3tslh\npQ4M/k6t26bCBVxQv7L+81VKSLs23FoBbxMyhx4IUOLrvCL4o7dWGV5x5k5bya8G\nVVqSvuwUTdJEml0LHcrXzkkjGnVVpHF6tDitRnvxxpXystIRSTGaW3XHdgGlSrWn\nPJsAAAEBAPQnwMCYO2rPZ569w0GRmaXnzazJgFyLk6VspDrs9Xb63GtPuPsneFUR\n2ylMpRWjMnI8pEUS8K6NDxuQTZ27JftMHElThSdiQLNFeuJPT1nZXh4fIgqN5H5v\nRrRvb9Xtp4Q3OZCuCPg0BvZhaMhEOqGByPPPL4OvCKRWnb+mJcxm+ITc+/URFenY\nLvbdNOMDob/B/decdvxp/eQKONLkiQWZIh/D0nvViLonqbYmw4pCWqzYWWiM+RzU\nw8HhtXmqzpYHUoIpJuEP6V1/6tT8aYXoEFScxN/b9WR9qvKzKjX7zEteDzyF66CV\nygax1eWIgjq7q6/X4hr3tQi5B+vn9bcAAAAAAQID\n-----END OPENSSH PRIVATE KEY-----\n",
            "private_key_pem": "-----BEGIN RSA PRIVATE KEY-----\nMIIJKAIBAAKCAgEA4ftuRnR7+Js+1BUaXaDwW9W5wzNBJgTq4nyUNpuf1gqhtEwN\nFdUfgSb8fLTBEAkafK1B+8KOCvFih6NmGLrt2M0HrFoPlWtobBP8saXcyhe3Hu6C\nKMo0TBf58S0DdqBvMdSoHyQvn5UsDkaUlxsl9bnB0EjeWE0bnFMBub8bjX2Y8UE4\n32S9qzsLAasvHnM0bVI3jNivqviPZkd6zTXrdsEC4CBHvM/zCoOf1+6n2GmpTBew\nWRo/04lIPVVKnH9wsumvAwjC8tzgKaNZkHvxQ8g0WQmIh9NwLRAtJLTmwoVqIS+/\nzxtmcepBJ1/3D8A8V0BfjcQB3eye42cEIb+YwEuTZEGHUwfbgLAWorJoyB4tyLtT\n3zhb3L64wh8GMLKYOM6pCuhiEQ8APeDKWfBJbVtcy9XeXA1ZZxO0JtlPJs1J0MAa\niaXmIdHSUTJDWykgYjtfWjAfEudCTQ2vnR8rwdhZgAG3cGhpfjqAkWc7WTeak9dA\nhUh0Wj3zE6Oot9Y8ayweosB8an7u0kW0KZknBBpp8wcpklzkMTmSwq+yjEQsQZrn\ns9Hgo6ySkAPpzh+pKvdnww8UkUkQDoD1xma43npAwRWH7uwWfouqdpoBk9OliK/j\nbEsNT5M322htId0J6hCtIYFg+TvUNFaenyRwaUYPGYGVBLit977CB+Bpqc0CAwEA\nAQKCAf9ZfG/KnbUFq8xb3NFGWgyAOAP+s09JVqqSCCfL1ys0dNX0Wa4s9mGCqrvh\nEG43y+aO7flfHguSwKnx5R+TV38OoDtT9KFx6EmOHhCEy+m/JEBC0fOoEzZ8nR3y\n+XgFzesJZuXiLU0WAS3gKC13Gh5ephqqZ73h4A/MgAh1ilzvj0zLRglHFPTjn3Ht\n/pOg+ziUeUwNwjNeGHnWUuOY4ZaId8Lw/EocUVb83sS8SzzdoeS6VZTr/1PwSe9l\nll1HJKyGlvTwzgovl19OiXEH95yzUFdtLc92d7MluskhZcBPTiIu5LNcDCCZcl5n\nJOmwFMy1oZJOTqRunNE8MFZYpPQmYljNkIWzyatpXGeOVXqSElGCF7REvWHu0nrG\nuyHvOUQOg56RmUPF3bIa/JLGIAMHvQIZMl25YpbrU7Cx5ZepOikO2RLB/QDPDXiH\nMCAzz7Wc83LhGID1zusW05c/mKWWQzD+QahsaS81u0d8inngYs06n9g4wUGG8taX\n5LMJ0kolFSI8VGy03DkS8DWBEF5K4TEZBtKRdrjXCvweaf2gm7al9AEkvnDEnlRz\n8kJ2wvhiBabRL+M1F4MTT55Spjb7eIJWP4WYKV/5BY4lQJeDvYgvt+5zt8kX5n0/\n8aYApo1AdOawnoIdzj78Wqz7PmZyEdW8wCJrk7ZrplAmpyavAoIBAQDs8frCofg3\na7GXcfoJkUmBwENV1IxWlAPjZZ/sJyv+4ZoFGkSlXHJPSuSq8ccgkue7FVkQZ5ZO\nvKvxW3CLWfmvpZC+bHfHHgxgrnn4/nq1cJytAkZL0Vv1wQ/IgKUTW7H8Vf+VBEPD\n/t35N+G2HJ0xTCdL8/n40QamPxIPcV2voGtDIo7nQUZW67xsOn+Ys6dtxD3Thidp\nVcFIN7bJYaUODP5OrdumwgVcUL+y/vNVSki7NtxaAW8TMoceCFDi67wi+KO3Vhle\nceZOW8mvBlVakr7sFE3SRJpdCx3K185JIxp1VaRxerQ4rUZ78caV8rLSEUkxmlt1\nx3YBpUq1pzybAoIBAQD0J8DAmDtqz2eevcNBkZml582syYBci5OlbKQ67PV2+txr\nT7j7J3hVEdspTKUVozJyPKRFEvCujQ8bkE2duyX7TBxJU4UnYkCzRXriT09Z2V4e\nHyIKjeR+b0a0b2/V7aeENzmQrgj4NAb2YWjIRDqhgcjzzy+DrwikVp2/piXMZviE\n3Pv1ERXp2C723TTjA6G/wf3XnHb8af3kCjjS5IkFmSIfw9J71Yi6J6m2JsOKQlqs\n2FlojPkc1MPB4bV5qs6WB1KCKSbhD+ldf+rU/GmF6BBUnMTf2/Vkfarysyo1+8xL\nXg88heuglcoGsdXliII6u6uv1+Ia97UIuQfr5/W3AoIBAQDh7r6YNk9zsQnvCaxM\n0S+RPF44imqi55Jpk26RhKyL5lyxvuFz+Bm7iANRCShB5DJ4jpuVa+DEBV3Cz9kZ\n11qhZLMHEHCJ+hn9WoFNroIdXlrXEZMsGl6gkE3Xdutw8P9fSDVjx2RCkFTinalo\nuBIffqj94I8b9VxsyzkSZpvZqpJ8uoge9Hv4x+GsJX+jgLMGlJgLiSEtbKrXjOCL\nV8NGCZe4OEl40grAgvK34Cjwy9tcQKyOWk2qtYRnW7CdIAEOK54YZE3eY6ciUp2W\neeiLa+AHRjkKZYX3cHEhCPRXgtRoy5f46PLOFFNgPiOIuZpPelIbrT7GqMHaQd1i\nJyw/AoIBACQcYRDbMyaICH5c+K0Q+NWl5DCjGN4XMr4rxFqGw4NWdRVWFDjpTI3g\ndzazhFMf8Q0eVPl2ZKycZligTip/DI4PYruho7cAfCtHonYoXsceNCJmXmWLOPlO\nQfnb5YGRhc4zUMtKQj9bipAUNigwly9d/7e3tAJY+AE+YlR/IWYK8MTN3mIPpdsR\nQ1j1vKW62sh+y6mBFcQddRSuQltGu9FdJcPm9ZGlMnS9+wba0t73E2wvD4I8H3gZ\nK97YIDwffDCKYrSnm318GfrfOX9I2d6ZRRkOmru1T6UORSNiRmL3m+6lucEs2X3F\nybyVvtoVB5XiPfFjD6kHa/ofS8GjbB8CggEBANwp43Cdte7M4vv1O3H8+mse1YBN\n1m2nVquPOIXONyjAxiZ7P4Hehipo0hcPLkGz7rCkwpaHPDEftM9nWnoiygteWvyI\nuOgnKWVjKJu3CBhXeaBRzEd+fvKgtkC+5jdY2X+skrLDfUqdwwS1x3tYDUSMd7kF\nyyQWiyhooGxUp9imKXh/+mEhbEsH7xpHmAMR3U24/f/r+4hRLDCbegyvL6gPaARF\nbWzqJ1Z+D+wRenBAuoemfWRGFbYtKonx6BF3P60KE9Kx8Bk0zl3AZh7dWhRc5ps0\nJDIU6GUDGX86wAHNUhSmwHtAjNnYcAC8hGcoFWe11KI1YXDPX/AlLhxw0lA=\n-----END RSA PRIVATE KEY-----\n",
            "private_key_pem_pkcs8": "-----BEGIN PRIVATE KEY-----\nMIIJQgIBADANBgkqhkiG9w0BAQEFAASCCSwwggkoAgEAAoICAQDh+25GdHv4mz7U\nFRpdoPBb1bnDM0EmBOrifJQ2m5/WCqG0TA0V1R+BJvx8tMEQCRp8rUH7wo4K8WKH\no2YYuu3YzQesWg+Va2hsE/yxpdzKF7ce7oIoyjRMF/nxLQN2oG8x1KgfJC+flSwO\nRpSXGyX1ucHQSN5YTRucUwG5vxuNfZjxQTjfZL2rOwsBqy8eczRtUjeM2K+q+I9m\nR3rNNet2wQLgIEe8z/MKg5/X7qfYaalMF7BZGj/TiUg9VUqcf3Cy6a8DCMLy3OAp\no1mQe/FDyDRZCYiH03AtEC0ktObChWohL7/PG2Zx6kEnX/cPwDxXQF+NxAHd7J7j\nZwQhv5jAS5NkQYdTB9uAsBaismjIHi3Iu1PfOFvcvrjCHwYwspg4zqkK6GIRDwA9\n4MpZ8EltW1zL1d5cDVlnE7Qm2U8mzUnQwBqJpeYh0dJRMkNbKSBiO19aMB8S50JN\nDa+dHyvB2FmAAbdwaGl+OoCRZztZN5qT10CFSHRaPfMTo6i31jxrLB6iwHxqfu7S\nRbQpmScEGmnzBymSXOQxOZLCr7KMRCxBmuez0eCjrJKQA+nOH6kq92fDDxSRSRAO\ngPXGZrjeekDBFYfu7BZ+i6p2mgGT06WIr+NsSw1PkzfbaG0h3QnqEK0hgWD5O9Q0\nVp6fJHBpRg8ZgZUEuK33vsIH4GmpzQIDAQABAoIB/1l8b8qdtQWrzFvc0UZaDIA4\nA/6zT0lWqpIIJ8vXKzR01fRZriz2YYKqu+EQbjfL5o7t+V8eC5LAqfHlH5NXfw6g\nO1P0oXHoSY4eEITL6b8kQELR86gTNnydHfL5eAXN6wlm5eItTRYBLeAoLXcaHl6m\nGqpnveHgD8yACHWKXO+PTMtGCUcU9OOfce3+k6D7OJR5TA3CM14YedZS45jhloh3\nwvD8ShxRVvzexLxLPN2h5LpVlOv/U/BJ72WWXUckrIaW9PDOCi+XX06JcQf3nLNQ\nV20tz3Z3syW6ySFlwE9OIi7ks1wMIJlyXmck6bAUzLWhkk5OpG6c0TwwVlik9CZi\nWM2QhbPJq2lcZ45VepISUYIXtES9Ye7Sesa7Ie85RA6DnpGZQ8Xdshr8ksYgAwe9\nAhkyXblilutTsLHll6k6KQ7ZEsH9AM8NeIcwIDPPtZzzcuEYgPXO6xbTlz+YpZZD\nMP5BqGxpLzW7R3yKeeBizTqf2DjBQYby1pfkswnSSiUVIjxUbLTcORLwNYEQXkrh\nMRkG0pF2uNcK/B5p/aCbtqX0ASS+cMSeVHPyQnbC+GIFptEv4zUXgxNPnlKmNvt4\nglY/hZgpX/kFjiVAl4O9iC+37nO3yRfmfT/xpgCmjUB05rCegh3OPvxarPs+ZnIR\n1bzAImuTtmumUCanJq8CggEBAOzx+sKh+DdrsZdx+gmRSYHAQ1XUjFaUA+Nln+wn\nK/7hmgUaRKVcck9K5KrxxyCS57sVWRBnlk68q/FbcItZ+a+lkL5sd8ceDGCuefj+\nerVwnK0CRkvRW/XBD8iApRNbsfxV/5UEQ8P+3fk34bYcnTFMJ0vz+fjRBqY/Eg9x\nXa+ga0MijudBRlbrvGw6f5izp23EPdOGJ2lVwUg3tslhpQ4M/k6t26bCBVxQv7L+\n81VKSLs23FoBbxMyhx4IUOLrvCL4o7dWGV5x5k5bya8GVVqSvuwUTdJEml0LHcrX\nzkkjGnVVpHF6tDitRnvxxpXystIRSTGaW3XHdgGlSrWnPJsCggEBAPQnwMCYO2rP\nZ569w0GRmaXnzazJgFyLk6VspDrs9Xb63GtPuPsneFUR2ylMpRWjMnI8pEUS8K6N\nDxuQTZ27JftMHElThSdiQLNFeuJPT1nZXh4fIgqN5H5vRrRvb9Xtp4Q3OZCuCPg0\nBvZhaMhEOqGByPPPL4OvCKRWnb+mJcxm+ITc+/URFenYLvbdNOMDob/B/decdvxp\n/eQKONLkiQWZIh/D0nvViLonqbYmw4pCWqzYWWiM+RzUw8HhtXmqzpYHUoIpJuEP\n6V1/6tT8aYXoEFScxN/b9WR9qvKzKjX7zEteDzyF66CVygax1eWIgjq7q6/X4hr3\ntQi5B+vn9bcCggEBAOHuvpg2T3OxCe8JrEzRL5E8XjiKaqLnkmmTbpGErIvmXLG+\n4XP4GbuIA1EJKEHkMniOm5Vr4MQFXcLP2RnXWqFkswcQcIn6Gf1agU2ugh1eWtcR\nkywaXqCQTdd263Dw/19INWPHZEKQVOKdqWi4Eh9+qP3gjxv1XGzLORJmm9mqkny6\niB70e/jH4awlf6OAswaUmAuJIS1sqteM4ItXw0YJl7g4SXjSCsCC8rfgKPDL21xA\nrI5aTaq1hGdbsJ0gAQ4rnhhkTd5jpyJSnZZ56Itr4AdGOQplhfdwcSEI9FeC1GjL\nl/jo8s4UU2A+I4i5mk96UhutPsaowdpB3WInLD8CggEAJBxhENszJogIflz4rRD4\n1aXkMKMY3hcyvivEWobDg1Z1FVYUOOlMjeB3NrOEUx/xDR5U+XZkrJxmWKBOKn8M\njg9iu6GjtwB8K0eidihexx40ImZeZYs4+U5B+dvlgZGFzjNQy0pCP1uKkBQ2KDCX\nL13/t7e0Alj4AT5iVH8hZgrwxM3eYg+l2xFDWPW8pbrayH7LqYEVxB11FK5CW0a7\n0V0lw+b1kaUydL37BtrS3vcTbC8PgjwfeBkr3tggPB98MIpitKebfXwZ+t85f0jZ\n3plFGQ6au7VPpQ5FI2JGYveb7qW5wSzZfcXJvJW+2hUHleI98WMPqQdr+h9LwaNs\nHwKCAQEA3CnjcJ217szi+/U7cfz6ax7VgE3WbadWq484hc43KMDGJns/gd6GKmjS\nFw8uQbPusKTCloc8MR+0z2daeiLKC15a/Ii46CcpZWMom7cIGFd5oFHMR35+8qC2\nQL7mN1jZf6ySssN9Sp3DBLXHe1gNRIx3uQXLJBaLKGigbFSn2KYpeH/6YSFsSwfv\nGkeYAxHdTbj9/+v7iFEsMJt6DK8vqA9oBEVtbOonVn4P7BF6cEC6h6Z9ZEYVti0q\nifHoEXc/rQoT0rHwGTTOXcBmHt1aFFzmmzQkMhToZQMZfzrAAc1SFKbAe0CM2dhw\nALyEZygVZ7XUojVhcM9f8CUuHHDSUA==\n-----END PRIVATE KEY-----\n",
            "public_key_fingerprint_md5": "42:c0:b7:d6:91:63:be:e8:6a:7a:cb:c3:69:93:f0:64",
            "public_key_fingerprint_sha256": "SHA256:tO6LcWkeYMSIXZpMf71PI+JPyWEr/p/UsDy/+v2gaCg",
            "public_key_openssh": "ssh-rsa AAAAB3NzaC1yc2EAAAADAQABAAACAQDh+25GdHv4mz7UFRpdoPBb1bnDM0EmBOrifJQ2m5/WCqG0TA0V1R+BJvx8tMEQCRp8rUH7wo4K8WKHo2YYuu3YzQesWg+Va2hsE/yxpdzKF7ce7oIoyjRMF/nxLQN2oG8x1KgfJC+flSwORpSXGyX1ucHQSN5YTRucUwG5vxuNfZjxQTjfZL2rOwsBqy8eczRtUjeM2K+q+I9mR3rNNet2wQLgIEe8z/MKg5/X7qfYaalMF7BZGj/TiUg9VUqcf3Cy6a8DCMLy3OApo1mQe/FDyDRZCYiH03AtEC0ktObChWohL7/PG2Zx6kEnX/cPwDxXQF+NxAHd7J7jZwQhv5jAS5NkQYdTB9uAsBaismjIHi3Iu1PfOFvcvrjCHwYwspg4zqkK6GIRDwA94MpZ8EltW1zL1d5cDVlnE7Qm2U8mzUnQwBqJpeYh0dJRMkNbKSBiO19aMB8S50JNDa+dHyvB2FmAAbdwaGl+OoCRZztZN5qT10CFSHRaPfMTo6i31jxrLB6iwHxqfu7SRbQpmScEGmnzBymSXOQxOZLCr7KMRCxBmuez0eCjrJKQA+nOH6kq92fDDxSRSRAOgPXGZrjeekDBFYfu7BZ+i6p2mgGT06WIr+NsSw1PkzfbaG0h3QnqEK0hgWD5O9Q0Vp6fJHBpRg8ZgZUEuK33vsIH4GmpzQ==\n",
            "public_key_pem": "-----BEGIN PUBLIC KEY-----\nMIICIjANBgkqhkiG9w0BAQEFAAOCAg8AMIICCgKCAgEA4ftuRnR7+Js+1BUaXaDw\nW9W5wzNBJgTq4nyUNpuf1gqhtEwNFdUfgSb8fLTBEAkafK1B+8KOCvFih6NmGLrt\n2M0HrFoPlWtobBP8saXcyhe3Hu6CKMo0TBf58S0DdqBvMdSoHyQvn5UsDkaUlxsl\n9bnB0EjeWE0bnFMBub8bjX2Y8UE432S9qzsLAasvHnM0bVI3jNivqviPZkd6zTXr\ndsEC4CBHvM/zCoOf1+6n2GmpTBewWRo/04lIPVVKnH9wsumvAwjC8tzgKaNZkHvx\nQ8g0WQmIh9NwLRAtJLTmwoVqIS+/zxtmcepBJ1/3D8A8V0BfjcQB3eye42cEIb+Y\nwEuTZEGHUwfbgLAWorJoyB4tyLtT3zhb3L64wh8GMLKYOM6pCuhiEQ8APeDKWfBJ\nbVtcy9XeXA1ZZxO0JtlPJs1J0MAaiaXmIdHSUTJDWykgYjtfWjAfEudCTQ2vnR8r\nwdhZgAG3cGhpfjqAkWc7WTeak9dAhUh0Wj3zE6Oot9Y8ayweosB8an7u0kW0KZkn\nBBpp8wcpklzkMTmSwq+yjEQsQZrns9Hgo6ySkAPpzh+pKvdnww8UkUkQDoD1xma4\n3npAwRWH7uwWfouqdpoBk9OliK/jbEsNT5M322htId0J6hCtIYFg+TvUNFaenyRw\naUYPGYGVBLit977CB+Bpqc0CAwEAAQ==\n-----END PUBLIC KEY-----\n",
            "rsa_bits": 4096
          },
          "sensitive_attributes": [
            [
              {
                "type": "get_attr",
                "value": "private_key_openssh"
              }
            ],
            [
              {
                "type": "get_attr",
                "value": "private_key_pem"
              }
            ],
            [
              {
                "type": "get_attr",
                "value": "private_key_pem_pkcs8"
              }
            ]
          ],
          "identity_schema_version": 0
        }
      ]
    }
  ],
  "check_results": [
    {
      "object_kind": "var",
      "config_addr": "module.aks.var.sku_tier",
      "status": "pass",
      "objects": [
        {
          "object_addr": "module.aks.var.sku_tier",
          "status": "pass"
        }
      ]
    },
    {
      "object_kind": "var",
      "config_addr": "module.aks.var.agents_pool_undrainable_node_behavior",
      "status": "pass",
      "objects": [
        {
          "object_addr": "module.aks.var.agents_pool_undrainable_node_behavior",
          "status": "pass"
        }
      ]
    },
    {
      "object_kind": "var",
      "config_addr": "module.aks.var.identity_type",
      "status": "pass",
      "objects": [
        {
          "object_addr": "module.aks.var.identity_type",
          "status": "pass"
        }
      ]
    }
  ]
}
